{
  "version": 4,
  "terraform_version": "1.1.5",
  "serial": 911,
  "lineage": "55bf9a67-d5c4-921e-d761-b8a7a550a629",
  "outputs": {
    "configure_kubectl": {
      "value": "aws eks --region us-east-1 update-kubeconfig --name eks-lab",
      "type": "string"
    },
    "vpc_id": {
      "value": "vpc-06ce67bba86f683c1",
      "type": "string"
    }
  },
  "resources": [
    {
      "mode": "data",
      "type": "aws_availability_zones",
      "name": "available",
      "provider": "provider[\"registry.terraform.io/hashicorp/aws\"]",
      "instances": [
        {
          "schema_version": 0,
          "attributes": {
            "all_availability_zones": null,
            "exclude_names": null,
            "exclude_zone_ids": null,
            "filter": null,
            "group_names": [
              "us-east-1"
            ],
            "id": "us-east-1",
            "names": [
              "us-east-1a",
              "us-east-1b",
              "us-east-1c",
              "us-east-1d",
              "us-east-1e",
              "us-east-1f"
            ],
            "state": "available",
            "timeouts": null,
            "zone_ids": [
              "use1-az1",
              "use1-az2",
              "use1-az4",
              "use1-az6",
              "use1-az3",
              "use1-az5"
            ]
          },
          "sensitive_attributes": []
        }
      ]
    },
    {
      "mode": "data",
      "type": "aws_caller_identity",
      "name": "current",
      "provider": "provider[\"registry.terraform.io/hashicorp/aws\"]",
      "instances": [
        {
          "schema_version": 0,
          "attributes": {
            "account_id": "261106957109",
            "arn": "arn:aws:iam::261106957109:user/fernandomullerjr8596",
            "id": "261106957109",
            "user_id": "AIDATZSZP7M2XLMGQUA5D"
          },
          "sensitive_attributes": []
        }
      ]
    },
    {
      "mode": "data",
      "type": "aws_eks_cluster",
      "name": "cluster",
      "provider": "provider[\"registry.terraform.io/hashicorp/aws\"]",
      "instances": [
        {
          "schema_version": 0,
          "attributes": {
            "arn": "arn:aws:eks:us-east-1:261106957109:cluster/eks-lab",
            "certificate_authority": [
              {
                "data": "LS0tLS1CRUdJTiBDRVJUSUZJQ0FURS0tLS0tCk1JSUMvakNDQWVhZ0F3SUJBZ0lCQURBTkJna3Foa2lHOXcwQkFRc0ZBREFWTVJNd0VRWURWUVFERXdwcmRXSmwKY201bGRHVnpNQjRYRFRJek1EUXlNakF3TVRReU9Gb1hEVE16TURReE9UQXdNVFF5T0Zvd0ZURVRNQkVHQTFVRQpBeE1LYTNWaVpYSnVaWFJsY3pDQ0FTSXdEUVlKS29aSWh2Y05BUUVCQlFBRGdnRVBBRENDQVFvQ2dnRUJBTXB2CncwdmpJcDdaTGZaa3R0VCs1dnZoOEVycm1MMW9zWTF5Tm13QkpKc3ZjSmYwMGY0TVNpd3FSVWk3SXQvQk5JdnQKYysxNW9SN0ZUTlVaR2hWK2p6cXZoY1laZTZPdVViaE93OFJGeml6dHFJTFZseXZXRno4WjZsNGdUWmJzU1krZwpPdXFkNW8vL05MS0l2SDgrTXRHZ3pLNEpMRS9JdmMzUFpnak12amxRV0k5UW80NVRFQ1VWUlF6eTlQU2NMZFc5CmtOc2g3Sm9MOUFsWmNvZ0hZaVZzUW9CaXJlbUlrT2ZJaFQ1dmoyQTI3WGd1ODVRWU9ZbGFmUTVpbDVDWWUxZlcKeUUwZTdoTjdhV01HSit2V1ZIT04xMzA1OUtHdklKOFVvZnRVOW53d3k5TXRNWVFRSE5vV3pCaWYvV3ZmdHdwRQpEOGVwOHZkZklhMHRrTjFPeFI4Q0F3RUFBYU5aTUZjd0RnWURWUjBQQVFIL0JBUURBZ0trTUE4R0ExVWRFd0VCCi93UUZNQU1CQWY4d0hRWURWUjBPQkJZRUZJWEwyVEI1T2hIRlRiNHM4emg5d0toNTlPdjFNQlVHQTFVZEVRUU8KTUF5Q0NtdDFZbVZ5Ym1WMFpYTXdEUVlKS29aSWh2Y05BUUVMQlFBRGdnRUJBQjZIcFdJS0hPb3lLYVB0b3FPcgphbDN0YWhkMlBFek1NMTIrSFAvTGxnK3Q0SU1lZUdLbHhnY2Z1MzlYdnl3Z0dvbDErL0p1RTVybnFUTldoV0N1CmlLNnhSMnBaOVdJbGdSQWdqaUdYU1FNTHJuNmhabG9YSzM2YVNhZ3JQTWFuYXROMWZGUk5uUU5qTTBycmlNeFYKTldsdXowbmphVVBDMEQrSW11OUVXOHpiMHVucHFveVRJbTkrN0dzK2JaOHdUVGZWMFU5Nm41RG9KZVhoUXkxcApYZUNOQm1Oc0c1OUNKdENxSWh4QVRIU251bUx6RU9BcDZ2d3hHVlVZSkRMa3QrSTM5SXJtMHZSUncwdFE1anlxCkdTRjc4TzhDbTJTVUdjWTRnZWYvTVAwTE5Qa2pLaGNsNjd3YXRIM3hMRFpQczVXK0w2Nzd0N1hRQ3pCR3BoV2cKd3E0PQotLS0tLUVORCBDRVJUSUZJQ0FURS0tLS0tCg=="
              }
            ],
            "cluster_id": null,
            "created_at": "2023-04-22 00:08:24.772 +0000 UTC",
            "enabled_cluster_log_types": [
              "api",
              "audit",
              "authenticator",
              "controllerManager",
              "scheduler"
            ],
            "endpoint": "https://B5287FFBCE112FDB3C90BCED28AE250F.gr7.us-east-1.eks.amazonaws.com",
            "id": "eks-lab",
            "identity": [
              {
                "oidc": [
                  {
                    "issuer": "https://oidc.eks.us-east-1.amazonaws.com/id/B5287FFBCE112FDB3C90BCED28AE250F"
                  }
                ]
              }
            ],
            "kubernetes_network_config": [
              {
                "ip_family": "ipv4",
                "service_ipv4_cidr": "172.20.0.0/16",
                "service_ipv6_cidr": ""
              }
            ],
            "name": "eks-lab",
            "outpost_config": [],
            "platform_version": "eks.7",
            "role_arn": "arn:aws:iam::261106957109:role/eks-lab-cluster-role",
            "status": "ACTIVE",
            "tags": {
              "Blueprint": "eks-lab",
              "GithubRepo": "github.com/aws-ia/terraform-aws-eks-blueprints"
            },
            "version": "1.23",
            "vpc_config": [
              {
                "cluster_security_group_id": "sg-0f552d7b44716d1ed",
                "endpoint_private_access": false,
                "endpoint_public_access": true,
                "public_access_cidrs": [
                  "0.0.0.0/0"
                ],
                "security_group_ids": [
                  "sg-02e6be5a34ccda5f7"
                ],
                "subnet_ids": [
                  "subnet-05fef12bb2f126fdf",
                  "subnet-07366daa05b22ae37",
                  "subnet-0bd033c7612c25e4a"
                ],
                "vpc_id": "vpc-06ce67bba86f683c1"
              }
            ]
          },
          "sensitive_attributes": []
        }
      ]
    },
    {
      "mode": "data",
      "type": "aws_eks_cluster_auth",
      "name": "this",
      "provider": "provider[\"registry.terraform.io/hashicorp/aws\"]",
      "instances": [
        {
          "schema_version": 0,
          "attributes": {
            "id": "eks-lab",
            "name": "eks-lab",
            "token": "k8s-aws-v1.aHR0cHM6Ly9zdHMuYW1hem9uYXdzLmNvbS8_QWN0aW9uPUdldENhbGxlcklkZW50aXR5JlZlcnNpb249MjAxMS0wNi0xNSZYLUFtei1BbGdvcml0aG09QVdTNC1ITUFDLVNIQTI1NiZYLUFtei1DcmVkZW50aWFsPUFLSUFUWlNaUDdNMjdPWkJHRVJHJTJGMjAyMzA0MjIlMkZ1cy1lYXN0LTElMkZzdHMlMkZhd3M0X3JlcXVlc3QmWC1BbXotRGF0ZT0yMDIzMDQyMlQwMjAzMDRaJlgtQW16LUV4cGlyZXM9MCZYLUFtei1TaWduZWRIZWFkZXJzPWhvc3QlM0J4LWs4cy1hd3MtaWQmWC1BbXotU2lnbmF0dXJlPTAyNmI2YjQ0NTQwOWZmZWQzNTBiZjFjZTQ0MTNiNDQ3YmVlZTYzNmY0MmY4NDFjYzJlZWExMmNmMThjOTk0N2E"
          },
          "sensitive_attributes": []
        }
      ]
    },
    {
      "mode": "data",
      "type": "aws_region",
      "name": "current",
      "provider": "provider[\"registry.terraform.io/hashicorp/aws\"]",
      "instances": [
        {
          "schema_version": 0,
          "attributes": {
            "description": "US East (N. Virginia)",
            "endpoint": "ec2.us-east-1.amazonaws.com",
            "id": "us-east-1",
            "name": "us-east-1"
          },
          "sensitive_attributes": []
        }
      ]
    },
    {
      "mode": "managed",
      "type": "aws_security_group",
      "name": "sg",
      "provider": "provider[\"registry.terraform.io/hashicorp/aws\"]",
      "instances": [
        {
          "schema_version": 1,
          "attributes": {
            "arn": "arn:aws:ec2:us-east-1:261106957109:security-group/sg-0acd6eab376a40bcb",
            "description": "Managed by Terraform",
            "egress": [
              {
                "cidr_blocks": [
                  "0.0.0.0/0"
                ],
                "description": "",
                "from_port": 0,
                "ipv6_cidr_blocks": [],
                "prefix_list_ids": [],
                "protocol": "-1",
                "security_groups": [],
                "self": false,
                "to_port": 0
              }
            ],
            "id": "sg-0acd6eab376a40bcb",
            "ingress": [
              {
                "cidr_blocks": [
                  "0.0.0.0/0"
                ],
                "description": "",
                "from_port": 22,
                "ipv6_cidr_blocks": [],
                "prefix_list_ids": [],
                "protocol": "tcp",
                "security_groups": [],
                "self": false,
                "to_port": 22
              },
              {
                "cidr_blocks": [
                  "0.0.0.0/0"
                ],
                "description": "",
                "from_port": 80,
                "ipv6_cidr_blocks": [],
                "prefix_list_ids": [],
                "protocol": "tcp",
                "security_groups": [],
                "self": false,
                "to_port": 80
              }
            ],
            "name": "sg20230422003559419000000001",
            "name_prefix": "sg",
            "owner_id": "261106957109",
            "revoke_rules_on_delete": false,
            "tags": {
              "Environment": "dev",
              "Terraform": "true"
            },
            "tags_all": {
              "Environment": "dev",
              "Terraform": "true"
            },
            "timeouts": null,
            "vpc_id": "vpc-0067e579c9ec346c8"
          },
          "sensitive_attributes": [],
          "private": "eyJlMmJmYjczMC1lY2FhLTExZTYtOGY4OC0zNDM2M2JjN2M0YzAiOnsiY3JlYXRlIjo2MDAwMDAwMDAwMDAsImRlbGV0ZSI6OTAwMDAwMDAwMDAwfSwic2NoZW1hX3ZlcnNpb24iOiIxIn0="
        }
      ]
    },
    {
      "mode": "managed",
      "type": "kubectl_manifest",
      "name": "rbac",
      "provider": "provider[\"registry.terraform.io/gavinbunney/kubectl\"]",
      "instances": [
        {
          "schema_version": 1,
          "attributes": {
            "api_version": "rbac.authorization.k8s.io/v1",
            "apply_only": false,
            "force_conflicts": false,
            "force_new": false,
            "id": "/apis/rbac.authorization.k8s.io/v1/clusterroles/eks-console-dashboard-full-access-clusterrole",
            "ignore_fields": null,
            "kind": "ClusterRole",
            "live_manifest_incluster": "c881d9809755c715377ce9ae6e17bf5a8b6063d2ada94749bd98d0a53ea70294",
            "live_uid": "a80d1035-3fce-47f0-9879-9dfd2cbe833c",
            "name": "eks-console-dashboard-full-access-clusterrole",
            "namespace": null,
            "override_namespace": null,
            "sensitive_fields": null,
            "server_side_apply": false,
            "timeouts": null,
            "uid": "a80d1035-3fce-47f0-9879-9dfd2cbe833c",
            "validate_schema": true,
            "wait": null,
            "wait_for_rollout": true,
            "yaml_body": "apiVersion: rbac.authorization.k8s.io/v1\nkind: ClusterRole\nmetadata:\n  name: eks-console-dashboard-full-access-clusterrole\nrules:\n- apiGroups:\n  - \"\"\n  resources:\n  - nodes\n  - namespaces\n  - pods\n  - configmaps\n  - endpoints\n  - events\n  - limitranges\n  - persistentvolumeclaims\n  - podtemplates\n  - replicationcontrollers\n  - resourcequotas\n  - secrets\n  - serviceaccounts\n  - services\n  verbs:\n  - get\n  - list\n- apiGroups:\n  - apps\n  resources:\n  - deployments\n  - daemonsets\n  - statefulsets\n  - replicasets\n  verbs:\n  - get\n  - list\n- apiGroups:\n  - batch\n  resources:\n  - jobs\n  - cronjobs\n  verbs:\n  - get\n  - list\n- apiGroups:\n  - coordination.k8s.io\n  resources:\n  - leases\n  verbs:\n  - get\n  - list\n- apiGroups:\n  - discovery.k8s.io\n  resources:\n  - endpointslices\n  verbs:\n  - get\n  - list\n- apiGroups:\n  - events.k8s.io\n  resources:\n  - events\n  verbs:\n  - get\n  - list\n- apiGroups:\n  - extensions\n  resources:\n  - daemonsets\n  - deployments\n  - ingresses\n  - networkpolicies\n  - replicasets\n  verbs:\n  - get\n  - list\n- apiGroups:\n  - networking.k8s.io\n  resources:\n  - ingresses\n  - networkpolicies\n  verbs:\n  - get\n  - list\n- apiGroups:\n  - policy\n  resources:\n  - poddisruptionbudgets\n  verbs:\n  - get\n  - list\n- apiGroups:\n  - rbac.authorization.k8s.io\n  resources:\n  - rolebindings\n  - roles\n  verbs:\n  - get\n  - list\n- apiGroups:\n  - storage.k8s.io\n  resources:\n  - csistoragecapacities\n  verbs:\n  - get\n  - list\n---\napiVersion: rbac.authorization.k8s.io/v1\nkind: ClusterRoleBinding\nmetadata:\n  name: eks-console-dashboard-full-access-binding\nsubjects:\n- kind: Group\n  name: eks-console-dashboard-full-access-group\n  apiGroup: rbac.authorization.k8s.io\nroleRef:\n  kind: ClusterRole\n  name: eks-console-dashboard-full-access-clusterrole\n  apiGroup: rbac.authorization.k8s.io\n",
            "yaml_body_parsed": "apiVersion: rbac.authorization.k8s.io/v1\nkind: ClusterRole\nmetadata:\n  name: eks-console-dashboard-full-access-clusterrole\nrules:\n- apiGroups:\n  - \"\"\n  resources:\n  - nodes\n  - namespaces\n  - pods\n  - configmaps\n  - endpoints\n  - events\n  - limitranges\n  - persistentvolumeclaims\n  - podtemplates\n  - replicationcontrollers\n  - resourcequotas\n  - secrets\n  - serviceaccounts\n  - services\n  verbs:\n  - get\n  - list\n- apiGroups:\n  - apps\n  resources:\n  - deployments\n  - daemonsets\n  - statefulsets\n  - replicasets\n  verbs:\n  - get\n  - list\n- apiGroups:\n  - batch\n  resources:\n  - jobs\n  - cronjobs\n  verbs:\n  - get\n  - list\n- apiGroups:\n  - coordination.k8s.io\n  resources:\n  - leases\n  verbs:\n  - get\n  - list\n- apiGroups:\n  - discovery.k8s.io\n  resources:\n  - endpointslices\n  verbs:\n  - get\n  - list\n- apiGroups:\n  - events.k8s.io\n  resources:\n  - events\n  verbs:\n  - get\n  - list\n- apiGroups:\n  - extensions\n  resources:\n  - daemonsets\n  - deployments\n  - ingresses\n  - networkpolicies\n  - replicasets\n  verbs:\n  - get\n  - list\n- apiGroups:\n  - networking.k8s.io\n  resources:\n  - ingresses\n  - networkpolicies\n  verbs:\n  - get\n  - list\n- apiGroups:\n  - policy\n  resources:\n  - poddisruptionbudgets\n  verbs:\n  - get\n  - list\n- apiGroups:\n  - rbac.authorization.k8s.io\n  resources:\n  - rolebindings\n  - roles\n  verbs:\n  - get\n  - list\n- apiGroups:\n  - storage.k8s.io\n  resources:\n  - csistoragecapacities\n  verbs:\n  - get\n  - list\n",
            "yaml_incluster": "c881d9809755c715377ce9ae6e17bf5a8b6063d2ada94749bd98d0a53ea70294"
          },
          "sensitive_attributes": [],
          "private": "eyJlMmJmYjczMC1lY2FhLTExZTYtOGY4OC0zNDM2M2JjN2M0YzAiOnsiY3JlYXRlIjo2MDAwMDAwMDAwMDB9LCJzY2hlbWFfdmVyc2lvbiI6IjEifQ==",
          "dependencies": [
            "data.aws_availability_zones.available",
            "data.aws_caller_identity.current",
            "data.aws_eks_cluster_auth.this",
            "module.eks_blueprints.data.aws_caller_identity.current",
            "module.eks_blueprints.data.aws_eks_cluster.cluster",
            "module.eks_blueprints.data.aws_iam_policy_document.eks_key",
            "module.eks_blueprints.data.aws_iam_session_context.current",
            "module.eks_blueprints.data.aws_partition.current",
            "module.eks_blueprints.data.aws_region.current",
            "module.eks_blueprints.data.http.eks_cluster_readiness",
            "module.eks_blueprints.kubernetes_config_map.amazon_vpc_cni",
            "module.eks_blueprints.kubernetes_config_map.aws_auth",
            "module.eks_blueprints.module.aws_eks.aws_cloudwatch_log_group.this",
            "module.eks_blueprints.module.aws_eks.aws_ec2_tag.cluster_primary_security_group",
            "module.eks_blueprints.module.aws_eks.aws_eks_addon.this",
            "module.eks_blueprints.module.aws_eks.aws_eks_cluster.this",
            "module.eks_blueprints.module.aws_eks.aws_eks_identity_provider_config.this",
            "module.eks_blueprints.module.aws_eks.aws_iam_openid_connect_provider.oidc_provider",
            "module.eks_blueprints.module.aws_eks.aws_iam_policy.cluster_encryption",
            "module.eks_blueprints.module.aws_eks.aws_iam_policy.cni_ipv6_policy",
            "module.eks_blueprints.module.aws_eks.aws_iam_role.this",
            "module.eks_blueprints.module.aws_eks.aws_iam_role_policy_attachment.cluster_encryption",
            "module.eks_blueprints.module.aws_eks.aws_iam_role_policy_attachment.this",
            "module.eks_blueprints.module.aws_eks.aws_security_group.cluster",
            "module.eks_blueprints.module.aws_eks.aws_security_group.node",
            "module.eks_blueprints.module.aws_eks.aws_security_group_rule.cluster",
            "module.eks_blueprints.module.aws_eks.aws_security_group_rule.node",
            "module.eks_blueprints.module.aws_eks.data.aws_caller_identity.current",
            "module.eks_blueprints.module.aws_eks.data.aws_iam_policy_document.assume_role_policy",
            "module.eks_blueprints.module.aws_eks.data.aws_iam_policy_document.cni_ipv6_policy",
            "module.eks_blueprints.module.aws_eks.data.aws_partition.current",
            "module.eks_blueprints.module.aws_eks.data.tls_certificate.this",
            "module.eks_blueprints.module.aws_eks.kubernetes_config_map.aws_auth",
            "module.eks_blueprints.module.aws_eks.kubernetes_config_map_v1_data.aws_auth",
            "module.eks_blueprints.module.aws_eks.module.eks_managed_node_group.aws_eks_node_group.this",
            "module.eks_blueprints.module.aws_eks.module.eks_managed_node_group.aws_iam_role.this",
            "module.eks_blueprints.module.aws_eks.module.eks_managed_node_group.aws_iam_role_policy_attachment.this",
            "module.eks_blueprints.module.aws_eks.module.eks_managed_node_group.aws_launch_template.this",
            "module.eks_blueprints.module.aws_eks.module.eks_managed_node_group.aws_security_group.this",
            "module.eks_blueprints.module.aws_eks.module.eks_managed_node_group.aws_security_group_rule.this",
            "module.eks_blueprints.module.aws_eks.module.eks_managed_node_group.data.aws_caller_identity.current",
            "module.eks_blueprints.module.aws_eks.module.eks_managed_node_group.data.aws_iam_policy_document.assume_role_policy",
            "module.eks_blueprints.module.aws_eks.module.eks_managed_node_group.data.aws_partition.current",
            "module.eks_blueprints.module.aws_eks.module.eks_managed_node_group.module.user_data.data.cloudinit_config.linux_eks_managed_node_group",
            "module.eks_blueprints.module.aws_eks.module.fargate_profile.aws_eks_fargate_profile.this",
            "module.eks_blueprints.module.aws_eks.module.fargate_profile.aws_iam_role.this",
            "module.eks_blueprints.module.aws_eks.module.fargate_profile.aws_iam_role_policy_attachment.this",
            "module.eks_blueprints.module.aws_eks.module.fargate_profile.data.aws_caller_identity.current",
            "module.eks_blueprints.module.aws_eks.module.fargate_profile.data.aws_iam_policy_document.assume_role_policy",
            "module.eks_blueprints.module.aws_eks.module.fargate_profile.data.aws_partition.current",
            "module.eks_blueprints.module.aws_eks.module.kms.aws_kms_alias.this",
            "module.eks_blueprints.module.aws_eks.module.kms.aws_kms_external_key.this",
            "module.eks_blueprints.module.aws_eks.module.kms.aws_kms_grant.this",
            "module.eks_blueprints.module.aws_eks.module.kms.aws_kms_key.this",
            "module.eks_blueprints.module.aws_eks.module.kms.data.aws_caller_identity.current",
            "module.eks_blueprints.module.aws_eks.module.kms.data.aws_iam_policy_document.this",
            "module.eks_blueprints.module.aws_eks.module.kms.data.aws_partition.current",
            "module.eks_blueprints.module.aws_eks.module.self_managed_node_group.aws_autoscaling_group.this",
            "module.eks_blueprints.module.aws_eks.module.self_managed_node_group.aws_autoscaling_schedule.this",
            "module.eks_blueprints.module.aws_eks.module.self_managed_node_group.aws_iam_instance_profile.this",
            "module.eks_blueprints.module.aws_eks.module.self_managed_node_group.aws_iam_role.this",
            "module.eks_blueprints.module.aws_eks.module.self_managed_node_group.aws_iam_role_policy_attachment.this",
            "module.eks_blueprints.module.aws_eks.module.self_managed_node_group.aws_launch_template.this",
            "module.eks_blueprints.module.aws_eks.module.self_managed_node_group.aws_security_group.this",
            "module.eks_blueprints.module.aws_eks.module.self_managed_node_group.aws_security_group_rule.this",
            "module.eks_blueprints.module.aws_eks.module.self_managed_node_group.data.aws_ami.eks_default",
            "module.eks_blueprints.module.aws_eks.module.self_managed_node_group.data.aws_caller_identity.current",
            "module.eks_blueprints.module.aws_eks.module.self_managed_node_group.data.aws_default_tags.current",
            "module.eks_blueprints.module.aws_eks.module.self_managed_node_group.data.aws_iam_policy_document.assume_role_policy",
            "module.eks_blueprints.module.aws_eks.module.self_managed_node_group.data.aws_partition.current",
            "module.eks_blueprints.module.aws_eks.module.self_managed_node_group.module.user_data.data.cloudinit_config.linux_eks_managed_node_group",
            "module.eks_blueprints.module.aws_eks_fargate_profiles.aws_eks_fargate_profile.eks_fargate",
            "module.eks_blueprints.module.aws_eks_fargate_profiles.aws_iam_policy.cwlogs",
            "module.eks_blueprints.module.aws_eks_fargate_profiles.aws_iam_role.fargate",
            "module.eks_blueprints.module.aws_eks_fargate_profiles.aws_iam_role_policy_attachment.cwlogs",
            "module.eks_blueprints.module.aws_eks_fargate_profiles.aws_iam_role_policy_attachment.fargate_pod_execution_role_policy",
            "module.eks_blueprints.module.aws_eks_fargate_profiles.data.aws_iam_policy_document.cwlogs",
            "module.eks_blueprints.module.aws_eks_fargate_profiles.data.aws_iam_policy_document.fargate_assume_role_policy",
            "module.eks_blueprints.module.aws_eks_managed_node_groups.aws_eks_node_group.managed_ng",
            "module.eks_blueprints.module.aws_eks_managed_node_groups.aws_iam_instance_profile.managed_ng",
            "module.eks_blueprints.module.aws_eks_managed_node_groups.aws_iam_role.managed_ng",
            "module.eks_blueprints.module.aws_eks_managed_node_groups.aws_iam_role_policy_attachment.managed_ng",
            "module.eks_blueprints.module.aws_eks_managed_node_groups.aws_launch_template.managed_node_groups",
            "module.eks_blueprints.module.aws_eks_managed_node_groups.data.aws_iam_policy_document.managed_ng_assume_role_policy",
            "module.eks_blueprints.module.aws_eks_self_managed_node_groups.aws_autoscaling_group.self_managed_ng",
            "module.eks_blueprints.module.aws_eks_self_managed_node_groups.aws_iam_instance_profile.self_managed_ng",
            "module.eks_blueprints.module.aws_eks_self_managed_node_groups.aws_iam_policy.eks_windows_cni",
            "module.eks_blueprints.module.aws_eks_self_managed_node_groups.aws_iam_role.self_managed_ng",
            "module.eks_blueprints.module.aws_eks_self_managed_node_groups.aws_iam_role_policy_attachment.eks_windows_cni",
            "module.eks_blueprints.module.aws_eks_self_managed_node_groups.aws_iam_role_policy_attachment.self_managed_ng",
            "module.eks_blueprints.module.aws_eks_self_managed_node_groups.data.aws_ami.predefined",
            "module.eks_blueprints.module.aws_eks_self_managed_node_groups.data.aws_iam_policy_document.eks_windows_cni",
            "module.eks_blueprints.module.aws_eks_self_managed_node_groups.data.aws_iam_policy_document.self_managed_ng_assume_role_policy",
            "module.eks_blueprints.module.aws_eks_self_managed_node_groups.module.launch_template_self_managed_ng.aws_launch_template.this",
            "module.eks_blueprints.module.aws_eks_self_managed_node_groups.module.launch_template_self_managed_ng.data.aws_eks_cluster.eks",
            "module.eks_blueprints.module.aws_eks_teams.aws_iam_policy.platform_team_eks_access",
            "module.eks_blueprints.module.aws_eks_teams.aws_iam_role.platform_team",
            "module.eks_blueprints.module.aws_eks_teams.aws_iam_role.team_access",
            "module.eks_blueprints.module.aws_eks_teams.aws_iam_role.team_sa_irsa",
            "module.eks_blueprints.module.aws_eks_teams.data.aws_caller_identity.current",
            "module.eks_blueprints.module.aws_eks_teams.data.aws_eks_cluster.eks_cluster",
            "module.eks_blueprints.module.aws_eks_teams.data.aws_iam_policy_document.platform_team_eks_access",
            "module.eks_blueprints.module.aws_eks_teams.data.aws_partition.current",
            "module.eks_blueprints.module.aws_eks_teams.data.aws_region.current",
            "module.eks_blueprints.module.aws_eks_teams.kubectl_manifest.team",
            "module.eks_blueprints.module.aws_eks_teams.kubernetes_cluster_role.team",
            "module.eks_blueprints.module.aws_eks_teams.kubernetes_cluster_role_binding.team",
            "module.eks_blueprints.module.aws_eks_teams.kubernetes_namespace.team",
            "module.eks_blueprints.module.aws_eks_teams.kubernetes_resource_quota.this",
            "module.eks_blueprints.module.aws_eks_teams.kubernetes_role.team",
            "module.eks_blueprints.module.aws_eks_teams.kubernetes_role_binding.team",
            "module.eks_blueprints.module.aws_eks_teams.kubernetes_service_account.team",
            "module.eks_blueprints.module.emr_on_eks.aws_iam_role.emr_on_eks_execution",
            "module.eks_blueprints.module.emr_on_eks.aws_iam_role_policy_attachment.custom",
            "module.eks_blueprints.module.emr_on_eks.data.aws_iam_policy_document.emr_assume_role",
            "module.eks_blueprints.module.emr_on_eks.data.aws_region.current",
            "module.eks_blueprints.module.emr_on_eks.kubernetes_namespace.spark",
            "module.eks_blueprints.module.emr_on_eks.kubernetes_role.emr_containers",
            "module.eks_blueprints.module.emr_on_eks.kubernetes_role_binding.emr_containers",
            "module.eks_blueprints.module.emr_on_eks.null_resource.update_trust_policy",
            "module.eks_blueprints.module.kms.aws_kms_alias.this",
            "module.eks_blueprints.module.kms.aws_kms_key.this",
            "module.vpc.aws_subnet.private",
            "module.vpc.aws_subnet.public",
            "module.vpc.aws_vpc.this",
            "module.vpc.aws_vpc_ipv4_cidr_block_association.this"
          ]
        }
      ]
    },
    {
      "module": "module.eks_blueprints",
      "mode": "data",
      "type": "aws_caller_identity",
      "name": "current",
      "provider": "provider[\"registry.terraform.io/hashicorp/aws\"]",
      "instances": [
        {
          "schema_version": 0,
          "attributes": {
            "account_id": "261106957109",
            "arn": "arn:aws:iam::261106957109:user/fernandomullerjr8596",
            "id": "261106957109",
            "user_id": "AIDATZSZP7M2XLMGQUA5D"
          },
          "sensitive_attributes": []
        }
      ]
    },
    {
      "module": "module.eks_blueprints",
      "mode": "data",
      "type": "aws_eks_cluster",
      "name": "cluster",
      "provider": "provider[\"registry.terraform.io/hashicorp/aws\"]",
      "instances": [
        {
          "index_key": 0,
          "schema_version": 0,
          "attributes": {
            "arn": "arn:aws:eks:us-east-1:261106957109:cluster/eks-lab",
            "certificate_authority": [
              {
                "data": "LS0tLS1CRUdJTiBDRVJUSUZJQ0FURS0tLS0tCk1JSUMvakNDQWVhZ0F3SUJBZ0lCQURBTkJna3Foa2lHOXcwQkFRc0ZBREFWTVJNd0VRWURWUVFERXdwcmRXSmwKY201bGRHVnpNQjRYRFRJek1EUXlNakF3TVRReU9Gb1hEVE16TURReE9UQXdNVFF5T0Zvd0ZURVRNQkVHQTFVRQpBeE1LYTNWaVpYSnVaWFJsY3pDQ0FTSXdEUVlKS29aSWh2Y05BUUVCQlFBRGdnRVBBRENDQVFvQ2dnRUJBTXB2CncwdmpJcDdaTGZaa3R0VCs1dnZoOEVycm1MMW9zWTF5Tm13QkpKc3ZjSmYwMGY0TVNpd3FSVWk3SXQvQk5JdnQKYysxNW9SN0ZUTlVaR2hWK2p6cXZoY1laZTZPdVViaE93OFJGeml6dHFJTFZseXZXRno4WjZsNGdUWmJzU1krZwpPdXFkNW8vL05MS0l2SDgrTXRHZ3pLNEpMRS9JdmMzUFpnak12amxRV0k5UW80NVRFQ1VWUlF6eTlQU2NMZFc5CmtOc2g3Sm9MOUFsWmNvZ0hZaVZzUW9CaXJlbUlrT2ZJaFQ1dmoyQTI3WGd1ODVRWU9ZbGFmUTVpbDVDWWUxZlcKeUUwZTdoTjdhV01HSit2V1ZIT04xMzA1OUtHdklKOFVvZnRVOW53d3k5TXRNWVFRSE5vV3pCaWYvV3ZmdHdwRQpEOGVwOHZkZklhMHRrTjFPeFI4Q0F3RUFBYU5aTUZjd0RnWURWUjBQQVFIL0JBUURBZ0trTUE4R0ExVWRFd0VCCi93UUZNQU1CQWY4d0hRWURWUjBPQkJZRUZJWEwyVEI1T2hIRlRiNHM4emg5d0toNTlPdjFNQlVHQTFVZEVRUU8KTUF5Q0NtdDFZbVZ5Ym1WMFpYTXdEUVlKS29aSWh2Y05BUUVMQlFBRGdnRUJBQjZIcFdJS0hPb3lLYVB0b3FPcgphbDN0YWhkMlBFek1NMTIrSFAvTGxnK3Q0SU1lZUdLbHhnY2Z1MzlYdnl3Z0dvbDErL0p1RTVybnFUTldoV0N1CmlLNnhSMnBaOVdJbGdSQWdqaUdYU1FNTHJuNmhabG9YSzM2YVNhZ3JQTWFuYXROMWZGUk5uUU5qTTBycmlNeFYKTldsdXowbmphVVBDMEQrSW11OUVXOHpiMHVucHFveVRJbTkrN0dzK2JaOHdUVGZWMFU5Nm41RG9KZVhoUXkxcApYZUNOQm1Oc0c1OUNKdENxSWh4QVRIU251bUx6RU9BcDZ2d3hHVlVZSkRMa3QrSTM5SXJtMHZSUncwdFE1anlxCkdTRjc4TzhDbTJTVUdjWTRnZWYvTVAwTE5Qa2pLaGNsNjd3YXRIM3hMRFpQczVXK0w2Nzd0N1hRQ3pCR3BoV2cKd3E0PQotLS0tLUVORCBDRVJUSUZJQ0FURS0tLS0tCg=="
              }
            ],
            "cluster_id": null,
            "created_at": "2023-04-22 00:08:24.772 +0000 UTC",
            "enabled_cluster_log_types": [
              "api",
              "audit",
              "authenticator",
              "controllerManager",
              "scheduler"
            ],
            "endpoint": "https://B5287FFBCE112FDB3C90BCED28AE250F.gr7.us-east-1.eks.amazonaws.com",
            "id": "eks-lab",
            "identity": [
              {
                "oidc": [
                  {
                    "issuer": "https://oidc.eks.us-east-1.amazonaws.com/id/B5287FFBCE112FDB3C90BCED28AE250F"
                  }
                ]
              }
            ],
            "kubernetes_network_config": [
              {
                "ip_family": "ipv4",
                "service_ipv4_cidr": "172.20.0.0/16",
                "service_ipv6_cidr": ""
              }
            ],
            "name": "eks-lab",
            "outpost_config": [],
            "platform_version": "eks.7",
            "role_arn": "arn:aws:iam::261106957109:role/eks-lab-cluster-role",
            "status": "ACTIVE",
            "tags": {
              "Blueprint": "eks-lab",
              "GithubRepo": "github.com/aws-ia/terraform-aws-eks-blueprints"
            },
            "version": "1.23",
            "vpc_config": [
              {
                "cluster_security_group_id": "sg-0f552d7b44716d1ed",
                "endpoint_private_access": false,
                "endpoint_public_access": true,
                "public_access_cidrs": [
                  "0.0.0.0/0"
                ],
                "security_group_ids": [
                  "sg-02e6be5a34ccda5f7"
                ],
                "subnet_ids": [
                  "subnet-05fef12bb2f126fdf",
                  "subnet-07366daa05b22ae37",
                  "subnet-0bd033c7612c25e4a"
                ],
                "vpc_id": "vpc-06ce67bba86f683c1"
              }
            ]
          },
          "sensitive_attributes": []
        }
      ]
    },
    {
      "module": "module.eks_blueprints",
      "mode": "data",
      "type": "aws_iam_policy_document",
      "name": "eks_key",
      "provider": "provider[\"registry.terraform.io/hashicorp/aws\"]",
      "instances": [
        {
          "schema_version": 0,
          "attributes": {
            "id": "3003906208",
            "json": "{\n  \"Version\": \"2012-10-17\",\n  \"Statement\": [\n    {\n      \"Sid\": \"Allow access for all principals in the account that are authorized\",\n      \"Effect\": \"Allow\",\n      \"Action\": [\n        \"kms:ReEncrypt*\",\n        \"kms:GenerateDataKey*\",\n        \"kms:Encrypt\",\n        \"kms:DescribeKey\",\n        \"kms:Decrypt\",\n        \"kms:CreateGrant\"\n      ],\n      \"Resource\": \"*\",\n      \"Principal\": {\n        \"AWS\": \"arn:aws:iam::261106957109:root\"\n      },\n      \"Condition\": {\n        \"StringEquals\": {\n          \"kms:CallerAccount\": \"261106957109\",\n          \"kms:ViaService\": \"eks.us-east-1.amazonaws.com\"\n        }\n      }\n    },\n    {\n      \"Sid\": \"Allow direct access to key metadata to the account\",\n      \"Effect\": \"Allow\",\n      \"Action\": [\n        \"kms:RevokeGrant\",\n        \"kms:List*\",\n        \"kms:Get*\",\n        \"kms:Describe*\"\n      ],\n      \"Resource\": \"*\",\n      \"Principal\": {\n        \"AWS\": \"arn:aws:iam::261106957109:root\"\n      }\n    },\n    {\n      \"Sid\": \"Allow access for Key Administrators\",\n      \"Effect\": \"Allow\",\n      \"Action\": \"kms:*\",\n      \"Resource\": \"*\",\n      \"Principal\": {\n        \"AWS\": \"arn:aws:iam::261106957109:user/fernandomullerjr8596\"\n      }\n    },\n    {\n      \"Sid\": \"Allow use of the key\",\n      \"Effect\": \"Allow\",\n      \"Action\": [\n        \"kms:ReEncrypt*\",\n        \"kms:GenerateDataKey*\",\n        \"kms:Encrypt\",\n        \"kms:DescribeKey\",\n        \"kms:Decrypt\"\n      ],\n      \"Resource\": \"*\",\n      \"Principal\": {\n        \"AWS\": \"arn:aws:iam::261106957109:role/eks-lab-cluster-role\"\n      }\n    },\n    {\n      \"Sid\": \"Allow attachment of persistent resources\",\n      \"Effect\": \"Allow\",\n      \"Action\": [\n        \"kms:RevokeGrant\",\n        \"kms:ListGrants\",\n        \"kms:CreateGrant\"\n      ],\n      \"Resource\": \"*\",\n      \"Principal\": {\n        \"AWS\": \"arn:aws:iam::261106957109:role/eks-lab-cluster-role\"\n      },\n      \"Condition\": {\n        \"Bool\": {\n          \"kms:GrantIsForAWSResource\": \"true\"\n        }\n      }\n    }\n  ]\n}",
            "override_json": null,
            "override_policy_documents": null,
            "policy_id": null,
            "source_json": null,
            "source_policy_documents": null,
            "statement": [
              {
                "actions": [
                  "kms:CreateGrant",
                  "kms:Decrypt",
                  "kms:DescribeKey",
                  "kms:Encrypt",
                  "kms:GenerateDataKey*",
                  "kms:ReEncrypt*"
                ],
                "condition": [
                  {
                    "test": "StringEquals",
                    "values": [
                      "261106957109"
                    ],
                    "variable": "kms:CallerAccount"
                  },
                  {
                    "test": "StringEquals",
                    "values": [
                      "eks.us-east-1.amazonaws.com"
                    ],
                    "variable": "kms:ViaService"
                  }
                ],
                "effect": "Allow",
                "not_actions": [],
                "not_principals": [],
                "not_resources": [],
                "principals": [
                  {
                    "identifiers": [
                      "arn:aws:iam::261106957109:root"
                    ],
                    "type": "AWS"
                  }
                ],
                "resources": [
                  "*"
                ],
                "sid": "Allow access for all principals in the account that are authorized"
              },
              {
                "actions": [
                  "kms:Describe*",
                  "kms:Get*",
                  "kms:List*",
                  "kms:RevokeGrant"
                ],
                "condition": [],
                "effect": "Allow",
                "not_actions": [],
                "not_principals": [],
                "not_resources": [],
                "principals": [
                  {
                    "identifiers": [
                      "arn:aws:iam::261106957109:root"
                    ],
                    "type": "AWS"
                  }
                ],
                "resources": [
                  "*"
                ],
                "sid": "Allow direct access to key metadata to the account"
              },
              {
                "actions": [
                  "kms:*"
                ],
                "condition": [],
                "effect": "Allow",
                "not_actions": [],
                "not_principals": [],
                "not_resources": [],
                "principals": [
                  {
                    "identifiers": [
                      "arn:aws:iam::261106957109:user/fernandomullerjr8596"
                    ],
                    "type": "AWS"
                  }
                ],
                "resources": [
                  "*"
                ],
                "sid": "Allow access for Key Administrators"
              },
              {
                "actions": [
                  "kms:Decrypt",
                  "kms:DescribeKey",
                  "kms:Encrypt",
                  "kms:GenerateDataKey*",
                  "kms:ReEncrypt*"
                ],
                "condition": [],
                "effect": "Allow",
                "not_actions": [],
                "not_principals": [],
                "not_resources": [],
                "principals": [
                  {
                    "identifiers": [
                      "arn:aws:iam::261106957109:role/eks-lab-cluster-role"
                    ],
                    "type": "AWS"
                  }
                ],
                "resources": [
                  "*"
                ],
                "sid": "Allow use of the key"
              },
              {
                "actions": [
                  "kms:CreateGrant",
                  "kms:ListGrants",
                  "kms:RevokeGrant"
                ],
                "condition": [
                  {
                    "test": "Bool",
                    "values": [
                      "true"
                    ],
                    "variable": "kms:GrantIsForAWSResource"
                  }
                ],
                "effect": "Allow",
                "not_actions": [],
                "not_principals": [],
                "not_resources": [],
                "principals": [
                  {
                    "identifiers": [
                      "arn:aws:iam::261106957109:role/eks-lab-cluster-role"
                    ],
                    "type": "AWS"
                  }
                ],
                "resources": [
                  "*"
                ],
                "sid": "Allow attachment of persistent resources"
              }
            ],
            "version": "2012-10-17"
          },
          "sensitive_attributes": []
        }
      ]
    },
    {
      "module": "module.eks_blueprints",
      "mode": "data",
      "type": "aws_iam_session_context",
      "name": "current",
      "provider": "provider[\"registry.terraform.io/hashicorp/aws\"]",
      "instances": [
        {
          "schema_version": 0,
          "attributes": {
            "arn": "arn:aws:iam::261106957109:user/fernandomullerjr8596",
            "id": "arn:aws:iam::261106957109:user/fernandomullerjr8596",
            "issuer_arn": "arn:aws:iam::261106957109:user/fernandomullerjr8596",
            "issuer_id": "",
            "issuer_name": "",
            "session_name": ""
          },
          "sensitive_attributes": []
        }
      ]
    },
    {
      "module": "module.eks_blueprints",
      "mode": "data",
      "type": "aws_partition",
      "name": "current",
      "provider": "provider[\"registry.terraform.io/hashicorp/aws\"]",
      "instances": [
        {
          "schema_version": 0,
          "attributes": {
            "dns_suffix": "amazonaws.com",
            "id": "aws",
            "partition": "aws",
            "reverse_dns_prefix": "com.amazonaws"
          },
          "sensitive_attributes": []
        }
      ]
    },
    {
      "module": "module.eks_blueprints",
      "mode": "data",
      "type": "aws_region",
      "name": "current",
      "provider": "provider[\"registry.terraform.io/hashicorp/aws\"]",
      "instances": [
        {
          "schema_version": 0,
          "attributes": {
            "description": "US East (N. Virginia)",
            "endpoint": "ec2.us-east-1.amazonaws.com",
            "id": "us-east-1",
            "name": "us-east-1"
          },
          "sensitive_attributes": []
        }
      ]
    },
    {
      "module": "module.eks_blueprints",
      "mode": "data",
      "type": "http",
      "name": "eks_cluster_readiness",
      "provider": "provider[\"registry.terraform.io/terraform-aws-modules/http\"]",
      "instances": [
        {
          "index_key": 0,
          "schema_version": 0,
          "attributes": {
            "body": "ok",
            "ca_certificate": "-----BEGIN CERTIFICATE-----\nMIIC/jCCAeagAwIBAgIBADANBgkqhkiG9w0BAQsFADAVMRMwEQYDVQQDEwprdWJl\ncm5ldGVzMB4XDTIzMDQyMjAwMTQyOFoXDTMzMDQxOTAwMTQyOFowFTETMBEGA1UE\nAxMKa3ViZXJuZXRlczCCASIwDQYJKoZIhvcNAQEBBQADggEPADCCAQoCggEBAMpv\nw0vjIp7ZLfZkttT+5vvh8ErrmL1osY1yNmwBJJsvcJf00f4MSiwqRUi7It/BNIvt\nc+15oR7FTNUZGhV+jzqvhcYZe6OuUbhOw8RFziztqILVlyvWFz8Z6l4gTZbsSY+g\nOuqd5o//NLKIvH8+MtGgzK4JLE/Ivc3PZgjMvjlQWI9Qo45TECUVRQzy9PScLdW9\nkNsh7JoL9AlZcogHYiVsQoBiremIkOfIhT5vj2A27Xgu85QYOYlafQ5il5CYe1fW\nyE0e7hN7aWMGJ+vWVHON13059KGvIJ8UoftU9nwwy9MtMYQQHNoWzBif/WvftwpE\nD8ep8vdfIa0tkN1OxR8CAwEAAaNZMFcwDgYDVR0PAQH/BAQDAgKkMA8GA1UdEwEB\n/wQFMAMBAf8wHQYDVR0OBBYEFIXL2TB5OhHFTb4s8zh9wKh59Ov1MBUGA1UdEQQO\nMAyCCmt1YmVybmV0ZXMwDQYJKoZIhvcNAQELBQADggEBAB6HpWIKHOoyKaPtoqOr\nal3tahd2PEzMM12+HP/Llg+t4IMeeGKlxgcfu39XvywgGol1+/JuE5rnqTNWhWCu\niK6xR2pZ9WIlgRAgjiGXSQMLrn6hZloXK36aSagrPManatN1fFRNnQNjM0rriMxV\nNWluz0njaUPC0D+Imu9EW8zb0unpqoyTIm9+7Gs+bZ8wTTfV0U96n5DoJeXhQy1p\nXeCNBmNsG59CJtCqIhxATHSnumLzEOAp6vwxGVUYJDLkt+I39Irm0vRRw0tQ5jyq\nGSF78O8Cm2SUGcY4gef/MP0LNPkjKhcl67watH3xLDZPs5W+L677t7XQCzBGphWg\nwq4=\n-----END CERTIFICATE-----\n",
            "id": "https://B5287FFBCE112FDB3C90BCED28AE250F.gr7.us-east-1.eks.amazonaws.com/healthz",
            "insecure": false,
            "request_headers": null,
            "response_headers": {
              "Audit-Id": "33c9d6e2-6768-4ff5-ba27-4ec56bdee172",
              "Cache-Control": "no-cache, private",
              "Content-Length": "2",
              "Content-Type": "text/plain; charset=utf-8",
              "Date": "Sat, 22 Apr 2023 02:03:05 GMT",
              "X-Content-Type-Options": "nosniff",
              "X-Kubernetes-Pf-Flowschema-Uid": "07238dfd-7393-4e4e-8047-cd44afba1a49",
              "X-Kubernetes-Pf-Prioritylevel-Uid": "fa7227e3-3313-427b-bfb3-a9cc811d5a51"
            },
            "timeout": 600,
            "url": "https://B5287FFBCE112FDB3C90BCED28AE250F.gr7.us-east-1.eks.amazonaws.com/healthz"
          },
          "sensitive_attributes": []
        }
      ]
    },
    {
      "module": "module.eks_blueprints",
      "mode": "managed",
      "type": "kubernetes_config_map",
      "name": "aws_auth",
      "provider": "provider[\"registry.terraform.io/hashicorp/kubernetes\"]",
      "instances": [
        {
          "index_key": 0,
          "schema_version": 0,
          "attributes": {
            "binary_data": {},
            "data": {
              "mapAccounts": "[]\n",
              "mapRoles": "- \"groups\":\n  - \"system:bootstrappers\"\n  - \"system:nodes\"\n  \"rolearn\": \"arn:aws:iam::261106957109:role/eks-lab-teste2\"\n  \"username\": \"system:node:{{EC2PrivateDNSName}}\"\n- \"groups\":\n  - \"system:masters\"\n  \"rolearn\": \"arn:aws:iam::261106957109:role/eks-lab-admin-access\"\n  \"username\": \"admin\"\n- \"groups\":\n  - \"system:masters\"\n  \"rolearn\": \"arn:aws:iam::261106957109:role/TeamRole\"\n  \"username\": \"ops-role\"\n- \"groups\":\n  - \"system:masters\"\n  \"rolearn\": \"arn:aws:iam::261106957109:role/eks-admin\"\n  \"username\": \"eks-admin\"\n",
              "mapUsers": "- \"groups\":\n  - \"system:masters\"\n  - \"eks-console-dashboard-full-access-group\"\n  \"userarn\": \"arn:aws:iam::261106957109:user/fernandomullerjr8596\"\n  \"username\": \"fernandomullerjr8596\"\n- \"groups\":\n  - \"system:masters\"\n  - \"eks-console-dashboard-full-access-group\"\n  \"userarn\": \"arn:aws:iam::261106957109:user/fernando-devops\"\n  \"username\": \"fernando-devops\"\n- \"groups\":\n  - \"system:masters\"\n  - \"eks-console-dashboard-full-access-group\"\n  \"userarn\": \"arn:aws:iam::261106957109:root\"\n  \"username\": \"root\"\n"
            },
            "id": "kube-system/aws-auth",
            "immutable": false,
            "metadata": [
              {
                "annotations": {},
                "generate_name": "",
                "generation": 0,
                "labels": {
                  "app.kubernetes.io/created-by": "terraform-aws-eks-blueprints",
                  "app.kubernetes.io/managed-by": "terraform-aws-eks-blueprints"
                },
                "name": "aws-auth",
                "namespace": "kube-system",
                "resource_version": "966",
                "uid": "7bb4c862-8288-4de0-8ed3-308ba22faff4"
              }
            ]
          },
          "sensitive_attributes": [],
          "private": "bnVsbA==",
          "dependencies": [
            "data.aws_availability_zones.available",
            "data.aws_caller_identity.current",
            "data.aws_eks_cluster_auth.this",
            "module.eks_blueprints.data.aws_caller_identity.current",
            "module.eks_blueprints.data.aws_eks_cluster.cluster",
            "module.eks_blueprints.data.aws_iam_policy_document.eks_key",
            "module.eks_blueprints.data.aws_iam_session_context.current",
            "module.eks_blueprints.data.aws_partition.current",
            "module.eks_blueprints.data.aws_region.current",
            "module.eks_blueprints.data.http.eks_cluster_readiness",
            "module.eks_blueprints.module.aws_eks.aws_cloudwatch_log_group.this",
            "module.eks_blueprints.module.aws_eks.aws_eks_cluster.this",
            "module.eks_blueprints.module.aws_eks.aws_iam_role.this",
            "module.eks_blueprints.module.aws_eks.aws_iam_role_policy_attachment.this",
            "module.eks_blueprints.module.aws_eks.aws_security_group.cluster",
            "module.eks_blueprints.module.aws_eks.aws_security_group.node",
            "module.eks_blueprints.module.aws_eks.aws_security_group_rule.cluster",
            "module.eks_blueprints.module.aws_eks.aws_security_group_rule.node",
            "module.eks_blueprints.module.aws_eks.data.aws_caller_identity.current",
            "module.eks_blueprints.module.aws_eks.data.aws_iam_policy_document.assume_role_policy",
            "module.eks_blueprints.module.aws_eks.data.aws_partition.current",
            "module.eks_blueprints.module.aws_eks.module.kms.aws_kms_external_key.this",
            "module.eks_blueprints.module.aws_eks.module.kms.aws_kms_key.this",
            "module.eks_blueprints.module.aws_eks.module.kms.data.aws_caller_identity.current",
            "module.eks_blueprints.module.aws_eks.module.kms.data.aws_iam_policy_document.this",
            "module.eks_blueprints.module.aws_eks.module.kms.data.aws_partition.current",
            "module.eks_blueprints.module.kms.aws_kms_key.this",
            "module.vpc.aws_subnet.private",
            "module.vpc.aws_subnet.public",
            "module.vpc.aws_vpc.this",
            "module.vpc.aws_vpc_ipv4_cidr_block_association.this"
          ],
          "create_before_destroy": true
        }
      ]
    },
    {
      "module": "module.eks_blueprints.module.aws_eks",
      "mode": "data",
      "type": "aws_caller_identity",
      "name": "current",
      "provider": "provider[\"registry.terraform.io/hashicorp/aws\"]",
      "instances": [
        {
          "schema_version": 0,
          "attributes": {
            "account_id": "261106957109",
            "arn": "arn:aws:iam::261106957109:user/fernandomullerjr8596",
            "id": "261106957109",
            "user_id": "AIDATZSZP7M2XLMGQUA5D"
          },
          "sensitive_attributes": []
        }
      ]
    },
    {
      "module": "module.eks_blueprints.module.aws_eks",
      "mode": "data",
      "type": "aws_iam_policy_document",
      "name": "assume_role_policy",
      "provider": "provider[\"registry.terraform.io/hashicorp/aws\"]",
      "instances": [
        {
          "index_key": 0,
          "schema_version": 0,
          "attributes": {
            "id": "2764486067",
            "json": "{\n  \"Version\": \"2012-10-17\",\n  \"Statement\": [\n    {\n      \"Sid\": \"EKSClusterAssumeRole\",\n      \"Effect\": \"Allow\",\n      \"Action\": \"sts:AssumeRole\",\n      \"Principal\": {\n        \"Service\": \"eks.amazonaws.com\"\n      }\n    }\n  ]\n}",
            "override_json": null,
            "override_policy_documents": null,
            "policy_id": null,
            "source_json": null,
            "source_policy_documents": null,
            "statement": [
              {
                "actions": [
                  "sts:AssumeRole"
                ],
                "condition": [],
                "effect": "Allow",
                "not_actions": [],
                "not_principals": [],
                "not_resources": [],
                "principals": [
                  {
                    "identifiers": [
                      "eks.amazonaws.com"
                    ],
                    "type": "Service"
                  }
                ],
                "resources": [],
                "sid": "EKSClusterAssumeRole"
              }
            ],
            "version": "2012-10-17"
          },
          "sensitive_attributes": []
        }
      ]
    },
    {
      "module": "module.eks_blueprints.module.aws_eks",
      "mode": "data",
      "type": "aws_partition",
      "name": "current",
      "provider": "provider[\"registry.terraform.io/hashicorp/aws\"]",
      "instances": [
        {
          "schema_version": 0,
          "attributes": {
            "dns_suffix": "amazonaws.com",
            "id": "aws",
            "partition": "aws",
            "reverse_dns_prefix": "com.amazonaws"
          },
          "sensitive_attributes": []
        }
      ]
    },
    {
      "module": "module.eks_blueprints.module.aws_eks",
      "mode": "data",
      "type": "tls_certificate",
      "name": "this",
      "provider": "provider[\"registry.terraform.io/hashicorp/tls\"]",
      "instances": [
        {
          "index_key": 0,
          "schema_version": 0,
          "attributes": {
            "certificates": [
              {
                "cert_pem": "-----BEGIN CERTIFICATE-----\nMIIEdTCCA12gAwIBAgIJAKcOSkw0grd/MA0GCSqGSIb3DQEBCwUAMGgxCzAJBgNV\nBAYTAlVTMSUwIwYDVQQKExxTdGFyZmllbGQgVGVjaG5vbG9naWVzLCBJbmMuMTIw\nMAYDVQQLEylTdGFyZmllbGQgQ2xhc3MgMiBDZXJ0aWZpY2F0aW9uIEF1dGhvcml0\neTAeFw0wOTA5MDIwMDAwMDBaFw0zNDA2MjgxNzM5MTZaMIGYMQswCQYDVQQGEwJV\nUzEQMA4GA1UECBMHQXJpem9uYTETMBEGA1UEBxMKU2NvdHRzZGFsZTElMCMGA1UE\nChMcU3RhcmZpZWxkIFRlY2hub2xvZ2llcywgSW5jLjE7MDkGA1UEAxMyU3RhcmZp\nZWxkIFNlcnZpY2VzIFJvb3QgQ2VydGlmaWNhdGUgQXV0aG9yaXR5IC0gRzIwggEi\nMA0GCSqGSIb3DQEBAQUAA4IBDwAwggEKAoIBAQDVDDrEKvlO4vW+GZdfjohTsR8/\ny8+fIBNtKTrID30892t2OGPZNmCom15cAICyL1l/9of5JUOG52kbUpqQ4XHj2C0N\nTm/2yEnZtvMaVq4rtnQU68/7JuMauh2WLmo7WJSJR1b/JaCTcFOD2oR0FMNnngRo\nOt+OQFodSk7PQ5E751bWAHDLUu57fa4657wx+UX2wmDPE1kCK4DMNEffud6QZW0C\nzyyRpqbn3oUYSXxmTqM6bam17jQuug0DuDPfR+uxa40l2ZvOgdFFRjKWcIfeAg5J\nQ4W2bHO7ZOphQazJ1FTfhy/HIrImzJ9ZVGif/L4qL8RVHHVAYBeFAlU5i38FAgMB\nAAGjgfAwge0wDwYDVR0TAQH/BAUwAwEB/zAOBgNVHQ8BAf8EBAMCAYYwHQYDVR0O\nBBYEFJxfAN+qAdcwKziIorhtSpzyEZGDMB8GA1UdIwQYMBaAFL9ft9HO3R+G9FtV\nrNzXEMIOqYjnME8GCCsGAQUFBwEBBEMwQTAcBggrBgEFBQcwAYYQaHR0cDovL28u\nc3MyLnVzLzAhBggrBgEFBQcwAoYVaHR0cDovL3guc3MyLnVzL3guY2VyMCYGA1Ud\nHwQfMB0wG6AZoBeGFWh0dHA6Ly9zLnNzMi51cy9yLmNybDARBgNVHSAECjAIMAYG\nBFUdIAAwDQYJKoZIhvcNAQELBQADggEBACMd44pXyn3pF3lM8R5V/cxTbj5HD9/G\nVfKyBDbtgB9TxF00KGu+x1X8Z+rLP3+QsjPNG1gQggL4+C/1E2DUBc7xgQjB3ad1\nl08YuW3e95ORCLp+QCztweq7dp4zBncdDQh/U90bZKuCJ/Fp1U1ervShw3WnWEQt\n8jxwmKy6abaVd38PMV4s/KCHOkdp8Hlf9BRUpJVeEXgSYCfOn8J3/yNTd126/+pZ\n59vPr5KW7ySaNRB6nJHGDn2Z9j8Z3/VyVOEVqQdZe4O/Ui5GjLIAZHYcSNPYeehu\nVsyuLAOQ1xk4meTKCRlb/weWsKh/NEnfVqn3sF/tM+2MR7cwA130A4w=\n-----END CERTIFICATE-----\n",
                "is_ca": true,
                "issuer": "OU=Starfield Class 2 Certification Authority,O=Starfield Technologies\\, Inc.,C=US",
                "not_after": "2034-06-28T17:39:16Z",
                "not_before": "2009-09-02T00:00:00Z",
                "public_key_algorithm": "RSA",
                "serial_number": "12037640545166866303",
                "sha1_fingerprint": "9e99a48a9960b14926bb7f3b02e22da2b0ab7280",
                "signature_algorithm": "SHA256-RSA",
                "subject": "CN=Starfield Services Root Certificate Authority - G2,O=Starfield Technologies\\, Inc.,L=Scottsdale,ST=Arizona,C=US",
                "version": 3
              },
              {
                "cert_pem": "-----BEGIN CERTIFICATE-----\nMIIEkjCCA3qgAwIBAgITBn+USionzfP6wq4rAfkI7rnExjANBgkqhkiG9w0BAQsF\nADCBmDELMAkGA1UEBhMCVVMxEDAOBgNVBAgTB0FyaXpvbmExEzARBgNVBAcTClNj\nb3R0c2RhbGUxJTAjBgNVBAoTHFN0YXJmaWVsZCBUZWNobm9sb2dpZXMsIEluYy4x\nOzA5BgNVBAMTMlN0YXJmaWVsZCBTZXJ2aWNlcyBSb290IENlcnRpZmljYXRlIEF1\ndGhvcml0eSAtIEcyMB4XDTE1MDUyNTEyMDAwMFoXDTM3MTIzMTAxMDAwMFowOTEL\nMAkGA1UEBhMCVVMxDzANBgNVBAoTBkFtYXpvbjEZMBcGA1UEAxMQQW1hem9uIFJv\nb3QgQ0EgMTCCASIwDQYJKoZIhvcNAQEBBQADggEPADCCAQoCggEBALJ4gHHKeNXj\nca9HgFB0fW7Y14h29Jlo91ghYPl0hAEvrAIthtOgQ3pOsqTQNroBvo3bSMgHFzZM\n9O6II8c+6zf1tRn4SWiw3te5djgdYZ6k/oI2peVKVuRF4fn9tBb6dNqcmzU5L/qw\nIFAGbHrQgLKm+a/sRxmPUDgH3KKHOVj4utWp+UhnMJbulHheb4mjUcAwhmahRWa6\nVOujw5H5SNz/0egwLX0tdHA114gk957EWW67c4cX8jJGKLhD+rcdqsq08p8kDi1L\n93FcXmn/6pUCyziKrlA4b9v7LWIbxcceVOF34GfID5yHI9Y/QCB/IIDEgEw+OyQm\njgSubJrIqg0CAwEAAaOCATEwggEtMA8GA1UdEwEB/wQFMAMBAf8wDgYDVR0PAQH/\nBAQDAgGGMB0GA1UdDgQWBBSEGMyFNOy8DJSULghZnMeyEE4KCDAfBgNVHSMEGDAW\ngBScXwDfqgHXMCs4iKK4bUqc8hGRgzB4BggrBgEFBQcBAQRsMGowLgYIKwYBBQUH\nMAGGImh0dHA6Ly9vY3NwLnJvb3RnMi5hbWF6b250cnVzdC5jb20wOAYIKwYBBQUH\nMAKGLGh0dHA6Ly9jcnQucm9vdGcyLmFtYXpvbnRydXN0LmNvbS9yb290ZzIuY2Vy\nMD0GA1UdHwQ2MDQwMqAwoC6GLGh0dHA6Ly9jcmwucm9vdGcyLmFtYXpvbnRydXN0\nLmNvbS9yb290ZzIuY3JsMBEGA1UdIAQKMAgwBgYEVR0gADANBgkqhkiG9w0BAQsF\nAAOCAQEAYjdCXLwQtT6LLOkMm2xF4gcAevnFWAu5CIw+7bMlPLVvUOTNNWqnkzSW\nMiGpSESrnO09tKpzbeR/FoCJbM8oAxiDR3mjEH4wW6w7sGDgd9QIpuEdfF7Au/ma\neyKdpwAJfqxGF4PcnCZXmTA5YpaP7dreqsXMGz7KQ2hsVxa81Q4gLv7/wmpdLqBK\nbRRYh5TmOTFffHPLkIhqhBGWJ6bt2YFGpn6jcgAKUj6DiAdjd4lpFw85hdKrCEVN\n0FE6/V1dN2RMfjCyVSRCnTawXZwXgWHxyvkQAiSr6w10kY17RSlQOYiypok1JR4U\nakcjMS9cmvqtmg5iUaQqqcT5NJ0hGA==\n-----END CERTIFICATE-----\n",
                "is_ca": true,
                "issuer": "CN=Starfield Services Root Certificate Authority - G2,O=Starfield Technologies\\, Inc.,L=Scottsdale,ST=Arizona,C=US",
                "not_after": "2037-12-31T01:00:00Z",
                "not_before": "2015-05-25T12:00:00Z",
                "public_key_algorithm": "RSA",
                "serial_number": "144918191876577076464031512351042010504348870",
                "sha1_fingerprint": "06b25927c42a721631c1efd9431e648fa62e1e39",
                "signature_algorithm": "SHA256-RSA",
                "subject": "CN=Amazon Root CA 1,O=Amazon,C=US",
                "version": 3
              },
              {
                "cert_pem": "-----BEGIN CERTIFICATE-----\nMIIEXjCCA0agAwIBAgITB3MSOAudZoijOx7Zv5zNpo4ODzANBgkqhkiG9w0BAQsF\nADA5MQswCQYDVQQGEwJVUzEPMA0GA1UEChMGQW1hem9uMRkwFwYDVQQDExBBbWF6\nb24gUm9vdCBDQSAxMB4XDTIyMDgyMzIyMjEyOFoXDTMwMDgyMzIyMjEyOFowPDEL\nMAkGA1UEBhMCVVMxDzANBgNVBAoTBkFtYXpvbjEcMBoGA1UEAxMTQW1hem9uIFJT\nQSAyMDQ4IE0wMTCCASIwDQYJKoZIhvcNAQEBBQADggEPADCCAQoCggEBAOtxLKnL\nH4gokjIwr4pXD3i3NyWVVYesZ1yX0yLI2qIUZ2t88Gfa4gMqs1YSXca1R/lnCKeT\nepWSGA+0+fkQNpp/L4C2T7oTTsddUx7g3ZYzByDTlrwS5HRQQqEFE3O1T5tEJP4t\nf+28IoXsNiEzl3UGzicYgtzj2cWCB41eJgEmJmcf2T8TzzK6a614ZPyq/w4CPAff\nnAV4coz96nW3AyiE2uhuB4zQUIXvgVSycW7sbWLvj5TDXunEpNCRwC4kkZjK7rol\njtT2cbb7W2s4Bkg3R42G3PLqBvt2N32e/0JOTViCk8/iccJ4sXqrS1uUN4iB5Nmv\nJK74csVl+0u0UecCAwEAAaOCAVowggFWMBIGA1UdEwEB/wQIMAYBAf8CAQAwDgYD\nVR0PAQH/BAQDAgGGMB0GA1UdJQQWMBQGCCsGAQUFBwMBBggrBgEFBQcDAjAdBgNV\nHQ4EFgQUgbgOY4qJEhjl+js7UJWf5uWQE4UwHwYDVR0jBBgwFoAUhBjMhTTsvAyU\nlC4IWZzHshBOCggwewYIKwYBBQUHAQEEbzBtMC8GCCsGAQUFBzABhiNodHRwOi8v\nb2NzcC5yb290Y2ExLmFtYXpvbnRydXN0LmNvbTA6BggrBgEFBQcwAoYuaHR0cDov\nL2NydC5yb290Y2ExLmFtYXpvbnRydXN0LmNvbS9yb290Y2ExLmNlcjA/BgNVHR8E\nODA2MDSgMqAwhi5odHRwOi8vY3JsLnJvb3RjYTEuYW1hem9udHJ1c3QuY29tL3Jv\nb3RjYTEuY3JsMBMGA1UdIAQMMAowCAYGZ4EMAQIBMA0GCSqGSIb3DQEBCwUAA4IB\nAQCtAN4CBSMuBjJitGuxlBbkEUDeK/pZwTXv4KqPK0G50fOHOQAd8j21p0cMBgbG\nkfMHVwLU7b0XwZCav0h1ogdPMN1KakK1DT0VwA/+hFvGPJnMV1Kx2G4S1ZaSk0uU\n5QfoiYIIano01J5k4T2HapKQmmOhS/iPtuo00wW+IMLeBuKMn3OLn005hcrOGTad\nhcmeyfhQP7Z+iKHvyoQGi1C0ClymHETx/chhQGDyYSWqB/THwnN15AwLQo0E5V9E\nSJlbe4mBlqeInUsNYugExNf+tOiybcrswBy8OFsd34XOW3rjSUtsuafd9AWySa3h\nxRRrwszrzX/WWGm6wyB+f7C4\n-----END CERTIFICATE-----\n",
                "is_ca": true,
                "issuer": "CN=Amazon Root CA 1,O=Amazon,C=US",
                "not_after": "2030-08-23T22:21:28Z",
                "not_before": "2022-08-23T22:21:28Z",
                "public_key_algorithm": "RSA",
                "serial_number": "166129328851546858514271303855646110030630415",
                "sha1_fingerprint": "2ad974a775f73cbdbbd8f5ac3a49255fa8fb1f8c",
                "signature_algorithm": "SHA256-RSA",
                "subject": "CN=Amazon RSA 2048 M01,O=Amazon,C=US",
                "version": 3
              },
              {
                "cert_pem": "-----BEGIN CERTIFICATE-----\nMIIF6jCCBNKgAwIBAgIQCcCk7BIViH8C+Tf4VWxhKzANBgkqhkiG9w0BAQsFADA8\nMQswCQYDVQQGEwJVUzEPMA0GA1UEChMGQW1hem9uMRwwGgYDVQQDExNBbWF6b24g\nUlNBIDIwNDggTTAxMB4XDTIzMDIyMzAwMDAwMFoXDTIzMDYyNjIzNTk1OVowKzEp\nMCcGA1UEAxMgb2lkYy5la3MudXMtZWFzdC0xLmFtYXpvbmF3cy5jb20wggEiMA0G\nCSqGSIb3DQEBAQUAA4IBDwAwggEKAoIBAQCrCuy0md03k+NUS1t9Nd27vLH1+qIL\nTquznJihWn4w76OgUtRCrMuLwohG6kHi+wg6wPkGZP5UC87mEdSLpcOaDvTwPZOz\nHfD5Sd/iX3wHfnqZcpilIiVfBK24dzDkvzy9xm3U6Ng3vvORjoMmTsivq+iw7X9R\n0Mnt8jFq5QQzeDCC8qRftpPtCDQqZ8uoPJIXi815zOHUu/lPxiOp8vBP5PJtHkCD\nZZb21pxeWsJullHoodtmEw2harp7HXoUnksN/oTdc7/t8OQm2Yn80AY86FviW0qY\nTGEJT27ieE8c0qVv49KeNs3t7jXMjam154BONIpVc2Pzqk0bmIBQdcojAgMBAAGj\nggL3MIIC8zAfBgNVHSMEGDAWgBSBuA5jiokSGOX6OztQlZ/m5ZAThTAdBgNVHQ4E\nFgQUttNxultjwL6aC1+JaLWDKcLFL94wKwYDVR0RBCQwIoIgb2lkYy5la3MudXMt\nZWFzdC0xLmFtYXpvbmF3cy5jb20wDgYDVR0PAQH/BAQDAgWgMB0GA1UdJQQWMBQG\nCCsGAQUFBwMBBggrBgEFBQcDAjA7BgNVHR8ENDAyMDCgLqAshipodHRwOi8vY3Js\nLnIybTAxLmFtYXpvbnRydXN0LmNvbS9yMm0wMS5jcmwwEwYDVR0gBAwwCjAIBgZn\ngQwBAgEwdQYIKwYBBQUHAQEEaTBnMC0GCCsGAQUFBzABhiFodHRwOi8vb2NzcC5y\nMm0wMS5hbWF6b250cnVzdC5jb20wNgYIKwYBBQUHMAKGKmh0dHA6Ly9jcnQucjJt\nMDEuYW1hem9udHJ1c3QuY29tL3IybTAxLmNlcjAMBgNVHRMBAf8EAjAAMIIBfAYK\nKwYBBAHWeQIEAgSCAWwEggFoAWYAdQDoPtDaPvUGNTLnVyi8iWvJA9PL0RFr7Otp\n4Xd9bQa9bgAAAYZ+BWwKAAAEAwBGMEQCIGMqdwA4wz13ik32Juibt34DkjMApD6Q\nVpfPq9x98DxPAiALEjtaefkHMAUFEakle1P6EYgE/iMobgHQrh9eXe1jCgB2ALNz\ndwfhhFD4Y4bWBancEQlKeS2xZwwLh9zwAw55NqWaAAABhn4FbBwAAAQDAEcwRQIg\nD2cYqJeiBbDt/tm+IjNBfO0fTuP0O2rpvDCk+f2GruQCIQCP+PWcBtOjVNBVETyQ\nGQ4bzOzSS2VqX5cmItYMUGdlyAB1ALc++yTfnE26dfI5xbpY9Gxd/ELPep81xJ4d\nCYEl7bSZAAABhn4Fa/IAAAQDAEYwRAIgRCMQCgYmzXYR2J4BOK3AghjRw1Bgi3hd\nOOgLVTtDGKsCIFkrCkOmGN59nWDMHqFWasYvIrS+DeehEy6/++gvXnzCMA0GCSqG\nSIb3DQEBCwUAA4IBAQDjAyA4igHNxTeZzePGnh77joIlhYhjM+bYP2sMqpkgm/k+\nMr3WsW5uGtUkKDrU/nqewpBbaERyu38I7AG9kVbRf0iX2hIVR5o5jRPHvhNG9KTn\nfRq8K8SCaoFuq54lHqf/k1SEvMhUquwOIgG+aE39RG3mRi32/ucVMqqZ55Y2ND0O\n7JwvUyLcE31BTT7vAiCwqpwPTWMP4uJXp58D9JpnsgQYqcBWHf4GsN97/B5CtNLh\nlarySf+72Z2OYmAyv5SfBw26DSqsrgwhBuY29MREIIxa1MoBKmezMCODvHUv0KwD\n4NFsttfm7l0h2sfg1Scdfs6LFIvq6mzu6EFqYMNM\n-----END CERTIFICATE-----\n",
                "is_ca": false,
                "issuer": "CN=Amazon RSA 2048 M01,O=Amazon,C=US",
                "not_after": "2023-06-26T23:59:59Z",
                "not_before": "2023-02-23T00:00:00Z",
                "public_key_algorithm": "RSA",
                "serial_number": "12963317977521044204933868342894944555",
                "sha1_fingerprint": "f8e9efef11f4308c0912577ed37afe2707b2721c",
                "signature_algorithm": "SHA256-RSA",
                "subject": "CN=oidc.eks.us-east-1.amazonaws.com",
                "version": 3
              }
            ],
            "content": null,
            "id": "8cb781b6037f4703f17f42d8de4a2c2aa78474ab",
            "url": "https://oidc.eks.us-east-1.amazonaws.com/id/B5287FFBCE112FDB3C90BCED28AE250F",
            "verify_chain": true
          },
          "sensitive_attributes": []
        }
      ]
    },
    {
      "module": "module.eks_blueprints.module.aws_eks",
      "mode": "managed",
      "type": "aws_ec2_tag",
      "name": "cluster_primary_security_group",
      "provider": "provider[\"registry.terraform.io/hashicorp/aws\"]",
      "instances": [
        {
          "index_key": "Blueprint",
          "schema_version": 0,
          "attributes": {
            "id": "sg-0f552d7b44716d1ed,Blueprint",
            "key": "Blueprint",
            "resource_id": "sg-0f552d7b44716d1ed",
            "value": "eks-lab"
          },
          "sensitive_attributes": [],
          "private": "bnVsbA==",
          "dependencies": [
            "data.aws_availability_zones.available",
            "module.eks_blueprints.data.aws_caller_identity.current",
            "module.eks_blueprints.data.aws_iam_policy_document.eks_key",
            "module.eks_blueprints.data.aws_iam_session_context.current",
            "module.eks_blueprints.data.aws_partition.current",
            "module.eks_blueprints.data.aws_region.current",
            "module.eks_blueprints.module.aws_eks.aws_cloudwatch_log_group.this",
            "module.eks_blueprints.module.aws_eks.aws_eks_cluster.this",
            "module.eks_blueprints.module.aws_eks.aws_iam_role.this",
            "module.eks_blueprints.module.aws_eks.aws_iam_role_policy_attachment.this",
            "module.eks_blueprints.module.aws_eks.aws_security_group.cluster",
            "module.eks_blueprints.module.aws_eks.aws_security_group.node",
            "module.eks_blueprints.module.aws_eks.aws_security_group_rule.cluster",
            "module.eks_blueprints.module.aws_eks.aws_security_group_rule.node",
            "module.eks_blueprints.module.aws_eks.data.aws_caller_identity.current",
            "module.eks_blueprints.module.aws_eks.data.aws_iam_policy_document.assume_role_policy",
            "module.eks_blueprints.module.aws_eks.data.aws_partition.current",
            "module.eks_blueprints.module.aws_eks.module.kms.aws_kms_external_key.this",
            "module.eks_blueprints.module.aws_eks.module.kms.aws_kms_key.this",
            "module.eks_blueprints.module.aws_eks.module.kms.data.aws_caller_identity.current",
            "module.eks_blueprints.module.aws_eks.module.kms.data.aws_iam_policy_document.this",
            "module.eks_blueprints.module.aws_eks.module.kms.data.aws_partition.current",
            "module.eks_blueprints.module.kms.aws_kms_key.this",
            "module.vpc.aws_subnet.private",
            "module.vpc.aws_vpc.this",
            "module.vpc.aws_vpc_ipv4_cidr_block_association.this"
          ]
        },
        {
          "index_key": "GithubRepo",
          "schema_version": 0,
          "attributes": {
            "id": "sg-0f552d7b44716d1ed,GithubRepo",
            "key": "GithubRepo",
            "resource_id": "sg-0f552d7b44716d1ed",
            "value": "github.com/aws-ia/terraform-aws-eks-blueprints"
          },
          "sensitive_attributes": [],
          "private": "bnVsbA==",
          "dependencies": [
            "data.aws_availability_zones.available",
            "module.eks_blueprints.data.aws_caller_identity.current",
            "module.eks_blueprints.data.aws_iam_policy_document.eks_key",
            "module.eks_blueprints.data.aws_iam_session_context.current",
            "module.eks_blueprints.data.aws_partition.current",
            "module.eks_blueprints.data.aws_region.current",
            "module.eks_blueprints.module.aws_eks.aws_cloudwatch_log_group.this",
            "module.eks_blueprints.module.aws_eks.aws_eks_cluster.this",
            "module.eks_blueprints.module.aws_eks.aws_iam_role.this",
            "module.eks_blueprints.module.aws_eks.aws_iam_role_policy_attachment.this",
            "module.eks_blueprints.module.aws_eks.aws_security_group.cluster",
            "module.eks_blueprints.module.aws_eks.aws_security_group.node",
            "module.eks_blueprints.module.aws_eks.aws_security_group_rule.cluster",
            "module.eks_blueprints.module.aws_eks.aws_security_group_rule.node",
            "module.eks_blueprints.module.aws_eks.data.aws_caller_identity.current",
            "module.eks_blueprints.module.aws_eks.data.aws_iam_policy_document.assume_role_policy",
            "module.eks_blueprints.module.aws_eks.data.aws_partition.current",
            "module.eks_blueprints.module.aws_eks.module.kms.aws_kms_external_key.this",
            "module.eks_blueprints.module.aws_eks.module.kms.aws_kms_key.this",
            "module.eks_blueprints.module.aws_eks.module.kms.data.aws_caller_identity.current",
            "module.eks_blueprints.module.aws_eks.module.kms.data.aws_iam_policy_document.this",
            "module.eks_blueprints.module.aws_eks.module.kms.data.aws_partition.current",
            "module.eks_blueprints.module.kms.aws_kms_key.this",
            "module.vpc.aws_subnet.private",
            "module.vpc.aws_vpc.this",
            "module.vpc.aws_vpc_ipv4_cidr_block_association.this"
          ]
        }
      ]
    },
    {
      "module": "module.eks_blueprints.module.aws_eks",
      "mode": "managed",
      "type": "aws_eks_cluster",
      "name": "this",
      "provider": "provider[\"registry.terraform.io/hashicorp/aws\"]",
      "instances": [
        {
          "index_key": 0,
          "schema_version": 0,
          "attributes": {
            "arn": "arn:aws:eks:us-east-1:261106957109:cluster/eks-lab",
            "certificate_authority": [
              {
                "data": "LS0tLS1CRUdJTiBDRVJUSUZJQ0FURS0tLS0tCk1JSUMvakNDQWVhZ0F3SUJBZ0lCQURBTkJna3Foa2lHOXcwQkFRc0ZBREFWTVJNd0VRWURWUVFERXdwcmRXSmwKY201bGRHVnpNQjRYRFRJek1EUXlNakF3TVRReU9Gb1hEVE16TURReE9UQXdNVFF5T0Zvd0ZURVRNQkVHQTFVRQpBeE1LYTNWaVpYSnVaWFJsY3pDQ0FTSXdEUVlKS29aSWh2Y05BUUVCQlFBRGdnRVBBRENDQVFvQ2dnRUJBTXB2CncwdmpJcDdaTGZaa3R0VCs1dnZoOEVycm1MMW9zWTF5Tm13QkpKc3ZjSmYwMGY0TVNpd3FSVWk3SXQvQk5JdnQKYysxNW9SN0ZUTlVaR2hWK2p6cXZoY1laZTZPdVViaE93OFJGeml6dHFJTFZseXZXRno4WjZsNGdUWmJzU1krZwpPdXFkNW8vL05MS0l2SDgrTXRHZ3pLNEpMRS9JdmMzUFpnak12amxRV0k5UW80NVRFQ1VWUlF6eTlQU2NMZFc5CmtOc2g3Sm9MOUFsWmNvZ0hZaVZzUW9CaXJlbUlrT2ZJaFQ1dmoyQTI3WGd1ODVRWU9ZbGFmUTVpbDVDWWUxZlcKeUUwZTdoTjdhV01HSit2V1ZIT04xMzA1OUtHdklKOFVvZnRVOW53d3k5TXRNWVFRSE5vV3pCaWYvV3ZmdHdwRQpEOGVwOHZkZklhMHRrTjFPeFI4Q0F3RUFBYU5aTUZjd0RnWURWUjBQQVFIL0JBUURBZ0trTUE4R0ExVWRFd0VCCi93UUZNQU1CQWY4d0hRWURWUjBPQkJZRUZJWEwyVEI1T2hIRlRiNHM4emg5d0toNTlPdjFNQlVHQTFVZEVRUU8KTUF5Q0NtdDFZbVZ5Ym1WMFpYTXdEUVlKS29aSWh2Y05BUUVMQlFBRGdnRUJBQjZIcFdJS0hPb3lLYVB0b3FPcgphbDN0YWhkMlBFek1NMTIrSFAvTGxnK3Q0SU1lZUdLbHhnY2Z1MzlYdnl3Z0dvbDErL0p1RTVybnFUTldoV0N1CmlLNnhSMnBaOVdJbGdSQWdqaUdYU1FNTHJuNmhabG9YSzM2YVNhZ3JQTWFuYXROMWZGUk5uUU5qTTBycmlNeFYKTldsdXowbmphVVBDMEQrSW11OUVXOHpiMHVucHFveVRJbTkrN0dzK2JaOHdUVGZWMFU5Nm41RG9KZVhoUXkxcApYZUNOQm1Oc0c1OUNKdENxSWh4QVRIU251bUx6RU9BcDZ2d3hHVlVZSkRMa3QrSTM5SXJtMHZSUncwdFE1anlxCkdTRjc4TzhDbTJTVUdjWTRnZWYvTVAwTE5Qa2pLaGNsNjd3YXRIM3hMRFpQczVXK0w2Nzd0N1hRQ3pCR3BoV2cKd3E0PQotLS0tLUVORCBDRVJUSUZJQ0FURS0tLS0tCg=="
              }
            ],
            "cluster_id": null,
            "created_at": "2023-04-22 00:08:24.772 +0000 UTC",
            "enabled_cluster_log_types": [
              "api",
              "audit",
              "authenticator",
              "controllerManager",
              "scheduler"
            ],
            "encryption_config": [
              {
                "provider": [
                  {
                    "key_arn": "arn:aws:kms:us-east-1:261106957109:key/9491e753-a277-4773-896f-48be5e7ed2a6"
                  }
                ],
                "resources": [
                  "secrets"
                ]
              }
            ],
            "endpoint": "https://B5287FFBCE112FDB3C90BCED28AE250F.gr7.us-east-1.eks.amazonaws.com",
            "id": "eks-lab",
            "identity": [
              {
                "oidc": [
                  {
                    "issuer": "https://oidc.eks.us-east-1.amazonaws.com/id/B5287FFBCE112FDB3C90BCED28AE250F"
                  }
                ]
              }
            ],
            "kubernetes_network_config": [
              {
                "ip_family": "ipv4",
                "service_ipv4_cidr": "172.20.0.0/16",
                "service_ipv6_cidr": ""
              }
            ],
            "name": "eks-lab",
            "outpost_config": [],
            "platform_version": "eks.7",
            "role_arn": "arn:aws:iam::261106957109:role/eks-lab-cluster-role",
            "status": "ACTIVE",
            "tags": {
              "Blueprint": "eks-lab",
              "GithubRepo": "github.com/aws-ia/terraform-aws-eks-blueprints"
            },
            "tags_all": {
              "Blueprint": "eks-lab",
              "GithubRepo": "github.com/aws-ia/terraform-aws-eks-blueprints"
            },
            "timeouts": {
              "create": null,
              "delete": null,
              "update": null
            },
            "version": "1.23",
            "vpc_config": [
              {
                "cluster_security_group_id": "sg-0f552d7b44716d1ed",
                "endpoint_private_access": false,
                "endpoint_public_access": true,
                "public_access_cidrs": [
                  "0.0.0.0/0"
                ],
                "security_group_ids": [
                  "sg-02e6be5a34ccda5f7"
                ],
                "subnet_ids": [
                  "subnet-05fef12bb2f126fdf",
                  "subnet-07366daa05b22ae37",
                  "subnet-0bd033c7612c25e4a"
                ],
                "vpc_id": "vpc-06ce67bba86f683c1"
              }
            ]
          },
          "sensitive_attributes": [],
          "private": "eyJlMmJmYjczMC1lY2FhLTExZTYtOGY4OC0zNDM2M2JjN2M0YzAiOnsiY3JlYXRlIjoxODAwMDAwMDAwMDAwLCJkZWxldGUiOjkwMDAwMDAwMDAwMCwidXBkYXRlIjozNjAwMDAwMDAwMDAwfX0=",
          "dependencies": [
            "data.aws_availability_zones.available",
            "module.eks_blueprints.data.aws_caller_identity.current",
            "module.eks_blueprints.data.aws_iam_policy_document.eks_key",
            "module.eks_blueprints.data.aws_iam_session_context.current",
            "module.eks_blueprints.data.aws_partition.current",
            "module.eks_blueprints.data.aws_region.current",
            "module.eks_blueprints.module.aws_eks.aws_cloudwatch_log_group.this",
            "module.eks_blueprints.module.aws_eks.aws_iam_role.this",
            "module.eks_blueprints.module.aws_eks.aws_iam_role_policy_attachment.this",
            "module.eks_blueprints.module.aws_eks.aws_security_group.cluster",
            "module.eks_blueprints.module.aws_eks.aws_security_group.node",
            "module.eks_blueprints.module.aws_eks.aws_security_group_rule.cluster",
            "module.eks_blueprints.module.aws_eks.aws_security_group_rule.node",
            "module.eks_blueprints.module.aws_eks.data.aws_caller_identity.current",
            "module.eks_blueprints.module.aws_eks.data.aws_iam_policy_document.assume_role_policy",
            "module.eks_blueprints.module.aws_eks.data.aws_partition.current",
            "module.eks_blueprints.module.aws_eks.module.kms.aws_kms_external_key.this",
            "module.eks_blueprints.module.aws_eks.module.kms.aws_kms_key.this",
            "module.eks_blueprints.module.aws_eks.module.kms.data.aws_caller_identity.current",
            "module.eks_blueprints.module.aws_eks.module.kms.data.aws_iam_policy_document.this",
            "module.eks_blueprints.module.aws_eks.module.kms.data.aws_partition.current",
            "module.eks_blueprints.module.kms.aws_kms_key.this",
            "module.vpc.aws_subnet.private",
            "module.vpc.aws_vpc.this",
            "module.vpc.aws_vpc_ipv4_cidr_block_association.this"
          ],
          "create_before_destroy": true
        }
      ]
    },
    {
      "module": "module.eks_blueprints.module.aws_eks",
      "mode": "managed",
      "type": "aws_iam_openid_connect_provider",
      "name": "oidc_provider",
      "provider": "provider[\"registry.terraform.io/hashicorp/aws\"]",
      "instances": [
        {
          "index_key": 0,
          "schema_version": 0,
          "attributes": {
            "arn": "arn:aws:iam::261106957109:oidc-provider/oidc.eks.us-east-1.amazonaws.com/id/B5287FFBCE112FDB3C90BCED28AE250F",
            "client_id_list": [
              "sts.amazonaws.com"
            ],
            "id": "arn:aws:iam::261106957109:oidc-provider/oidc.eks.us-east-1.amazonaws.com/id/B5287FFBCE112FDB3C90BCED28AE250F",
            "tags": {
              "Blueprint": "eks-lab",
              "GithubRepo": "github.com/aws-ia/terraform-aws-eks-blueprints",
              "Name": "eks-lab-eks-irsa"
            },
            "tags_all": {
              "Blueprint": "eks-lab",
              "GithubRepo": "github.com/aws-ia/terraform-aws-eks-blueprints",
              "Name": "eks-lab-eks-irsa"
            },
            "thumbprint_list": [
              "9e99a48a9960b14926bb7f3b02e22da2b0ab7280"
            ],
            "url": "oidc.eks.us-east-1.amazonaws.com/id/B5287FFBCE112FDB3C90BCED28AE250F"
          },
          "sensitive_attributes": [],
          "private": "bnVsbA==",
          "dependencies": [
            "data.aws_availability_zones.available",
            "module.eks_blueprints.data.aws_caller_identity.current",
            "module.eks_blueprints.data.aws_iam_policy_document.eks_key",
            "module.eks_blueprints.data.aws_iam_session_context.current",
            "module.eks_blueprints.data.aws_partition.current",
            "module.eks_blueprints.data.aws_region.current",
            "module.eks_blueprints.module.aws_eks.aws_cloudwatch_log_group.this",
            "module.eks_blueprints.module.aws_eks.aws_eks_cluster.this",
            "module.eks_blueprints.module.aws_eks.aws_iam_role.this",
            "module.eks_blueprints.module.aws_eks.aws_iam_role_policy_attachment.this",
            "module.eks_blueprints.module.aws_eks.aws_security_group.cluster",
            "module.eks_blueprints.module.aws_eks.aws_security_group.node",
            "module.eks_blueprints.module.aws_eks.aws_security_group_rule.cluster",
            "module.eks_blueprints.module.aws_eks.aws_security_group_rule.node",
            "module.eks_blueprints.module.aws_eks.data.aws_caller_identity.current",
            "module.eks_blueprints.module.aws_eks.data.aws_iam_policy_document.assume_role_policy",
            "module.eks_blueprints.module.aws_eks.data.aws_partition.current",
            "module.eks_blueprints.module.aws_eks.data.tls_certificate.this",
            "module.eks_blueprints.module.aws_eks.module.kms.aws_kms_external_key.this",
            "module.eks_blueprints.module.aws_eks.module.kms.aws_kms_key.this",
            "module.eks_blueprints.module.aws_eks.module.kms.data.aws_caller_identity.current",
            "module.eks_blueprints.module.aws_eks.module.kms.data.aws_iam_policy_document.this",
            "module.eks_blueprints.module.aws_eks.module.kms.data.aws_partition.current",
            "module.eks_blueprints.module.kms.aws_kms_key.this",
            "module.vpc.aws_subnet.private",
            "module.vpc.aws_vpc.this",
            "module.vpc.aws_vpc_ipv4_cidr_block_association.this"
          ]
        }
      ]
    },
    {
      "module": "module.eks_blueprints.module.aws_eks",
      "mode": "managed",
      "type": "aws_iam_role",
      "name": "this",
      "provider": "provider[\"registry.terraform.io/hashicorp/aws\"]",
      "instances": [
        {
          "index_key": 0,
          "schema_version": 0,
          "attributes": {
            "arn": "arn:aws:iam::261106957109:role/eks-lab-cluster-role",
            "assume_role_policy": "{\"Statement\":[{\"Action\":\"sts:AssumeRole\",\"Effect\":\"Allow\",\"Principal\":{\"Service\":\"eks.amazonaws.com\"},\"Sid\":\"EKSClusterAssumeRole\"}],\"Version\":\"2012-10-17\"}",
            "create_date": "2023-04-22T00:07:59Z",
            "description": "",
            "force_detach_policies": true,
            "id": "eks-lab-cluster-role",
            "inline_policy": [],
            "managed_policy_arns": [
              "arn:aws:iam::aws:policy/AmazonEKSClusterPolicy",
              "arn:aws:iam::aws:policy/AmazonEKSVPCResourceController"
            ],
            "max_session_duration": 3600,
            "name": "eks-lab-cluster-role",
            "name_prefix": "",
            "path": "/",
            "permissions_boundary": null,
            "tags": {
              "Blueprint": "eks-lab",
              "GithubRepo": "github.com/aws-ia/terraform-aws-eks-blueprints"
            },
            "tags_all": {
              "Blueprint": "eks-lab",
              "GithubRepo": "github.com/aws-ia/terraform-aws-eks-blueprints"
            },
            "unique_id": "AROATZSZP7M23BMAH24RV"
          },
          "sensitive_attributes": [],
          "private": "bnVsbA==",
          "dependencies": [
            "module.eks_blueprints.module.aws_eks.aws_cloudwatch_log_group.this",
            "module.eks_blueprints.module.aws_eks.data.aws_iam_policy_document.assume_role_policy",
            "module.eks_blueprints.module.aws_eks.data.aws_partition.current"
          ],
          "create_before_destroy": true
        }
      ]
    },
    {
      "module": "module.eks_blueprints.module.aws_eks",
      "mode": "managed",
      "type": "aws_iam_role_policy_attachment",
      "name": "this",
      "provider": "provider[\"registry.terraform.io/hashicorp/aws\"]",
      "instances": [
        {
          "index_key": "arn:aws:iam::aws:policy/AmazonEKSClusterPolicy",
          "schema_version": 0,
          "attributes": {
            "id": "eks-lab-cluster-role-20230422000800207000000003",
            "policy_arn": "arn:aws:iam::aws:policy/AmazonEKSClusterPolicy",
            "role": "eks-lab-cluster-role"
          },
          "sensitive_attributes": [],
          "private": "bnVsbA==",
          "dependencies": [
            "module.eks_blueprints.module.aws_eks.aws_cloudwatch_log_group.this",
            "module.eks_blueprints.module.aws_eks.aws_iam_role.this",
            "module.eks_blueprints.module.aws_eks.data.aws_iam_policy_document.assume_role_policy",
            "module.eks_blueprints.module.aws_eks.data.aws_partition.current"
          ],
          "create_before_destroy": true
        },
        {
          "index_key": "arn:aws:iam::aws:policy/AmazonEKSVPCResourceController",
          "schema_version": 0,
          "attributes": {
            "id": "eks-lab-cluster-role-20230422000800428900000004",
            "policy_arn": "arn:aws:iam::aws:policy/AmazonEKSVPCResourceController",
            "role": "eks-lab-cluster-role"
          },
          "sensitive_attributes": [],
          "private": "bnVsbA==",
          "dependencies": [
            "module.eks_blueprints.module.aws_eks.aws_cloudwatch_log_group.this",
            "module.eks_blueprints.module.aws_eks.aws_iam_role.this",
            "module.eks_blueprints.module.aws_eks.data.aws_iam_policy_document.assume_role_policy",
            "module.eks_blueprints.module.aws_eks.data.aws_partition.current"
          ],
          "create_before_destroy": true
        }
      ]
    },
    {
      "module": "module.eks_blueprints.module.aws_eks",
      "mode": "managed",
      "type": "aws_security_group",
      "name": "cluster",
      "provider": "provider[\"registry.terraform.io/hashicorp/aws\"]",
      "instances": [
        {
          "index_key": 0,
          "schema_version": 1,
          "attributes": {
            "arn": "arn:aws:ec2:us-east-1:261106957109:security-group/sg-02e6be5a34ccda5f7",
            "description": "EKS cluster security group",
            "egress": [
              {
                "cidr_blocks": [],
                "description": "Cluster API to node groups",
                "from_port": 443,
                "ipv6_cidr_blocks": [],
                "prefix_list_ids": [],
                "protocol": "tcp",
                "security_groups": [
                  "sg-05419262c58b82268"
                ],
                "self": false,
                "to_port": 443
              },
              {
                "cidr_blocks": [],
                "description": "Cluster API to node groups",
                "from_port": 443,
                "ipv6_cidr_blocks": [],
                "prefix_list_ids": [],
                "protocol": "tcp",
                "security_groups": [
                  "sg-0f670a1c8e36994c1"
                ],
                "self": false,
                "to_port": 443
              },
              {
                "cidr_blocks": [],
                "description": "Cluster API to node kubelets",
                "from_port": 10250,
                "ipv6_cidr_blocks": [],
                "prefix_list_ids": [],
                "protocol": "tcp",
                "security_groups": [
                  "sg-05419262c58b82268"
                ],
                "self": false,
                "to_port": 10250
              },
              {
                "cidr_blocks": [],
                "description": "Cluster API to node kubelets",
                "from_port": 10250,
                "ipv6_cidr_blocks": [],
                "prefix_list_ids": [],
                "protocol": "tcp",
                "security_groups": [
                  "sg-0f670a1c8e36994c1"
                ],
                "self": false,
                "to_port": 10250
              }
            ],
            "id": "sg-02e6be5a34ccda5f7",
            "ingress": [
              {
                "cidr_blocks": [],
                "description": "Node groups to cluster API",
                "from_port": 443,
                "ipv6_cidr_blocks": [],
                "prefix_list_ids": [],
                "protocol": "tcp",
                "security_groups": [
                  "sg-05419262c58b82268"
                ],
                "self": false,
                "to_port": 443
              },
              {
                "cidr_blocks": [],
                "description": "Node groups to cluster API",
                "from_port": 443,
                "ipv6_cidr_blocks": [],
                "prefix_list_ids": [],
                "protocol": "tcp",
                "security_groups": [
                  "sg-0f670a1c8e36994c1"
                ],
                "self": false,
                "to_port": 443
              }
            ],
            "name": "eks-lab-cluster-20230422000758683400000001",
            "name_prefix": "eks-lab-cluster-",
            "owner_id": "261106957109",
            "revoke_rules_on_delete": false,
            "tags": {
              "Blueprint": "eks-lab",
              "GithubRepo": "github.com/aws-ia/terraform-aws-eks-blueprints",
              "Name": "eks-lab-cluster"
            },
            "tags_all": {
              "Blueprint": "eks-lab",
              "GithubRepo": "github.com/aws-ia/terraform-aws-eks-blueprints",
              "Name": "eks-lab-cluster"
            },
            "timeouts": null,
            "vpc_id": "vpc-06ce67bba86f683c1"
          },
          "sensitive_attributes": [],
          "private": "eyJlMmJmYjczMC1lY2FhLTExZTYtOGY4OC0zNDM2M2JjN2M0YzAiOnsiY3JlYXRlIjo2MDAwMDAwMDAwMDAsImRlbGV0ZSI6OTAwMDAwMDAwMDAwfSwic2NoZW1hX3ZlcnNpb24iOiIxIn0=",
          "dependencies": [
            "module.vpc.aws_vpc.this"
          ],
          "create_before_destroy": true
        }
      ]
    },
    {
      "module": "module.eks_blueprints.module.aws_eks",
      "mode": "managed",
      "type": "aws_security_group",
      "name": "node",
      "provider": "provider[\"registry.terraform.io/hashicorp/aws\"]",
      "instances": [
        {
          "index_key": 0,
          "schema_version": 1,
          "attributes": {
            "arn": "arn:aws:ec2:us-east-1:261106957109:security-group/sg-0f670a1c8e36994c1",
            "description": "My EKS Node Security Group",
            "egress": [
              {
                "cidr_blocks": [
                  "0.0.0.0/0"
                ],
                "description": "Egress NTP/TCP to internet",
                "from_port": 123,
                "ipv6_cidr_blocks": [],
                "prefix_list_ids": [],
                "protocol": "tcp",
                "security_groups": [],
                "self": false,
                "to_port": 123
              },
              {
                "cidr_blocks": [
                  "0.0.0.0/0"
                ],
                "description": "Egress NTP/UDP to internet",
                "from_port": 123,
                "ipv6_cidr_blocks": [],
                "prefix_list_ids": [],
                "protocol": "udp",
                "security_groups": [],
                "self": false,
                "to_port": 123
              },
              {
                "cidr_blocks": [
                  "0.0.0.0/0"
                ],
                "description": "Egress all HTTPS to internet",
                "from_port": 443,
                "ipv6_cidr_blocks": [],
                "prefix_list_ids": [],
                "protocol": "tcp",
                "security_groups": [],
                "self": false,
                "to_port": 443
              },
              {
                "cidr_blocks": [],
                "description": "Node groups to cluster API",
                "from_port": 443,
                "ipv6_cidr_blocks": [],
                "prefix_list_ids": [],
                "protocol": "tcp",
                "security_groups": [
                  "sg-02e6be5a34ccda5f7"
                ],
                "self": false,
                "to_port": 443
              },
              {
                "cidr_blocks": [],
                "description": "Node to node CoreDNS",
                "from_port": 53,
                "ipv6_cidr_blocks": [],
                "prefix_list_ids": [],
                "protocol": "tcp",
                "security_groups": [],
                "self": true,
                "to_port": 53
              },
              {
                "cidr_blocks": [],
                "description": "Node to node CoreDNS",
                "from_port": 53,
                "ipv6_cidr_blocks": [],
                "prefix_list_ids": [],
                "protocol": "udp",
                "security_groups": [],
                "self": true,
                "to_port": 53
              }
            ],
            "id": "sg-0f670a1c8e36994c1",
            "ingress": [
              {
                "cidr_blocks": [
                  "0.0.0.0/0"
                ],
                "description": "",
                "from_port": 8080,
                "ipv6_cidr_blocks": [],
                "prefix_list_ids": [],
                "protocol": "tcp",
                "security_groups": [],
                "self": false,
                "to_port": 8080
              },
              {
                "cidr_blocks": [],
                "description": "Cluster API to node groups",
                "from_port": 443,
                "ipv6_cidr_blocks": [],
                "prefix_list_ids": [],
                "protocol": "tcp",
                "security_groups": [
                  "sg-02e6be5a34ccda5f7"
                ],
                "self": false,
                "to_port": 443
              },
              {
                "cidr_blocks": [],
                "description": "Cluster API to node kubelets",
                "from_port": 10250,
                "ipv6_cidr_blocks": [],
                "prefix_list_ids": [],
                "protocol": "tcp",
                "security_groups": [
                  "sg-02e6be5a34ccda5f7"
                ],
                "self": false,
                "to_port": 10250
              },
              {
                "cidr_blocks": [],
                "description": "Node to node CoreDNS",
                "from_port": 53,
                "ipv6_cidr_blocks": [],
                "prefix_list_ids": [],
                "protocol": "tcp",
                "security_groups": [],
                "self": true,
                "to_port": 53
              },
              {
                "cidr_blocks": [],
                "description": "Node to node CoreDNS",
                "from_port": 53,
                "ipv6_cidr_blocks": [],
                "prefix_list_ids": [],
                "protocol": "udp",
                "security_groups": [],
                "self": true,
                "to_port": 53
              }
            ],
            "name": "my-eks-node-security-group",
            "name_prefix": "",
            "owner_id": "261106957109",
            "revoke_rules_on_delete": false,
            "tags": {
              "Blueprint": "eks-lab",
              "Environment": "dev",
              "GithubRepo": "github.com/aws-ia/terraform-aws-eks-blueprints",
              "Name": "my-eks-node-security-group",
              "Terraform": "true",
              "kubernetes.io/cluster/eks-lab": "owned"
            },
            "tags_all": {
              "Blueprint": "eks-lab",
              "Environment": "dev",
              "GithubRepo": "github.com/aws-ia/terraform-aws-eks-blueprints",
              "Name": "my-eks-node-security-group",
              "Terraform": "true",
              "kubernetes.io/cluster/eks-lab": "owned"
            },
            "timeouts": null,
            "vpc_id": "vpc-06ce67bba86f683c1"
          },
          "sensitive_attributes": [],
          "private": "eyJlMmJmYjczMC1lY2FhLTExZTYtOGY4OC0zNDM2M2JjN2M0YzAiOnsiY3JlYXRlIjo2MDAwMDAwMDAwMDAsImRlbGV0ZSI6OTAwMDAwMDAwMDAwfSwic2NoZW1hX3ZlcnNpb24iOiIxIn0=",
          "dependencies": [
            "module.vpc.aws_vpc.this"
          ],
          "create_before_destroy": true
        }
      ]
    },
    {
      "module": "module.eks_blueprints.module.aws_eks",
      "mode": "managed",
      "type": "aws_security_group_rule",
      "name": "cluster",
      "provider": "provider[\"registry.terraform.io/hashicorp/aws\"]",
      "instances": [
        {
          "index_key": "egress_nodes_443",
          "schema_version": 2,
          "attributes": {
            "cidr_blocks": null,
            "description": "Cluster API to node groups",
            "from_port": 443,
            "id": "sgrule-3848468000",
            "ipv6_cidr_blocks": null,
            "prefix_list_ids": [],
            "protocol": "tcp",
            "security_group_id": "sg-02e6be5a34ccda5f7",
            "security_group_rule_id": "sgr-0680b9c07d13dad6e",
            "self": false,
            "source_security_group_id": "sg-0f670a1c8e36994c1",
            "timeouts": null,
            "to_port": 443,
            "type": "egress"
          },
          "sensitive_attributes": [],
          "private": "eyJlMmJmYjczMC1lY2FhLTExZTYtOGY4OC0zNDM2M2JjN2M0YzAiOnsiY3JlYXRlIjozMDAwMDAwMDAwMDB9LCJzY2hlbWFfdmVyc2lvbiI6IjIifQ==",
          "dependencies": [
            "module.eks_blueprints.module.aws_eks.aws_security_group.cluster",
            "module.eks_blueprints.module.aws_eks.aws_security_group.node",
            "module.vpc.aws_vpc.this"
          ],
          "create_before_destroy": true
        },
        {
          "index_key": "egress_nodes_kubelet",
          "schema_version": 2,
          "attributes": {
            "cidr_blocks": null,
            "description": "Cluster API to node kubelets",
            "from_port": 10250,
            "id": "sgrule-3091231445",
            "ipv6_cidr_blocks": null,
            "prefix_list_ids": [],
            "protocol": "tcp",
            "security_group_id": "sg-02e6be5a34ccda5f7",
            "security_group_rule_id": "sgr-014f42ce6b885371f",
            "self": false,
            "source_security_group_id": "sg-0f670a1c8e36994c1",
            "timeouts": null,
            "to_port": 10250,
            "type": "egress"
          },
          "sensitive_attributes": [],
          "private": "eyJlMmJmYjczMC1lY2FhLTExZTYtOGY4OC0zNDM2M2JjN2M0YzAiOnsiY3JlYXRlIjozMDAwMDAwMDAwMDB9LCJzY2hlbWFfdmVyc2lvbiI6IjIifQ==",
          "dependencies": [
            "module.eks_blueprints.module.aws_eks.aws_security_group.cluster",
            "module.eks_blueprints.module.aws_eks.aws_security_group.node",
            "module.vpc.aws_vpc.this"
          ],
          "create_before_destroy": true
        },
        {
          "index_key": "ingress_nodes_443",
          "schema_version": 2,
          "attributes": {
            "cidr_blocks": null,
            "description": "Node groups to cluster API",
            "from_port": 443,
            "id": "sgrule-646012736",
            "ipv6_cidr_blocks": null,
            "prefix_list_ids": [],
            "protocol": "tcp",
            "security_group_id": "sg-02e6be5a34ccda5f7",
            "security_group_rule_id": "sgr-0680b9c07d13dad6e",
            "self": false,
            "source_security_group_id": "sg-0f670a1c8e36994c1",
            "timeouts": null,
            "to_port": 443,
            "type": "ingress"
          },
          "sensitive_attributes": [],
          "private": "eyJlMmJmYjczMC1lY2FhLTExZTYtOGY4OC0zNDM2M2JjN2M0YzAiOnsiY3JlYXRlIjozMDAwMDAwMDAwMDB9LCJzY2hlbWFfdmVyc2lvbiI6IjIifQ==",
          "dependencies": [
            "module.eks_blueprints.module.aws_eks.aws_security_group.cluster",
            "module.eks_blueprints.module.aws_eks.aws_security_group.node",
            "module.vpc.aws_vpc.this"
          ],
          "create_before_destroy": true
        }
      ]
    },
    {
      "module": "module.eks_blueprints.module.aws_eks",
      "mode": "managed",
      "type": "aws_security_group_rule",
      "name": "node",
      "provider": "provider[\"registry.terraform.io/hashicorp/aws\"]",
      "instances": [
        {
          "index_key": "egress_cluster_443",
          "schema_version": 2,
          "attributes": {
            "cidr_blocks": null,
            "description": "Node groups to cluster API",
            "from_port": 443,
            "id": "sgrule-4196098811",
            "ipv6_cidr_blocks": null,
            "prefix_list_ids": [],
            "protocol": "tcp",
            "security_group_id": "sg-0f670a1c8e36994c1",
            "security_group_rule_id": "sgr-082322522da783e47",
            "self": false,
            "source_security_group_id": "sg-02e6be5a34ccda5f7",
            "timeouts": null,
            "to_port": 443,
            "type": "egress"
          },
          "sensitive_attributes": [],
          "private": "eyJlMmJmYjczMC1lY2FhLTExZTYtOGY4OC0zNDM2M2JjN2M0YzAiOnsiY3JlYXRlIjozMDAwMDAwMDAwMDB9LCJzY2hlbWFfdmVyc2lvbiI6IjIifQ==",
          "dependencies": [
            "module.eks_blueprints.module.aws_eks.aws_security_group.cluster",
            "module.eks_blueprints.module.aws_eks.aws_security_group.node",
            "module.vpc.aws_vpc.this"
          ],
          "create_before_destroy": true
        },
        {
          "index_key": "egress_example",
          "schema_version": 2,
          "attributes": {
            "cidr_blocks": [
              "0.0.0.0/0"
            ],
            "description": null,
            "from_port": 30093,
            "id": "sgrule-99950319",
            "ipv6_cidr_blocks": null,
            "prefix_list_ids": [],
            "protocol": "tcp",
            "security_group_id": "sg-0f670a1c8e36994c1",
            "security_group_rule_id": "sgr-0b9d7cc551ac45ae2",
            "self": false,
            "source_security_group_id": null,
            "timeouts": null,
            "to_port": 30093,
            "type": "egress"
          },
          "sensitive_attributes": [],
          "private": "eyJlMmJmYjczMC1lY2FhLTExZTYtOGY4OC0zNDM2M2JjN2M0YzAiOnsiY3JlYXRlIjozMDAwMDAwMDAwMDB9LCJzY2hlbWFfdmVyc2lvbiI6IjIifQ==",
          "dependencies": [
            "module.eks_blueprints.module.aws_eks.aws_security_group.cluster",
            "module.eks_blueprints.module.aws_eks.aws_security_group.node"
          ]
        },
        {
          "index_key": "egress_https",
          "schema_version": 2,
          "attributes": {
            "cidr_blocks": [
              "0.0.0.0/0"
            ],
            "description": "Egress all HTTPS to internet",
            "from_port": 443,
            "id": "sgrule-4167871425",
            "ipv6_cidr_blocks": null,
            "prefix_list_ids": [],
            "protocol": "tcp",
            "security_group_id": "sg-0f670a1c8e36994c1",
            "security_group_rule_id": "sgr-0d30a55f25a4563d7",
            "self": false,
            "source_security_group_id": null,
            "timeouts": null,
            "to_port": 443,
            "type": "egress"
          },
          "sensitive_attributes": [],
          "private": "eyJlMmJmYjczMC1lY2FhLTExZTYtOGY4OC0zNDM2M2JjN2M0YzAiOnsiY3JlYXRlIjozMDAwMDAwMDAwMDB9LCJzY2hlbWFfdmVyc2lvbiI6IjIifQ==",
          "dependencies": [
            "module.eks_blueprints.module.aws_eks.aws_security_group.cluster",
            "module.eks_blueprints.module.aws_eks.aws_security_group.node",
            "module.vpc.aws_vpc.this"
          ],
          "create_before_destroy": true
        },
        {
          "index_key": "egress_ntp_tcp",
          "schema_version": 2,
          "attributes": {
            "cidr_blocks": [
              "0.0.0.0/0"
            ],
            "description": "Egress NTP/TCP to internet",
            "from_port": 123,
            "id": "sgrule-666015455",
            "ipv6_cidr_blocks": null,
            "prefix_list_ids": [],
            "protocol": "tcp",
            "security_group_id": "sg-0f670a1c8e36994c1",
            "security_group_rule_id": "sgr-079de51d2ed632f53",
            "self": false,
            "source_security_group_id": null,
            "timeouts": null,
            "to_port": 123,
            "type": "egress"
          },
          "sensitive_attributes": [],
          "private": "eyJlMmJmYjczMC1lY2FhLTExZTYtOGY4OC0zNDM2M2JjN2M0YzAiOnsiY3JlYXRlIjozMDAwMDAwMDAwMDB9LCJzY2hlbWFfdmVyc2lvbiI6IjIifQ==",
          "dependencies": [
            "module.eks_blueprints.module.aws_eks.aws_security_group.cluster",
            "module.eks_blueprints.module.aws_eks.aws_security_group.node",
            "module.vpc.aws_vpc.this"
          ],
          "create_before_destroy": true
        },
        {
          "index_key": "egress_ntp_udp",
          "schema_version": 2,
          "attributes": {
            "cidr_blocks": [
              "0.0.0.0/0"
            ],
            "description": "Egress NTP/UDP to internet",
            "from_port": 123,
            "id": "sgrule-1496101842",
            "ipv6_cidr_blocks": null,
            "prefix_list_ids": [],
            "protocol": "udp",
            "security_group_id": "sg-0f670a1c8e36994c1",
            "security_group_rule_id": "sgr-0fb34d3ed1417d022",
            "self": false,
            "source_security_group_id": null,
            "timeouts": null,
            "to_port": 123,
            "type": "egress"
          },
          "sensitive_attributes": [],
          "private": "eyJlMmJmYjczMC1lY2FhLTExZTYtOGY4OC0zNDM2M2JjN2M0YzAiOnsiY3JlYXRlIjozMDAwMDAwMDAwMDB9LCJzY2hlbWFfdmVyc2lvbiI6IjIifQ==",
          "dependencies": [
            "module.eks_blueprints.module.aws_eks.aws_security_group.cluster",
            "module.eks_blueprints.module.aws_eks.aws_security_group.node",
            "module.vpc.aws_vpc.this"
          ],
          "create_before_destroy": true
        },
        {
          "index_key": "egress_self_coredns_tcp",
          "schema_version": 2,
          "attributes": {
            "cidr_blocks": null,
            "description": "Node to node CoreDNS",
            "from_port": 53,
            "id": "sgrule-3490767780",
            "ipv6_cidr_blocks": null,
            "prefix_list_ids": [],
            "protocol": "tcp",
            "security_group_id": "sg-0f670a1c8e36994c1",
            "security_group_rule_id": "sgr-0d3effd58f8023381",
            "self": true,
            "source_security_group_id": null,
            "timeouts": null,
            "to_port": 53,
            "type": "egress"
          },
          "sensitive_attributes": [],
          "private": "eyJlMmJmYjczMC1lY2FhLTExZTYtOGY4OC0zNDM2M2JjN2M0YzAiOnsiY3JlYXRlIjozMDAwMDAwMDAwMDB9LCJzY2hlbWFfdmVyc2lvbiI6IjIifQ==",
          "dependencies": [
            "module.eks_blueprints.module.aws_eks.aws_security_group.cluster",
            "module.eks_blueprints.module.aws_eks.aws_security_group.node",
            "module.vpc.aws_vpc.this"
          ],
          "create_before_destroy": true
        },
        {
          "index_key": "egress_self_coredns_udp",
          "schema_version": 2,
          "attributes": {
            "cidr_blocks": null,
            "description": "Node to node CoreDNS",
            "from_port": 53,
            "id": "sgrule-1584882114",
            "ipv6_cidr_blocks": null,
            "prefix_list_ids": [],
            "protocol": "udp",
            "security_group_id": "sg-0f670a1c8e36994c1",
            "security_group_rule_id": "sgr-08ba4ed9742b09734",
            "self": true,
            "source_security_group_id": null,
            "timeouts": null,
            "to_port": 53,
            "type": "egress"
          },
          "sensitive_attributes": [],
          "private": "eyJlMmJmYjczMC1lY2FhLTExZTYtOGY4OC0zNDM2M2JjN2M0YzAiOnsiY3JlYXRlIjozMDAwMDAwMDAwMDB9LCJzY2hlbWFfdmVyc2lvbiI6IjIifQ==",
          "dependencies": [
            "module.eks_blueprints.module.aws_eks.aws_security_group.cluster",
            "module.eks_blueprints.module.aws_eks.aws_security_group.node",
            "module.vpc.aws_vpc.this"
          ],
          "create_before_destroy": true
        },
        {
          "index_key": "ingress_cluster_443",
          "schema_version": 2,
          "attributes": {
            "cidr_blocks": null,
            "description": "Cluster API to node groups",
            "from_port": 443,
            "id": "sgrule-4188441368",
            "ipv6_cidr_blocks": null,
            "prefix_list_ids": [],
            "protocol": "tcp",
            "security_group_id": "sg-0f670a1c8e36994c1",
            "security_group_rule_id": "sgr-096fd25b4deaa5ae8",
            "self": false,
            "source_security_group_id": "sg-02e6be5a34ccda5f7",
            "timeouts": null,
            "to_port": 443,
            "type": "ingress"
          },
          "sensitive_attributes": [],
          "private": "eyJlMmJmYjczMC1lY2FhLTExZTYtOGY4OC0zNDM2M2JjN2M0YzAiOnsiY3JlYXRlIjozMDAwMDAwMDAwMDB9LCJzY2hlbWFfdmVyc2lvbiI6IjIifQ==",
          "dependencies": [
            "module.eks_blueprints.module.aws_eks.aws_security_group.cluster",
            "module.eks_blueprints.module.aws_eks.aws_security_group.node",
            "module.vpc.aws_vpc.this"
          ],
          "create_before_destroy": true
        },
        {
          "index_key": "ingress_cluster_kubelet",
          "schema_version": 2,
          "attributes": {
            "cidr_blocks": null,
            "description": "Cluster API to node kubelets",
            "from_port": 10250,
            "id": "sgrule-2312952067",
            "ipv6_cidr_blocks": null,
            "prefix_list_ids": [],
            "protocol": "tcp",
            "security_group_id": "sg-0f670a1c8e36994c1",
            "security_group_rule_id": "sgr-0a2acc129c628638d",
            "self": false,
            "source_security_group_id": "sg-02e6be5a34ccda5f7",
            "timeouts": null,
            "to_port": 10250,
            "type": "ingress"
          },
          "sensitive_attributes": [],
          "private": "eyJlMmJmYjczMC1lY2FhLTExZTYtOGY4OC0zNDM2M2JjN2M0YzAiOnsiY3JlYXRlIjozMDAwMDAwMDAwMDB9LCJzY2hlbWFfdmVyc2lvbiI6IjIifQ==",
          "dependencies": [
            "module.eks_blueprints.module.aws_eks.aws_security_group.cluster",
            "module.eks_blueprints.module.aws_eks.aws_security_group.node",
            "module.vpc.aws_vpc.this"
          ],
          "create_before_destroy": true
        },
        {
          "index_key": "ingress_example",
          "schema_version": 2,
          "attributes": {
            "cidr_blocks": [
              "0.0.0.0/0"
            ],
            "description": "",
            "from_port": 8080,
            "id": "sgrule-3038877186",
            "ipv6_cidr_blocks": null,
            "prefix_list_ids": [],
            "protocol": "tcp",
            "security_group_id": "sg-0f670a1c8e36994c1",
            "security_group_rule_id": "sgr-0ad0e5516b3329b3d",
            "self": false,
            "source_security_group_id": null,
            "timeouts": null,
            "to_port": 8080,
            "type": "ingress"
          },
          "sensitive_attributes": [],
          "private": "eyJlMmJmYjczMC1lY2FhLTExZTYtOGY4OC0zNDM2M2JjN2M0YzAiOnsiY3JlYXRlIjozMDAwMDAwMDAwMDB9LCJzY2hlbWFfdmVyc2lvbiI6IjIifQ==",
          "dependencies": [
            "module.eks_blueprints.module.aws_eks.aws_security_group.cluster",
            "module.eks_blueprints.module.aws_eks.aws_security_group.node",
            "module.vpc.aws_vpc.this"
          ],
          "create_before_destroy": true
        },
        {
          "index_key": "ingress_self_coredns_tcp",
          "schema_version": 2,
          "attributes": {
            "cidr_blocks": null,
            "description": "Node to node CoreDNS",
            "from_port": 53,
            "id": "sgrule-3428936300",
            "ipv6_cidr_blocks": null,
            "prefix_list_ids": [],
            "protocol": "tcp",
            "security_group_id": "sg-0f670a1c8e36994c1",
            "security_group_rule_id": "sgr-0b271297498934971",
            "self": true,
            "source_security_group_id": null,
            "timeouts": null,
            "to_port": 53,
            "type": "ingress"
          },
          "sensitive_attributes": [],
          "private": "eyJlMmJmYjczMC1lY2FhLTExZTYtOGY4OC0zNDM2M2JjN2M0YzAiOnsiY3JlYXRlIjozMDAwMDAwMDAwMDB9LCJzY2hlbWFfdmVyc2lvbiI6IjIifQ==",
          "dependencies": [
            "module.eks_blueprints.module.aws_eks.aws_security_group.cluster",
            "module.eks_blueprints.module.aws_eks.aws_security_group.node",
            "module.vpc.aws_vpc.this"
          ],
          "create_before_destroy": true
        },
        {
          "index_key": "ingress_self_coredns_udp",
          "schema_version": 2,
          "attributes": {
            "cidr_blocks": null,
            "description": "Node to node CoreDNS",
            "from_port": 53,
            "id": "sgrule-1748945283",
            "ipv6_cidr_blocks": null,
            "prefix_list_ids": [],
            "protocol": "udp",
            "security_group_id": "sg-0f670a1c8e36994c1",
            "security_group_rule_id": "sgr-08ba4ed9742b09734",
            "self": true,
            "source_security_group_id": null,
            "timeouts": null,
            "to_port": 53,
            "type": "ingress"
          },
          "sensitive_attributes": [],
          "private": "eyJlMmJmYjczMC1lY2FhLTExZTYtOGY4OC0zNDM2M2JjN2M0YzAiOnsiY3JlYXRlIjozMDAwMDAwMDAwMDB9LCJzY2hlbWFfdmVyc2lvbiI6IjIifQ==",
          "dependencies": [
            "module.eks_blueprints.module.aws_eks.aws_security_group.cluster",
            "module.eks_blueprints.module.aws_eks.aws_security_group.node",
            "module.vpc.aws_vpc.this"
          ],
          "create_before_destroy": true
        }
      ]
    },
    {
      "module": "module.eks_blueprints.module.aws_eks.module.kms",
      "mode": "data",
      "type": "aws_caller_identity",
      "name": "current",
      "provider": "provider[\"registry.terraform.io/hashicorp/aws\"]",
      "instances": [
        {
          "schema_version": 0,
          "attributes": {
            "account_id": "261106957109",
            "arn": "arn:aws:iam::261106957109:user/fernandomullerjr8596",
            "id": "261106957109",
            "user_id": "AIDATZSZP7M2XLMGQUA5D"
          },
          "sensitive_attributes": []
        }
      ]
    },
    {
      "module": "module.eks_blueprints.module.aws_eks.module.kms",
      "mode": "data",
      "type": "aws_partition",
      "name": "current",
      "provider": "provider[\"registry.terraform.io/hashicorp/aws\"]",
      "instances": [
        {
          "schema_version": 0,
          "attributes": {
            "dns_suffix": "amazonaws.com",
            "id": "aws",
            "partition": "aws",
            "reverse_dns_prefix": "com.amazonaws"
          },
          "sensitive_attributes": []
        }
      ]
    },
    {
      "module": "module.eks_blueprints.module.aws_eks_managed_node_groups[\"T3A_NODE2\"]",
      "mode": "data",
      "type": "aws_iam_policy_document",
      "name": "managed_ng_assume_role_policy",
      "provider": "provider[\"registry.terraform.io/hashicorp/aws\"]",
      "instances": [
        {
          "schema_version": 0,
          "attributes": {
            "id": "3778018924",
            "json": "{\n  \"Version\": \"2012-10-17\",\n  \"Statement\": [\n    {\n      \"Sid\": \"EKSWorkerAssumeRole\",\n      \"Effect\": \"Allow\",\n      \"Action\": \"sts:AssumeRole\",\n      \"Principal\": {\n        \"Service\": \"ec2.amazonaws.com\"\n      }\n    }\n  ]\n}",
            "override_json": null,
            "override_policy_documents": null,
            "policy_id": null,
            "source_json": null,
            "source_policy_documents": null,
            "statement": [
              {
                "actions": [
                  "sts:AssumeRole"
                ],
                "condition": [],
                "effect": "Allow",
                "not_actions": [],
                "not_principals": [],
                "not_resources": [],
                "principals": [
                  {
                    "identifiers": [
                      "ec2.amazonaws.com"
                    ],
                    "type": "Service"
                  }
                ],
                "resources": [],
                "sid": "EKSWorkerAssumeRole"
              }
            ],
            "version": "2012-10-17"
          },
          "sensitive_attributes": []
        }
      ]
    },
    {
      "module": "module.eks_blueprints.module.aws_eks_managed_node_groups[\"T3A_NODE2\"]",
      "mode": "managed",
      "type": "aws_eks_node_group",
      "name": "managed_ng",
      "provider": "provider[\"registry.terraform.io/hashicorp/aws\"]",
      "instances": [
        {
          "schema_version": 0,
          "attributes": {
            "ami_type": "AL2_x86_64",
            "arn": "arn:aws:eks:us-east-1:261106957109:nodegroup/eks-lab/teste2-20230422001909567200000009/a4c3d32a-1b79-351a-f5e9-1eca001d2f38",
            "capacity_type": "ON_DEMAND",
            "cluster_name": "eks-lab",
            "disk_size": 50,
            "force_update_version": null,
            "id": "eks-lab:teste2-20230422001909567200000009",
            "instance_types": [
              "t3a.medium"
            ],
            "labels": {},
            "launch_template": [],
            "node_group_name": "teste2-20230422001909567200000009",
            "node_group_name_prefix": "teste2-",
            "node_role_arn": "arn:aws:iam::261106957109:role/eks-lab-teste2",
            "release_version": "1.23.17-20230411",
            "remote_access": [],
            "resources": [
              {
                "autoscaling_groups": [
                  {
                    "name": "eks-teste2-20230422001909567200000009-a4c3d32a-1b79-351a-f5e9-1eca001d2f38"
                  }
                ],
                "remote_access_security_group_id": ""
              }
            ],
            "scaling_config": [
              {
                "desired_size": 3,
                "max_size": 3,
                "min_size": 1
              }
            ],
            "status": "ACTIVE",
            "subnet_ids": [
              "subnet-09d514a08bac0e589",
              "subnet-0c4a8262511329c3f",
              "subnet-0d03d2d63e662d1b1"
            ],
            "tags": {
              "Blueprint": "eks-lab",
              "GithubRepo": "github.com/aws-ia/terraform-aws-eks-blueprints",
              "Name": "eks-lab-teste2",
              "k8s.io/cluster-autoscaler/eks-lab": "owned",
              "k8s.io/cluster-autoscaler/enabled": "TRUE",
              "kubernetes.io/cluster/eks-lab": "owned",
              "managed-by": "terraform-aws-eks-blueprints"
            },
            "tags_all": {
              "Blueprint": "eks-lab",
              "GithubRepo": "github.com/aws-ia/terraform-aws-eks-blueprints",
              "Name": "eks-lab-teste2",
              "k8s.io/cluster-autoscaler/eks-lab": "owned",
              "k8s.io/cluster-autoscaler/enabled": "TRUE",
              "kubernetes.io/cluster/eks-lab": "owned",
              "managed-by": "terraform-aws-eks-blueprints"
            },
            "taint": [],
            "timeouts": {
              "create": "30m",
              "delete": "30m",
              "update": "2h"
            },
            "update_config": [
              {
                "max_unavailable": 1,
                "max_unavailable_percentage": 0
              }
            ],
            "version": "1.23"
          },
          "sensitive_attributes": [],
          "private": "eyJlMmJmYjczMC1lY2FhLTExZTYtOGY4OC0zNDM2M2JjN2M0YzAiOnsiY3JlYXRlIjoxODAwMDAwMDAwMDAwLCJkZWxldGUiOjE4MDAwMDAwMDAwMDAsInVwZGF0ZSI6NzIwMDAwMDAwMDAwMH19",
          "dependencies": [
            "data.aws_availability_zones.available",
            "data.aws_caller_identity.current",
            "data.aws_eks_cluster_auth.this",
            "module.eks_blueprints.data.aws_caller_identity.current",
            "module.eks_blueprints.data.aws_eks_cluster.cluster",
            "module.eks_blueprints.data.aws_iam_policy_document.eks_key",
            "module.eks_blueprints.data.aws_iam_session_context.current",
            "module.eks_blueprints.data.aws_partition.current",
            "module.eks_blueprints.data.aws_region.current",
            "module.eks_blueprints.data.http.eks_cluster_readiness",
            "module.eks_blueprints.kubernetes_config_map.aws_auth",
            "module.eks_blueprints.module.aws_eks.aws_cloudwatch_log_group.this",
            "module.eks_blueprints.module.aws_eks.aws_eks_cluster.this",
            "module.eks_blueprints.module.aws_eks.aws_iam_role.this",
            "module.eks_blueprints.module.aws_eks.aws_iam_role_policy_attachment.this",
            "module.eks_blueprints.module.aws_eks.aws_security_group.cluster",
            "module.eks_blueprints.module.aws_eks.aws_security_group.node",
            "module.eks_blueprints.module.aws_eks.aws_security_group_rule.cluster",
            "module.eks_blueprints.module.aws_eks.aws_security_group_rule.node",
            "module.eks_blueprints.module.aws_eks.data.aws_caller_identity.current",
            "module.eks_blueprints.module.aws_eks.data.aws_iam_policy_document.assume_role_policy",
            "module.eks_blueprints.module.aws_eks.data.aws_partition.current",
            "module.eks_blueprints.module.aws_eks.module.kms.aws_kms_external_key.this",
            "module.eks_blueprints.module.aws_eks.module.kms.aws_kms_key.this",
            "module.eks_blueprints.module.aws_eks.module.kms.data.aws_caller_identity.current",
            "module.eks_blueprints.module.aws_eks.module.kms.data.aws_iam_policy_document.this",
            "module.eks_blueprints.module.aws_eks.module.kms.data.aws_partition.current",
            "module.eks_blueprints.module.aws_eks_managed_node_groups.aws_iam_instance_profile.managed_ng",
            "module.eks_blueprints.module.aws_eks_managed_node_groups.aws_iam_role.managed_ng",
            "module.eks_blueprints.module.aws_eks_managed_node_groups.aws_iam_role_policy_attachment.managed_ng",
            "module.eks_blueprints.module.aws_eks_managed_node_groups.aws_launch_template.managed_node_groups",
            "module.eks_blueprints.module.aws_eks_managed_node_groups.data.aws_iam_policy_document.managed_ng_assume_role_policy",
            "module.eks_blueprints.module.kms.aws_kms_key.this",
            "module.vpc.aws_subnet.private",
            "module.vpc.aws_subnet.public",
            "module.vpc.aws_vpc.this",
            "module.vpc.aws_vpc_ipv4_cidr_block_association.this"
          ],
          "create_before_destroy": true
        }
      ]
    },
    {
      "module": "module.eks_blueprints.module.aws_eks_managed_node_groups[\"T3A_NODE2\"]",
      "mode": "managed",
      "type": "aws_iam_instance_profile",
      "name": "managed_ng",
      "provider": "provider[\"registry.terraform.io/hashicorp/aws\"]",
      "instances": [
        {
          "index_key": 0,
          "schema_version": 0,
          "attributes": {
            "arn": "arn:aws:iam::261106957109:instance-profile/eks-lab-teste2",
            "create_date": "2023-04-22T00:19:08Z",
            "id": "eks-lab-teste2",
            "name": "eks-lab-teste2",
            "name_prefix": "",
            "path": "/",
            "role": "eks-lab-teste2",
            "tags": {
              "Blueprint": "eks-lab",
              "GithubRepo": "github.com/aws-ia/terraform-aws-eks-blueprints"
            },
            "tags_all": {
              "Blueprint": "eks-lab",
              "GithubRepo": "github.com/aws-ia/terraform-aws-eks-blueprints"
            },
            "unique_id": "AIPATZSZP7M26LZNDZY23"
          },
          "sensitive_attributes": [],
          "private": "bnVsbA==",
          "dependencies": [
            "data.aws_availability_zones.available",
            "data.aws_caller_identity.current",
            "data.aws_eks_cluster_auth.this",
            "module.eks_blueprints.data.aws_caller_identity.current",
            "module.eks_blueprints.data.aws_eks_cluster.cluster",
            "module.eks_blueprints.data.aws_iam_policy_document.eks_key",
            "module.eks_blueprints.data.aws_iam_session_context.current",
            "module.eks_blueprints.data.aws_partition.current",
            "module.eks_blueprints.data.aws_region.current",
            "module.eks_blueprints.data.http.eks_cluster_readiness",
            "module.eks_blueprints.kubernetes_config_map.aws_auth",
            "module.eks_blueprints.module.aws_eks.aws_cloudwatch_log_group.this",
            "module.eks_blueprints.module.aws_eks.aws_eks_cluster.this",
            "module.eks_blueprints.module.aws_eks.aws_iam_role.this",
            "module.eks_blueprints.module.aws_eks.aws_iam_role_policy_attachment.this",
            "module.eks_blueprints.module.aws_eks.aws_security_group.cluster",
            "module.eks_blueprints.module.aws_eks.aws_security_group.node",
            "module.eks_blueprints.module.aws_eks.aws_security_group_rule.cluster",
            "module.eks_blueprints.module.aws_eks.aws_security_group_rule.node",
            "module.eks_blueprints.module.aws_eks.data.aws_caller_identity.current",
            "module.eks_blueprints.module.aws_eks.data.aws_iam_policy_document.assume_role_policy",
            "module.eks_blueprints.module.aws_eks.data.aws_partition.current",
            "module.eks_blueprints.module.aws_eks.module.kms.aws_kms_external_key.this",
            "module.eks_blueprints.module.aws_eks.module.kms.aws_kms_key.this",
            "module.eks_blueprints.module.aws_eks.module.kms.data.aws_caller_identity.current",
            "module.eks_blueprints.module.aws_eks.module.kms.data.aws_iam_policy_document.this",
            "module.eks_blueprints.module.aws_eks.module.kms.data.aws_partition.current",
            "module.eks_blueprints.module.aws_eks_managed_node_groups.aws_iam_role.managed_ng",
            "module.eks_blueprints.module.aws_eks_managed_node_groups.data.aws_iam_policy_document.managed_ng_assume_role_policy",
            "module.eks_blueprints.module.kms.aws_kms_key.this",
            "module.vpc.aws_subnet.private",
            "module.vpc.aws_subnet.public",
            "module.vpc.aws_vpc.this",
            "module.vpc.aws_vpc_ipv4_cidr_block_association.this"
          ],
          "create_before_destroy": true
        }
      ]
    },
    {
      "module": "module.eks_blueprints.module.aws_eks_managed_node_groups[\"T3A_NODE2\"]",
      "mode": "managed",
      "type": "aws_iam_role",
      "name": "managed_ng",
      "provider": "provider[\"registry.terraform.io/hashicorp/aws\"]",
      "instances": [
        {
          "index_key": 0,
          "schema_version": 0,
          "attributes": {
            "arn": "arn:aws:iam::261106957109:role/eks-lab-teste2",
            "assume_role_policy": "{\"Statement\":[{\"Action\":\"sts:AssumeRole\",\"Effect\":\"Allow\",\"Principal\":{\"Service\":\"ec2.amazonaws.com\"},\"Sid\":\"EKSWorkerAssumeRole\"}],\"Version\":\"2012-10-17\"}",
            "create_date": "2023-04-22T00:19:07Z",
            "description": "EKS Managed Node group IAM Role",
            "force_detach_policies": true,
            "id": "eks-lab-teste2",
            "inline_policy": [],
            "managed_policy_arns": [
              "arn:aws:iam::aws:policy/AmazonEC2ContainerRegistryReadOnly",
              "arn:aws:iam::aws:policy/AmazonEKSWorkerNodePolicy",
              "arn:aws:iam::aws:policy/AmazonEKS_CNI_Policy",
              "arn:aws:iam::aws:policy/AmazonSSMManagedInstanceCore"
            ],
            "max_session_duration": 3600,
            "name": "eks-lab-teste2",
            "name_prefix": "",
            "path": "/",
            "permissions_boundary": null,
            "tags": {
              "Blueprint": "eks-lab",
              "GithubRepo": "github.com/aws-ia/terraform-aws-eks-blueprints"
            },
            "tags_all": {
              "Blueprint": "eks-lab",
              "GithubRepo": "github.com/aws-ia/terraform-aws-eks-blueprints"
            },
            "unique_id": "AROATZSZP7M2Q6ZRJ2DAC"
          },
          "sensitive_attributes": [],
          "private": "bnVsbA==",
          "dependencies": [
            "aws_security_group.sg",
            "data.aws_availability_zones.available",
            "data.aws_caller_identity.current",
            "data.aws_eks_cluster_auth.this",
            "module.eks_blueprints.data.aws_caller_identity.current",
            "module.eks_blueprints.data.aws_eks_cluster.cluster",
            "module.eks_blueprints.data.aws_iam_policy_document.eks_key",
            "module.eks_blueprints.data.aws_iam_session_context.current",
            "module.eks_blueprints.data.aws_partition.current",
            "module.eks_blueprints.data.aws_region.current",
            "module.eks_blueprints.data.http.eks_cluster_readiness",
            "module.eks_blueprints.kubernetes_config_map.aws_auth",
            "module.eks_blueprints.module.aws_eks.aws_cloudwatch_log_group.this",
            "module.eks_blueprints.module.aws_eks.aws_eks_cluster.this",
            "module.eks_blueprints.module.aws_eks.aws_iam_role.this",
            "module.eks_blueprints.module.aws_eks.aws_iam_role_policy_attachment.this",
            "module.eks_blueprints.module.aws_eks.aws_security_group.cluster",
            "module.eks_blueprints.module.aws_eks.aws_security_group.node",
            "module.eks_blueprints.module.aws_eks.aws_security_group_rule.cluster",
            "module.eks_blueprints.module.aws_eks.aws_security_group_rule.node",
            "module.eks_blueprints.module.aws_eks.data.aws_caller_identity.current",
            "module.eks_blueprints.module.aws_eks.data.aws_iam_policy_document.assume_role_policy",
            "module.eks_blueprints.module.aws_eks.data.aws_partition.current",
            "module.eks_blueprints.module.aws_eks.module.kms.aws_kms_external_key.this",
            "module.eks_blueprints.module.aws_eks.module.kms.aws_kms_key.this",
            "module.eks_blueprints.module.aws_eks.module.kms.data.aws_caller_identity.current",
            "module.eks_blueprints.module.aws_eks.module.kms.data.aws_iam_policy_document.this",
            "module.eks_blueprints.module.aws_eks.module.kms.data.aws_partition.current",
            "module.eks_blueprints.module.aws_eks_managed_node_groups.data.aws_iam_policy_document.managed_ng_assume_role_policy",
            "module.eks_blueprints.module.kms.aws_kms_key.this",
            "module.vpc.aws_subnet.private",
            "module.vpc.aws_subnet.public",
            "module.vpc.aws_vpc.this",
            "module.vpc.aws_vpc_ipv4_cidr_block_association.this"
          ],
          "create_before_destroy": true
        }
      ]
    },
    {
      "module": "module.eks_blueprints.module.aws_eks_managed_node_groups[\"T3A_NODE2\"]",
      "mode": "managed",
      "type": "aws_iam_role_policy_attachment",
      "name": "managed_ng",
      "provider": "provider[\"registry.terraform.io/hashicorp/aws\"]",
      "instances": [
        {
          "index_key": "arn:aws:iam::aws:policy/AmazonEC2ContainerRegistryReadOnly",
          "schema_version": 0,
          "attributes": {
            "id": "eks-lab-teste2-20230422001908422900000006",
            "policy_arn": "arn:aws:iam::aws:policy/AmazonEC2ContainerRegistryReadOnly",
            "role": "eks-lab-teste2"
          },
          "sensitive_attributes": [],
          "private": "bnVsbA==",
          "dependencies": [
            "data.aws_availability_zones.available",
            "data.aws_caller_identity.current",
            "data.aws_eks_cluster_auth.this",
            "module.eks_blueprints.data.aws_caller_identity.current",
            "module.eks_blueprints.data.aws_eks_cluster.cluster",
            "module.eks_blueprints.data.aws_iam_policy_document.eks_key",
            "module.eks_blueprints.data.aws_iam_session_context.current",
            "module.eks_blueprints.data.aws_partition.current",
            "module.eks_blueprints.data.aws_region.current",
            "module.eks_blueprints.data.http.eks_cluster_readiness",
            "module.eks_blueprints.kubernetes_config_map.aws_auth",
            "module.eks_blueprints.module.aws_eks.aws_cloudwatch_log_group.this",
            "module.eks_blueprints.module.aws_eks.aws_eks_cluster.this",
            "module.eks_blueprints.module.aws_eks.aws_iam_role.this",
            "module.eks_blueprints.module.aws_eks.aws_iam_role_policy_attachment.this",
            "module.eks_blueprints.module.aws_eks.aws_security_group.cluster",
            "module.eks_blueprints.module.aws_eks.aws_security_group.node",
            "module.eks_blueprints.module.aws_eks.aws_security_group_rule.cluster",
            "module.eks_blueprints.module.aws_eks.aws_security_group_rule.node",
            "module.eks_blueprints.module.aws_eks.data.aws_caller_identity.current",
            "module.eks_blueprints.module.aws_eks.data.aws_iam_policy_document.assume_role_policy",
            "module.eks_blueprints.module.aws_eks.data.aws_partition.current",
            "module.eks_blueprints.module.aws_eks.module.kms.aws_kms_external_key.this",
            "module.eks_blueprints.module.aws_eks.module.kms.aws_kms_key.this",
            "module.eks_blueprints.module.aws_eks.module.kms.data.aws_caller_identity.current",
            "module.eks_blueprints.module.aws_eks.module.kms.data.aws_iam_policy_document.this",
            "module.eks_blueprints.module.aws_eks.module.kms.data.aws_partition.current",
            "module.eks_blueprints.module.aws_eks_managed_node_groups.aws_iam_role.managed_ng",
            "module.eks_blueprints.module.aws_eks_managed_node_groups.data.aws_iam_policy_document.managed_ng_assume_role_policy",
            "module.eks_blueprints.module.kms.aws_kms_key.this",
            "module.vpc.aws_subnet.private",
            "module.vpc.aws_subnet.public",
            "module.vpc.aws_vpc.this",
            "module.vpc.aws_vpc_ipv4_cidr_block_association.this"
          ],
          "create_before_destroy": true
        },
        {
          "index_key": "arn:aws:iam::aws:policy/AmazonEKSWorkerNodePolicy",
          "schema_version": 0,
          "attributes": {
            "id": "eks-lab-teste2-20230422001908390400000005",
            "policy_arn": "arn:aws:iam::aws:policy/AmazonEKSWorkerNodePolicy",
            "role": "eks-lab-teste2"
          },
          "sensitive_attributes": [],
          "private": "bnVsbA==",
          "dependencies": [
            "data.aws_availability_zones.available",
            "data.aws_caller_identity.current",
            "data.aws_eks_cluster_auth.this",
            "module.eks_blueprints.data.aws_caller_identity.current",
            "module.eks_blueprints.data.aws_eks_cluster.cluster",
            "module.eks_blueprints.data.aws_iam_policy_document.eks_key",
            "module.eks_blueprints.data.aws_iam_session_context.current",
            "module.eks_blueprints.data.aws_partition.current",
            "module.eks_blueprints.data.aws_region.current",
            "module.eks_blueprints.data.http.eks_cluster_readiness",
            "module.eks_blueprints.kubernetes_config_map.aws_auth",
            "module.eks_blueprints.module.aws_eks.aws_cloudwatch_log_group.this",
            "module.eks_blueprints.module.aws_eks.aws_eks_cluster.this",
            "module.eks_blueprints.module.aws_eks.aws_iam_role.this",
            "module.eks_blueprints.module.aws_eks.aws_iam_role_policy_attachment.this",
            "module.eks_blueprints.module.aws_eks.aws_security_group.cluster",
            "module.eks_blueprints.module.aws_eks.aws_security_group.node",
            "module.eks_blueprints.module.aws_eks.aws_security_group_rule.cluster",
            "module.eks_blueprints.module.aws_eks.aws_security_group_rule.node",
            "module.eks_blueprints.module.aws_eks.data.aws_caller_identity.current",
            "module.eks_blueprints.module.aws_eks.data.aws_iam_policy_document.assume_role_policy",
            "module.eks_blueprints.module.aws_eks.data.aws_partition.current",
            "module.eks_blueprints.module.aws_eks.module.kms.aws_kms_external_key.this",
            "module.eks_blueprints.module.aws_eks.module.kms.aws_kms_key.this",
            "module.eks_blueprints.module.aws_eks.module.kms.data.aws_caller_identity.current",
            "module.eks_blueprints.module.aws_eks.module.kms.data.aws_iam_policy_document.this",
            "module.eks_blueprints.module.aws_eks.module.kms.data.aws_partition.current",
            "module.eks_blueprints.module.aws_eks_managed_node_groups.aws_iam_role.managed_ng",
            "module.eks_blueprints.module.aws_eks_managed_node_groups.data.aws_iam_policy_document.managed_ng_assume_role_policy",
            "module.eks_blueprints.module.kms.aws_kms_key.this",
            "module.vpc.aws_subnet.private",
            "module.vpc.aws_subnet.public",
            "module.vpc.aws_vpc.this",
            "module.vpc.aws_vpc_ipv4_cidr_block_association.this"
          ],
          "create_before_destroy": true
        },
        {
          "index_key": "arn:aws:iam::aws:policy/AmazonEKS_CNI_Policy",
          "schema_version": 0,
          "attributes": {
            "id": "eks-lab-teste2-20230422001908668000000008",
            "policy_arn": "arn:aws:iam::aws:policy/AmazonEKS_CNI_Policy",
            "role": "eks-lab-teste2"
          },
          "sensitive_attributes": [],
          "private": "bnVsbA==",
          "dependencies": [
            "data.aws_availability_zones.available",
            "data.aws_caller_identity.current",
            "data.aws_eks_cluster_auth.this",
            "module.eks_blueprints.data.aws_caller_identity.current",
            "module.eks_blueprints.data.aws_eks_cluster.cluster",
            "module.eks_blueprints.data.aws_iam_policy_document.eks_key",
            "module.eks_blueprints.data.aws_iam_session_context.current",
            "module.eks_blueprints.data.aws_partition.current",
            "module.eks_blueprints.data.aws_region.current",
            "module.eks_blueprints.data.http.eks_cluster_readiness",
            "module.eks_blueprints.kubernetes_config_map.aws_auth",
            "module.eks_blueprints.module.aws_eks.aws_cloudwatch_log_group.this",
            "module.eks_blueprints.module.aws_eks.aws_eks_cluster.this",
            "module.eks_blueprints.module.aws_eks.aws_iam_role.this",
            "module.eks_blueprints.module.aws_eks.aws_iam_role_policy_attachment.this",
            "module.eks_blueprints.module.aws_eks.aws_security_group.cluster",
            "module.eks_blueprints.module.aws_eks.aws_security_group.node",
            "module.eks_blueprints.module.aws_eks.aws_security_group_rule.cluster",
            "module.eks_blueprints.module.aws_eks.aws_security_group_rule.node",
            "module.eks_blueprints.module.aws_eks.data.aws_caller_identity.current",
            "module.eks_blueprints.module.aws_eks.data.aws_iam_policy_document.assume_role_policy",
            "module.eks_blueprints.module.aws_eks.data.aws_partition.current",
            "module.eks_blueprints.module.aws_eks.module.kms.aws_kms_external_key.this",
            "module.eks_blueprints.module.aws_eks.module.kms.aws_kms_key.this",
            "module.eks_blueprints.module.aws_eks.module.kms.data.aws_caller_identity.current",
            "module.eks_blueprints.module.aws_eks.module.kms.data.aws_iam_policy_document.this",
            "module.eks_blueprints.module.aws_eks.module.kms.data.aws_partition.current",
            "module.eks_blueprints.module.aws_eks_managed_node_groups.aws_iam_role.managed_ng",
            "module.eks_blueprints.module.aws_eks_managed_node_groups.data.aws_iam_policy_document.managed_ng_assume_role_policy",
            "module.eks_blueprints.module.kms.aws_kms_key.this",
            "module.vpc.aws_subnet.private",
            "module.vpc.aws_subnet.public",
            "module.vpc.aws_vpc.this",
            "module.vpc.aws_vpc_ipv4_cidr_block_association.this"
          ],
          "create_before_destroy": true
        },
        {
          "index_key": "arn:aws:iam::aws:policy/AmazonSSMManagedInstanceCore",
          "schema_version": 0,
          "attributes": {
            "id": "eks-lab-teste2-20230422001908600800000007",
            "policy_arn": "arn:aws:iam::aws:policy/AmazonSSMManagedInstanceCore",
            "role": "eks-lab-teste2"
          },
          "sensitive_attributes": [],
          "private": "bnVsbA==",
          "dependencies": [
            "data.aws_availability_zones.available",
            "data.aws_caller_identity.current",
            "data.aws_eks_cluster_auth.this",
            "module.eks_blueprints.data.aws_caller_identity.current",
            "module.eks_blueprints.data.aws_eks_cluster.cluster",
            "module.eks_blueprints.data.aws_iam_policy_document.eks_key",
            "module.eks_blueprints.data.aws_iam_session_context.current",
            "module.eks_blueprints.data.aws_partition.current",
            "module.eks_blueprints.data.aws_region.current",
            "module.eks_blueprints.data.http.eks_cluster_readiness",
            "module.eks_blueprints.kubernetes_config_map.aws_auth",
            "module.eks_blueprints.module.aws_eks.aws_cloudwatch_log_group.this",
            "module.eks_blueprints.module.aws_eks.aws_eks_cluster.this",
            "module.eks_blueprints.module.aws_eks.aws_iam_role.this",
            "module.eks_blueprints.module.aws_eks.aws_iam_role_policy_attachment.this",
            "module.eks_blueprints.module.aws_eks.aws_security_group.cluster",
            "module.eks_blueprints.module.aws_eks.aws_security_group.node",
            "module.eks_blueprints.module.aws_eks.aws_security_group_rule.cluster",
            "module.eks_blueprints.module.aws_eks.aws_security_group_rule.node",
            "module.eks_blueprints.module.aws_eks.data.aws_caller_identity.current",
            "module.eks_blueprints.module.aws_eks.data.aws_iam_policy_document.assume_role_policy",
            "module.eks_blueprints.module.aws_eks.data.aws_partition.current",
            "module.eks_blueprints.module.aws_eks.module.kms.aws_kms_external_key.this",
            "module.eks_blueprints.module.aws_eks.module.kms.aws_kms_key.this",
            "module.eks_blueprints.module.aws_eks.module.kms.data.aws_caller_identity.current",
            "module.eks_blueprints.module.aws_eks.module.kms.data.aws_iam_policy_document.this",
            "module.eks_blueprints.module.aws_eks.module.kms.data.aws_partition.current",
            "module.eks_blueprints.module.aws_eks_managed_node_groups.aws_iam_role.managed_ng",
            "module.eks_blueprints.module.aws_eks_managed_node_groups.data.aws_iam_policy_document.managed_ng_assume_role_policy",
            "module.eks_blueprints.module.kms.aws_kms_key.this",
            "module.vpc.aws_subnet.private",
            "module.vpc.aws_subnet.public",
            "module.vpc.aws_vpc.this",
            "module.vpc.aws_vpc_ipv4_cidr_block_association.this"
          ],
          "create_before_destroy": true
        }
      ]
    },
    {
      "module": "module.eks_blueprints.module.aws_eks_teams[0]",
      "mode": "data",
      "type": "aws_caller_identity",
      "name": "current",
      "provider": "provider[\"registry.terraform.io/hashicorp/aws\"]",
      "instances": [
        {
          "schema_version": 0,
          "attributes": {
            "account_id": "261106957109",
            "arn": "arn:aws:iam::261106957109:user/fernandomullerjr8596",
            "id": "261106957109",
            "user_id": "AIDATZSZP7M2XLMGQUA5D"
          },
          "sensitive_attributes": []
        }
      ]
    },
    {
      "module": "module.eks_blueprints.module.aws_eks_teams[0]",
      "mode": "data",
      "type": "aws_eks_cluster",
      "name": "eks_cluster",
      "provider": "provider[\"registry.terraform.io/hashicorp/aws\"]",
      "instances": [
        {
          "schema_version": 0,
          "attributes": {
            "arn": "arn:aws:eks:us-east-1:261106957109:cluster/eks-lab",
            "certificate_authority": [
              {
                "data": "LS0tLS1CRUdJTiBDRVJUSUZJQ0FURS0tLS0tCk1JSUMvakNDQWVhZ0F3SUJBZ0lCQURBTkJna3Foa2lHOXcwQkFRc0ZBREFWTVJNd0VRWURWUVFERXdwcmRXSmwKY201bGRHVnpNQjRYRFRJek1EUXlNakF3TVRReU9Gb1hEVE16TURReE9UQXdNVFF5T0Zvd0ZURVRNQkVHQTFVRQpBeE1LYTNWaVpYSnVaWFJsY3pDQ0FTSXdEUVlKS29aSWh2Y05BUUVCQlFBRGdnRVBBRENDQVFvQ2dnRUJBTXB2CncwdmpJcDdaTGZaa3R0VCs1dnZoOEVycm1MMW9zWTF5Tm13QkpKc3ZjSmYwMGY0TVNpd3FSVWk3SXQvQk5JdnQKYysxNW9SN0ZUTlVaR2hWK2p6cXZoY1laZTZPdVViaE93OFJGeml6dHFJTFZseXZXRno4WjZsNGdUWmJzU1krZwpPdXFkNW8vL05MS0l2SDgrTXRHZ3pLNEpMRS9JdmMzUFpnak12amxRV0k5UW80NVRFQ1VWUlF6eTlQU2NMZFc5CmtOc2g3Sm9MOUFsWmNvZ0hZaVZzUW9CaXJlbUlrT2ZJaFQ1dmoyQTI3WGd1ODVRWU9ZbGFmUTVpbDVDWWUxZlcKeUUwZTdoTjdhV01HSit2V1ZIT04xMzA1OUtHdklKOFVvZnRVOW53d3k5TXRNWVFRSE5vV3pCaWYvV3ZmdHdwRQpEOGVwOHZkZklhMHRrTjFPeFI4Q0F3RUFBYU5aTUZjd0RnWURWUjBQQVFIL0JBUURBZ0trTUE4R0ExVWRFd0VCCi93UUZNQU1CQWY4d0hRWURWUjBPQkJZRUZJWEwyVEI1T2hIRlRiNHM4emg5d0toNTlPdjFNQlVHQTFVZEVRUU8KTUF5Q0NtdDFZbVZ5Ym1WMFpYTXdEUVlKS29aSWh2Y05BUUVMQlFBRGdnRUJBQjZIcFdJS0hPb3lLYVB0b3FPcgphbDN0YWhkMlBFek1NMTIrSFAvTGxnK3Q0SU1lZUdLbHhnY2Z1MzlYdnl3Z0dvbDErL0p1RTVybnFUTldoV0N1CmlLNnhSMnBaOVdJbGdSQWdqaUdYU1FNTHJuNmhabG9YSzM2YVNhZ3JQTWFuYXROMWZGUk5uUU5qTTBycmlNeFYKTldsdXowbmphVVBDMEQrSW11OUVXOHpiMHVucHFveVRJbTkrN0dzK2JaOHdUVGZWMFU5Nm41RG9KZVhoUXkxcApYZUNOQm1Oc0c1OUNKdENxSWh4QVRIU251bUx6RU9BcDZ2d3hHVlVZSkRMa3QrSTM5SXJtMHZSUncwdFE1anlxCkdTRjc4TzhDbTJTVUdjWTRnZWYvTVAwTE5Qa2pLaGNsNjd3YXRIM3hMRFpQczVXK0w2Nzd0N1hRQ3pCR3BoV2cKd3E0PQotLS0tLUVORCBDRVJUSUZJQ0FURS0tLS0tCg=="
              }
            ],
            "cluster_id": null,
            "created_at": "2023-04-22 00:08:24.772 +0000 UTC",
            "enabled_cluster_log_types": [
              "api",
              "audit",
              "authenticator",
              "controllerManager",
              "scheduler"
            ],
            "endpoint": "https://B5287FFBCE112FDB3C90BCED28AE250F.gr7.us-east-1.eks.amazonaws.com",
            "id": "eks-lab",
            "identity": [
              {
                "oidc": [
                  {
                    "issuer": "https://oidc.eks.us-east-1.amazonaws.com/id/B5287FFBCE112FDB3C90BCED28AE250F"
                  }
                ]
              }
            ],
            "kubernetes_network_config": [
              {
                "ip_family": "ipv4",
                "service_ipv4_cidr": "172.20.0.0/16",
                "service_ipv6_cidr": ""
              }
            ],
            "name": "eks-lab",
            "outpost_config": [],
            "platform_version": "eks.7",
            "role_arn": "arn:aws:iam::261106957109:role/eks-lab-cluster-role",
            "status": "ACTIVE",
            "tags": {
              "Blueprint": "eks-lab",
              "GithubRepo": "github.com/aws-ia/terraform-aws-eks-blueprints"
            },
            "version": "1.23",
            "vpc_config": [
              {
                "cluster_security_group_id": "sg-0f552d7b44716d1ed",
                "endpoint_private_access": false,
                "endpoint_public_access": true,
                "public_access_cidrs": [
                  "0.0.0.0/0"
                ],
                "security_group_ids": [
                  "sg-02e6be5a34ccda5f7"
                ],
                "subnet_ids": [
                  "subnet-05fef12bb2f126fdf",
                  "subnet-07366daa05b22ae37",
                  "subnet-0bd033c7612c25e4a"
                ],
                "vpc_id": "vpc-06ce67bba86f683c1"
              }
            ]
          },
          "sensitive_attributes": []
        }
      ]
    },
    {
      "module": "module.eks_blueprints.module.aws_eks_teams[0]",
      "mode": "data",
      "type": "aws_iam_policy_document",
      "name": "platform_team_eks_access",
      "provider": "provider[\"registry.terraform.io/hashicorp/aws\"]",
      "instances": [
        {
          "index_key": 0,
          "schema_version": 0,
          "attributes": {
            "id": "2071923746",
            "json": "{\n  \"Version\": \"2012-10-17\",\n  \"Statement\": [\n    {\n      \"Sid\": \"AllowPlatformTeamEKSAccess\",\n      \"Effect\": \"Allow\",\n      \"Action\": [\n        \"ssm:GetParameter\",\n        \"eks:ListUpdates\",\n        \"eks:ListNodegroups\",\n        \"eks:ListFargateProfiles\",\n        \"eks:ListClusters\",\n        \"eks:DescribeNodegroup\",\n        \"eks:DescribeCluster\",\n        \"eks:AccessKubernetesApi\"\n      ],\n      \"Resource\": \"arn:aws:eks:us-east-1:261106957109:cluster/eks-lab\"\n    },\n    {\n      \"Sid\": \"AllowListClusters\",\n      \"Effect\": \"Allow\",\n      \"Action\": \"eks:ListClusters\",\n      \"Resource\": \"*\"\n    }\n  ]\n}",
            "override_json": null,
            "override_policy_documents": null,
            "policy_id": null,
            "source_json": null,
            "source_policy_documents": null,
            "statement": [
              {
                "actions": [
                  "eks:AccessKubernetesApi",
                  "eks:DescribeCluster",
                  "eks:DescribeNodegroup",
                  "eks:ListClusters",
                  "eks:ListFargateProfiles",
                  "eks:ListNodegroups",
                  "eks:ListUpdates",
                  "ssm:GetParameter"
                ],
                "condition": [],
                "effect": "Allow",
                "not_actions": [],
                "not_principals": [],
                "not_resources": [],
                "principals": [],
                "resources": [
                  "arn:aws:eks:us-east-1:261106957109:cluster/eks-lab"
                ],
                "sid": "AllowPlatformTeamEKSAccess"
              },
              {
                "actions": [
                  "eks:ListClusters"
                ],
                "condition": [],
                "effect": "Allow",
                "not_actions": [],
                "not_principals": [],
                "not_resources": [],
                "principals": [],
                "resources": [
                  "*"
                ],
                "sid": "AllowListClusters"
              }
            ],
            "version": "2012-10-17"
          },
          "sensitive_attributes": []
        }
      ]
    },
    {
      "module": "module.eks_blueprints.module.aws_eks_teams[0]",
      "mode": "data",
      "type": "aws_partition",
      "name": "current",
      "provider": "provider[\"registry.terraform.io/hashicorp/aws\"]",
      "instances": [
        {
          "schema_version": 0,
          "attributes": {
            "dns_suffix": "amazonaws.com",
            "id": "aws",
            "partition": "aws",
            "reverse_dns_prefix": "com.amazonaws"
          },
          "sensitive_attributes": []
        }
      ]
    },
    {
      "module": "module.eks_blueprints.module.aws_eks_teams[0]",
      "mode": "data",
      "type": "aws_region",
      "name": "current",
      "provider": "provider[\"registry.terraform.io/hashicorp/aws\"]",
      "instances": [
        {
          "schema_version": 0,
          "attributes": {
            "description": "US East (N. Virginia)",
            "endpoint": "ec2.us-east-1.amazonaws.com",
            "id": "us-east-1",
            "name": "us-east-1"
          },
          "sensitive_attributes": []
        }
      ]
    },
    {
      "module": "module.eks_blueprints.module.aws_eks_teams[0]",
      "mode": "managed",
      "type": "aws_iam_policy",
      "name": "platform_team_eks_access",
      "provider": "provider[\"registry.terraform.io/hashicorp/aws\"]",
      "instances": [
        {
          "index_key": 0,
          "schema_version": 0,
          "attributes": {
            "arn": "arn:aws:iam::261106957109:policy/eks-lab-PlatformTeamEKSAccess",
            "description": "Platform Team EKS Console Access",
            "id": "arn:aws:iam::261106957109:policy/eks-lab-PlatformTeamEKSAccess",
            "name": "eks-lab-PlatformTeamEKSAccess",
            "name_prefix": "",
            "path": "/",
            "policy": "{\"Statement\":[{\"Action\":[\"ssm:GetParameter\",\"eks:ListUpdates\",\"eks:ListNodegroups\",\"eks:ListFargateProfiles\",\"eks:ListClusters\",\"eks:DescribeNodegroup\",\"eks:DescribeCluster\",\"eks:AccessKubernetesApi\"],\"Effect\":\"Allow\",\"Resource\":\"arn:aws:eks:us-east-1:261106957109:cluster/eks-lab\",\"Sid\":\"AllowPlatformTeamEKSAccess\"},{\"Action\":\"eks:ListClusters\",\"Effect\":\"Allow\",\"Resource\":\"*\",\"Sid\":\"AllowListClusters\"}],\"Version\":\"2012-10-17\"}",
            "policy_id": "ANPATZSZP7M2VBCN4Z2ED",
            "tags": {
              "Blueprint": "eks-lab",
              "GithubRepo": "github.com/aws-ia/terraform-aws-eks-blueprints"
            },
            "tags_all": {
              "Blueprint": "eks-lab",
              "GithubRepo": "github.com/aws-ia/terraform-aws-eks-blueprints"
            }
          },
          "sensitive_attributes": [],
          "private": "bnVsbA==",
          "dependencies": [
            "data.aws_availability_zones.available",
            "data.aws_caller_identity.current",
            "module.eks_blueprints.data.aws_caller_identity.current",
            "module.eks_blueprints.data.aws_eks_cluster.cluster",
            "module.eks_blueprints.data.aws_iam_policy_document.eks_key",
            "module.eks_blueprints.data.aws_iam_session_context.current",
            "module.eks_blueprints.data.aws_partition.current",
            "module.eks_blueprints.data.aws_region.current",
            "module.eks_blueprints.data.http.eks_cluster_readiness",
            "module.eks_blueprints.module.aws_eks.aws_cloudwatch_log_group.this",
            "module.eks_blueprints.module.aws_eks.aws_eks_cluster.this",
            "module.eks_blueprints.module.aws_eks.aws_iam_role.this",
            "module.eks_blueprints.module.aws_eks.aws_iam_role_policy_attachment.this",
            "module.eks_blueprints.module.aws_eks.aws_security_group.cluster",
            "module.eks_blueprints.module.aws_eks.aws_security_group.node",
            "module.eks_blueprints.module.aws_eks.aws_security_group_rule.cluster",
            "module.eks_blueprints.module.aws_eks.aws_security_group_rule.node",
            "module.eks_blueprints.module.aws_eks.data.aws_caller_identity.current",
            "module.eks_blueprints.module.aws_eks.data.aws_iam_policy_document.assume_role_policy",
            "module.eks_blueprints.module.aws_eks.data.aws_partition.current",
            "module.eks_blueprints.module.aws_eks.module.kms.aws_kms_external_key.this",
            "module.eks_blueprints.module.aws_eks.module.kms.aws_kms_key.this",
            "module.eks_blueprints.module.aws_eks.module.kms.data.aws_caller_identity.current",
            "module.eks_blueprints.module.aws_eks.module.kms.data.aws_iam_policy_document.this",
            "module.eks_blueprints.module.aws_eks.module.kms.data.aws_partition.current",
            "module.eks_blueprints.module.aws_eks_teams.data.aws_eks_cluster.eks_cluster",
            "module.eks_blueprints.module.aws_eks_teams.data.aws_iam_policy_document.platform_team_eks_access",
            "module.eks_blueprints.module.kms.aws_kms_key.this",
            "module.vpc.aws_subnet.private",
            "module.vpc.aws_vpc.this",
            "module.vpc.aws_vpc_ipv4_cidr_block_association.this"
          ]
        }
      ]
    },
    {
      "module": "module.eks_blueprints.module.aws_eks_teams[0]",
      "mode": "managed",
      "type": "aws_iam_role",
      "name": "platform_team",
      "provider": "provider[\"registry.terraform.io/hashicorp/aws\"]",
      "instances": [
        {
          "index_key": "admin",
          "schema_version": 0,
          "attributes": {
            "arn": "arn:aws:iam::261106957109:role/eks-lab-admin-access",
            "assume_role_policy": "{\"Statement\":[{\"Action\":\"sts:AssumeRole\",\"Effect\":\"Allow\",\"Principal\":{\"AWS\":[\"arn:aws:iam::261106957109:user/fernandomullerjr8596\",\"arn:aws:iam::261106957109:user/fernando-devops\",\"arn:aws:iam::261106957109:root\"]}}],\"Version\":\"2012-10-17\"}",
            "create_date": "2023-04-22T00:19:07Z",
            "description": "",
            "force_detach_policies": false,
            "id": "eks-lab-admin-access",
            "inline_policy": [],
            "managed_policy_arns": [
              "arn:aws:iam::261106957109:policy/eks-lab-PlatformTeamEKSAccess"
            ],
            "max_session_duration": 3600,
            "name": "eks-lab-admin-access",
            "name_prefix": "",
            "path": "/",
            "permissions_boundary": null,
            "tags": {
              "Blueprint": "eks-lab",
              "GithubRepo": "github.com/aws-ia/terraform-aws-eks-blueprints"
            },
            "tags_all": {
              "Blueprint": "eks-lab",
              "GithubRepo": "github.com/aws-ia/terraform-aws-eks-blueprints"
            },
            "unique_id": "AROATZSZP7M24CU6VWI5Y"
          },
          "sensitive_attributes": [],
          "private": "bnVsbA==",
          "dependencies": [
            "data.aws_availability_zones.available",
            "data.aws_caller_identity.current",
            "module.eks_blueprints.data.aws_caller_identity.current",
            "module.eks_blueprints.data.aws_eks_cluster.cluster",
            "module.eks_blueprints.data.aws_iam_policy_document.eks_key",
            "module.eks_blueprints.data.aws_iam_session_context.current",
            "module.eks_blueprints.data.aws_partition.current",
            "module.eks_blueprints.data.aws_region.current",
            "module.eks_blueprints.data.http.eks_cluster_readiness",
            "module.eks_blueprints.module.aws_eks.aws_cloudwatch_log_group.this",
            "module.eks_blueprints.module.aws_eks.aws_eks_cluster.this",
            "module.eks_blueprints.module.aws_eks.aws_iam_role.this",
            "module.eks_blueprints.module.aws_eks.aws_iam_role_policy_attachment.this",
            "module.eks_blueprints.module.aws_eks.aws_security_group.cluster",
            "module.eks_blueprints.module.aws_eks.aws_security_group.node",
            "module.eks_blueprints.module.aws_eks.aws_security_group_rule.cluster",
            "module.eks_blueprints.module.aws_eks.aws_security_group_rule.node",
            "module.eks_blueprints.module.aws_eks.data.aws_caller_identity.current",
            "module.eks_blueprints.module.aws_eks.data.aws_iam_policy_document.assume_role_policy",
            "module.eks_blueprints.module.aws_eks.data.aws_partition.current",
            "module.eks_blueprints.module.aws_eks.module.kms.aws_kms_external_key.this",
            "module.eks_blueprints.module.aws_eks.module.kms.aws_kms_key.this",
            "module.eks_blueprints.module.aws_eks.module.kms.data.aws_caller_identity.current",
            "module.eks_blueprints.module.aws_eks.module.kms.data.aws_iam_policy_document.this",
            "module.eks_blueprints.module.aws_eks.module.kms.data.aws_partition.current",
            "module.eks_blueprints.module.aws_eks_teams.aws_iam_policy.platform_team_eks_access",
            "module.eks_blueprints.module.aws_eks_teams.data.aws_eks_cluster.eks_cluster",
            "module.eks_blueprints.module.aws_eks_teams.data.aws_iam_policy_document.platform_team_eks_access",
            "module.eks_blueprints.module.kms.aws_kms_key.this",
            "module.vpc.aws_subnet.private",
            "module.vpc.aws_vpc.this",
            "module.vpc.aws_vpc_ipv4_cidr_block_association.this"
          ]
        }
      ]
    },
    {
      "module": "module.eks_blueprints.module.kms[0]",
      "mode": "managed",
      "type": "aws_kms_alias",
      "name": "this",
      "provider": "provider[\"registry.terraform.io/hashicorp/aws\"]",
      "instances": [
        {
          "schema_version": 0,
          "attributes": {
            "arn": "arn:aws:kms:us-east-1:261106957109:alias/eks-lab",
            "id": "alias/eks-lab",
            "name": "alias/eks-lab",
            "name_prefix": "",
            "target_key_arn": "arn:aws:kms:us-east-1:261106957109:key/9491e753-a277-4773-896f-48be5e7ed2a6",
            "target_key_id": "9491e753-a277-4773-896f-48be5e7ed2a6"
          },
          "sensitive_attributes": [],
          "private": "bnVsbA==",
          "dependencies": [
            "module.eks_blueprints.data.aws_caller_identity.current",
            "module.eks_blueprints.data.aws_iam_policy_document.eks_key",
            "module.eks_blueprints.data.aws_iam_session_context.current",
            "module.eks_blueprints.data.aws_partition.current",
            "module.eks_blueprints.data.aws_region.current",
            "module.eks_blueprints.module.kms.aws_kms_key.this"
          ]
        }
      ]
    },
    {
      "module": "module.eks_blueprints.module.kms[0]",
      "mode": "managed",
      "type": "aws_kms_key",
      "name": "this",
      "provider": "provider[\"registry.terraform.io/hashicorp/aws\"]",
      "instances": [
        {
          "schema_version": 0,
          "attributes": {
            "arn": "arn:aws:kms:us-east-1:261106957109:key/9491e753-a277-4773-896f-48be5e7ed2a6",
            "bypass_policy_lockout_safety_check": false,
            "custom_key_store_id": "",
            "customer_master_key_spec": "SYMMETRIC_DEFAULT",
            "deletion_window_in_days": 30,
            "description": "eks-lab EKS cluster secret encryption key",
            "enable_key_rotation": true,
            "id": "9491e753-a277-4773-896f-48be5e7ed2a6",
            "is_enabled": true,
            "key_id": "9491e753-a277-4773-896f-48be5e7ed2a6",
            "key_usage": "ENCRYPT_DECRYPT",
            "multi_region": false,
            "policy": "{\"Statement\":[{\"Action\":[\"kms:ReEncrypt*\",\"kms:GenerateDataKey*\",\"kms:Encrypt\",\"kms:DescribeKey\",\"kms:Decrypt\",\"kms:CreateGrant\"],\"Condition\":{\"StringEquals\":{\"kms:CallerAccount\":\"261106957109\",\"kms:ViaService\":\"eks.us-east-1.amazonaws.com\"}},\"Effect\":\"Allow\",\"Principal\":{\"AWS\":\"arn:aws:iam::261106957109:root\"},\"Resource\":\"*\",\"Sid\":\"Allow access for all principals in the account that are authorized\"},{\"Action\":[\"kms:RevokeGrant\",\"kms:List*\",\"kms:Get*\",\"kms:Describe*\"],\"Effect\":\"Allow\",\"Principal\":{\"AWS\":\"arn:aws:iam::261106957109:root\"},\"Resource\":\"*\",\"Sid\":\"Allow direct access to key metadata to the account\"},{\"Action\":\"kms:*\",\"Effect\":\"Allow\",\"Principal\":{\"AWS\":\"arn:aws:iam::261106957109:user/fernandomullerjr8596\"},\"Resource\":\"*\",\"Sid\":\"Allow access for Key Administrators\"},{\"Action\":[\"kms:ReEncrypt*\",\"kms:GenerateDataKey*\",\"kms:Encrypt\",\"kms:DescribeKey\",\"kms:Decrypt\"],\"Effect\":\"Allow\",\"Principal\":{\"AWS\":\"arn:aws:iam::261106957109:role/eks-lab-cluster-role\"},\"Resource\":\"*\",\"Sid\":\"Allow use of the key\"},{\"Action\":[\"kms:RevokeGrant\",\"kms:ListGrants\",\"kms:CreateGrant\"],\"Condition\":{\"Bool\":{\"kms:GrantIsForAWSResource\":\"true\"}},\"Effect\":\"Allow\",\"Principal\":{\"AWS\":\"arn:aws:iam::261106957109:role/eks-lab-cluster-role\"},\"Resource\":\"*\",\"Sid\":\"Allow attachment of persistent resources\"}],\"Version\":\"2012-10-17\"}",
            "tags": {
              "Blueprint": "eks-lab",
              "GithubRepo": "github.com/aws-ia/terraform-aws-eks-blueprints"
            },
            "tags_all": {
              "Blueprint": "eks-lab",
              "GithubRepo": "github.com/aws-ia/terraform-aws-eks-blueprints"
            }
          },
          "sensitive_attributes": [],
          "private": "bnVsbA==",
          "dependencies": [
            "module.eks_blueprints.data.aws_caller_identity.current",
            "module.eks_blueprints.data.aws_iam_policy_document.eks_key",
            "module.eks_blueprints.data.aws_iam_session_context.current",
            "module.eks_blueprints.data.aws_partition.current",
            "module.eks_blueprints.data.aws_region.current"
          ],
          "create_before_destroy": true
        }
      ]
    },
    {
      "module": "module.kubernetes_addons",
      "mode": "data",
      "type": "aws_caller_identity",
      "name": "current",
      "provider": "provider[\"registry.terraform.io/hashicorp/aws\"]",
      "instances": [
        {
          "schema_version": 0,
          "attributes": {
            "account_id": "261106957109",
            "arn": "arn:aws:iam::261106957109:user/fernandomullerjr8596",
            "id": "261106957109",
            "user_id": "AIDATZSZP7M2XLMGQUA5D"
          },
          "sensitive_attributes": []
        }
      ]
    },
    {
      "module": "module.kubernetes_addons",
      "mode": "data",
      "type": "aws_eks_cluster",
      "name": "eks_cluster",
      "provider": "provider[\"registry.terraform.io/hashicorp/aws\"]",
      "instances": [
        {
          "schema_version": 0,
          "attributes": {
            "arn": "arn:aws:eks:us-east-1:261106957109:cluster/eks-lab",
            "certificate_authority": [
              {
                "data": "LS0tLS1CRUdJTiBDRVJUSUZJQ0FURS0tLS0tCk1JSUMvakNDQWVhZ0F3SUJBZ0lCQURBTkJna3Foa2lHOXcwQkFRc0ZBREFWTVJNd0VRWURWUVFERXdwcmRXSmwKY201bGRHVnpNQjRYRFRJek1EUXlNakF3TVRReU9Gb1hEVE16TURReE9UQXdNVFF5T0Zvd0ZURVRNQkVHQTFVRQpBeE1LYTNWaVpYSnVaWFJsY3pDQ0FTSXdEUVlKS29aSWh2Y05BUUVCQlFBRGdnRVBBRENDQVFvQ2dnRUJBTXB2CncwdmpJcDdaTGZaa3R0VCs1dnZoOEVycm1MMW9zWTF5Tm13QkpKc3ZjSmYwMGY0TVNpd3FSVWk3SXQvQk5JdnQKYysxNW9SN0ZUTlVaR2hWK2p6cXZoY1laZTZPdVViaE93OFJGeml6dHFJTFZseXZXRno4WjZsNGdUWmJzU1krZwpPdXFkNW8vL05MS0l2SDgrTXRHZ3pLNEpMRS9JdmMzUFpnak12amxRV0k5UW80NVRFQ1VWUlF6eTlQU2NMZFc5CmtOc2g3Sm9MOUFsWmNvZ0hZaVZzUW9CaXJlbUlrT2ZJaFQ1dmoyQTI3WGd1ODVRWU9ZbGFmUTVpbDVDWWUxZlcKeUUwZTdoTjdhV01HSit2V1ZIT04xMzA1OUtHdklKOFVvZnRVOW53d3k5TXRNWVFRSE5vV3pCaWYvV3ZmdHdwRQpEOGVwOHZkZklhMHRrTjFPeFI4Q0F3RUFBYU5aTUZjd0RnWURWUjBQQVFIL0JBUURBZ0trTUE4R0ExVWRFd0VCCi93UUZNQU1CQWY4d0hRWURWUjBPQkJZRUZJWEwyVEI1T2hIRlRiNHM4emg5d0toNTlPdjFNQlVHQTFVZEVRUU8KTUF5Q0NtdDFZbVZ5Ym1WMFpYTXdEUVlKS29aSWh2Y05BUUVMQlFBRGdnRUJBQjZIcFdJS0hPb3lLYVB0b3FPcgphbDN0YWhkMlBFek1NMTIrSFAvTGxnK3Q0SU1lZUdLbHhnY2Z1MzlYdnl3Z0dvbDErL0p1RTVybnFUTldoV0N1CmlLNnhSMnBaOVdJbGdSQWdqaUdYU1FNTHJuNmhabG9YSzM2YVNhZ3JQTWFuYXROMWZGUk5uUU5qTTBycmlNeFYKTldsdXowbmphVVBDMEQrSW11OUVXOHpiMHVucHFveVRJbTkrN0dzK2JaOHdUVGZWMFU5Nm41RG9KZVhoUXkxcApYZUNOQm1Oc0c1OUNKdENxSWh4QVRIU251bUx6RU9BcDZ2d3hHVlVZSkRMa3QrSTM5SXJtMHZSUncwdFE1anlxCkdTRjc4TzhDbTJTVUdjWTRnZWYvTVAwTE5Qa2pLaGNsNjd3YXRIM3hMRFpQczVXK0w2Nzd0N1hRQ3pCR3BoV2cKd3E0PQotLS0tLUVORCBDRVJUSUZJQ0FURS0tLS0tCg=="
              }
            ],
            "cluster_id": null,
            "created_at": "2023-04-22 00:08:24.772 +0000 UTC",
            "enabled_cluster_log_types": [
              "api",
              "audit",
              "authenticator",
              "controllerManager",
              "scheduler"
            ],
            "endpoint": "https://B5287FFBCE112FDB3C90BCED28AE250F.gr7.us-east-1.eks.amazonaws.com",
            "id": "eks-lab",
            "identity": [
              {
                "oidc": [
                  {
                    "issuer": "https://oidc.eks.us-east-1.amazonaws.com/id/B5287FFBCE112FDB3C90BCED28AE250F"
                  }
                ]
              }
            ],
            "kubernetes_network_config": [
              {
                "ip_family": "ipv4",
                "service_ipv4_cidr": "172.20.0.0/16",
                "service_ipv6_cidr": ""
              }
            ],
            "name": "eks-lab",
            "outpost_config": [],
            "platform_version": "eks.7",
            "role_arn": "arn:aws:iam::261106957109:role/eks-lab-cluster-role",
            "status": "ACTIVE",
            "tags": {
              "Blueprint": "eks-lab",
              "GithubRepo": "github.com/aws-ia/terraform-aws-eks-blueprints"
            },
            "version": "1.23",
            "vpc_config": [
              {
                "cluster_security_group_id": "sg-0f552d7b44716d1ed",
                "endpoint_private_access": false,
                "endpoint_public_access": true,
                "public_access_cidrs": [
                  "0.0.0.0/0"
                ],
                "security_group_ids": [
                  "sg-02e6be5a34ccda5f7"
                ],
                "subnet_ids": [
                  "subnet-05fef12bb2f126fdf",
                  "subnet-07366daa05b22ae37",
                  "subnet-0bd033c7612c25e4a"
                ],
                "vpc_id": "vpc-06ce67bba86f683c1"
              }
            ]
          },
          "sensitive_attributes": []
        }
      ]
    },
    {
      "module": "module.kubernetes_addons",
      "mode": "data",
      "type": "aws_partition",
      "name": "current",
      "provider": "provider[\"registry.terraform.io/hashicorp/aws\"]",
      "instances": [
        {
          "schema_version": 0,
          "attributes": {
            "dns_suffix": "amazonaws.com",
            "id": "aws",
            "partition": "aws",
            "reverse_dns_prefix": "com.amazonaws"
          },
          "sensitive_attributes": []
        }
      ]
    },
    {
      "module": "module.kubernetes_addons",
      "mode": "data",
      "type": "aws_region",
      "name": "current",
      "provider": "provider[\"registry.terraform.io/hashicorp/aws\"]",
      "instances": [
        {
          "schema_version": 0,
          "attributes": {
            "description": "US East (N. Virginia)",
            "endpoint": "ec2.us-east-1.amazonaws.com",
            "id": "us-east-1",
            "name": "us-east-1"
          },
          "sensitive_attributes": []
        }
      ]
    },
    {
      "module": "module.kubernetes_addons",
      "mode": "managed",
      "type": "time_sleep",
      "name": "dataplane",
      "provider": "provider[\"registry.terraform.io/hashicorp/time\"]",
      "instances": [
        {
          "schema_version": 0,
          "attributes": {
            "create_duration": "10s",
            "destroy_duration": null,
            "id": "2023-04-22T00:26:11Z",
            "triggers": {
              "data_plane_wait_arn": "",
              "eks_cluster_id": "eks-lab"
            }
          },
          "sensitive_attributes": [],
          "dependencies": [
            "data.aws_availability_zones.available",
            "data.aws_caller_identity.current",
            "data.aws_eks_cluster_auth.this",
            "module.eks_blueprints.data.aws_caller_identity.current",
            "module.eks_blueprints.data.aws_eks_cluster.cluster",
            "module.eks_blueprints.data.aws_iam_policy_document.eks_key",
            "module.eks_blueprints.data.aws_iam_session_context.current",
            "module.eks_blueprints.data.aws_partition.current",
            "module.eks_blueprints.data.aws_region.current",
            "module.eks_blueprints.data.http.eks_cluster_readiness",
            "module.eks_blueprints.kubernetes_config_map.amazon_vpc_cni",
            "module.eks_blueprints.kubernetes_config_map.aws_auth",
            "module.eks_blueprints.module.aws_eks.aws_cloudwatch_log_group.this",
            "module.eks_blueprints.module.aws_eks.aws_ec2_tag.cluster_primary_security_group",
            "module.eks_blueprints.module.aws_eks.aws_eks_addon.this",
            "module.eks_blueprints.module.aws_eks.aws_eks_cluster.this",
            "module.eks_blueprints.module.aws_eks.aws_eks_identity_provider_config.this",
            "module.eks_blueprints.module.aws_eks.aws_iam_openid_connect_provider.oidc_provider",
            "module.eks_blueprints.module.aws_eks.aws_iam_policy.cluster_encryption",
            "module.eks_blueprints.module.aws_eks.aws_iam_policy.cni_ipv6_policy",
            "module.eks_blueprints.module.aws_eks.aws_iam_role.this",
            "module.eks_blueprints.module.aws_eks.aws_iam_role_policy_attachment.cluster_encryption",
            "module.eks_blueprints.module.aws_eks.aws_iam_role_policy_attachment.this",
            "module.eks_blueprints.module.aws_eks.aws_security_group.cluster",
            "module.eks_blueprints.module.aws_eks.aws_security_group.node",
            "module.eks_blueprints.module.aws_eks.aws_security_group_rule.cluster",
            "module.eks_blueprints.module.aws_eks.aws_security_group_rule.node",
            "module.eks_blueprints.module.aws_eks.data.aws_caller_identity.current",
            "module.eks_blueprints.module.aws_eks.data.aws_iam_policy_document.assume_role_policy",
            "module.eks_blueprints.module.aws_eks.data.aws_iam_policy_document.cni_ipv6_policy",
            "module.eks_blueprints.module.aws_eks.data.aws_partition.current",
            "module.eks_blueprints.module.aws_eks.data.tls_certificate.this",
            "module.eks_blueprints.module.aws_eks.kubernetes_config_map.aws_auth",
            "module.eks_blueprints.module.aws_eks.kubernetes_config_map_v1_data.aws_auth",
            "module.eks_blueprints.module.aws_eks.module.eks_managed_node_group.aws_eks_node_group.this",
            "module.eks_blueprints.module.aws_eks.module.eks_managed_node_group.aws_iam_role.this",
            "module.eks_blueprints.module.aws_eks.module.eks_managed_node_group.aws_iam_role_policy_attachment.this",
            "module.eks_blueprints.module.aws_eks.module.eks_managed_node_group.aws_launch_template.this",
            "module.eks_blueprints.module.aws_eks.module.eks_managed_node_group.aws_security_group.this",
            "module.eks_blueprints.module.aws_eks.module.eks_managed_node_group.aws_security_group_rule.this",
            "module.eks_blueprints.module.aws_eks.module.eks_managed_node_group.data.aws_caller_identity.current",
            "module.eks_blueprints.module.aws_eks.module.eks_managed_node_group.data.aws_iam_policy_document.assume_role_policy",
            "module.eks_blueprints.module.aws_eks.module.eks_managed_node_group.data.aws_partition.current",
            "module.eks_blueprints.module.aws_eks.module.eks_managed_node_group.module.user_data.data.cloudinit_config.linux_eks_managed_node_group",
            "module.eks_blueprints.module.aws_eks.module.fargate_profile.aws_eks_fargate_profile.this",
            "module.eks_blueprints.module.aws_eks.module.fargate_profile.aws_iam_role.this",
            "module.eks_blueprints.module.aws_eks.module.fargate_profile.aws_iam_role_policy_attachment.this",
            "module.eks_blueprints.module.aws_eks.module.fargate_profile.data.aws_caller_identity.current",
            "module.eks_blueprints.module.aws_eks.module.fargate_profile.data.aws_iam_policy_document.assume_role_policy",
            "module.eks_blueprints.module.aws_eks.module.fargate_profile.data.aws_partition.current",
            "module.eks_blueprints.module.aws_eks.module.kms.aws_kms_alias.this",
            "module.eks_blueprints.module.aws_eks.module.kms.aws_kms_external_key.this",
            "module.eks_blueprints.module.aws_eks.module.kms.aws_kms_grant.this",
            "module.eks_blueprints.module.aws_eks.module.kms.aws_kms_key.this",
            "module.eks_blueprints.module.aws_eks.module.kms.data.aws_caller_identity.current",
            "module.eks_blueprints.module.aws_eks.module.kms.data.aws_iam_policy_document.this",
            "module.eks_blueprints.module.aws_eks.module.kms.data.aws_partition.current",
            "module.eks_blueprints.module.aws_eks.module.self_managed_node_group.aws_autoscaling_group.this",
            "module.eks_blueprints.module.aws_eks.module.self_managed_node_group.aws_autoscaling_schedule.this",
            "module.eks_blueprints.module.aws_eks.module.self_managed_node_group.aws_iam_instance_profile.this",
            "module.eks_blueprints.module.aws_eks.module.self_managed_node_group.aws_iam_role.this",
            "module.eks_blueprints.module.aws_eks.module.self_managed_node_group.aws_iam_role_policy_attachment.this",
            "module.eks_blueprints.module.aws_eks.module.self_managed_node_group.aws_launch_template.this",
            "module.eks_blueprints.module.aws_eks.module.self_managed_node_group.aws_security_group.this",
            "module.eks_blueprints.module.aws_eks.module.self_managed_node_group.aws_security_group_rule.this",
            "module.eks_blueprints.module.aws_eks.module.self_managed_node_group.data.aws_ami.eks_default",
            "module.eks_blueprints.module.aws_eks.module.self_managed_node_group.data.aws_caller_identity.current",
            "module.eks_blueprints.module.aws_eks.module.self_managed_node_group.data.aws_default_tags.current",
            "module.eks_blueprints.module.aws_eks.module.self_managed_node_group.data.aws_iam_policy_document.assume_role_policy",
            "module.eks_blueprints.module.aws_eks.module.self_managed_node_group.data.aws_partition.current",
            "module.eks_blueprints.module.aws_eks.module.self_managed_node_group.module.user_data.data.cloudinit_config.linux_eks_managed_node_group",
            "module.eks_blueprints.module.aws_eks_fargate_profiles.aws_eks_fargate_profile.eks_fargate",
            "module.eks_blueprints.module.aws_eks_fargate_profiles.aws_iam_policy.cwlogs",
            "module.eks_blueprints.module.aws_eks_fargate_profiles.aws_iam_role.fargate",
            "module.eks_blueprints.module.aws_eks_fargate_profiles.aws_iam_role_policy_attachment.cwlogs",
            "module.eks_blueprints.module.aws_eks_fargate_profiles.aws_iam_role_policy_attachment.fargate_pod_execution_role_policy",
            "module.eks_blueprints.module.aws_eks_fargate_profiles.data.aws_iam_policy_document.cwlogs",
            "module.eks_blueprints.module.aws_eks_fargate_profiles.data.aws_iam_policy_document.fargate_assume_role_policy",
            "module.eks_blueprints.module.aws_eks_managed_node_groups.aws_eks_node_group.managed_ng",
            "module.eks_blueprints.module.aws_eks_managed_node_groups.aws_iam_instance_profile.managed_ng",
            "module.eks_blueprints.module.aws_eks_managed_node_groups.aws_iam_role.managed_ng",
            "module.eks_blueprints.module.aws_eks_managed_node_groups.aws_iam_role_policy_attachment.managed_ng",
            "module.eks_blueprints.module.aws_eks_managed_node_groups.aws_launch_template.managed_node_groups",
            "module.eks_blueprints.module.aws_eks_managed_node_groups.data.aws_iam_policy_document.managed_ng_assume_role_policy",
            "module.eks_blueprints.module.aws_eks_self_managed_node_groups.aws_autoscaling_group.self_managed_ng",
            "module.eks_blueprints.module.aws_eks_self_managed_node_groups.aws_iam_instance_profile.self_managed_ng",
            "module.eks_blueprints.module.aws_eks_self_managed_node_groups.aws_iam_policy.eks_windows_cni",
            "module.eks_blueprints.module.aws_eks_self_managed_node_groups.aws_iam_role.self_managed_ng",
            "module.eks_blueprints.module.aws_eks_self_managed_node_groups.aws_iam_role_policy_attachment.eks_windows_cni",
            "module.eks_blueprints.module.aws_eks_self_managed_node_groups.aws_iam_role_policy_attachment.self_managed_ng",
            "module.eks_blueprints.module.aws_eks_self_managed_node_groups.data.aws_ami.predefined",
            "module.eks_blueprints.module.aws_eks_self_managed_node_groups.data.aws_iam_policy_document.eks_windows_cni",
            "module.eks_blueprints.module.aws_eks_self_managed_node_groups.data.aws_iam_policy_document.self_managed_ng_assume_role_policy",
            "module.eks_blueprints.module.aws_eks_self_managed_node_groups.module.launch_template_self_managed_ng.aws_launch_template.this",
            "module.eks_blueprints.module.aws_eks_self_managed_node_groups.module.launch_template_self_managed_ng.data.aws_eks_cluster.eks",
            "module.eks_blueprints.module.aws_eks_teams.aws_iam_policy.platform_team_eks_access",
            "module.eks_blueprints.module.aws_eks_teams.aws_iam_role.platform_team",
            "module.eks_blueprints.module.aws_eks_teams.aws_iam_role.team_access",
            "module.eks_blueprints.module.aws_eks_teams.aws_iam_role.team_sa_irsa",
            "module.eks_blueprints.module.aws_eks_teams.data.aws_caller_identity.current",
            "module.eks_blueprints.module.aws_eks_teams.data.aws_eks_cluster.eks_cluster",
            "module.eks_blueprints.module.aws_eks_teams.data.aws_iam_policy_document.platform_team_eks_access",
            "module.eks_blueprints.module.aws_eks_teams.data.aws_partition.current",
            "module.eks_blueprints.module.aws_eks_teams.data.aws_region.current",
            "module.eks_blueprints.module.aws_eks_teams.kubectl_manifest.team",
            "module.eks_blueprints.module.aws_eks_teams.kubernetes_cluster_role.team",
            "module.eks_blueprints.module.aws_eks_teams.kubernetes_cluster_role_binding.team",
            "module.eks_blueprints.module.aws_eks_teams.kubernetes_namespace.team",
            "module.eks_blueprints.module.aws_eks_teams.kubernetes_resource_quota.this",
            "module.eks_blueprints.module.aws_eks_teams.kubernetes_role.team",
            "module.eks_blueprints.module.aws_eks_teams.kubernetes_role_binding.team",
            "module.eks_blueprints.module.aws_eks_teams.kubernetes_service_account.team",
            "module.eks_blueprints.module.emr_on_eks.aws_iam_role.emr_on_eks_execution",
            "module.eks_blueprints.module.emr_on_eks.aws_iam_role_policy_attachment.custom",
            "module.eks_blueprints.module.emr_on_eks.data.aws_iam_policy_document.emr_assume_role",
            "module.eks_blueprints.module.emr_on_eks.data.aws_region.current",
            "module.eks_blueprints.module.emr_on_eks.kubernetes_namespace.spark",
            "module.eks_blueprints.module.emr_on_eks.kubernetes_role.emr_containers",
            "module.eks_blueprints.module.emr_on_eks.kubernetes_role_binding.emr_containers",
            "module.eks_blueprints.module.emr_on_eks.null_resource.update_trust_policy",
            "module.eks_blueprints.module.kms.aws_kms_alias.this",
            "module.eks_blueprints.module.kms.aws_kms_key.this",
            "module.vpc.aws_subnet.private",
            "module.vpc.aws_subnet.public",
            "module.vpc.aws_vpc.this",
            "module.vpc.aws_vpc_ipv4_cidr_block_association.this"
          ]
        }
      ]
    },
    {
      "module": "module.kubernetes_addons.module.aws_ebs_csi_driver[0]",
      "mode": "data",
      "type": "aws_eks_addon_version",
      "name": "this",
      "provider": "provider[\"registry.terraform.io/hashicorp/aws\"]",
      "instances": [
        {
          "schema_version": 0,
          "attributes": {
            "addon_name": "aws-ebs-csi-driver",
            "id": "aws-ebs-csi-driver",
            "kubernetes_version": "1.23",
            "most_recent": false,
            "version": "v1.17.0-eksbuild.1"
          },
          "sensitive_attributes": []
        }
      ]
    },
    {
      "module": "module.kubernetes_addons.module.aws_ebs_csi_driver[0]",
      "mode": "data",
      "type": "aws_iam_policy_document",
      "name": "aws_ebs_csi_driver",
      "provider": "provider[\"registry.terraform.io/hashicorp/aws\"]",
      "instances": [
        {
          "index_key": 0,
          "schema_version": 0,
          "attributes": {
            "id": "1888929143",
            "json": "{\n  \"Version\": \"2012-10-17\",\n  \"Statement\": [\n    {\n      \"Sid\": \"\",\n      \"Effect\": \"Allow\",\n      \"Action\": [\n        \"ec2:ModifyVolume\",\n        \"ec2:DetachVolume\",\n        \"ec2:DescribeVolumesModifications\",\n        \"ec2:DescribeVolumes\",\n        \"ec2:DescribeTags\",\n        \"ec2:DescribeSnapshots\",\n        \"ec2:DescribeInstances\",\n        \"ec2:DescribeAvailabilityZones\",\n        \"ec2:CreateSnapshot\",\n        \"ec2:AttachVolume\"\n      ],\n      \"Resource\": \"*\"\n    },\n    {\n      \"Sid\": \"\",\n      \"Effect\": \"Allow\",\n      \"Action\": \"ec2:CreateTags\",\n      \"Resource\": [\n        \"arn:aws:ec2:*:*:volume/*\",\n        \"arn:aws:ec2:*:*:snapshot/*\"\n      ],\n      \"Condition\": {\n        \"StringEquals\": {\n          \"ec2:CreateAction\": [\n            \"CreateVolume\",\n            \"CreateSnapshot\"\n          ]\n        }\n      }\n    },\n    {\n      \"Sid\": \"\",\n      \"Effect\": \"Allow\",\n      \"Action\": \"ec2:DeleteTags\",\n      \"Resource\": [\n        \"arn:aws:ec2:*:*:volume/*\",\n        \"arn:aws:ec2:*:*:snapshot/*\"\n      ]\n    },\n    {\n      \"Sid\": \"\",\n      \"Effect\": \"Allow\",\n      \"Action\": \"ec2:CreateVolume\",\n      \"Resource\": \"*\",\n      \"Condition\": {\n        \"StringLike\": {\n          \"aws:RequestTag/ebs.csi.aws.com/cluster\": \"true\"\n        }\n      }\n    },\n    {\n      \"Sid\": \"\",\n      \"Effect\": \"Allow\",\n      \"Action\": \"ec2:CreateVolume\",\n      \"Resource\": \"*\",\n      \"Condition\": {\n        \"StringLike\": {\n          \"aws:RequestTag/CSIVolumeName\": \"*\"\n        }\n      }\n    },\n    {\n      \"Sid\": \"\",\n      \"Effect\": \"Allow\",\n      \"Action\": \"ec2:CreateVolume\",\n      \"Resource\": \"*\",\n      \"Condition\": {\n        \"StringLike\": {\n          \"aws:RequestTag/kubernetes.io/cluster/*\": \"owned\"\n        }\n      }\n    },\n    {\n      \"Sid\": \"\",\n      \"Effect\": \"Allow\",\n      \"Action\": \"ec2:DeleteVolume\",\n      \"Resource\": \"*\",\n      \"Condition\": {\n        \"StringLike\": {\n          \"ec2:ResourceTag/ebs.csi.aws.com/cluster\": \"true\"\n        }\n      }\n    },\n    {\n      \"Sid\": \"\",\n      \"Effect\": \"Allow\",\n      \"Action\": \"ec2:DeleteVolume\",\n      \"Resource\": \"*\",\n      \"Condition\": {\n        \"StringLike\": {\n          \"ec2:ResourceTag/CSIVolumeName\": \"*\"\n        }\n      }\n    },\n    {\n      \"Sid\": \"\",\n      \"Effect\": \"Allow\",\n      \"Action\": \"ec2:DeleteVolume\",\n      \"Resource\": \"*\",\n      \"Condition\": {\n        \"StringLike\": {\n          \"ec2:ResourceTag/kubernetes.io/cluster/*\": \"owned\"\n        }\n      }\n    },\n    {\n      \"Sid\": \"\",\n      \"Effect\": \"Allow\",\n      \"Action\": \"ec2:DeleteSnapshot\",\n      \"Resource\": \"*\",\n      \"Condition\": {\n        \"StringLike\": {\n          \"ec2:ResourceTag/CSIVolumeSnapshotName\": \"*\"\n        }\n      }\n    },\n    {\n      \"Sid\": \"\",\n      \"Effect\": \"Allow\",\n      \"Action\": \"ec2:DeleteSnapshot\",\n      \"Resource\": \"*\",\n      \"Condition\": {\n        \"StringLike\": {\n          \"ec2:ResourceTag/ebs.csi.aws.com/cluster\": \"true\"\n        }\n      }\n    }\n  ]\n}",
            "override_json": null,
            "override_policy_documents": null,
            "policy_id": null,
            "source_json": null,
            "source_policy_documents": null,
            "statement": [
              {
                "actions": [
                  "ec2:AttachVolume",
                  "ec2:CreateSnapshot",
                  "ec2:DescribeAvailabilityZones",
                  "ec2:DescribeInstances",
                  "ec2:DescribeSnapshots",
                  "ec2:DescribeTags",
                  "ec2:DescribeVolumes",
                  "ec2:DescribeVolumesModifications",
                  "ec2:DetachVolume",
                  "ec2:ModifyVolume"
                ],
                "condition": [],
                "effect": "Allow",
                "not_actions": [],
                "not_principals": [],
                "not_resources": [],
                "principals": [],
                "resources": [
                  "*"
                ],
                "sid": ""
              },
              {
                "actions": [
                  "ec2:CreateTags"
                ],
                "condition": [
                  {
                    "test": "StringEquals",
                    "values": [
                      "CreateVolume",
                      "CreateSnapshot"
                    ],
                    "variable": "ec2:CreateAction"
                  }
                ],
                "effect": "Allow",
                "not_actions": [],
                "not_principals": [],
                "not_resources": [],
                "principals": [],
                "resources": [
                  "arn:aws:ec2:*:*:snapshot/*",
                  "arn:aws:ec2:*:*:volume/*"
                ],
                "sid": ""
              },
              {
                "actions": [
                  "ec2:DeleteTags"
                ],
                "condition": [],
                "effect": "Allow",
                "not_actions": [],
                "not_principals": [],
                "not_resources": [],
                "principals": [],
                "resources": [
                  "arn:aws:ec2:*:*:snapshot/*",
                  "arn:aws:ec2:*:*:volume/*"
                ],
                "sid": ""
              },
              {
                "actions": [
                  "ec2:CreateVolume"
                ],
                "condition": [
                  {
                    "test": "StringLike",
                    "values": [
                      "true"
                    ],
                    "variable": "aws:RequestTag/ebs.csi.aws.com/cluster"
                  }
                ],
                "effect": "Allow",
                "not_actions": [],
                "not_principals": [],
                "not_resources": [],
                "principals": [],
                "resources": [
                  "*"
                ],
                "sid": ""
              },
              {
                "actions": [
                  "ec2:CreateVolume"
                ],
                "condition": [
                  {
                    "test": "StringLike",
                    "values": [
                      "*"
                    ],
                    "variable": "aws:RequestTag/CSIVolumeName"
                  }
                ],
                "effect": "Allow",
                "not_actions": [],
                "not_principals": [],
                "not_resources": [],
                "principals": [],
                "resources": [
                  "*"
                ],
                "sid": ""
              },
              {
                "actions": [
                  "ec2:CreateVolume"
                ],
                "condition": [
                  {
                    "test": "StringLike",
                    "values": [
                      "owned"
                    ],
                    "variable": "aws:RequestTag/kubernetes.io/cluster/*"
                  }
                ],
                "effect": "Allow",
                "not_actions": [],
                "not_principals": [],
                "not_resources": [],
                "principals": [],
                "resources": [
                  "*"
                ],
                "sid": ""
              },
              {
                "actions": [
                  "ec2:DeleteVolume"
                ],
                "condition": [
                  {
                    "test": "StringLike",
                    "values": [
                      "true"
                    ],
                    "variable": "ec2:ResourceTag/ebs.csi.aws.com/cluster"
                  }
                ],
                "effect": "Allow",
                "not_actions": [],
                "not_principals": [],
                "not_resources": [],
                "principals": [],
                "resources": [
                  "*"
                ],
                "sid": ""
              },
              {
                "actions": [
                  "ec2:DeleteVolume"
                ],
                "condition": [
                  {
                    "test": "StringLike",
                    "values": [
                      "*"
                    ],
                    "variable": "ec2:ResourceTag/CSIVolumeName"
                  }
                ],
                "effect": "Allow",
                "not_actions": [],
                "not_principals": [],
                "not_resources": [],
                "principals": [],
                "resources": [
                  "*"
                ],
                "sid": ""
              },
              {
                "actions": [
                  "ec2:DeleteVolume"
                ],
                "condition": [
                  {
                    "test": "StringLike",
                    "values": [
                      "owned"
                    ],
                    "variable": "ec2:ResourceTag/kubernetes.io/cluster/*"
                  }
                ],
                "effect": "Allow",
                "not_actions": [],
                "not_principals": [],
                "not_resources": [],
                "principals": [],
                "resources": [
                  "*"
                ],
                "sid": ""
              },
              {
                "actions": [
                  "ec2:DeleteSnapshot"
                ],
                "condition": [
                  {
                    "test": "StringLike",
                    "values": [
                      "*"
                    ],
                    "variable": "ec2:ResourceTag/CSIVolumeSnapshotName"
                  }
                ],
                "effect": "Allow",
                "not_actions": [],
                "not_principals": [],
                "not_resources": [],
                "principals": [],
                "resources": [
                  "*"
                ],
                "sid": ""
              },
              {
                "actions": [
                  "ec2:DeleteSnapshot"
                ],
                "condition": [
                  {
                    "test": "StringLike",
                    "values": [
                      "true"
                    ],
                    "variable": "ec2:ResourceTag/ebs.csi.aws.com/cluster"
                  }
                ],
                "effect": "Allow",
                "not_actions": [],
                "not_principals": [],
                "not_resources": [],
                "principals": [],
                "resources": [
                  "*"
                ],
                "sid": ""
              }
            ],
            "version": "2012-10-17"
          },
          "sensitive_attributes": []
        }
      ]
    },
    {
      "module": "module.kubernetes_addons.module.aws_ebs_csi_driver[0]",
      "mode": "managed",
      "type": "aws_eks_addon",
      "name": "aws_ebs_csi_driver",
      "provider": "provider[\"registry.terraform.io/hashicorp/aws\"]",
      "instances": [
        {
          "index_key": 0,
          "schema_version": 0,
          "attributes": {
            "addon_name": "aws-ebs-csi-driver",
            "addon_version": "v1.17.0-eksbuild.1",
            "arn": "arn:aws:eks:us-east-1:261106957109:addon/eks-lab/aws-ebs-csi-driver/9ac3d359-df87-7d15-61e0-679f4a043ea7",
            "cluster_name": "eks-lab",
            "configuration_values": "",
            "created_at": "2023-04-22T02:03:31Z",
            "id": "eks-lab:aws-ebs-csi-driver",
            "modified_at": "2023-04-22T02:03:45Z",
            "preserve": true,
            "resolve_conflicts": "OVERWRITE",
            "service_account_role_arn": "arn:aws:iam::261106957109:role/eks-lab-ebs-csi-controller-sa-irsa",
            "tags": null,
            "tags_all": {},
            "timeouts": null
          },
          "sensitive_attributes": [],
          "private": "eyJlMmJmYjczMC1lY2FhLTExZTYtOGY4OC0zNDM2M2JjN2M0YzAiOnsiY3JlYXRlIjoxMjAwMDAwMDAwMDAwLCJkZWxldGUiOjI0MDAwMDAwMDAwMDAsInVwZGF0ZSI6MTIwMDAwMDAwMDAwMH19",
          "dependencies": [
            "data.aws_availability_zones.available",
            "data.aws_caller_identity.current",
            "data.aws_eks_cluster_auth.this",
            "module.eks_blueprints.data.aws_caller_identity.current",
            "module.eks_blueprints.data.aws_eks_cluster.cluster",
            "module.eks_blueprints.data.aws_iam_policy_document.eks_key",
            "module.eks_blueprints.data.aws_iam_session_context.current",
            "module.eks_blueprints.data.aws_partition.current",
            "module.eks_blueprints.data.aws_region.current",
            "module.eks_blueprints.data.http.eks_cluster_readiness",
            "module.eks_blueprints.kubernetes_config_map.amazon_vpc_cni",
            "module.eks_blueprints.kubernetes_config_map.aws_auth",
            "module.eks_blueprints.module.aws_eks.aws_cloudwatch_log_group.this",
            "module.eks_blueprints.module.aws_eks.aws_ec2_tag.cluster_primary_security_group",
            "module.eks_blueprints.module.aws_eks.aws_eks_addon.this",
            "module.eks_blueprints.module.aws_eks.aws_eks_cluster.this",
            "module.eks_blueprints.module.aws_eks.aws_eks_identity_provider_config.this",
            "module.eks_blueprints.module.aws_eks.aws_iam_openid_connect_provider.oidc_provider",
            "module.eks_blueprints.module.aws_eks.aws_iam_policy.cluster_encryption",
            "module.eks_blueprints.module.aws_eks.aws_iam_policy.cni_ipv6_policy",
            "module.eks_blueprints.module.aws_eks.aws_iam_role.this",
            "module.eks_blueprints.module.aws_eks.aws_iam_role_policy_attachment.cluster_encryption",
            "module.eks_blueprints.module.aws_eks.aws_iam_role_policy_attachment.this",
            "module.eks_blueprints.module.aws_eks.aws_security_group.cluster",
            "module.eks_blueprints.module.aws_eks.aws_security_group.node",
            "module.eks_blueprints.module.aws_eks.aws_security_group_rule.cluster",
            "module.eks_blueprints.module.aws_eks.aws_security_group_rule.node",
            "module.eks_blueprints.module.aws_eks.data.aws_caller_identity.current",
            "module.eks_blueprints.module.aws_eks.data.aws_iam_policy_document.assume_role_policy",
            "module.eks_blueprints.module.aws_eks.data.aws_iam_policy_document.cni_ipv6_policy",
            "module.eks_blueprints.module.aws_eks.data.aws_partition.current",
            "module.eks_blueprints.module.aws_eks.data.tls_certificate.this",
            "module.eks_blueprints.module.aws_eks.kubernetes_config_map.aws_auth",
            "module.eks_blueprints.module.aws_eks.kubernetes_config_map_v1_data.aws_auth",
            "module.eks_blueprints.module.aws_eks.module.eks_managed_node_group.aws_eks_node_group.this",
            "module.eks_blueprints.module.aws_eks.module.eks_managed_node_group.aws_iam_role.this",
            "module.eks_blueprints.module.aws_eks.module.eks_managed_node_group.aws_iam_role_policy_attachment.this",
            "module.eks_blueprints.module.aws_eks.module.eks_managed_node_group.aws_launch_template.this",
            "module.eks_blueprints.module.aws_eks.module.eks_managed_node_group.aws_security_group.this",
            "module.eks_blueprints.module.aws_eks.module.eks_managed_node_group.aws_security_group_rule.this",
            "module.eks_blueprints.module.aws_eks.module.eks_managed_node_group.data.aws_caller_identity.current",
            "module.eks_blueprints.module.aws_eks.module.eks_managed_node_group.data.aws_iam_policy_document.assume_role_policy",
            "module.eks_blueprints.module.aws_eks.module.eks_managed_node_group.data.aws_partition.current",
            "module.eks_blueprints.module.aws_eks.module.eks_managed_node_group.module.user_data.data.cloudinit_config.linux_eks_managed_node_group",
            "module.eks_blueprints.module.aws_eks.module.fargate_profile.aws_eks_fargate_profile.this",
            "module.eks_blueprints.module.aws_eks.module.fargate_profile.aws_iam_role.this",
            "module.eks_blueprints.module.aws_eks.module.fargate_profile.aws_iam_role_policy_attachment.this",
            "module.eks_blueprints.module.aws_eks.module.fargate_profile.data.aws_caller_identity.current",
            "module.eks_blueprints.module.aws_eks.module.fargate_profile.data.aws_iam_policy_document.assume_role_policy",
            "module.eks_blueprints.module.aws_eks.module.fargate_profile.data.aws_partition.current",
            "module.eks_blueprints.module.aws_eks.module.kms.aws_kms_alias.this",
            "module.eks_blueprints.module.aws_eks.module.kms.aws_kms_external_key.this",
            "module.eks_blueprints.module.aws_eks.module.kms.aws_kms_grant.this",
            "module.eks_blueprints.module.aws_eks.module.kms.aws_kms_key.this",
            "module.eks_blueprints.module.aws_eks.module.kms.data.aws_caller_identity.current",
            "module.eks_blueprints.module.aws_eks.module.kms.data.aws_iam_policy_document.this",
            "module.eks_blueprints.module.aws_eks.module.kms.data.aws_partition.current",
            "module.eks_blueprints.module.aws_eks.module.self_managed_node_group.aws_autoscaling_group.this",
            "module.eks_blueprints.module.aws_eks.module.self_managed_node_group.aws_autoscaling_schedule.this",
            "module.eks_blueprints.module.aws_eks.module.self_managed_node_group.aws_iam_instance_profile.this",
            "module.eks_blueprints.module.aws_eks.module.self_managed_node_group.aws_iam_role.this",
            "module.eks_blueprints.module.aws_eks.module.self_managed_node_group.aws_iam_role_policy_attachment.this",
            "module.eks_blueprints.module.aws_eks.module.self_managed_node_group.aws_launch_template.this",
            "module.eks_blueprints.module.aws_eks.module.self_managed_node_group.aws_security_group.this",
            "module.eks_blueprints.module.aws_eks.module.self_managed_node_group.aws_security_group_rule.this",
            "module.eks_blueprints.module.aws_eks.module.self_managed_node_group.data.aws_ami.eks_default",
            "module.eks_blueprints.module.aws_eks.module.self_managed_node_group.data.aws_caller_identity.current",
            "module.eks_blueprints.module.aws_eks.module.self_managed_node_group.data.aws_default_tags.current",
            "module.eks_blueprints.module.aws_eks.module.self_managed_node_group.data.aws_iam_policy_document.assume_role_policy",
            "module.eks_blueprints.module.aws_eks.module.self_managed_node_group.data.aws_partition.current",
            "module.eks_blueprints.module.aws_eks.module.self_managed_node_group.module.user_data.data.cloudinit_config.linux_eks_managed_node_group",
            "module.eks_blueprints.module.aws_eks_fargate_profiles.aws_eks_fargate_profile.eks_fargate",
            "module.eks_blueprints.module.aws_eks_fargate_profiles.aws_iam_policy.cwlogs",
            "module.eks_blueprints.module.aws_eks_fargate_profiles.aws_iam_role.fargate",
            "module.eks_blueprints.module.aws_eks_fargate_profiles.aws_iam_role_policy_attachment.cwlogs",
            "module.eks_blueprints.module.aws_eks_fargate_profiles.aws_iam_role_policy_attachment.fargate_pod_execution_role_policy",
            "module.eks_blueprints.module.aws_eks_fargate_profiles.data.aws_iam_policy_document.cwlogs",
            "module.eks_blueprints.module.aws_eks_fargate_profiles.data.aws_iam_policy_document.fargate_assume_role_policy",
            "module.eks_blueprints.module.aws_eks_managed_node_groups.aws_eks_node_group.managed_ng",
            "module.eks_blueprints.module.aws_eks_managed_node_groups.aws_iam_instance_profile.managed_ng",
            "module.eks_blueprints.module.aws_eks_managed_node_groups.aws_iam_role.managed_ng",
            "module.eks_blueprints.module.aws_eks_managed_node_groups.aws_iam_role_policy_attachment.managed_ng",
            "module.eks_blueprints.module.aws_eks_managed_node_groups.aws_launch_template.managed_node_groups",
            "module.eks_blueprints.module.aws_eks_managed_node_groups.data.aws_iam_policy_document.managed_ng_assume_role_policy",
            "module.eks_blueprints.module.aws_eks_self_managed_node_groups.aws_autoscaling_group.self_managed_ng",
            "module.eks_blueprints.module.aws_eks_self_managed_node_groups.aws_iam_instance_profile.self_managed_ng",
            "module.eks_blueprints.module.aws_eks_self_managed_node_groups.aws_iam_policy.eks_windows_cni",
            "module.eks_blueprints.module.aws_eks_self_managed_node_groups.aws_iam_role.self_managed_ng",
            "module.eks_blueprints.module.aws_eks_self_managed_node_groups.aws_iam_role_policy_attachment.eks_windows_cni",
            "module.eks_blueprints.module.aws_eks_self_managed_node_groups.aws_iam_role_policy_attachment.self_managed_ng",
            "module.eks_blueprints.module.aws_eks_self_managed_node_groups.data.aws_ami.predefined",
            "module.eks_blueprints.module.aws_eks_self_managed_node_groups.data.aws_iam_policy_document.eks_windows_cni",
            "module.eks_blueprints.module.aws_eks_self_managed_node_groups.data.aws_iam_policy_document.self_managed_ng_assume_role_policy",
            "module.eks_blueprints.module.aws_eks_self_managed_node_groups.module.launch_template_self_managed_ng.aws_launch_template.this",
            "module.eks_blueprints.module.aws_eks_self_managed_node_groups.module.launch_template_self_managed_ng.data.aws_eks_cluster.eks",
            "module.eks_blueprints.module.aws_eks_teams.aws_iam_policy.platform_team_eks_access",
            "module.eks_blueprints.module.aws_eks_teams.aws_iam_role.platform_team",
            "module.eks_blueprints.module.aws_eks_teams.aws_iam_role.team_access",
            "module.eks_blueprints.module.aws_eks_teams.aws_iam_role.team_sa_irsa",
            "module.eks_blueprints.module.aws_eks_teams.data.aws_caller_identity.current",
            "module.eks_blueprints.module.aws_eks_teams.data.aws_eks_cluster.eks_cluster",
            "module.eks_blueprints.module.aws_eks_teams.data.aws_iam_policy_document.platform_team_eks_access",
            "module.eks_blueprints.module.aws_eks_teams.data.aws_partition.current",
            "module.eks_blueprints.module.aws_eks_teams.data.aws_region.current",
            "module.eks_blueprints.module.aws_eks_teams.kubectl_manifest.team",
            "module.eks_blueprints.module.aws_eks_teams.kubernetes_cluster_role.team",
            "module.eks_blueprints.module.aws_eks_teams.kubernetes_cluster_role_binding.team",
            "module.eks_blueprints.module.aws_eks_teams.kubernetes_namespace.team",
            "module.eks_blueprints.module.aws_eks_teams.kubernetes_resource_quota.this",
            "module.eks_blueprints.module.aws_eks_teams.kubernetes_role.team",
            "module.eks_blueprints.module.aws_eks_teams.kubernetes_role_binding.team",
            "module.eks_blueprints.module.aws_eks_teams.kubernetes_service_account.team",
            "module.eks_blueprints.module.emr_on_eks.aws_iam_role.emr_on_eks_execution",
            "module.eks_blueprints.module.emr_on_eks.aws_iam_role_policy_attachment.custom",
            "module.eks_blueprints.module.emr_on_eks.data.aws_iam_policy_document.emr_assume_role",
            "module.eks_blueprints.module.emr_on_eks.data.aws_region.current",
            "module.eks_blueprints.module.emr_on_eks.kubernetes_namespace.spark",
            "module.eks_blueprints.module.emr_on_eks.kubernetes_role.emr_containers",
            "module.eks_blueprints.module.emr_on_eks.kubernetes_role_binding.emr_containers",
            "module.eks_blueprints.module.emr_on_eks.null_resource.update_trust_policy",
            "module.eks_blueprints.module.kms.aws_kms_alias.this",
            "module.eks_blueprints.module.kms.aws_kms_key.this",
            "module.kubernetes_addons.data.aws_caller_identity.current",
            "module.kubernetes_addons.data.aws_eks_cluster.eks_cluster",
            "module.kubernetes_addons.data.aws_partition.current",
            "module.kubernetes_addons.data.aws_region.current",
            "module.kubernetes_addons.module.aws_ebs_csi_driver.aws_iam_policy.aws_ebs_csi_driver",
            "module.kubernetes_addons.module.aws_ebs_csi_driver.data.aws_eks_addon_version.this",
            "module.kubernetes_addons.module.aws_ebs_csi_driver.data.aws_iam_policy_document.aws_ebs_csi_driver",
            "module.kubernetes_addons.module.aws_ebs_csi_driver.module.irsa_addon.aws_iam_role.irsa",
            "module.kubernetes_addons.time_sleep.dataplane",
            "module.vpc.aws_subnet.private",
            "module.vpc.aws_subnet.public",
            "module.vpc.aws_vpc.this"
          ]
        }
      ]
    },
    {
      "module": "module.kubernetes_addons.module.aws_ebs_csi_driver[0]",
      "mode": "managed",
      "type": "aws_iam_policy",
      "name": "aws_ebs_csi_driver",
      "provider": "provider[\"registry.terraform.io/hashicorp/aws\"]",
      "instances": [
        {
          "index_key": 0,
          "schema_version": 0,
          "attributes": {
            "arn": "arn:aws:iam::261106957109:policy/eks-lab-aws-ebs-csi-driver-irsa",
            "description": "IAM Policy for AWS EBS CSI Driver",
            "id": "arn:aws:iam::261106957109:policy/eks-lab-aws-ebs-csi-driver-irsa",
            "name": "eks-lab-aws-ebs-csi-driver-irsa",
            "name_prefix": "",
            "path": "/",
            "policy": "{\"Statement\":[{\"Action\":[\"ec2:ModifyVolume\",\"ec2:DetachVolume\",\"ec2:DescribeVolumesModifications\",\"ec2:DescribeVolumes\",\"ec2:DescribeTags\",\"ec2:DescribeSnapshots\",\"ec2:DescribeInstances\",\"ec2:DescribeAvailabilityZones\",\"ec2:CreateSnapshot\",\"ec2:AttachVolume\"],\"Effect\":\"Allow\",\"Resource\":\"*\",\"Sid\":\"\"},{\"Action\":\"ec2:CreateTags\",\"Condition\":{\"StringEquals\":{\"ec2:CreateAction\":[\"CreateVolume\",\"CreateSnapshot\"]}},\"Effect\":\"Allow\",\"Resource\":[\"arn:aws:ec2:*:*:volume/*\",\"arn:aws:ec2:*:*:snapshot/*\"],\"Sid\":\"\"},{\"Action\":\"ec2:DeleteTags\",\"Effect\":\"Allow\",\"Resource\":[\"arn:aws:ec2:*:*:volume/*\",\"arn:aws:ec2:*:*:snapshot/*\"],\"Sid\":\"\"},{\"Action\":\"ec2:CreateVolume\",\"Condition\":{\"StringLike\":{\"aws:RequestTag/ebs.csi.aws.com/cluster\":\"true\"}},\"Effect\":\"Allow\",\"Resource\":\"*\",\"Sid\":\"\"},{\"Action\":\"ec2:CreateVolume\",\"Condition\":{\"StringLike\":{\"aws:RequestTag/CSIVolumeName\":\"*\"}},\"Effect\":\"Allow\",\"Resource\":\"*\",\"Sid\":\"\"},{\"Action\":\"ec2:CreateVolume\",\"Condition\":{\"StringLike\":{\"aws:RequestTag/kubernetes.io/cluster/*\":\"owned\"}},\"Effect\":\"Allow\",\"Resource\":\"*\",\"Sid\":\"\"},{\"Action\":\"ec2:DeleteVolume\",\"Condition\":{\"StringLike\":{\"ec2:ResourceTag/ebs.csi.aws.com/cluster\":\"true\"}},\"Effect\":\"Allow\",\"Resource\":\"*\",\"Sid\":\"\"},{\"Action\":\"ec2:DeleteVolume\",\"Condition\":{\"StringLike\":{\"ec2:ResourceTag/CSIVolumeName\":\"*\"}},\"Effect\":\"Allow\",\"Resource\":\"*\",\"Sid\":\"\"},{\"Action\":\"ec2:DeleteVolume\",\"Condition\":{\"StringLike\":{\"ec2:ResourceTag/kubernetes.io/cluster/*\":\"owned\"}},\"Effect\":\"Allow\",\"Resource\":\"*\",\"Sid\":\"\"},{\"Action\":\"ec2:DeleteSnapshot\",\"Condition\":{\"StringLike\":{\"ec2:ResourceTag/CSIVolumeSnapshotName\":\"*\"}},\"Effect\":\"Allow\",\"Resource\":\"*\",\"Sid\":\"\"},{\"Action\":\"ec2:DeleteSnapshot\",\"Condition\":{\"StringLike\":{\"ec2:ResourceTag/ebs.csi.aws.com/cluster\":\"true\"}},\"Effect\":\"Allow\",\"Resource\":\"*\",\"Sid\":\"\"}],\"Version\":\"2012-10-17\"}",
            "policy_id": "ANPATZSZP7M2VAOELR5XH",
            "tags": null,
            "tags_all": {}
          },
          "sensitive_attributes": [],
          "private": "bnVsbA==",
          "dependencies": [
            "data.aws_availability_zones.available",
            "data.aws_caller_identity.current",
            "data.aws_eks_cluster_auth.this",
            "module.eks_blueprints.data.aws_caller_identity.current",
            "module.eks_blueprints.data.aws_eks_cluster.cluster",
            "module.eks_blueprints.data.aws_iam_policy_document.eks_key",
            "module.eks_blueprints.data.aws_iam_session_context.current",
            "module.eks_blueprints.data.aws_partition.current",
            "module.eks_blueprints.data.aws_region.current",
            "module.eks_blueprints.data.http.eks_cluster_readiness",
            "module.eks_blueprints.kubernetes_config_map.amazon_vpc_cni",
            "module.eks_blueprints.kubernetes_config_map.aws_auth",
            "module.eks_blueprints.module.aws_eks.aws_cloudwatch_log_group.this",
            "module.eks_blueprints.module.aws_eks.aws_ec2_tag.cluster_primary_security_group",
            "module.eks_blueprints.module.aws_eks.aws_eks_addon.this",
            "module.eks_blueprints.module.aws_eks.aws_eks_cluster.this",
            "module.eks_blueprints.module.aws_eks.aws_eks_identity_provider_config.this",
            "module.eks_blueprints.module.aws_eks.aws_iam_openid_connect_provider.oidc_provider",
            "module.eks_blueprints.module.aws_eks.aws_iam_policy.cluster_encryption",
            "module.eks_blueprints.module.aws_eks.aws_iam_policy.cni_ipv6_policy",
            "module.eks_blueprints.module.aws_eks.aws_iam_role.this",
            "module.eks_blueprints.module.aws_eks.aws_iam_role_policy_attachment.cluster_encryption",
            "module.eks_blueprints.module.aws_eks.aws_iam_role_policy_attachment.this",
            "module.eks_blueprints.module.aws_eks.aws_security_group.cluster",
            "module.eks_blueprints.module.aws_eks.aws_security_group.node",
            "module.eks_blueprints.module.aws_eks.aws_security_group_rule.cluster",
            "module.eks_blueprints.module.aws_eks.aws_security_group_rule.node",
            "module.eks_blueprints.module.aws_eks.data.aws_caller_identity.current",
            "module.eks_blueprints.module.aws_eks.data.aws_iam_policy_document.assume_role_policy",
            "module.eks_blueprints.module.aws_eks.data.aws_iam_policy_document.cni_ipv6_policy",
            "module.eks_blueprints.module.aws_eks.data.aws_partition.current",
            "module.eks_blueprints.module.aws_eks.data.tls_certificate.this",
            "module.eks_blueprints.module.aws_eks.kubernetes_config_map.aws_auth",
            "module.eks_blueprints.module.aws_eks.kubernetes_config_map_v1_data.aws_auth",
            "module.eks_blueprints.module.aws_eks.module.eks_managed_node_group.aws_eks_node_group.this",
            "module.eks_blueprints.module.aws_eks.module.eks_managed_node_group.aws_iam_role.this",
            "module.eks_blueprints.module.aws_eks.module.eks_managed_node_group.aws_iam_role_policy_attachment.this",
            "module.eks_blueprints.module.aws_eks.module.eks_managed_node_group.aws_launch_template.this",
            "module.eks_blueprints.module.aws_eks.module.eks_managed_node_group.aws_security_group.this",
            "module.eks_blueprints.module.aws_eks.module.eks_managed_node_group.aws_security_group_rule.this",
            "module.eks_blueprints.module.aws_eks.module.eks_managed_node_group.data.aws_caller_identity.current",
            "module.eks_blueprints.module.aws_eks.module.eks_managed_node_group.data.aws_iam_policy_document.assume_role_policy",
            "module.eks_blueprints.module.aws_eks.module.eks_managed_node_group.data.aws_partition.current",
            "module.eks_blueprints.module.aws_eks.module.eks_managed_node_group.module.user_data.data.cloudinit_config.linux_eks_managed_node_group",
            "module.eks_blueprints.module.aws_eks.module.fargate_profile.aws_eks_fargate_profile.this",
            "module.eks_blueprints.module.aws_eks.module.fargate_profile.aws_iam_role.this",
            "module.eks_blueprints.module.aws_eks.module.fargate_profile.aws_iam_role_policy_attachment.this",
            "module.eks_blueprints.module.aws_eks.module.fargate_profile.data.aws_caller_identity.current",
            "module.eks_blueprints.module.aws_eks.module.fargate_profile.data.aws_iam_policy_document.assume_role_policy",
            "module.eks_blueprints.module.aws_eks.module.fargate_profile.data.aws_partition.current",
            "module.eks_blueprints.module.aws_eks.module.kms.aws_kms_alias.this",
            "module.eks_blueprints.module.aws_eks.module.kms.aws_kms_external_key.this",
            "module.eks_blueprints.module.aws_eks.module.kms.aws_kms_grant.this",
            "module.eks_blueprints.module.aws_eks.module.kms.aws_kms_key.this",
            "module.eks_blueprints.module.aws_eks.module.kms.data.aws_caller_identity.current",
            "module.eks_blueprints.module.aws_eks.module.kms.data.aws_iam_policy_document.this",
            "module.eks_blueprints.module.aws_eks.module.kms.data.aws_partition.current",
            "module.eks_blueprints.module.aws_eks.module.self_managed_node_group.aws_autoscaling_group.this",
            "module.eks_blueprints.module.aws_eks.module.self_managed_node_group.aws_autoscaling_schedule.this",
            "module.eks_blueprints.module.aws_eks.module.self_managed_node_group.aws_iam_instance_profile.this",
            "module.eks_blueprints.module.aws_eks.module.self_managed_node_group.aws_iam_role.this",
            "module.eks_blueprints.module.aws_eks.module.self_managed_node_group.aws_iam_role_policy_attachment.this",
            "module.eks_blueprints.module.aws_eks.module.self_managed_node_group.aws_launch_template.this",
            "module.eks_blueprints.module.aws_eks.module.self_managed_node_group.aws_security_group.this",
            "module.eks_blueprints.module.aws_eks.module.self_managed_node_group.aws_security_group_rule.this",
            "module.eks_blueprints.module.aws_eks.module.self_managed_node_group.data.aws_ami.eks_default",
            "module.eks_blueprints.module.aws_eks.module.self_managed_node_group.data.aws_caller_identity.current",
            "module.eks_blueprints.module.aws_eks.module.self_managed_node_group.data.aws_default_tags.current",
            "module.eks_blueprints.module.aws_eks.module.self_managed_node_group.data.aws_iam_policy_document.assume_role_policy",
            "module.eks_blueprints.module.aws_eks.module.self_managed_node_group.data.aws_partition.current",
            "module.eks_blueprints.module.aws_eks.module.self_managed_node_group.module.user_data.data.cloudinit_config.linux_eks_managed_node_group",
            "module.eks_blueprints.module.aws_eks_fargate_profiles.aws_eks_fargate_profile.eks_fargate",
            "module.eks_blueprints.module.aws_eks_fargate_profiles.aws_iam_policy.cwlogs",
            "module.eks_blueprints.module.aws_eks_fargate_profiles.aws_iam_role.fargate",
            "module.eks_blueprints.module.aws_eks_fargate_profiles.aws_iam_role_policy_attachment.cwlogs",
            "module.eks_blueprints.module.aws_eks_fargate_profiles.aws_iam_role_policy_attachment.fargate_pod_execution_role_policy",
            "module.eks_blueprints.module.aws_eks_fargate_profiles.data.aws_iam_policy_document.cwlogs",
            "module.eks_blueprints.module.aws_eks_fargate_profiles.data.aws_iam_policy_document.fargate_assume_role_policy",
            "module.eks_blueprints.module.aws_eks_managed_node_groups.aws_eks_node_group.managed_ng",
            "module.eks_blueprints.module.aws_eks_managed_node_groups.aws_iam_instance_profile.managed_ng",
            "module.eks_blueprints.module.aws_eks_managed_node_groups.aws_iam_role.managed_ng",
            "module.eks_blueprints.module.aws_eks_managed_node_groups.aws_iam_role_policy_attachment.managed_ng",
            "module.eks_blueprints.module.aws_eks_managed_node_groups.aws_launch_template.managed_node_groups",
            "module.eks_blueprints.module.aws_eks_managed_node_groups.data.aws_iam_policy_document.managed_ng_assume_role_policy",
            "module.eks_blueprints.module.aws_eks_self_managed_node_groups.aws_autoscaling_group.self_managed_ng",
            "module.eks_blueprints.module.aws_eks_self_managed_node_groups.aws_iam_instance_profile.self_managed_ng",
            "module.eks_blueprints.module.aws_eks_self_managed_node_groups.aws_iam_policy.eks_windows_cni",
            "module.eks_blueprints.module.aws_eks_self_managed_node_groups.aws_iam_role.self_managed_ng",
            "module.eks_blueprints.module.aws_eks_self_managed_node_groups.aws_iam_role_policy_attachment.eks_windows_cni",
            "module.eks_blueprints.module.aws_eks_self_managed_node_groups.aws_iam_role_policy_attachment.self_managed_ng",
            "module.eks_blueprints.module.aws_eks_self_managed_node_groups.data.aws_ami.predefined",
            "module.eks_blueprints.module.aws_eks_self_managed_node_groups.data.aws_iam_policy_document.eks_windows_cni",
            "module.eks_blueprints.module.aws_eks_self_managed_node_groups.data.aws_iam_policy_document.self_managed_ng_assume_role_policy",
            "module.eks_blueprints.module.aws_eks_self_managed_node_groups.module.launch_template_self_managed_ng.aws_launch_template.this",
            "module.eks_blueprints.module.aws_eks_self_managed_node_groups.module.launch_template_self_managed_ng.data.aws_eks_cluster.eks",
            "module.eks_blueprints.module.aws_eks_teams.aws_iam_policy.platform_team_eks_access",
            "module.eks_blueprints.module.aws_eks_teams.aws_iam_role.platform_team",
            "module.eks_blueprints.module.aws_eks_teams.aws_iam_role.team_access",
            "module.eks_blueprints.module.aws_eks_teams.aws_iam_role.team_sa_irsa",
            "module.eks_blueprints.module.aws_eks_teams.data.aws_caller_identity.current",
            "module.eks_blueprints.module.aws_eks_teams.data.aws_eks_cluster.eks_cluster",
            "module.eks_blueprints.module.aws_eks_teams.data.aws_iam_policy_document.platform_team_eks_access",
            "module.eks_blueprints.module.aws_eks_teams.data.aws_partition.current",
            "module.eks_blueprints.module.aws_eks_teams.data.aws_region.current",
            "module.eks_blueprints.module.aws_eks_teams.kubectl_manifest.team",
            "module.eks_blueprints.module.aws_eks_teams.kubernetes_cluster_role.team",
            "module.eks_blueprints.module.aws_eks_teams.kubernetes_cluster_role_binding.team",
            "module.eks_blueprints.module.aws_eks_teams.kubernetes_namespace.team",
            "module.eks_blueprints.module.aws_eks_teams.kubernetes_resource_quota.this",
            "module.eks_blueprints.module.aws_eks_teams.kubernetes_role.team",
            "module.eks_blueprints.module.aws_eks_teams.kubernetes_role_binding.team",
            "module.eks_blueprints.module.aws_eks_teams.kubernetes_service_account.team",
            "module.eks_blueprints.module.emr_on_eks.aws_iam_role.emr_on_eks_execution",
            "module.eks_blueprints.module.emr_on_eks.aws_iam_role_policy_attachment.custom",
            "module.eks_blueprints.module.emr_on_eks.data.aws_iam_policy_document.emr_assume_role",
            "module.eks_blueprints.module.emr_on_eks.data.aws_region.current",
            "module.eks_blueprints.module.emr_on_eks.kubernetes_namespace.spark",
            "module.eks_blueprints.module.emr_on_eks.kubernetes_role.emr_containers",
            "module.eks_blueprints.module.emr_on_eks.kubernetes_role_binding.emr_containers",
            "module.eks_blueprints.module.emr_on_eks.null_resource.update_trust_policy",
            "module.eks_blueprints.module.kms.aws_kms_alias.this",
            "module.eks_blueprints.module.kms.aws_kms_key.this",
            "module.kubernetes_addons.data.aws_caller_identity.current",
            "module.kubernetes_addons.data.aws_eks_cluster.eks_cluster",
            "module.kubernetes_addons.data.aws_partition.current",
            "module.kubernetes_addons.data.aws_region.current",
            "module.kubernetes_addons.module.aws_ebs_csi_driver.data.aws_iam_policy_document.aws_ebs_csi_driver",
            "module.kubernetes_addons.time_sleep.dataplane",
            "module.vpc.aws_subnet.private",
            "module.vpc.aws_subnet.public",
            "module.vpc.aws_vpc.this"
          ]
        }
      ]
    },
    {
      "module": "module.kubernetes_addons.module.aws_ebs_csi_driver[0].module.irsa_addon[0]",
      "mode": "managed",
      "type": "aws_iam_role",
      "name": "irsa",
      "provider": "provider[\"registry.terraform.io/hashicorp/aws\"]",
      "instances": [
        {
          "index_key": 0,
          "schema_version": 0,
          "attributes": {
            "arn": "arn:aws:iam::261106957109:role/eks-lab-ebs-csi-controller-sa-irsa",
            "assume_role_policy": "{\"Statement\":[{\"Action\":\"sts:AssumeRoleWithWebIdentity\",\"Condition\":{\"StringLike\":{\"oidc.eks.us-east-1.amazonaws.com/id/B5287FFBCE112FDB3C90BCED28AE250F:aud\":\"sts.amazonaws.com\",\"oidc.eks.us-east-1.amazonaws.com/id/B5287FFBCE112FDB3C90BCED28AE250F:sub\":\"system:serviceaccount:kube-system:ebs-csi-controller-sa\"}},\"Effect\":\"Allow\",\"Principal\":{\"Federated\":\"arn:aws:iam::261106957109:oidc-provider/oidc.eks.us-east-1.amazonaws.com/id/B5287FFBCE112FDB3C90BCED28AE250F\"}}],\"Version\":\"2012-10-17\"}",
            "create_date": "2023-04-22T02:03:29Z",
            "description": "AWS IAM Role for the Kubernetes service account ebs-csi-controller-sa.",
            "force_detach_policies": true,
            "id": "eks-lab-ebs-csi-controller-sa-irsa",
            "inline_policy": [],
            "managed_policy_arns": [],
            "max_session_duration": 3600,
            "name": "eks-lab-ebs-csi-controller-sa-irsa",
            "name_prefix": "",
            "path": "/",
            "permissions_boundary": "",
            "tags": null,
            "tags_all": {},
            "unique_id": "AROATZSZP7M2VOJJLXIMO"
          },
          "sensitive_attributes": [],
          "private": "bnVsbA==",
          "dependencies": [
            "data.aws_availability_zones.available",
            "data.aws_caller_identity.current",
            "data.aws_eks_cluster_auth.this",
            "module.eks_blueprints.data.aws_caller_identity.current",
            "module.eks_blueprints.data.aws_eks_cluster.cluster",
            "module.eks_blueprints.data.aws_iam_policy_document.eks_key",
            "module.eks_blueprints.data.aws_iam_session_context.current",
            "module.eks_blueprints.data.aws_partition.current",
            "module.eks_blueprints.data.aws_region.current",
            "module.eks_blueprints.data.http.eks_cluster_readiness",
            "module.eks_blueprints.kubernetes_config_map.amazon_vpc_cni",
            "module.eks_blueprints.kubernetes_config_map.aws_auth",
            "module.eks_blueprints.module.aws_eks.aws_cloudwatch_log_group.this",
            "module.eks_blueprints.module.aws_eks.aws_ec2_tag.cluster_primary_security_group",
            "module.eks_blueprints.module.aws_eks.aws_eks_addon.this",
            "module.eks_blueprints.module.aws_eks.aws_eks_cluster.this",
            "module.eks_blueprints.module.aws_eks.aws_eks_identity_provider_config.this",
            "module.eks_blueprints.module.aws_eks.aws_iam_openid_connect_provider.oidc_provider",
            "module.eks_blueprints.module.aws_eks.aws_iam_policy.cluster_encryption",
            "module.eks_blueprints.module.aws_eks.aws_iam_policy.cni_ipv6_policy",
            "module.eks_blueprints.module.aws_eks.aws_iam_role.this",
            "module.eks_blueprints.module.aws_eks.aws_iam_role_policy_attachment.cluster_encryption",
            "module.eks_blueprints.module.aws_eks.aws_iam_role_policy_attachment.this",
            "module.eks_blueprints.module.aws_eks.aws_security_group.cluster",
            "module.eks_blueprints.module.aws_eks.aws_security_group.node",
            "module.eks_blueprints.module.aws_eks.aws_security_group_rule.cluster",
            "module.eks_blueprints.module.aws_eks.aws_security_group_rule.node",
            "module.eks_blueprints.module.aws_eks.data.aws_caller_identity.current",
            "module.eks_blueprints.module.aws_eks.data.aws_iam_policy_document.assume_role_policy",
            "module.eks_blueprints.module.aws_eks.data.aws_iam_policy_document.cni_ipv6_policy",
            "module.eks_blueprints.module.aws_eks.data.aws_partition.current",
            "module.eks_blueprints.module.aws_eks.data.tls_certificate.this",
            "module.eks_blueprints.module.aws_eks.kubernetes_config_map.aws_auth",
            "module.eks_blueprints.module.aws_eks.kubernetes_config_map_v1_data.aws_auth",
            "module.eks_blueprints.module.aws_eks.module.eks_managed_node_group.aws_eks_node_group.this",
            "module.eks_blueprints.module.aws_eks.module.eks_managed_node_group.aws_iam_role.this",
            "module.eks_blueprints.module.aws_eks.module.eks_managed_node_group.aws_iam_role_policy_attachment.this",
            "module.eks_blueprints.module.aws_eks.module.eks_managed_node_group.aws_launch_template.this",
            "module.eks_blueprints.module.aws_eks.module.eks_managed_node_group.aws_security_group.this",
            "module.eks_blueprints.module.aws_eks.module.eks_managed_node_group.aws_security_group_rule.this",
            "module.eks_blueprints.module.aws_eks.module.eks_managed_node_group.data.aws_caller_identity.current",
            "module.eks_blueprints.module.aws_eks.module.eks_managed_node_group.data.aws_iam_policy_document.assume_role_policy",
            "module.eks_blueprints.module.aws_eks.module.eks_managed_node_group.data.aws_partition.current",
            "module.eks_blueprints.module.aws_eks.module.eks_managed_node_group.module.user_data.data.cloudinit_config.linux_eks_managed_node_group",
            "module.eks_blueprints.module.aws_eks.module.fargate_profile.aws_eks_fargate_profile.this",
            "module.eks_blueprints.module.aws_eks.module.fargate_profile.aws_iam_role.this",
            "module.eks_blueprints.module.aws_eks.module.fargate_profile.aws_iam_role_policy_attachment.this",
            "module.eks_blueprints.module.aws_eks.module.fargate_profile.data.aws_caller_identity.current",
            "module.eks_blueprints.module.aws_eks.module.fargate_profile.data.aws_iam_policy_document.assume_role_policy",
            "module.eks_blueprints.module.aws_eks.module.fargate_profile.data.aws_partition.current",
            "module.eks_blueprints.module.aws_eks.module.kms.aws_kms_alias.this",
            "module.eks_blueprints.module.aws_eks.module.kms.aws_kms_external_key.this",
            "module.eks_blueprints.module.aws_eks.module.kms.aws_kms_grant.this",
            "module.eks_blueprints.module.aws_eks.module.kms.aws_kms_key.this",
            "module.eks_blueprints.module.aws_eks.module.kms.data.aws_caller_identity.current",
            "module.eks_blueprints.module.aws_eks.module.kms.data.aws_iam_policy_document.this",
            "module.eks_blueprints.module.aws_eks.module.kms.data.aws_partition.current",
            "module.eks_blueprints.module.aws_eks.module.self_managed_node_group.aws_autoscaling_group.this",
            "module.eks_blueprints.module.aws_eks.module.self_managed_node_group.aws_autoscaling_schedule.this",
            "module.eks_blueprints.module.aws_eks.module.self_managed_node_group.aws_iam_instance_profile.this",
            "module.eks_blueprints.module.aws_eks.module.self_managed_node_group.aws_iam_role.this",
            "module.eks_blueprints.module.aws_eks.module.self_managed_node_group.aws_iam_role_policy_attachment.this",
            "module.eks_blueprints.module.aws_eks.module.self_managed_node_group.aws_launch_template.this",
            "module.eks_blueprints.module.aws_eks.module.self_managed_node_group.aws_security_group.this",
            "module.eks_blueprints.module.aws_eks.module.self_managed_node_group.aws_security_group_rule.this",
            "module.eks_blueprints.module.aws_eks.module.self_managed_node_group.data.aws_ami.eks_default",
            "module.eks_blueprints.module.aws_eks.module.self_managed_node_group.data.aws_caller_identity.current",
            "module.eks_blueprints.module.aws_eks.module.self_managed_node_group.data.aws_default_tags.current",
            "module.eks_blueprints.module.aws_eks.module.self_managed_node_group.data.aws_iam_policy_document.assume_role_policy",
            "module.eks_blueprints.module.aws_eks.module.self_managed_node_group.data.aws_partition.current",
            "module.eks_blueprints.module.aws_eks.module.self_managed_node_group.module.user_data.data.cloudinit_config.linux_eks_managed_node_group",
            "module.eks_blueprints.module.aws_eks_fargate_profiles.aws_eks_fargate_profile.eks_fargate",
            "module.eks_blueprints.module.aws_eks_fargate_profiles.aws_iam_policy.cwlogs",
            "module.eks_blueprints.module.aws_eks_fargate_profiles.aws_iam_role.fargate",
            "module.eks_blueprints.module.aws_eks_fargate_profiles.aws_iam_role_policy_attachment.cwlogs",
            "module.eks_blueprints.module.aws_eks_fargate_profiles.aws_iam_role_policy_attachment.fargate_pod_execution_role_policy",
            "module.eks_blueprints.module.aws_eks_fargate_profiles.data.aws_iam_policy_document.cwlogs",
            "module.eks_blueprints.module.aws_eks_fargate_profiles.data.aws_iam_policy_document.fargate_assume_role_policy",
            "module.eks_blueprints.module.aws_eks_managed_node_groups.aws_eks_node_group.managed_ng",
            "module.eks_blueprints.module.aws_eks_managed_node_groups.aws_iam_instance_profile.managed_ng",
            "module.eks_blueprints.module.aws_eks_managed_node_groups.aws_iam_role.managed_ng",
            "module.eks_blueprints.module.aws_eks_managed_node_groups.aws_iam_role_policy_attachment.managed_ng",
            "module.eks_blueprints.module.aws_eks_managed_node_groups.aws_launch_template.managed_node_groups",
            "module.eks_blueprints.module.aws_eks_managed_node_groups.data.aws_iam_policy_document.managed_ng_assume_role_policy",
            "module.eks_blueprints.module.aws_eks_self_managed_node_groups.aws_autoscaling_group.self_managed_ng",
            "module.eks_blueprints.module.aws_eks_self_managed_node_groups.aws_iam_instance_profile.self_managed_ng",
            "module.eks_blueprints.module.aws_eks_self_managed_node_groups.aws_iam_policy.eks_windows_cni",
            "module.eks_blueprints.module.aws_eks_self_managed_node_groups.aws_iam_role.self_managed_ng",
            "module.eks_blueprints.module.aws_eks_self_managed_node_groups.aws_iam_role_policy_attachment.eks_windows_cni",
            "module.eks_blueprints.module.aws_eks_self_managed_node_groups.aws_iam_role_policy_attachment.self_managed_ng",
            "module.eks_blueprints.module.aws_eks_self_managed_node_groups.data.aws_ami.predefined",
            "module.eks_blueprints.module.aws_eks_self_managed_node_groups.data.aws_iam_policy_document.eks_windows_cni",
            "module.eks_blueprints.module.aws_eks_self_managed_node_groups.data.aws_iam_policy_document.self_managed_ng_assume_role_policy",
            "module.eks_blueprints.module.aws_eks_self_managed_node_groups.module.launch_template_self_managed_ng.aws_launch_template.this",
            "module.eks_blueprints.module.aws_eks_self_managed_node_groups.module.launch_template_self_managed_ng.data.aws_eks_cluster.eks",
            "module.eks_blueprints.module.aws_eks_teams.aws_iam_policy.platform_team_eks_access",
            "module.eks_blueprints.module.aws_eks_teams.aws_iam_role.platform_team",
            "module.eks_blueprints.module.aws_eks_teams.aws_iam_role.team_access",
            "module.eks_blueprints.module.aws_eks_teams.aws_iam_role.team_sa_irsa",
            "module.eks_blueprints.module.aws_eks_teams.data.aws_caller_identity.current",
            "module.eks_blueprints.module.aws_eks_teams.data.aws_eks_cluster.eks_cluster",
            "module.eks_blueprints.module.aws_eks_teams.data.aws_iam_policy_document.platform_team_eks_access",
            "module.eks_blueprints.module.aws_eks_teams.data.aws_partition.current",
            "module.eks_blueprints.module.aws_eks_teams.data.aws_region.current",
            "module.eks_blueprints.module.aws_eks_teams.kubectl_manifest.team",
            "module.eks_blueprints.module.aws_eks_teams.kubernetes_cluster_role.team",
            "module.eks_blueprints.module.aws_eks_teams.kubernetes_cluster_role_binding.team",
            "module.eks_blueprints.module.aws_eks_teams.kubernetes_namespace.team",
            "module.eks_blueprints.module.aws_eks_teams.kubernetes_resource_quota.this",
            "module.eks_blueprints.module.aws_eks_teams.kubernetes_role.team",
            "module.eks_blueprints.module.aws_eks_teams.kubernetes_role_binding.team",
            "module.eks_blueprints.module.aws_eks_teams.kubernetes_service_account.team",
            "module.eks_blueprints.module.emr_on_eks.aws_iam_role.emr_on_eks_execution",
            "module.eks_blueprints.module.emr_on_eks.aws_iam_role_policy_attachment.custom",
            "module.eks_blueprints.module.emr_on_eks.data.aws_iam_policy_document.emr_assume_role",
            "module.eks_blueprints.module.emr_on_eks.data.aws_region.current",
            "module.eks_blueprints.module.emr_on_eks.kubernetes_namespace.spark",
            "module.eks_blueprints.module.emr_on_eks.kubernetes_role.emr_containers",
            "module.eks_blueprints.module.emr_on_eks.kubernetes_role_binding.emr_containers",
            "module.eks_blueprints.module.emr_on_eks.null_resource.update_trust_policy",
            "module.eks_blueprints.module.kms.aws_kms_alias.this",
            "module.eks_blueprints.module.kms.aws_kms_key.this",
            "module.kubernetes_addons.data.aws_caller_identity.current",
            "module.kubernetes_addons.data.aws_eks_cluster.eks_cluster",
            "module.kubernetes_addons.data.aws_partition.current",
            "module.kubernetes_addons.data.aws_region.current",
            "module.kubernetes_addons.module.aws_ebs_csi_driver.aws_iam_policy.aws_ebs_csi_driver",
            "module.kubernetes_addons.module.aws_ebs_csi_driver.data.aws_iam_policy_document.aws_ebs_csi_driver",
            "module.kubernetes_addons.time_sleep.dataplane",
            "module.vpc.aws_subnet.private",
            "module.vpc.aws_subnet.public",
            "module.vpc.aws_vpc.this"
          ]
        }
      ]
    },
    {
      "module": "module.kubernetes_addons.module.aws_ebs_csi_driver[0].module.irsa_addon[0]",
      "mode": "managed",
      "type": "aws_iam_role_policy_attachment",
      "name": "irsa",
      "provider": "provider[\"registry.terraform.io/hashicorp/aws\"]",
      "instances": [
        {
          "index_key": 0,
          "schema_version": 0,
          "attributes": {
            "id": "eks-lab-ebs-csi-controller-sa-irsa-20230422020330543300000002",
            "policy_arn": "arn:aws:iam::261106957109:policy/eks-lab-aws-ebs-csi-driver-irsa",
            "role": "eks-lab-ebs-csi-controller-sa-irsa"
          },
          "sensitive_attributes": [],
          "private": "bnVsbA==",
          "dependencies": [
            "data.aws_availability_zones.available",
            "data.aws_caller_identity.current",
            "data.aws_eks_cluster_auth.this",
            "module.eks_blueprints.data.aws_caller_identity.current",
            "module.eks_blueprints.data.aws_eks_cluster.cluster",
            "module.eks_blueprints.data.aws_iam_policy_document.eks_key",
            "module.eks_blueprints.data.aws_iam_session_context.current",
            "module.eks_blueprints.data.aws_partition.current",
            "module.eks_blueprints.data.aws_region.current",
            "module.eks_blueprints.data.http.eks_cluster_readiness",
            "module.eks_blueprints.kubernetes_config_map.amazon_vpc_cni",
            "module.eks_blueprints.kubernetes_config_map.aws_auth",
            "module.eks_blueprints.module.aws_eks.aws_cloudwatch_log_group.this",
            "module.eks_blueprints.module.aws_eks.aws_ec2_tag.cluster_primary_security_group",
            "module.eks_blueprints.module.aws_eks.aws_eks_addon.this",
            "module.eks_blueprints.module.aws_eks.aws_eks_cluster.this",
            "module.eks_blueprints.module.aws_eks.aws_eks_identity_provider_config.this",
            "module.eks_blueprints.module.aws_eks.aws_iam_openid_connect_provider.oidc_provider",
            "module.eks_blueprints.module.aws_eks.aws_iam_policy.cluster_encryption",
            "module.eks_blueprints.module.aws_eks.aws_iam_policy.cni_ipv6_policy",
            "module.eks_blueprints.module.aws_eks.aws_iam_role.this",
            "module.eks_blueprints.module.aws_eks.aws_iam_role_policy_attachment.cluster_encryption",
            "module.eks_blueprints.module.aws_eks.aws_iam_role_policy_attachment.this",
            "module.eks_blueprints.module.aws_eks.aws_security_group.cluster",
            "module.eks_blueprints.module.aws_eks.aws_security_group.node",
            "module.eks_blueprints.module.aws_eks.aws_security_group_rule.cluster",
            "module.eks_blueprints.module.aws_eks.aws_security_group_rule.node",
            "module.eks_blueprints.module.aws_eks.data.aws_caller_identity.current",
            "module.eks_blueprints.module.aws_eks.data.aws_iam_policy_document.assume_role_policy",
            "module.eks_blueprints.module.aws_eks.data.aws_iam_policy_document.cni_ipv6_policy",
            "module.eks_blueprints.module.aws_eks.data.aws_partition.current",
            "module.eks_blueprints.module.aws_eks.data.tls_certificate.this",
            "module.eks_blueprints.module.aws_eks.kubernetes_config_map.aws_auth",
            "module.eks_blueprints.module.aws_eks.kubernetes_config_map_v1_data.aws_auth",
            "module.eks_blueprints.module.aws_eks.module.eks_managed_node_group.aws_eks_node_group.this",
            "module.eks_blueprints.module.aws_eks.module.eks_managed_node_group.aws_iam_role.this",
            "module.eks_blueprints.module.aws_eks.module.eks_managed_node_group.aws_iam_role_policy_attachment.this",
            "module.eks_blueprints.module.aws_eks.module.eks_managed_node_group.aws_launch_template.this",
            "module.eks_blueprints.module.aws_eks.module.eks_managed_node_group.aws_security_group.this",
            "module.eks_blueprints.module.aws_eks.module.eks_managed_node_group.aws_security_group_rule.this",
            "module.eks_blueprints.module.aws_eks.module.eks_managed_node_group.data.aws_caller_identity.current",
            "module.eks_blueprints.module.aws_eks.module.eks_managed_node_group.data.aws_iam_policy_document.assume_role_policy",
            "module.eks_blueprints.module.aws_eks.module.eks_managed_node_group.data.aws_partition.current",
            "module.eks_blueprints.module.aws_eks.module.eks_managed_node_group.module.user_data.data.cloudinit_config.linux_eks_managed_node_group",
            "module.eks_blueprints.module.aws_eks.module.fargate_profile.aws_eks_fargate_profile.this",
            "module.eks_blueprints.module.aws_eks.module.fargate_profile.aws_iam_role.this",
            "module.eks_blueprints.module.aws_eks.module.fargate_profile.aws_iam_role_policy_attachment.this",
            "module.eks_blueprints.module.aws_eks.module.fargate_profile.data.aws_caller_identity.current",
            "module.eks_blueprints.module.aws_eks.module.fargate_profile.data.aws_iam_policy_document.assume_role_policy",
            "module.eks_blueprints.module.aws_eks.module.fargate_profile.data.aws_partition.current",
            "module.eks_blueprints.module.aws_eks.module.kms.aws_kms_alias.this",
            "module.eks_blueprints.module.aws_eks.module.kms.aws_kms_external_key.this",
            "module.eks_blueprints.module.aws_eks.module.kms.aws_kms_grant.this",
            "module.eks_blueprints.module.aws_eks.module.kms.aws_kms_key.this",
            "module.eks_blueprints.module.aws_eks.module.kms.data.aws_caller_identity.current",
            "module.eks_blueprints.module.aws_eks.module.kms.data.aws_iam_policy_document.this",
            "module.eks_blueprints.module.aws_eks.module.kms.data.aws_partition.current",
            "module.eks_blueprints.module.aws_eks.module.self_managed_node_group.aws_autoscaling_group.this",
            "module.eks_blueprints.module.aws_eks.module.self_managed_node_group.aws_autoscaling_schedule.this",
            "module.eks_blueprints.module.aws_eks.module.self_managed_node_group.aws_iam_instance_profile.this",
            "module.eks_blueprints.module.aws_eks.module.self_managed_node_group.aws_iam_role.this",
            "module.eks_blueprints.module.aws_eks.module.self_managed_node_group.aws_iam_role_policy_attachment.this",
            "module.eks_blueprints.module.aws_eks.module.self_managed_node_group.aws_launch_template.this",
            "module.eks_blueprints.module.aws_eks.module.self_managed_node_group.aws_security_group.this",
            "module.eks_blueprints.module.aws_eks.module.self_managed_node_group.aws_security_group_rule.this",
            "module.eks_blueprints.module.aws_eks.module.self_managed_node_group.data.aws_ami.eks_default",
            "module.eks_blueprints.module.aws_eks.module.self_managed_node_group.data.aws_caller_identity.current",
            "module.eks_blueprints.module.aws_eks.module.self_managed_node_group.data.aws_default_tags.current",
            "module.eks_blueprints.module.aws_eks.module.self_managed_node_group.data.aws_iam_policy_document.assume_role_policy",
            "module.eks_blueprints.module.aws_eks.module.self_managed_node_group.data.aws_partition.current",
            "module.eks_blueprints.module.aws_eks.module.self_managed_node_group.module.user_data.data.cloudinit_config.linux_eks_managed_node_group",
            "module.eks_blueprints.module.aws_eks_fargate_profiles.aws_eks_fargate_profile.eks_fargate",
            "module.eks_blueprints.module.aws_eks_fargate_profiles.aws_iam_policy.cwlogs",
            "module.eks_blueprints.module.aws_eks_fargate_profiles.aws_iam_role.fargate",
            "module.eks_blueprints.module.aws_eks_fargate_profiles.aws_iam_role_policy_attachment.cwlogs",
            "module.eks_blueprints.module.aws_eks_fargate_profiles.aws_iam_role_policy_attachment.fargate_pod_execution_role_policy",
            "module.eks_blueprints.module.aws_eks_fargate_profiles.data.aws_iam_policy_document.cwlogs",
            "module.eks_blueprints.module.aws_eks_fargate_profiles.data.aws_iam_policy_document.fargate_assume_role_policy",
            "module.eks_blueprints.module.aws_eks_managed_node_groups.aws_eks_node_group.managed_ng",
            "module.eks_blueprints.module.aws_eks_managed_node_groups.aws_iam_instance_profile.managed_ng",
            "module.eks_blueprints.module.aws_eks_managed_node_groups.aws_iam_role.managed_ng",
            "module.eks_blueprints.module.aws_eks_managed_node_groups.aws_iam_role_policy_attachment.managed_ng",
            "module.eks_blueprints.module.aws_eks_managed_node_groups.aws_launch_template.managed_node_groups",
            "module.eks_blueprints.module.aws_eks_managed_node_groups.data.aws_iam_policy_document.managed_ng_assume_role_policy",
            "module.eks_blueprints.module.aws_eks_self_managed_node_groups.aws_autoscaling_group.self_managed_ng",
            "module.eks_blueprints.module.aws_eks_self_managed_node_groups.aws_iam_instance_profile.self_managed_ng",
            "module.eks_blueprints.module.aws_eks_self_managed_node_groups.aws_iam_policy.eks_windows_cni",
            "module.eks_blueprints.module.aws_eks_self_managed_node_groups.aws_iam_role.self_managed_ng",
            "module.eks_blueprints.module.aws_eks_self_managed_node_groups.aws_iam_role_policy_attachment.eks_windows_cni",
            "module.eks_blueprints.module.aws_eks_self_managed_node_groups.aws_iam_role_policy_attachment.self_managed_ng",
            "module.eks_blueprints.module.aws_eks_self_managed_node_groups.data.aws_ami.predefined",
            "module.eks_blueprints.module.aws_eks_self_managed_node_groups.data.aws_iam_policy_document.eks_windows_cni",
            "module.eks_blueprints.module.aws_eks_self_managed_node_groups.data.aws_iam_policy_document.self_managed_ng_assume_role_policy",
            "module.eks_blueprints.module.aws_eks_self_managed_node_groups.module.launch_template_self_managed_ng.aws_launch_template.this",
            "module.eks_blueprints.module.aws_eks_self_managed_node_groups.module.launch_template_self_managed_ng.data.aws_eks_cluster.eks",
            "module.eks_blueprints.module.aws_eks_teams.aws_iam_policy.platform_team_eks_access",
            "module.eks_blueprints.module.aws_eks_teams.aws_iam_role.platform_team",
            "module.eks_blueprints.module.aws_eks_teams.aws_iam_role.team_access",
            "module.eks_blueprints.module.aws_eks_teams.aws_iam_role.team_sa_irsa",
            "module.eks_blueprints.module.aws_eks_teams.data.aws_caller_identity.current",
            "module.eks_blueprints.module.aws_eks_teams.data.aws_eks_cluster.eks_cluster",
            "module.eks_blueprints.module.aws_eks_teams.data.aws_iam_policy_document.platform_team_eks_access",
            "module.eks_blueprints.module.aws_eks_teams.data.aws_partition.current",
            "module.eks_blueprints.module.aws_eks_teams.data.aws_region.current",
            "module.eks_blueprints.module.aws_eks_teams.kubectl_manifest.team",
            "module.eks_blueprints.module.aws_eks_teams.kubernetes_cluster_role.team",
            "module.eks_blueprints.module.aws_eks_teams.kubernetes_cluster_role_binding.team",
            "module.eks_blueprints.module.aws_eks_teams.kubernetes_namespace.team",
            "module.eks_blueprints.module.aws_eks_teams.kubernetes_resource_quota.this",
            "module.eks_blueprints.module.aws_eks_teams.kubernetes_role.team",
            "module.eks_blueprints.module.aws_eks_teams.kubernetes_role_binding.team",
            "module.eks_blueprints.module.aws_eks_teams.kubernetes_service_account.team",
            "module.eks_blueprints.module.emr_on_eks.aws_iam_role.emr_on_eks_execution",
            "module.eks_blueprints.module.emr_on_eks.aws_iam_role_policy_attachment.custom",
            "module.eks_blueprints.module.emr_on_eks.data.aws_iam_policy_document.emr_assume_role",
            "module.eks_blueprints.module.emr_on_eks.data.aws_region.current",
            "module.eks_blueprints.module.emr_on_eks.kubernetes_namespace.spark",
            "module.eks_blueprints.module.emr_on_eks.kubernetes_role.emr_containers",
            "module.eks_blueprints.module.emr_on_eks.kubernetes_role_binding.emr_containers",
            "module.eks_blueprints.module.emr_on_eks.null_resource.update_trust_policy",
            "module.eks_blueprints.module.kms.aws_kms_alias.this",
            "module.eks_blueprints.module.kms.aws_kms_key.this",
            "module.kubernetes_addons.data.aws_caller_identity.current",
            "module.kubernetes_addons.data.aws_eks_cluster.eks_cluster",
            "module.kubernetes_addons.data.aws_partition.current",
            "module.kubernetes_addons.data.aws_region.current",
            "module.kubernetes_addons.module.aws_ebs_csi_driver.aws_iam_policy.aws_ebs_csi_driver",
            "module.kubernetes_addons.module.aws_ebs_csi_driver.data.aws_iam_policy_document.aws_ebs_csi_driver",
            "module.kubernetes_addons.module.aws_ebs_csi_driver.module.irsa_addon.aws_iam_role.irsa",
            "module.kubernetes_addons.time_sleep.dataplane",
            "module.vpc.aws_subnet.private",
            "module.vpc.aws_subnet.public",
            "module.vpc.aws_vpc.this"
          ]
        }
      ]
    },
    {
      "module": "module.kubernetes_addons.module.aws_load_balancer_controller[0]",
      "mode": "data",
      "type": "aws_iam_policy_document",
      "name": "aws_lb",
      "provider": "provider[\"registry.terraform.io/hashicorp/aws\"]",
      "instances": [
        {
          "schema_version": 0,
          "attributes": {
            "id": "2633998141",
            "json": "{\n  \"Version\": \"2012-10-17\",\n  \"Statement\": [\n    {\n      \"Sid\": \"\",\n      \"Effect\": \"Allow\",\n      \"Action\": \"iam:CreateServiceLinkedRole\",\n      \"Resource\": \"*\",\n      \"Condition\": {\n        \"StringEquals\": {\n          \"iam:AWSServiceName\": \"elasticloadbalancing.amazonaws.com\"\n        }\n      }\n    },\n    {\n      \"Sid\": \"\",\n      \"Effect\": \"Allow\",\n      \"Action\": [\n        \"elasticloadbalancing:DescribeTargetHealth\",\n        \"elasticloadbalancing:DescribeTargetGroups\",\n        \"elasticloadbalancing:DescribeTargetGroupAttributes\",\n        \"elasticloadbalancing:DescribeTags\",\n        \"elasticloadbalancing:DescribeSSLPolicies\",\n        \"elasticloadbalancing:DescribeRules\",\n        \"elasticloadbalancing:DescribeLoadBalancers\",\n        \"elasticloadbalancing:DescribeLoadBalancerAttributes\",\n        \"elasticloadbalancing:DescribeListeners\",\n        \"elasticloadbalancing:DescribeListenerCertificates\",\n        \"ec2:GetCoipPoolUsage\",\n        \"ec2:DescribeVpcs\",\n        \"ec2:DescribeVpcPeeringConnections\",\n        \"ec2:DescribeTags\",\n        \"ec2:DescribeSubnets\",\n        \"ec2:DescribeSecurityGroups\",\n        \"ec2:DescribeNetworkInterfaces\",\n        \"ec2:DescribeInternetGateways\",\n        \"ec2:DescribeInstances\",\n        \"ec2:DescribeCoipPools\",\n        \"ec2:DescribeAvailabilityZones\",\n        \"ec2:DescribeAddresses\",\n        \"ec2:DescribeAccountAttributes\"\n      ],\n      \"Resource\": \"*\"\n    },\n    {\n      \"Sid\": \"\",\n      \"Effect\": \"Allow\",\n      \"Action\": [\n        \"wafv2:GetWebACLForResource\",\n        \"wafv2:GetWebACL\",\n        \"wafv2:DisassociateWebACL\",\n        \"wafv2:AssociateWebACL\",\n        \"waf-regional:GetWebACLForResource\",\n        \"waf-regional:GetWebACL\",\n        \"waf-regional:DisassociateWebACL\",\n        \"waf-regional:AssociateWebACL\",\n        \"shield:GetSubscriptionState\",\n        \"shield:DescribeProtection\",\n        \"shield:DeleteProtection\",\n        \"shield:CreateProtection\",\n        \"iam:ListServerCertificates\",\n        \"iam:GetServerCertificate\",\n        \"cognito-idp:DescribeUserPoolClient\",\n        \"acm:ListCertificates\",\n        \"acm:DescribeCertificate\"\n      ],\n      \"Resource\": \"*\"\n    },\n    {\n      \"Sid\": \"\",\n      \"Effect\": \"Allow\",\n      \"Action\": [\n        \"ec2:RevokeSecurityGroupIngress\",\n        \"ec2:AuthorizeSecurityGroupIngress\"\n      ],\n      \"Resource\": \"*\"\n    },\n    {\n      \"Sid\": \"\",\n      \"Effect\": \"Allow\",\n      \"Action\": \"ec2:CreateSecurityGroup\",\n      \"Resource\": \"*\"\n    },\n    {\n      \"Sid\": \"\",\n      \"Effect\": \"Allow\",\n      \"Action\": \"ec2:CreateTags\",\n      \"Resource\": \"arn:aws:ec2:*:*:security-group/*\",\n      \"Condition\": {\n        \"Null\": {\n          \"aws:RequestTag/elbv2.k8s.aws/cluster\": \"false\"\n        },\n        \"StringEquals\": {\n          \"ec2:CreateAction\": \"CreateSecurityGroup\"\n        }\n      }\n    },\n    {\n      \"Sid\": \"\",\n      \"Effect\": \"Allow\",\n      \"Action\": [\n        \"ec2:DeleteTags\",\n        \"ec2:CreateTags\"\n      ],\n      \"Resource\": \"arn:aws:ec2:*:*:security-group/*\",\n      \"Condition\": {\n        \"Null\": {\n          \"aws:ResourceTag/ingress.k8s.aws/cluster\": \"false\"\n        }\n      }\n    },\n    {\n      \"Sid\": \"\",\n      \"Effect\": \"Allow\",\n      \"Action\": [\n        \"elasticloadbalancing:RemoveTags\",\n        \"elasticloadbalancing:DeleteTargetGroup\",\n        \"elasticloadbalancing:AddTags\"\n      ],\n      \"Resource\": [\n        \"arn:aws:elasticloadbalancing:*:*:targetgroup/*/*\",\n        \"arn:aws:elasticloadbalancing:*:*:loadbalancer/net/*/*\",\n        \"arn:aws:elasticloadbalancing:*:*:loadbalancer/app/*/*\"\n      ],\n      \"Condition\": {\n        \"Null\": {\n          \"aws:ResourceTag/ingress.k8s.aws/cluster\": \"false\"\n        }\n      }\n    },\n    {\n      \"Sid\": \"\",\n      \"Effect\": \"Allow\",\n      \"Action\": [\n        \"ec2:DeleteTags\",\n        \"ec2:CreateTags\"\n      ],\n      \"Resource\": \"arn:aws:ec2:*:*:security-group/*\",\n      \"Condition\": {\n        \"Null\": {\n          \"aws:RequestTag/elbv2.k8s.aws/cluster\": \"true\",\n          \"aws:ResourceTag/elbv2.k8s.aws/cluster\": \"false\"\n        }\n      }\n    },\n    {\n      \"Sid\": \"\",\n      \"Effect\": \"Allow\",\n      \"Action\": [\n        \"ec2:RevokeSecurityGroupIngress\",\n        \"ec2:DeleteSecurityGroup\",\n        \"ec2:AuthorizeSecurityGroupIngress\"\n      ],\n      \"Resource\": \"*\",\n      \"Condition\": {\n        \"Null\": {\n          \"aws:ResourceTag/elbv2.k8s.aws/cluster\": \"false\"\n        }\n      }\n    },\n    {\n      \"Sid\": \"\",\n      \"Effect\": \"Allow\",\n      \"Action\": [\n        \"elasticloadbalancing:CreateTargetGroup\",\n        \"elasticloadbalancing:CreateLoadBalancer\"\n      ],\n      \"Resource\": \"*\",\n      \"Condition\": {\n        \"Null\": {\n          \"aws:RequestTag/elbv2.k8s.aws/cluster\": \"false\"\n        }\n      }\n    },\n    {\n      \"Sid\": \"\",\n      \"Effect\": \"Allow\",\n      \"Action\": [\n        \"elasticloadbalancing:DeleteRule\",\n        \"elasticloadbalancing:DeleteListener\",\n        \"elasticloadbalancing:CreateRule\",\n        \"elasticloadbalancing:CreateListener\"\n      ],\n      \"Resource\": \"*\"\n    },\n    {\n      \"Sid\": \"\",\n      \"Effect\": \"Allow\",\n      \"Action\": [\n        \"elasticloadbalancing:RemoveTags\",\n        \"elasticloadbalancing:AddTags\"\n      ],\n      \"Resource\": [\n        \"arn:aws:elasticloadbalancing:*:*:targetgroup/*/*\",\n        \"arn:aws:elasticloadbalancing:*:*:loadbalancer/net/*/*\",\n        \"arn:aws:elasticloadbalancing:*:*:loadbalancer/app/*/*\"\n      ],\n      \"Condition\": {\n        \"Null\": {\n          \"aws:RequestTag/elbv2.k8s.aws/cluster\": \"true\",\n          \"aws:ResourceTag/elbv2.k8s.aws/cluster\": \"false\"\n        }\n      }\n    },\n    {\n      \"Sid\": \"\",\n      \"Effect\": \"Allow\",\n      \"Action\": [\n        \"elasticloadbalancing:RemoveTags\",\n        \"elasticloadbalancing:AddTags\"\n      ],\n      \"Resource\": [\n        \"arn:aws:elasticloadbalancing:*:*:listener/net/*/*/*\",\n        \"arn:aws:elasticloadbalancing:*:*:listener/app/*/*/*\",\n        \"arn:aws:elasticloadbalancing:*:*:listener-rule/net/*/*/*\",\n        \"arn:aws:elasticloadbalancing:*:*:listener-rule/app/*/*/*\"\n      ]\n    },\n    {\n      \"Sid\": \"\",\n      \"Effect\": \"Allow\",\n      \"Action\": [\n        \"elasticloadbalancing:SetSubnets\",\n        \"elasticloadbalancing:SetSecurityGroups\",\n        \"elasticloadbalancing:SetIpAddressType\",\n        \"elasticloadbalancing:ModifyTargetGroupAttributes\",\n        \"elasticloadbalancing:ModifyTargetGroup\",\n        \"elasticloadbalancing:ModifyLoadBalancerAttributes\",\n        \"elasticloadbalancing:DeleteTargetGroup\",\n        \"elasticloadbalancing:DeleteLoadBalancer\"\n      ],\n      \"Resource\": \"*\",\n      \"Condition\": {\n        \"Null\": {\n          \"aws:ResourceTag/elbv2.k8s.aws/cluster\": \"false\"\n        }\n      }\n    },\n    {\n      \"Sid\": \"\",\n      \"Effect\": \"Allow\",\n      \"Action\": [\n        \"elasticloadbalancing:RegisterTargets\",\n        \"elasticloadbalancing:DeregisterTargets\"\n      ],\n      \"Resource\": \"arn:aws:elasticloadbalancing:*:*:targetgroup/*/*\"\n    },\n    {\n      \"Sid\": \"\",\n      \"Effect\": \"Allow\",\n      \"Action\": [\n        \"elasticloadbalancing:SetWebAcl\",\n        \"elasticloadbalancing:RemoveListenerCertificates\",\n        \"elasticloadbalancing:ModifyRule\",\n        \"elasticloadbalancing:ModifyListener\",\n        \"elasticloadbalancing:AddListenerCertificates\"\n      ],\n      \"Resource\": \"*\"\n    }\n  ]\n}",
            "override_json": null,
            "override_policy_documents": null,
            "policy_id": null,
            "source_json": null,
            "source_policy_documents": null,
            "statement": [
              {
                "actions": [
                  "iam:CreateServiceLinkedRole"
                ],
                "condition": [
                  {
                    "test": "StringEquals",
                    "values": [
                      "elasticloadbalancing.amazonaws.com"
                    ],
                    "variable": "iam:AWSServiceName"
                  }
                ],
                "effect": "Allow",
                "not_actions": [],
                "not_principals": [],
                "not_resources": [],
                "principals": [],
                "resources": [
                  "*"
                ],
                "sid": ""
              },
              {
                "actions": [
                  "ec2:DescribeAccountAttributes",
                  "ec2:DescribeAddresses",
                  "ec2:DescribeAvailabilityZones",
                  "ec2:DescribeCoipPools",
                  "ec2:DescribeInstances",
                  "ec2:DescribeInternetGateways",
                  "ec2:DescribeNetworkInterfaces",
                  "ec2:DescribeSecurityGroups",
                  "ec2:DescribeSubnets",
                  "ec2:DescribeTags",
                  "ec2:DescribeVpcPeeringConnections",
                  "ec2:DescribeVpcs",
                  "ec2:GetCoipPoolUsage",
                  "elasticloadbalancing:DescribeListenerCertificates",
                  "elasticloadbalancing:DescribeListeners",
                  "elasticloadbalancing:DescribeLoadBalancerAttributes",
                  "elasticloadbalancing:DescribeLoadBalancers",
                  "elasticloadbalancing:DescribeRules",
                  "elasticloadbalancing:DescribeSSLPolicies",
                  "elasticloadbalancing:DescribeTags",
                  "elasticloadbalancing:DescribeTargetGroupAttributes",
                  "elasticloadbalancing:DescribeTargetGroups",
                  "elasticloadbalancing:DescribeTargetHealth"
                ],
                "condition": [],
                "effect": "Allow",
                "not_actions": [],
                "not_principals": [],
                "not_resources": [],
                "principals": [],
                "resources": [
                  "*"
                ],
                "sid": ""
              },
              {
                "actions": [
                  "acm:DescribeCertificate",
                  "acm:ListCertificates",
                  "cognito-idp:DescribeUserPoolClient",
                  "iam:GetServerCertificate",
                  "iam:ListServerCertificates",
                  "shield:CreateProtection",
                  "shield:DeleteProtection",
                  "shield:DescribeProtection",
                  "shield:GetSubscriptionState",
                  "waf-regional:AssociateWebACL",
                  "waf-regional:DisassociateWebACL",
                  "waf-regional:GetWebACL",
                  "waf-regional:GetWebACLForResource",
                  "wafv2:AssociateWebACL",
                  "wafv2:DisassociateWebACL",
                  "wafv2:GetWebACL",
                  "wafv2:GetWebACLForResource"
                ],
                "condition": [],
                "effect": "Allow",
                "not_actions": [],
                "not_principals": [],
                "not_resources": [],
                "principals": [],
                "resources": [
                  "*"
                ],
                "sid": ""
              },
              {
                "actions": [
                  "ec2:AuthorizeSecurityGroupIngress",
                  "ec2:RevokeSecurityGroupIngress"
                ],
                "condition": [],
                "effect": "Allow",
                "not_actions": [],
                "not_principals": [],
                "not_resources": [],
                "principals": [],
                "resources": [
                  "*"
                ],
                "sid": ""
              },
              {
                "actions": [
                  "ec2:CreateSecurityGroup"
                ],
                "condition": [],
                "effect": "Allow",
                "not_actions": [],
                "not_principals": [],
                "not_resources": [],
                "principals": [],
                "resources": [
                  "*"
                ],
                "sid": ""
              },
              {
                "actions": [
                  "ec2:CreateTags"
                ],
                "condition": [
                  {
                    "test": "Null",
                    "values": [
                      "false"
                    ],
                    "variable": "aws:RequestTag/elbv2.k8s.aws/cluster"
                  },
                  {
                    "test": "StringEquals",
                    "values": [
                      "CreateSecurityGroup"
                    ],
                    "variable": "ec2:CreateAction"
                  }
                ],
                "effect": "Allow",
                "not_actions": [],
                "not_principals": [],
                "not_resources": [],
                "principals": [],
                "resources": [
                  "arn:aws:ec2:*:*:security-group/*"
                ],
                "sid": ""
              },
              {
                "actions": [
                  "ec2:CreateTags",
                  "ec2:DeleteTags"
                ],
                "condition": [
                  {
                    "test": "Null",
                    "values": [
                      "false"
                    ],
                    "variable": "aws:ResourceTag/ingress.k8s.aws/cluster"
                  }
                ],
                "effect": "Allow",
                "not_actions": [],
                "not_principals": [],
                "not_resources": [],
                "principals": [],
                "resources": [
                  "arn:aws:ec2:*:*:security-group/*"
                ],
                "sid": ""
              },
              {
                "actions": [
                  "elasticloadbalancing:AddTags",
                  "elasticloadbalancing:DeleteTargetGroup",
                  "elasticloadbalancing:RemoveTags"
                ],
                "condition": [
                  {
                    "test": "Null",
                    "values": [
                      "false"
                    ],
                    "variable": "aws:ResourceTag/ingress.k8s.aws/cluster"
                  }
                ],
                "effect": "Allow",
                "not_actions": [],
                "not_principals": [],
                "not_resources": [],
                "principals": [],
                "resources": [
                  "arn:aws:elasticloadbalancing:*:*:loadbalancer/app/*/*",
                  "arn:aws:elasticloadbalancing:*:*:loadbalancer/net/*/*",
                  "arn:aws:elasticloadbalancing:*:*:targetgroup/*/*"
                ],
                "sid": ""
              },
              {
                "actions": [
                  "ec2:CreateTags",
                  "ec2:DeleteTags"
                ],
                "condition": [
                  {
                    "test": "Null",
                    "values": [
                      "false"
                    ],
                    "variable": "aws:ResourceTag/elbv2.k8s.aws/cluster"
                  },
                  {
                    "test": "Null",
                    "values": [
                      "true"
                    ],
                    "variable": "aws:RequestTag/elbv2.k8s.aws/cluster"
                  }
                ],
                "effect": "Allow",
                "not_actions": [],
                "not_principals": [],
                "not_resources": [],
                "principals": [],
                "resources": [
                  "arn:aws:ec2:*:*:security-group/*"
                ],
                "sid": ""
              },
              {
                "actions": [
                  "ec2:AuthorizeSecurityGroupIngress",
                  "ec2:DeleteSecurityGroup",
                  "ec2:RevokeSecurityGroupIngress"
                ],
                "condition": [
                  {
                    "test": "Null",
                    "values": [
                      "false"
                    ],
                    "variable": "aws:ResourceTag/elbv2.k8s.aws/cluster"
                  }
                ],
                "effect": "Allow",
                "not_actions": [],
                "not_principals": [],
                "not_resources": [],
                "principals": [],
                "resources": [
                  "*"
                ],
                "sid": ""
              },
              {
                "actions": [
                  "elasticloadbalancing:CreateLoadBalancer",
                  "elasticloadbalancing:CreateTargetGroup"
                ],
                "condition": [
                  {
                    "test": "Null",
                    "values": [
                      "false"
                    ],
                    "variable": "aws:RequestTag/elbv2.k8s.aws/cluster"
                  }
                ],
                "effect": "Allow",
                "not_actions": [],
                "not_principals": [],
                "not_resources": [],
                "principals": [],
                "resources": [
                  "*"
                ],
                "sid": ""
              },
              {
                "actions": [
                  "elasticloadbalancing:CreateListener",
                  "elasticloadbalancing:CreateRule",
                  "elasticloadbalancing:DeleteListener",
                  "elasticloadbalancing:DeleteRule"
                ],
                "condition": [],
                "effect": "Allow",
                "not_actions": [],
                "not_principals": [],
                "not_resources": [],
                "principals": [],
                "resources": [
                  "*"
                ],
                "sid": ""
              },
              {
                "actions": [
                  "elasticloadbalancing:AddTags",
                  "elasticloadbalancing:RemoveTags"
                ],
                "condition": [
                  {
                    "test": "Null",
                    "values": [
                      "false"
                    ],
                    "variable": "aws:ResourceTag/elbv2.k8s.aws/cluster"
                  },
                  {
                    "test": "Null",
                    "values": [
                      "true"
                    ],
                    "variable": "aws:RequestTag/elbv2.k8s.aws/cluster"
                  }
                ],
                "effect": "Allow",
                "not_actions": [],
                "not_principals": [],
                "not_resources": [],
                "principals": [],
                "resources": [
                  "arn:aws:elasticloadbalancing:*:*:loadbalancer/app/*/*",
                  "arn:aws:elasticloadbalancing:*:*:loadbalancer/net/*/*",
                  "arn:aws:elasticloadbalancing:*:*:targetgroup/*/*"
                ],
                "sid": ""
              },
              {
                "actions": [
                  "elasticloadbalancing:AddTags",
                  "elasticloadbalancing:RemoveTags"
                ],
                "condition": [],
                "effect": "Allow",
                "not_actions": [],
                "not_principals": [],
                "not_resources": [],
                "principals": [],
                "resources": [
                  "arn:aws:elasticloadbalancing:*:*:listener-rule/app/*/*/*",
                  "arn:aws:elasticloadbalancing:*:*:listener-rule/net/*/*/*",
                  "arn:aws:elasticloadbalancing:*:*:listener/app/*/*/*",
                  "arn:aws:elasticloadbalancing:*:*:listener/net/*/*/*"
                ],
                "sid": ""
              },
              {
                "actions": [
                  "elasticloadbalancing:DeleteLoadBalancer",
                  "elasticloadbalancing:DeleteTargetGroup",
                  "elasticloadbalancing:ModifyLoadBalancerAttributes",
                  "elasticloadbalancing:ModifyTargetGroup",
                  "elasticloadbalancing:ModifyTargetGroupAttributes",
                  "elasticloadbalancing:SetIpAddressType",
                  "elasticloadbalancing:SetSecurityGroups",
                  "elasticloadbalancing:SetSubnets"
                ],
                "condition": [
                  {
                    "test": "Null",
                    "values": [
                      "false"
                    ],
                    "variable": "aws:ResourceTag/elbv2.k8s.aws/cluster"
                  }
                ],
                "effect": "Allow",
                "not_actions": [],
                "not_principals": [],
                "not_resources": [],
                "principals": [],
                "resources": [
                  "*"
                ],
                "sid": ""
              },
              {
                "actions": [
                  "elasticloadbalancing:DeregisterTargets",
                  "elasticloadbalancing:RegisterTargets"
                ],
                "condition": [],
                "effect": "Allow",
                "not_actions": [],
                "not_principals": [],
                "not_resources": [],
                "principals": [],
                "resources": [
                  "arn:aws:elasticloadbalancing:*:*:targetgroup/*/*"
                ],
                "sid": ""
              },
              {
                "actions": [
                  "elasticloadbalancing:AddListenerCertificates",
                  "elasticloadbalancing:ModifyListener",
                  "elasticloadbalancing:ModifyRule",
                  "elasticloadbalancing:RemoveListenerCertificates",
                  "elasticloadbalancing:SetWebAcl"
                ],
                "condition": [],
                "effect": "Allow",
                "not_actions": [],
                "not_principals": [],
                "not_resources": [],
                "principals": [],
                "resources": [
                  "*"
                ],
                "sid": ""
              }
            ],
            "version": "2012-10-17"
          },
          "sensitive_attributes": []
        }
      ]
    },
    {
      "module": "module.kubernetes_addons.module.aws_load_balancer_controller[0]",
      "mode": "managed",
      "type": "aws_iam_policy",
      "name": "aws_load_balancer_controller",
      "provider": "provider[\"registry.terraform.io/hashicorp/aws\"]",
      "instances": [
        {
          "schema_version": 0,
          "attributes": {
            "arn": "arn:aws:iam::261106957109:policy/eks-lab-lb-irsa",
            "description": "Allows lb controller to manage ALB and NLB",
            "id": "arn:aws:iam::261106957109:policy/eks-lab-lb-irsa",
            "name": "eks-lab-lb-irsa",
            "name_prefix": "",
            "path": "/",
            "policy": "{\"Statement\":[{\"Action\":\"iam:CreateServiceLinkedRole\",\"Condition\":{\"StringEquals\":{\"iam:AWSServiceName\":\"elasticloadbalancing.amazonaws.com\"}},\"Effect\":\"Allow\",\"Resource\":\"*\",\"Sid\":\"\"},{\"Action\":[\"elasticloadbalancing:DescribeTargetHealth\",\"elasticloadbalancing:DescribeTargetGroups\",\"elasticloadbalancing:DescribeTargetGroupAttributes\",\"elasticloadbalancing:DescribeTags\",\"elasticloadbalancing:DescribeSSLPolicies\",\"elasticloadbalancing:DescribeRules\",\"elasticloadbalancing:DescribeLoadBalancers\",\"elasticloadbalancing:DescribeLoadBalancerAttributes\",\"elasticloadbalancing:DescribeListeners\",\"elasticloadbalancing:DescribeListenerCertificates\",\"ec2:GetCoipPoolUsage\",\"ec2:DescribeVpcs\",\"ec2:DescribeVpcPeeringConnections\",\"ec2:DescribeTags\",\"ec2:DescribeSubnets\",\"ec2:DescribeSecurityGroups\",\"ec2:DescribeNetworkInterfaces\",\"ec2:DescribeInternetGateways\",\"ec2:DescribeInstances\",\"ec2:DescribeCoipPools\",\"ec2:DescribeAvailabilityZones\",\"ec2:DescribeAddresses\",\"ec2:DescribeAccountAttributes\"],\"Effect\":\"Allow\",\"Resource\":\"*\",\"Sid\":\"\"},{\"Action\":[\"wafv2:GetWebACLForResource\",\"wafv2:GetWebACL\",\"wafv2:DisassociateWebACL\",\"wafv2:AssociateWebACL\",\"waf-regional:GetWebACLForResource\",\"waf-regional:GetWebACL\",\"waf-regional:DisassociateWebACL\",\"waf-regional:AssociateWebACL\",\"shield:GetSubscriptionState\",\"shield:DescribeProtection\",\"shield:DeleteProtection\",\"shield:CreateProtection\",\"iam:ListServerCertificates\",\"iam:GetServerCertificate\",\"cognito-idp:DescribeUserPoolClient\",\"acm:ListCertificates\",\"acm:DescribeCertificate\"],\"Effect\":\"Allow\",\"Resource\":\"*\",\"Sid\":\"\"},{\"Action\":[\"ec2:RevokeSecurityGroupIngress\",\"ec2:AuthorizeSecurityGroupIngress\"],\"Effect\":\"Allow\",\"Resource\":\"*\",\"Sid\":\"\"},{\"Action\":\"ec2:CreateSecurityGroup\",\"Effect\":\"Allow\",\"Resource\":\"*\",\"Sid\":\"\"},{\"Action\":\"ec2:CreateTags\",\"Condition\":{\"Null\":{\"aws:RequestTag/elbv2.k8s.aws/cluster\":\"false\"},\"StringEquals\":{\"ec2:CreateAction\":\"CreateSecurityGroup\"}},\"Effect\":\"Allow\",\"Resource\":\"arn:aws:ec2:*:*:security-group/*\",\"Sid\":\"\"},{\"Action\":[\"ec2:DeleteTags\",\"ec2:CreateTags\"],\"Condition\":{\"Null\":{\"aws:ResourceTag/ingress.k8s.aws/cluster\":\"false\"}},\"Effect\":\"Allow\",\"Resource\":\"arn:aws:ec2:*:*:security-group/*\",\"Sid\":\"\"},{\"Action\":[\"elasticloadbalancing:RemoveTags\",\"elasticloadbalancing:DeleteTargetGroup\",\"elasticloadbalancing:AddTags\"],\"Condition\":{\"Null\":{\"aws:ResourceTag/ingress.k8s.aws/cluster\":\"false\"}},\"Effect\":\"Allow\",\"Resource\":[\"arn:aws:elasticloadbalancing:*:*:targetgroup/*/*\",\"arn:aws:elasticloadbalancing:*:*:loadbalancer/net/*/*\",\"arn:aws:elasticloadbalancing:*:*:loadbalancer/app/*/*\"],\"Sid\":\"\"},{\"Action\":[\"ec2:DeleteTags\",\"ec2:CreateTags\"],\"Condition\":{\"Null\":{\"aws:RequestTag/elbv2.k8s.aws/cluster\":\"true\",\"aws:ResourceTag/elbv2.k8s.aws/cluster\":\"false\"}},\"Effect\":\"Allow\",\"Resource\":\"arn:aws:ec2:*:*:security-group/*\",\"Sid\":\"\"},{\"Action\":[\"ec2:RevokeSecurityGroupIngress\",\"ec2:DeleteSecurityGroup\",\"ec2:AuthorizeSecurityGroupIngress\"],\"Condition\":{\"Null\":{\"aws:ResourceTag/elbv2.k8s.aws/cluster\":\"false\"}},\"Effect\":\"Allow\",\"Resource\":\"*\",\"Sid\":\"\"},{\"Action\":[\"elasticloadbalancing:CreateTargetGroup\",\"elasticloadbalancing:CreateLoadBalancer\"],\"Condition\":{\"Null\":{\"aws:RequestTag/elbv2.k8s.aws/cluster\":\"false\"}},\"Effect\":\"Allow\",\"Resource\":\"*\",\"Sid\":\"\"},{\"Action\":[\"elasticloadbalancing:DeleteRule\",\"elasticloadbalancing:DeleteListener\",\"elasticloadbalancing:CreateRule\",\"elasticloadbalancing:CreateListener\"],\"Effect\":\"Allow\",\"Resource\":\"*\",\"Sid\":\"\"},{\"Action\":[\"elasticloadbalancing:RemoveTags\",\"elasticloadbalancing:AddTags\"],\"Condition\":{\"Null\":{\"aws:RequestTag/elbv2.k8s.aws/cluster\":\"true\",\"aws:ResourceTag/elbv2.k8s.aws/cluster\":\"false\"}},\"Effect\":\"Allow\",\"Resource\":[\"arn:aws:elasticloadbalancing:*:*:targetgroup/*/*\",\"arn:aws:elasticloadbalancing:*:*:loadbalancer/net/*/*\",\"arn:aws:elasticloadbalancing:*:*:loadbalancer/app/*/*\"],\"Sid\":\"\"},{\"Action\":[\"elasticloadbalancing:RemoveTags\",\"elasticloadbalancing:AddTags\"],\"Effect\":\"Allow\",\"Resource\":[\"arn:aws:elasticloadbalancing:*:*:listener/net/*/*/*\",\"arn:aws:elasticloadbalancing:*:*:listener/app/*/*/*\",\"arn:aws:elasticloadbalancing:*:*:listener-rule/net/*/*/*\",\"arn:aws:elasticloadbalancing:*:*:listener-rule/app/*/*/*\"],\"Sid\":\"\"},{\"Action\":[\"elasticloadbalancing:SetSubnets\",\"elasticloadbalancing:SetSecurityGroups\",\"elasticloadbalancing:SetIpAddressType\",\"elasticloadbalancing:ModifyTargetGroupAttributes\",\"elasticloadbalancing:ModifyTargetGroup\",\"elasticloadbalancing:ModifyLoadBalancerAttributes\",\"elasticloadbalancing:DeleteTargetGroup\",\"elasticloadbalancing:DeleteLoadBalancer\"],\"Condition\":{\"Null\":{\"aws:ResourceTag/elbv2.k8s.aws/cluster\":\"false\"}},\"Effect\":\"Allow\",\"Resource\":\"*\",\"Sid\":\"\"},{\"Action\":[\"elasticloadbalancing:RegisterTargets\",\"elasticloadbalancing:DeregisterTargets\"],\"Effect\":\"Allow\",\"Resource\":\"arn:aws:elasticloadbalancing:*:*:targetgroup/*/*\",\"Sid\":\"\"},{\"Action\":[\"elasticloadbalancing:SetWebAcl\",\"elasticloadbalancing:RemoveListenerCertificates\",\"elasticloadbalancing:ModifyRule\",\"elasticloadbalancing:ModifyListener\",\"elasticloadbalancing:AddListenerCertificates\"],\"Effect\":\"Allow\",\"Resource\":\"*\",\"Sid\":\"\"}],\"Version\":\"2012-10-17\"}",
            "policy_id": "ANPATZSZP7M2ZL3GASUSA",
            "tags": null,
            "tags_all": {}
          },
          "sensitive_attributes": [],
          "private": "bnVsbA==",
          "dependencies": [
            "data.aws_availability_zones.available",
            "data.aws_caller_identity.current",
            "data.aws_eks_cluster_auth.this",
            "module.eks_blueprints.data.aws_caller_identity.current",
            "module.eks_blueprints.data.aws_eks_cluster.cluster",
            "module.eks_blueprints.data.aws_iam_policy_document.eks_key",
            "module.eks_blueprints.data.aws_iam_session_context.current",
            "module.eks_blueprints.data.aws_partition.current",
            "module.eks_blueprints.data.aws_region.current",
            "module.eks_blueprints.data.http.eks_cluster_readiness",
            "module.eks_blueprints.kubernetes_config_map.amazon_vpc_cni",
            "module.eks_blueprints.kubernetes_config_map.aws_auth",
            "module.eks_blueprints.module.aws_eks.aws_cloudwatch_log_group.this",
            "module.eks_blueprints.module.aws_eks.aws_ec2_tag.cluster_primary_security_group",
            "module.eks_blueprints.module.aws_eks.aws_eks_addon.this",
            "module.eks_blueprints.module.aws_eks.aws_eks_cluster.this",
            "module.eks_blueprints.module.aws_eks.aws_eks_identity_provider_config.this",
            "module.eks_blueprints.module.aws_eks.aws_iam_openid_connect_provider.oidc_provider",
            "module.eks_blueprints.module.aws_eks.aws_iam_policy.cluster_encryption",
            "module.eks_blueprints.module.aws_eks.aws_iam_policy.cni_ipv6_policy",
            "module.eks_blueprints.module.aws_eks.aws_iam_role.this",
            "module.eks_blueprints.module.aws_eks.aws_iam_role_policy_attachment.cluster_encryption",
            "module.eks_blueprints.module.aws_eks.aws_iam_role_policy_attachment.this",
            "module.eks_blueprints.module.aws_eks.aws_security_group.cluster",
            "module.eks_blueprints.module.aws_eks.aws_security_group.node",
            "module.eks_blueprints.module.aws_eks.aws_security_group_rule.cluster",
            "module.eks_blueprints.module.aws_eks.aws_security_group_rule.node",
            "module.eks_blueprints.module.aws_eks.data.aws_caller_identity.current",
            "module.eks_blueprints.module.aws_eks.data.aws_iam_policy_document.assume_role_policy",
            "module.eks_blueprints.module.aws_eks.data.aws_iam_policy_document.cni_ipv6_policy",
            "module.eks_blueprints.module.aws_eks.data.aws_partition.current",
            "module.eks_blueprints.module.aws_eks.data.tls_certificate.this",
            "module.eks_blueprints.module.aws_eks.kubernetes_config_map.aws_auth",
            "module.eks_blueprints.module.aws_eks.kubernetes_config_map_v1_data.aws_auth",
            "module.eks_blueprints.module.aws_eks.module.eks_managed_node_group.aws_eks_node_group.this",
            "module.eks_blueprints.module.aws_eks.module.eks_managed_node_group.aws_iam_role.this",
            "module.eks_blueprints.module.aws_eks.module.eks_managed_node_group.aws_iam_role_policy_attachment.this",
            "module.eks_blueprints.module.aws_eks.module.eks_managed_node_group.aws_launch_template.this",
            "module.eks_blueprints.module.aws_eks.module.eks_managed_node_group.aws_security_group.this",
            "module.eks_blueprints.module.aws_eks.module.eks_managed_node_group.aws_security_group_rule.this",
            "module.eks_blueprints.module.aws_eks.module.eks_managed_node_group.data.aws_caller_identity.current",
            "module.eks_blueprints.module.aws_eks.module.eks_managed_node_group.data.aws_iam_policy_document.assume_role_policy",
            "module.eks_blueprints.module.aws_eks.module.eks_managed_node_group.data.aws_partition.current",
            "module.eks_blueprints.module.aws_eks.module.eks_managed_node_group.module.user_data.data.cloudinit_config.linux_eks_managed_node_group",
            "module.eks_blueprints.module.aws_eks.module.fargate_profile.aws_eks_fargate_profile.this",
            "module.eks_blueprints.module.aws_eks.module.fargate_profile.aws_iam_role.this",
            "module.eks_blueprints.module.aws_eks.module.fargate_profile.aws_iam_role_policy_attachment.this",
            "module.eks_blueprints.module.aws_eks.module.fargate_profile.data.aws_caller_identity.current",
            "module.eks_blueprints.module.aws_eks.module.fargate_profile.data.aws_iam_policy_document.assume_role_policy",
            "module.eks_blueprints.module.aws_eks.module.fargate_profile.data.aws_partition.current",
            "module.eks_blueprints.module.aws_eks.module.kms.aws_kms_alias.this",
            "module.eks_blueprints.module.aws_eks.module.kms.aws_kms_external_key.this",
            "module.eks_blueprints.module.aws_eks.module.kms.aws_kms_grant.this",
            "module.eks_blueprints.module.aws_eks.module.kms.aws_kms_key.this",
            "module.eks_blueprints.module.aws_eks.module.kms.data.aws_caller_identity.current",
            "module.eks_blueprints.module.aws_eks.module.kms.data.aws_iam_policy_document.this",
            "module.eks_blueprints.module.aws_eks.module.kms.data.aws_partition.current",
            "module.eks_blueprints.module.aws_eks.module.self_managed_node_group.aws_autoscaling_group.this",
            "module.eks_blueprints.module.aws_eks.module.self_managed_node_group.aws_autoscaling_schedule.this",
            "module.eks_blueprints.module.aws_eks.module.self_managed_node_group.aws_iam_instance_profile.this",
            "module.eks_blueprints.module.aws_eks.module.self_managed_node_group.aws_iam_role.this",
            "module.eks_blueprints.module.aws_eks.module.self_managed_node_group.aws_iam_role_policy_attachment.this",
            "module.eks_blueprints.module.aws_eks.module.self_managed_node_group.aws_launch_template.this",
            "module.eks_blueprints.module.aws_eks.module.self_managed_node_group.aws_security_group.this",
            "module.eks_blueprints.module.aws_eks.module.self_managed_node_group.aws_security_group_rule.this",
            "module.eks_blueprints.module.aws_eks.module.self_managed_node_group.data.aws_ami.eks_default",
            "module.eks_blueprints.module.aws_eks.module.self_managed_node_group.data.aws_caller_identity.current",
            "module.eks_blueprints.module.aws_eks.module.self_managed_node_group.data.aws_default_tags.current",
            "module.eks_blueprints.module.aws_eks.module.self_managed_node_group.data.aws_iam_policy_document.assume_role_policy",
            "module.eks_blueprints.module.aws_eks.module.self_managed_node_group.data.aws_partition.current",
            "module.eks_blueprints.module.aws_eks.module.self_managed_node_group.module.user_data.data.cloudinit_config.linux_eks_managed_node_group",
            "module.eks_blueprints.module.aws_eks_fargate_profiles.aws_eks_fargate_profile.eks_fargate",
            "module.eks_blueprints.module.aws_eks_fargate_profiles.aws_iam_policy.cwlogs",
            "module.eks_blueprints.module.aws_eks_fargate_profiles.aws_iam_role.fargate",
            "module.eks_blueprints.module.aws_eks_fargate_profiles.aws_iam_role_policy_attachment.cwlogs",
            "module.eks_blueprints.module.aws_eks_fargate_profiles.aws_iam_role_policy_attachment.fargate_pod_execution_role_policy",
            "module.eks_blueprints.module.aws_eks_fargate_profiles.data.aws_iam_policy_document.cwlogs",
            "module.eks_blueprints.module.aws_eks_fargate_profiles.data.aws_iam_policy_document.fargate_assume_role_policy",
            "module.eks_blueprints.module.aws_eks_managed_node_groups.aws_eks_node_group.managed_ng",
            "module.eks_blueprints.module.aws_eks_managed_node_groups.aws_iam_instance_profile.managed_ng",
            "module.eks_blueprints.module.aws_eks_managed_node_groups.aws_iam_role.managed_ng",
            "module.eks_blueprints.module.aws_eks_managed_node_groups.aws_iam_role_policy_attachment.managed_ng",
            "module.eks_blueprints.module.aws_eks_managed_node_groups.aws_launch_template.managed_node_groups",
            "module.eks_blueprints.module.aws_eks_managed_node_groups.data.aws_iam_policy_document.managed_ng_assume_role_policy",
            "module.eks_blueprints.module.aws_eks_self_managed_node_groups.aws_autoscaling_group.self_managed_ng",
            "module.eks_blueprints.module.aws_eks_self_managed_node_groups.aws_iam_instance_profile.self_managed_ng",
            "module.eks_blueprints.module.aws_eks_self_managed_node_groups.aws_iam_policy.eks_windows_cni",
            "module.eks_blueprints.module.aws_eks_self_managed_node_groups.aws_iam_role.self_managed_ng",
            "module.eks_blueprints.module.aws_eks_self_managed_node_groups.aws_iam_role_policy_attachment.eks_windows_cni",
            "module.eks_blueprints.module.aws_eks_self_managed_node_groups.aws_iam_role_policy_attachment.self_managed_ng",
            "module.eks_blueprints.module.aws_eks_self_managed_node_groups.data.aws_ami.predefined",
            "module.eks_blueprints.module.aws_eks_self_managed_node_groups.data.aws_iam_policy_document.eks_windows_cni",
            "module.eks_blueprints.module.aws_eks_self_managed_node_groups.data.aws_iam_policy_document.self_managed_ng_assume_role_policy",
            "module.eks_blueprints.module.aws_eks_self_managed_node_groups.module.launch_template_self_managed_ng.aws_launch_template.this",
            "module.eks_blueprints.module.aws_eks_self_managed_node_groups.module.launch_template_self_managed_ng.data.aws_eks_cluster.eks",
            "module.eks_blueprints.module.aws_eks_teams.aws_iam_policy.platform_team_eks_access",
            "module.eks_blueprints.module.aws_eks_teams.aws_iam_role.platform_team",
            "module.eks_blueprints.module.aws_eks_teams.aws_iam_role.team_access",
            "module.eks_blueprints.module.aws_eks_teams.aws_iam_role.team_sa_irsa",
            "module.eks_blueprints.module.aws_eks_teams.data.aws_caller_identity.current",
            "module.eks_blueprints.module.aws_eks_teams.data.aws_eks_cluster.eks_cluster",
            "module.eks_blueprints.module.aws_eks_teams.data.aws_iam_policy_document.platform_team_eks_access",
            "module.eks_blueprints.module.aws_eks_teams.data.aws_partition.current",
            "module.eks_blueprints.module.aws_eks_teams.data.aws_region.current",
            "module.eks_blueprints.module.aws_eks_teams.kubectl_manifest.team",
            "module.eks_blueprints.module.aws_eks_teams.kubernetes_cluster_role.team",
            "module.eks_blueprints.module.aws_eks_teams.kubernetes_cluster_role_binding.team",
            "module.eks_blueprints.module.aws_eks_teams.kubernetes_namespace.team",
            "module.eks_blueprints.module.aws_eks_teams.kubernetes_resource_quota.this",
            "module.eks_blueprints.module.aws_eks_teams.kubernetes_role.team",
            "module.eks_blueprints.module.aws_eks_teams.kubernetes_role_binding.team",
            "module.eks_blueprints.module.aws_eks_teams.kubernetes_service_account.team",
            "module.eks_blueprints.module.emr_on_eks.aws_iam_role.emr_on_eks_execution",
            "module.eks_blueprints.module.emr_on_eks.aws_iam_role_policy_attachment.custom",
            "module.eks_blueprints.module.emr_on_eks.data.aws_iam_policy_document.emr_assume_role",
            "module.eks_blueprints.module.emr_on_eks.data.aws_region.current",
            "module.eks_blueprints.module.emr_on_eks.kubernetes_namespace.spark",
            "module.eks_blueprints.module.emr_on_eks.kubernetes_role.emr_containers",
            "module.eks_blueprints.module.emr_on_eks.kubernetes_role_binding.emr_containers",
            "module.eks_blueprints.module.emr_on_eks.null_resource.update_trust_policy",
            "module.eks_blueprints.module.kms.aws_kms_alias.this",
            "module.eks_blueprints.module.kms.aws_kms_key.this",
            "module.kubernetes_addons.data.aws_caller_identity.current",
            "module.kubernetes_addons.data.aws_eks_cluster.eks_cluster",
            "module.kubernetes_addons.data.aws_partition.current",
            "module.kubernetes_addons.data.aws_region.current",
            "module.kubernetes_addons.module.aws_load_balancer_controller.data.aws_iam_policy_document.aws_lb",
            "module.kubernetes_addons.time_sleep.dataplane",
            "module.vpc.aws_subnet.private",
            "module.vpc.aws_subnet.public",
            "module.vpc.aws_vpc.this"
          ]
        }
      ]
    },
    {
      "module": "module.kubernetes_addons.module.aws_load_balancer_controller[0].module.helm_addon",
      "mode": "managed",
      "type": "helm_release",
      "name": "addon",
      "provider": "provider[\"registry.terraform.io/hashicorp/helm\"]",
      "instances": [
        {
          "index_key": 0,
          "schema_version": 1,
          "attributes": {
            "atomic": false,
            "chart": "aws-load-balancer-controller",
            "cleanup_on_fail": false,
            "create_namespace": false,
            "dependency_update": false,
            "description": "aws-load-balancer-controller Helm Chart for ingress resources",
            "devel": null,
            "disable_crd_hooks": false,
            "disable_openapi_validation": false,
            "disable_webhooks": false,
            "force_update": false,
            "id": "aws-load-balancer-controller",
            "keyring": "",
            "lint": false,
            "manifest": null,
            "max_history": 0,
            "metadata": [
              {
                "app_version": "v2.4.4",
                "chart": "aws-load-balancer-controller",
                "name": "aws-load-balancer-controller",
                "namespace": "kube-system",
                "revision": 1,
                "values": "{\"clusterName\":\"eks-lab\",\"image\":{\"repository\":\"602401143452.dkr.ecr.us-east-1.amazonaws.com/amazon/aws-load-balancer-controller\"},\"region\":\"us-east-1\",\"serviceAccount\":{\"create\":false,\"name\":\"aws-load-balancer-controller-sa\"}}",
                "version": "1.4.5"
              }
            ],
            "name": "aws-load-balancer-controller",
            "namespace": "kube-system",
            "pass_credentials": false,
            "postrender": [
              {
                "args": [],
                "binary_path": ""
              }
            ],
            "recreate_pods": false,
            "render_subchart_notes": true,
            "replace": false,
            "repository": "https://aws.github.io/eks-charts",
            "repository_ca_file": null,
            "repository_cert_file": "",
            "repository_key_file": "",
            "repository_password": "",
            "repository_username": "",
            "reset_values": false,
            "reuse_values": false,
            "set": [
              {
                "name": "serviceAccount.create",
                "type": "",
                "value": "false"
              },
              {
                "name": "serviceAccount.name",
                "type": "",
                "value": "aws-load-balancer-controller-sa"
              }
            ],
            "set_sensitive": [],
            "skip_crds": false,
            "status": "deployed",
            "timeout": 1200,
            "values": [
              "clusterName: eks-lab\nregion: us-east-1\nimage:\n  repository: 602401143452.dkr.ecr.us-east-1.amazonaws.com/amazon/aws-load-balancer-controller\n"
            ],
            "verify": false,
            "version": "1.4.5",
            "wait": true,
            "wait_for_jobs": false
          },
          "sensitive_attributes": [],
          "private": "eyJzY2hlbWFfdmVyc2lvbiI6IjEifQ==",
          "dependencies": [
            "aws_security_group.sg",
            "data.aws_availability_zones.available",
            "data.aws_caller_identity.current",
            "data.aws_eks_cluster_auth.this",
            "module.eks_blueprints.data.aws_caller_identity.current",
            "module.eks_blueprints.data.aws_eks_cluster.cluster",
            "module.eks_blueprints.data.aws_iam_policy_document.eks_key",
            "module.eks_blueprints.data.aws_iam_session_context.current",
            "module.eks_blueprints.data.aws_partition.current",
            "module.eks_blueprints.data.aws_region.current",
            "module.eks_blueprints.data.http.eks_cluster_readiness",
            "module.eks_blueprints.kubernetes_config_map.amazon_vpc_cni",
            "module.eks_blueprints.kubernetes_config_map.aws_auth",
            "module.eks_blueprints.module.aws_eks.aws_cloudwatch_log_group.this",
            "module.eks_blueprints.module.aws_eks.aws_ec2_tag.cluster_primary_security_group",
            "module.eks_blueprints.module.aws_eks.aws_eks_addon.this",
            "module.eks_blueprints.module.aws_eks.aws_eks_cluster.this",
            "module.eks_blueprints.module.aws_eks.aws_eks_identity_provider_config.this",
            "module.eks_blueprints.module.aws_eks.aws_iam_openid_connect_provider.oidc_provider",
            "module.eks_blueprints.module.aws_eks.aws_iam_policy.cluster_encryption",
            "module.eks_blueprints.module.aws_eks.aws_iam_policy.cni_ipv6_policy",
            "module.eks_blueprints.module.aws_eks.aws_iam_role.this",
            "module.eks_blueprints.module.aws_eks.aws_iam_role_policy_attachment.cluster_encryption",
            "module.eks_blueprints.module.aws_eks.aws_iam_role_policy_attachment.this",
            "module.eks_blueprints.module.aws_eks.aws_security_group.cluster",
            "module.eks_blueprints.module.aws_eks.aws_security_group.node",
            "module.eks_blueprints.module.aws_eks.aws_security_group_rule.cluster",
            "module.eks_blueprints.module.aws_eks.aws_security_group_rule.node",
            "module.eks_blueprints.module.aws_eks.data.aws_caller_identity.current",
            "module.eks_blueprints.module.aws_eks.data.aws_iam_policy_document.assume_role_policy",
            "module.eks_blueprints.module.aws_eks.data.aws_iam_policy_document.cni_ipv6_policy",
            "module.eks_blueprints.module.aws_eks.data.aws_partition.current",
            "module.eks_blueprints.module.aws_eks.data.tls_certificate.this",
            "module.eks_blueprints.module.aws_eks.kubernetes_config_map.aws_auth",
            "module.eks_blueprints.module.aws_eks.kubernetes_config_map_v1_data.aws_auth",
            "module.eks_blueprints.module.aws_eks.module.eks_managed_node_group.aws_eks_node_group.this",
            "module.eks_blueprints.module.aws_eks.module.eks_managed_node_group.aws_iam_role.this",
            "module.eks_blueprints.module.aws_eks.module.eks_managed_node_group.aws_iam_role_policy_attachment.this",
            "module.eks_blueprints.module.aws_eks.module.eks_managed_node_group.aws_launch_template.this",
            "module.eks_blueprints.module.aws_eks.module.eks_managed_node_group.aws_security_group.this",
            "module.eks_blueprints.module.aws_eks.module.eks_managed_node_group.aws_security_group_rule.this",
            "module.eks_blueprints.module.aws_eks.module.eks_managed_node_group.data.aws_caller_identity.current",
            "module.eks_blueprints.module.aws_eks.module.eks_managed_node_group.data.aws_iam_policy_document.assume_role_policy",
            "module.eks_blueprints.module.aws_eks.module.eks_managed_node_group.data.aws_partition.current",
            "module.eks_blueprints.module.aws_eks.module.eks_managed_node_group.module.user_data.data.cloudinit_config.linux_eks_managed_node_group",
            "module.eks_blueprints.module.aws_eks.module.fargate_profile.aws_eks_fargate_profile.this",
            "module.eks_blueprints.module.aws_eks.module.fargate_profile.aws_iam_role.this",
            "module.eks_blueprints.module.aws_eks.module.fargate_profile.aws_iam_role_policy_attachment.this",
            "module.eks_blueprints.module.aws_eks.module.fargate_profile.data.aws_caller_identity.current",
            "module.eks_blueprints.module.aws_eks.module.fargate_profile.data.aws_iam_policy_document.assume_role_policy",
            "module.eks_blueprints.module.aws_eks.module.fargate_profile.data.aws_partition.current",
            "module.eks_blueprints.module.aws_eks.module.kms.aws_kms_alias.this",
            "module.eks_blueprints.module.aws_eks.module.kms.aws_kms_external_key.this",
            "module.eks_blueprints.module.aws_eks.module.kms.aws_kms_grant.this",
            "module.eks_blueprints.module.aws_eks.module.kms.aws_kms_key.this",
            "module.eks_blueprints.module.aws_eks.module.kms.data.aws_caller_identity.current",
            "module.eks_blueprints.module.aws_eks.module.kms.data.aws_iam_policy_document.this",
            "module.eks_blueprints.module.aws_eks.module.kms.data.aws_partition.current",
            "module.eks_blueprints.module.aws_eks.module.self_managed_node_group.aws_autoscaling_group.this",
            "module.eks_blueprints.module.aws_eks.module.self_managed_node_group.aws_autoscaling_schedule.this",
            "module.eks_blueprints.module.aws_eks.module.self_managed_node_group.aws_iam_instance_profile.this",
            "module.eks_blueprints.module.aws_eks.module.self_managed_node_group.aws_iam_role.this",
            "module.eks_blueprints.module.aws_eks.module.self_managed_node_group.aws_iam_role_policy_attachment.this",
            "module.eks_blueprints.module.aws_eks.module.self_managed_node_group.aws_launch_template.this",
            "module.eks_blueprints.module.aws_eks.module.self_managed_node_group.aws_security_group.this",
            "module.eks_blueprints.module.aws_eks.module.self_managed_node_group.aws_security_group_rule.this",
            "module.eks_blueprints.module.aws_eks.module.self_managed_node_group.data.aws_ami.eks_default",
            "module.eks_blueprints.module.aws_eks.module.self_managed_node_group.data.aws_caller_identity.current",
            "module.eks_blueprints.module.aws_eks.module.self_managed_node_group.data.aws_default_tags.current",
            "module.eks_blueprints.module.aws_eks.module.self_managed_node_group.data.aws_iam_policy_document.assume_role_policy",
            "module.eks_blueprints.module.aws_eks.module.self_managed_node_group.data.aws_partition.current",
            "module.eks_blueprints.module.aws_eks.module.self_managed_node_group.module.user_data.data.cloudinit_config.linux_eks_managed_node_group",
            "module.eks_blueprints.module.aws_eks_fargate_profiles.aws_eks_fargate_profile.eks_fargate",
            "module.eks_blueprints.module.aws_eks_fargate_profiles.aws_iam_policy.cwlogs",
            "module.eks_blueprints.module.aws_eks_fargate_profiles.aws_iam_role.fargate",
            "module.eks_blueprints.module.aws_eks_fargate_profiles.aws_iam_role_policy_attachment.cwlogs",
            "module.eks_blueprints.module.aws_eks_fargate_profiles.aws_iam_role_policy_attachment.fargate_pod_execution_role_policy",
            "module.eks_blueprints.module.aws_eks_fargate_profiles.data.aws_iam_policy_document.cwlogs",
            "module.eks_blueprints.module.aws_eks_fargate_profiles.data.aws_iam_policy_document.fargate_assume_role_policy",
            "module.eks_blueprints.module.aws_eks_managed_node_groups.aws_eks_node_group.managed_ng",
            "module.eks_blueprints.module.aws_eks_managed_node_groups.aws_iam_instance_profile.managed_ng",
            "module.eks_blueprints.module.aws_eks_managed_node_groups.aws_iam_role.managed_ng",
            "module.eks_blueprints.module.aws_eks_managed_node_groups.aws_iam_role_policy_attachment.managed_ng",
            "module.eks_blueprints.module.aws_eks_managed_node_groups.aws_launch_template.managed_node_groups",
            "module.eks_blueprints.module.aws_eks_managed_node_groups.data.aws_iam_policy_document.managed_ng_assume_role_policy",
            "module.eks_blueprints.module.aws_eks_self_managed_node_groups.aws_autoscaling_group.self_managed_ng",
            "module.eks_blueprints.module.aws_eks_self_managed_node_groups.aws_iam_instance_profile.self_managed_ng",
            "module.eks_blueprints.module.aws_eks_self_managed_node_groups.aws_iam_policy.eks_windows_cni",
            "module.eks_blueprints.module.aws_eks_self_managed_node_groups.aws_iam_role.self_managed_ng",
            "module.eks_blueprints.module.aws_eks_self_managed_node_groups.aws_iam_role_policy_attachment.eks_windows_cni",
            "module.eks_blueprints.module.aws_eks_self_managed_node_groups.aws_iam_role_policy_attachment.self_managed_ng",
            "module.eks_blueprints.module.aws_eks_self_managed_node_groups.data.aws_ami.predefined",
            "module.eks_blueprints.module.aws_eks_self_managed_node_groups.data.aws_iam_policy_document.eks_windows_cni",
            "module.eks_blueprints.module.aws_eks_self_managed_node_groups.data.aws_iam_policy_document.self_managed_ng_assume_role_policy",
            "module.eks_blueprints.module.aws_eks_self_managed_node_groups.module.launch_template_self_managed_ng.aws_launch_template.this",
            "module.eks_blueprints.module.aws_eks_self_managed_node_groups.module.launch_template_self_managed_ng.data.aws_eks_cluster.eks",
            "module.eks_blueprints.module.aws_eks_teams.aws_iam_policy.platform_team_eks_access",
            "module.eks_blueprints.module.aws_eks_teams.aws_iam_role.platform_team",
            "module.eks_blueprints.module.aws_eks_teams.aws_iam_role.team_access",
            "module.eks_blueprints.module.aws_eks_teams.aws_iam_role.team_sa_irsa",
            "module.eks_blueprints.module.aws_eks_teams.data.aws_caller_identity.current",
            "module.eks_blueprints.module.aws_eks_teams.data.aws_eks_cluster.eks_cluster",
            "module.eks_blueprints.module.aws_eks_teams.data.aws_iam_policy_document.platform_team_eks_access",
            "module.eks_blueprints.module.aws_eks_teams.data.aws_partition.current",
            "module.eks_blueprints.module.aws_eks_teams.data.aws_region.current",
            "module.eks_blueprints.module.aws_eks_teams.kubectl_manifest.team",
            "module.eks_blueprints.module.aws_eks_teams.kubernetes_cluster_role.team",
            "module.eks_blueprints.module.aws_eks_teams.kubernetes_cluster_role_binding.team",
            "module.eks_blueprints.module.aws_eks_teams.kubernetes_namespace.team",
            "module.eks_blueprints.module.aws_eks_teams.kubernetes_resource_quota.this",
            "module.eks_blueprints.module.aws_eks_teams.kubernetes_role.team",
            "module.eks_blueprints.module.aws_eks_teams.kubernetes_role_binding.team",
            "module.eks_blueprints.module.aws_eks_teams.kubernetes_service_account.team",
            "module.eks_blueprints.module.emr_on_eks.aws_iam_role.emr_on_eks_execution",
            "module.eks_blueprints.module.emr_on_eks.aws_iam_role_policy_attachment.custom",
            "module.eks_blueprints.module.emr_on_eks.data.aws_iam_policy_document.emr_assume_role",
            "module.eks_blueprints.module.emr_on_eks.data.aws_region.current",
            "module.eks_blueprints.module.emr_on_eks.kubernetes_namespace.spark",
            "module.eks_blueprints.module.emr_on_eks.kubernetes_role.emr_containers",
            "module.eks_blueprints.module.emr_on_eks.kubernetes_role_binding.emr_containers",
            "module.eks_blueprints.module.emr_on_eks.null_resource.update_trust_policy",
            "module.eks_blueprints.module.kms.aws_kms_alias.this",
            "module.eks_blueprints.module.kms.aws_kms_key.this",
            "module.kubernetes_addons.data.aws_caller_identity.current",
            "module.kubernetes_addons.data.aws_eks_cluster.eks_cluster",
            "module.kubernetes_addons.data.aws_partition.current",
            "module.kubernetes_addons.data.aws_region.current",
            "module.kubernetes_addons.module.aws_load_balancer_controller.aws_iam_policy.aws_load_balancer_controller",
            "module.kubernetes_addons.module.aws_load_balancer_controller.data.aws_iam_policy_document.aws_lb",
            "module.kubernetes_addons.module.aws_load_balancer_controller.module.helm_addon.module.irsa.aws_iam_role.irsa",
            "module.kubernetes_addons.module.aws_load_balancer_controller.module.helm_addon.module.irsa.aws_iam_role_policy_attachment.irsa",
            "module.kubernetes_addons.module.aws_load_balancer_controller.module.helm_addon.module.irsa.kubernetes_namespace_v1.irsa",
            "module.kubernetes_addons.module.aws_load_balancer_controller.module.helm_addon.module.irsa.kubernetes_secret_v1.irsa",
            "module.kubernetes_addons.module.aws_load_balancer_controller.module.helm_addon.module.irsa.kubernetes_service_account_v1.irsa",
            "module.kubernetes_addons.time_sleep.dataplane",
            "module.vpc.aws_subnet.private",
            "module.vpc.aws_subnet.public",
            "module.vpc.aws_vpc.this",
            "module.vpc.aws_vpc_ipv4_cidr_block_association.this"
          ]
        }
      ]
    },
    {
      "module": "module.kubernetes_addons.module.aws_load_balancer_controller[0].module.helm_addon.module.irsa[0]",
      "mode": "managed",
      "type": "aws_iam_role",
      "name": "irsa",
      "provider": "provider[\"registry.terraform.io/hashicorp/aws\"]",
      "instances": [
        {
          "index_key": 0,
          "schema_version": 0,
          "attributes": {
            "arn": "arn:aws:iam::261106957109:role/eks-lab-aws-load-balancer-controller-sa-irsa",
            "assume_role_policy": "{\"Statement\":[{\"Action\":\"sts:AssumeRoleWithWebIdentity\",\"Condition\":{\"StringLike\":{\"oidc.eks.us-east-1.amazonaws.com/id/B5287FFBCE112FDB3C90BCED28AE250F:aud\":\"sts.amazonaws.com\",\"oidc.eks.us-east-1.amazonaws.com/id/B5287FFBCE112FDB3C90BCED28AE250F:sub\":\"system:serviceaccount:kube-system:aws-load-balancer-controller-sa\"}},\"Effect\":\"Allow\",\"Principal\":{\"Federated\":\"arn:aws:iam::261106957109:oidc-provider/oidc.eks.us-east-1.amazonaws.com/id/B5287FFBCE112FDB3C90BCED28AE250F\"}}],\"Version\":\"2012-10-17\"}",
            "create_date": "2023-04-22T02:03:29Z",
            "description": "AWS IAM Role for the Kubernetes service account aws-load-balancer-controller-sa.",
            "force_detach_policies": true,
            "id": "eks-lab-aws-load-balancer-controller-sa-irsa",
            "inline_policy": [],
            "managed_policy_arns": [],
            "max_session_duration": 3600,
            "name": "eks-lab-aws-load-balancer-controller-sa-irsa",
            "name_prefix": "",
            "path": "/",
            "permissions_boundary": "",
            "tags": null,
            "tags_all": {},
            "unique_id": "AROATZSZP7M24ZSKV35YY"
          },
          "sensitive_attributes": [],
          "private": "bnVsbA==",
          "dependencies": [
            "data.aws_availability_zones.available",
            "data.aws_caller_identity.current",
            "data.aws_eks_cluster_auth.this",
            "module.eks_blueprints.data.aws_caller_identity.current",
            "module.eks_blueprints.data.aws_eks_cluster.cluster",
            "module.eks_blueprints.data.aws_iam_policy_document.eks_key",
            "module.eks_blueprints.data.aws_iam_session_context.current",
            "module.eks_blueprints.data.aws_partition.current",
            "module.eks_blueprints.data.aws_region.current",
            "module.eks_blueprints.data.http.eks_cluster_readiness",
            "module.eks_blueprints.kubernetes_config_map.amazon_vpc_cni",
            "module.eks_blueprints.kubernetes_config_map.aws_auth",
            "module.eks_blueprints.module.aws_eks.aws_cloudwatch_log_group.this",
            "module.eks_blueprints.module.aws_eks.aws_ec2_tag.cluster_primary_security_group",
            "module.eks_blueprints.module.aws_eks.aws_eks_addon.this",
            "module.eks_blueprints.module.aws_eks.aws_eks_cluster.this",
            "module.eks_blueprints.module.aws_eks.aws_eks_identity_provider_config.this",
            "module.eks_blueprints.module.aws_eks.aws_iam_openid_connect_provider.oidc_provider",
            "module.eks_blueprints.module.aws_eks.aws_iam_policy.cluster_encryption",
            "module.eks_blueprints.module.aws_eks.aws_iam_policy.cni_ipv6_policy",
            "module.eks_blueprints.module.aws_eks.aws_iam_role.this",
            "module.eks_blueprints.module.aws_eks.aws_iam_role_policy_attachment.cluster_encryption",
            "module.eks_blueprints.module.aws_eks.aws_iam_role_policy_attachment.this",
            "module.eks_blueprints.module.aws_eks.aws_security_group.cluster",
            "module.eks_blueprints.module.aws_eks.aws_security_group.node",
            "module.eks_blueprints.module.aws_eks.aws_security_group_rule.cluster",
            "module.eks_blueprints.module.aws_eks.aws_security_group_rule.node",
            "module.eks_blueprints.module.aws_eks.data.aws_caller_identity.current",
            "module.eks_blueprints.module.aws_eks.data.aws_iam_policy_document.assume_role_policy",
            "module.eks_blueprints.module.aws_eks.data.aws_iam_policy_document.cni_ipv6_policy",
            "module.eks_blueprints.module.aws_eks.data.aws_partition.current",
            "module.eks_blueprints.module.aws_eks.data.tls_certificate.this",
            "module.eks_blueprints.module.aws_eks.kubernetes_config_map.aws_auth",
            "module.eks_blueprints.module.aws_eks.kubernetes_config_map_v1_data.aws_auth",
            "module.eks_blueprints.module.aws_eks.module.eks_managed_node_group.aws_eks_node_group.this",
            "module.eks_blueprints.module.aws_eks.module.eks_managed_node_group.aws_iam_role.this",
            "module.eks_blueprints.module.aws_eks.module.eks_managed_node_group.aws_iam_role_policy_attachment.this",
            "module.eks_blueprints.module.aws_eks.module.eks_managed_node_group.aws_launch_template.this",
            "module.eks_blueprints.module.aws_eks.module.eks_managed_node_group.aws_security_group.this",
            "module.eks_blueprints.module.aws_eks.module.eks_managed_node_group.aws_security_group_rule.this",
            "module.eks_blueprints.module.aws_eks.module.eks_managed_node_group.data.aws_caller_identity.current",
            "module.eks_blueprints.module.aws_eks.module.eks_managed_node_group.data.aws_iam_policy_document.assume_role_policy",
            "module.eks_blueprints.module.aws_eks.module.eks_managed_node_group.data.aws_partition.current",
            "module.eks_blueprints.module.aws_eks.module.eks_managed_node_group.module.user_data.data.cloudinit_config.linux_eks_managed_node_group",
            "module.eks_blueprints.module.aws_eks.module.fargate_profile.aws_eks_fargate_profile.this",
            "module.eks_blueprints.module.aws_eks.module.fargate_profile.aws_iam_role.this",
            "module.eks_blueprints.module.aws_eks.module.fargate_profile.aws_iam_role_policy_attachment.this",
            "module.eks_blueprints.module.aws_eks.module.fargate_profile.data.aws_caller_identity.current",
            "module.eks_blueprints.module.aws_eks.module.fargate_profile.data.aws_iam_policy_document.assume_role_policy",
            "module.eks_blueprints.module.aws_eks.module.fargate_profile.data.aws_partition.current",
            "module.eks_blueprints.module.aws_eks.module.kms.aws_kms_alias.this",
            "module.eks_blueprints.module.aws_eks.module.kms.aws_kms_external_key.this",
            "module.eks_blueprints.module.aws_eks.module.kms.aws_kms_grant.this",
            "module.eks_blueprints.module.aws_eks.module.kms.aws_kms_key.this",
            "module.eks_blueprints.module.aws_eks.module.kms.data.aws_caller_identity.current",
            "module.eks_blueprints.module.aws_eks.module.kms.data.aws_iam_policy_document.this",
            "module.eks_blueprints.module.aws_eks.module.kms.data.aws_partition.current",
            "module.eks_blueprints.module.aws_eks.module.self_managed_node_group.aws_autoscaling_group.this",
            "module.eks_blueprints.module.aws_eks.module.self_managed_node_group.aws_autoscaling_schedule.this",
            "module.eks_blueprints.module.aws_eks.module.self_managed_node_group.aws_iam_instance_profile.this",
            "module.eks_blueprints.module.aws_eks.module.self_managed_node_group.aws_iam_role.this",
            "module.eks_blueprints.module.aws_eks.module.self_managed_node_group.aws_iam_role_policy_attachment.this",
            "module.eks_blueprints.module.aws_eks.module.self_managed_node_group.aws_launch_template.this",
            "module.eks_blueprints.module.aws_eks.module.self_managed_node_group.aws_security_group.this",
            "module.eks_blueprints.module.aws_eks.module.self_managed_node_group.aws_security_group_rule.this",
            "module.eks_blueprints.module.aws_eks.module.self_managed_node_group.data.aws_ami.eks_default",
            "module.eks_blueprints.module.aws_eks.module.self_managed_node_group.data.aws_caller_identity.current",
            "module.eks_blueprints.module.aws_eks.module.self_managed_node_group.data.aws_default_tags.current",
            "module.eks_blueprints.module.aws_eks.module.self_managed_node_group.data.aws_iam_policy_document.assume_role_policy",
            "module.eks_blueprints.module.aws_eks.module.self_managed_node_group.data.aws_partition.current",
            "module.eks_blueprints.module.aws_eks.module.self_managed_node_group.module.user_data.data.cloudinit_config.linux_eks_managed_node_group",
            "module.eks_blueprints.module.aws_eks_fargate_profiles.aws_eks_fargate_profile.eks_fargate",
            "module.eks_blueprints.module.aws_eks_fargate_profiles.aws_iam_policy.cwlogs",
            "module.eks_blueprints.module.aws_eks_fargate_profiles.aws_iam_role.fargate",
            "module.eks_blueprints.module.aws_eks_fargate_profiles.aws_iam_role_policy_attachment.cwlogs",
            "module.eks_blueprints.module.aws_eks_fargate_profiles.aws_iam_role_policy_attachment.fargate_pod_execution_role_policy",
            "module.eks_blueprints.module.aws_eks_fargate_profiles.data.aws_iam_policy_document.cwlogs",
            "module.eks_blueprints.module.aws_eks_fargate_profiles.data.aws_iam_policy_document.fargate_assume_role_policy",
            "module.eks_blueprints.module.aws_eks_managed_node_groups.aws_eks_node_group.managed_ng",
            "module.eks_blueprints.module.aws_eks_managed_node_groups.aws_iam_instance_profile.managed_ng",
            "module.eks_blueprints.module.aws_eks_managed_node_groups.aws_iam_role.managed_ng",
            "module.eks_blueprints.module.aws_eks_managed_node_groups.aws_iam_role_policy_attachment.managed_ng",
            "module.eks_blueprints.module.aws_eks_managed_node_groups.aws_launch_template.managed_node_groups",
            "module.eks_blueprints.module.aws_eks_managed_node_groups.data.aws_iam_policy_document.managed_ng_assume_role_policy",
            "module.eks_blueprints.module.aws_eks_self_managed_node_groups.aws_autoscaling_group.self_managed_ng",
            "module.eks_blueprints.module.aws_eks_self_managed_node_groups.aws_iam_instance_profile.self_managed_ng",
            "module.eks_blueprints.module.aws_eks_self_managed_node_groups.aws_iam_policy.eks_windows_cni",
            "module.eks_blueprints.module.aws_eks_self_managed_node_groups.aws_iam_role.self_managed_ng",
            "module.eks_blueprints.module.aws_eks_self_managed_node_groups.aws_iam_role_policy_attachment.eks_windows_cni",
            "module.eks_blueprints.module.aws_eks_self_managed_node_groups.aws_iam_role_policy_attachment.self_managed_ng",
            "module.eks_blueprints.module.aws_eks_self_managed_node_groups.data.aws_ami.predefined",
            "module.eks_blueprints.module.aws_eks_self_managed_node_groups.data.aws_iam_policy_document.eks_windows_cni",
            "module.eks_blueprints.module.aws_eks_self_managed_node_groups.data.aws_iam_policy_document.self_managed_ng_assume_role_policy",
            "module.eks_blueprints.module.aws_eks_self_managed_node_groups.module.launch_template_self_managed_ng.aws_launch_template.this",
            "module.eks_blueprints.module.aws_eks_self_managed_node_groups.module.launch_template_self_managed_ng.data.aws_eks_cluster.eks",
            "module.eks_blueprints.module.aws_eks_teams.aws_iam_policy.platform_team_eks_access",
            "module.eks_blueprints.module.aws_eks_teams.aws_iam_role.platform_team",
            "module.eks_blueprints.module.aws_eks_teams.aws_iam_role.team_access",
            "module.eks_blueprints.module.aws_eks_teams.aws_iam_role.team_sa_irsa",
            "module.eks_blueprints.module.aws_eks_teams.data.aws_caller_identity.current",
            "module.eks_blueprints.module.aws_eks_teams.data.aws_eks_cluster.eks_cluster",
            "module.eks_blueprints.module.aws_eks_teams.data.aws_iam_policy_document.platform_team_eks_access",
            "module.eks_blueprints.module.aws_eks_teams.data.aws_partition.current",
            "module.eks_blueprints.module.aws_eks_teams.data.aws_region.current",
            "module.eks_blueprints.module.aws_eks_teams.kubectl_manifest.team",
            "module.eks_blueprints.module.aws_eks_teams.kubernetes_cluster_role.team",
            "module.eks_blueprints.module.aws_eks_teams.kubernetes_cluster_role_binding.team",
            "module.eks_blueprints.module.aws_eks_teams.kubernetes_namespace.team",
            "module.eks_blueprints.module.aws_eks_teams.kubernetes_resource_quota.this",
            "module.eks_blueprints.module.aws_eks_teams.kubernetes_role.team",
            "module.eks_blueprints.module.aws_eks_teams.kubernetes_role_binding.team",
            "module.eks_blueprints.module.aws_eks_teams.kubernetes_service_account.team",
            "module.eks_blueprints.module.emr_on_eks.aws_iam_role.emr_on_eks_execution",
            "module.eks_blueprints.module.emr_on_eks.aws_iam_role_policy_attachment.custom",
            "module.eks_blueprints.module.emr_on_eks.data.aws_iam_policy_document.emr_assume_role",
            "module.eks_blueprints.module.emr_on_eks.data.aws_region.current",
            "module.eks_blueprints.module.emr_on_eks.kubernetes_namespace.spark",
            "module.eks_blueprints.module.emr_on_eks.kubernetes_role.emr_containers",
            "module.eks_blueprints.module.emr_on_eks.kubernetes_role_binding.emr_containers",
            "module.eks_blueprints.module.emr_on_eks.null_resource.update_trust_policy",
            "module.eks_blueprints.module.kms.aws_kms_alias.this",
            "module.eks_blueprints.module.kms.aws_kms_key.this",
            "module.kubernetes_addons.data.aws_caller_identity.current",
            "module.kubernetes_addons.data.aws_eks_cluster.eks_cluster",
            "module.kubernetes_addons.data.aws_partition.current",
            "module.kubernetes_addons.data.aws_region.current",
            "module.kubernetes_addons.module.aws_load_balancer_controller.aws_iam_policy.aws_load_balancer_controller",
            "module.kubernetes_addons.module.aws_load_balancer_controller.data.aws_iam_policy_document.aws_lb",
            "module.kubernetes_addons.time_sleep.dataplane",
            "module.vpc.aws_subnet.private",
            "module.vpc.aws_subnet.public",
            "module.vpc.aws_vpc.this"
          ]
        }
      ]
    },
    {
      "module": "module.kubernetes_addons.module.aws_load_balancer_controller[0].module.helm_addon.module.irsa[0]",
      "mode": "managed",
      "type": "aws_iam_role_policy_attachment",
      "name": "irsa",
      "provider": "provider[\"registry.terraform.io/hashicorp/aws\"]",
      "instances": [
        {
          "index_key": 0,
          "schema_version": 0,
          "attributes": {
            "id": "eks-lab-aws-load-balancer-controller-sa-irsa-20230422020330544500000003",
            "policy_arn": "arn:aws:iam::261106957109:policy/eks-lab-lb-irsa",
            "role": "eks-lab-aws-load-balancer-controller-sa-irsa"
          },
          "sensitive_attributes": [],
          "private": "bnVsbA==",
          "dependencies": [
            "data.aws_availability_zones.available",
            "data.aws_caller_identity.current",
            "data.aws_eks_cluster_auth.this",
            "module.eks_blueprints.data.aws_caller_identity.current",
            "module.eks_blueprints.data.aws_eks_cluster.cluster",
            "module.eks_blueprints.data.aws_iam_policy_document.eks_key",
            "module.eks_blueprints.data.aws_iam_session_context.current",
            "module.eks_blueprints.data.aws_partition.current",
            "module.eks_blueprints.data.aws_region.current",
            "module.eks_blueprints.data.http.eks_cluster_readiness",
            "module.eks_blueprints.kubernetes_config_map.amazon_vpc_cni",
            "module.eks_blueprints.kubernetes_config_map.aws_auth",
            "module.eks_blueprints.module.aws_eks.aws_cloudwatch_log_group.this",
            "module.eks_blueprints.module.aws_eks.aws_ec2_tag.cluster_primary_security_group",
            "module.eks_blueprints.module.aws_eks.aws_eks_addon.this",
            "module.eks_blueprints.module.aws_eks.aws_eks_cluster.this",
            "module.eks_blueprints.module.aws_eks.aws_eks_identity_provider_config.this",
            "module.eks_blueprints.module.aws_eks.aws_iam_openid_connect_provider.oidc_provider",
            "module.eks_blueprints.module.aws_eks.aws_iam_policy.cluster_encryption",
            "module.eks_blueprints.module.aws_eks.aws_iam_policy.cni_ipv6_policy",
            "module.eks_blueprints.module.aws_eks.aws_iam_role.this",
            "module.eks_blueprints.module.aws_eks.aws_iam_role_policy_attachment.cluster_encryption",
            "module.eks_blueprints.module.aws_eks.aws_iam_role_policy_attachment.this",
            "module.eks_blueprints.module.aws_eks.aws_security_group.cluster",
            "module.eks_blueprints.module.aws_eks.aws_security_group.node",
            "module.eks_blueprints.module.aws_eks.aws_security_group_rule.cluster",
            "module.eks_blueprints.module.aws_eks.aws_security_group_rule.node",
            "module.eks_blueprints.module.aws_eks.data.aws_caller_identity.current",
            "module.eks_blueprints.module.aws_eks.data.aws_iam_policy_document.assume_role_policy",
            "module.eks_blueprints.module.aws_eks.data.aws_iam_policy_document.cni_ipv6_policy",
            "module.eks_blueprints.module.aws_eks.data.aws_partition.current",
            "module.eks_blueprints.module.aws_eks.data.tls_certificate.this",
            "module.eks_blueprints.module.aws_eks.kubernetes_config_map.aws_auth",
            "module.eks_blueprints.module.aws_eks.kubernetes_config_map_v1_data.aws_auth",
            "module.eks_blueprints.module.aws_eks.module.eks_managed_node_group.aws_eks_node_group.this",
            "module.eks_blueprints.module.aws_eks.module.eks_managed_node_group.aws_iam_role.this",
            "module.eks_blueprints.module.aws_eks.module.eks_managed_node_group.aws_iam_role_policy_attachment.this",
            "module.eks_blueprints.module.aws_eks.module.eks_managed_node_group.aws_launch_template.this",
            "module.eks_blueprints.module.aws_eks.module.eks_managed_node_group.aws_security_group.this",
            "module.eks_blueprints.module.aws_eks.module.eks_managed_node_group.aws_security_group_rule.this",
            "module.eks_blueprints.module.aws_eks.module.eks_managed_node_group.data.aws_caller_identity.current",
            "module.eks_blueprints.module.aws_eks.module.eks_managed_node_group.data.aws_iam_policy_document.assume_role_policy",
            "module.eks_blueprints.module.aws_eks.module.eks_managed_node_group.data.aws_partition.current",
            "module.eks_blueprints.module.aws_eks.module.eks_managed_node_group.module.user_data.data.cloudinit_config.linux_eks_managed_node_group",
            "module.eks_blueprints.module.aws_eks.module.fargate_profile.aws_eks_fargate_profile.this",
            "module.eks_blueprints.module.aws_eks.module.fargate_profile.aws_iam_role.this",
            "module.eks_blueprints.module.aws_eks.module.fargate_profile.aws_iam_role_policy_attachment.this",
            "module.eks_blueprints.module.aws_eks.module.fargate_profile.data.aws_caller_identity.current",
            "module.eks_blueprints.module.aws_eks.module.fargate_profile.data.aws_iam_policy_document.assume_role_policy",
            "module.eks_blueprints.module.aws_eks.module.fargate_profile.data.aws_partition.current",
            "module.eks_blueprints.module.aws_eks.module.kms.aws_kms_alias.this",
            "module.eks_blueprints.module.aws_eks.module.kms.aws_kms_external_key.this",
            "module.eks_blueprints.module.aws_eks.module.kms.aws_kms_grant.this",
            "module.eks_blueprints.module.aws_eks.module.kms.aws_kms_key.this",
            "module.eks_blueprints.module.aws_eks.module.kms.data.aws_caller_identity.current",
            "module.eks_blueprints.module.aws_eks.module.kms.data.aws_iam_policy_document.this",
            "module.eks_blueprints.module.aws_eks.module.kms.data.aws_partition.current",
            "module.eks_blueprints.module.aws_eks.module.self_managed_node_group.aws_autoscaling_group.this",
            "module.eks_blueprints.module.aws_eks.module.self_managed_node_group.aws_autoscaling_schedule.this",
            "module.eks_blueprints.module.aws_eks.module.self_managed_node_group.aws_iam_instance_profile.this",
            "module.eks_blueprints.module.aws_eks.module.self_managed_node_group.aws_iam_role.this",
            "module.eks_blueprints.module.aws_eks.module.self_managed_node_group.aws_iam_role_policy_attachment.this",
            "module.eks_blueprints.module.aws_eks.module.self_managed_node_group.aws_launch_template.this",
            "module.eks_blueprints.module.aws_eks.module.self_managed_node_group.aws_security_group.this",
            "module.eks_blueprints.module.aws_eks.module.self_managed_node_group.aws_security_group_rule.this",
            "module.eks_blueprints.module.aws_eks.module.self_managed_node_group.data.aws_ami.eks_default",
            "module.eks_blueprints.module.aws_eks.module.self_managed_node_group.data.aws_caller_identity.current",
            "module.eks_blueprints.module.aws_eks.module.self_managed_node_group.data.aws_default_tags.current",
            "module.eks_blueprints.module.aws_eks.module.self_managed_node_group.data.aws_iam_policy_document.assume_role_policy",
            "module.eks_blueprints.module.aws_eks.module.self_managed_node_group.data.aws_partition.current",
            "module.eks_blueprints.module.aws_eks.module.self_managed_node_group.module.user_data.data.cloudinit_config.linux_eks_managed_node_group",
            "module.eks_blueprints.module.aws_eks_fargate_profiles.aws_eks_fargate_profile.eks_fargate",
            "module.eks_blueprints.module.aws_eks_fargate_profiles.aws_iam_policy.cwlogs",
            "module.eks_blueprints.module.aws_eks_fargate_profiles.aws_iam_role.fargate",
            "module.eks_blueprints.module.aws_eks_fargate_profiles.aws_iam_role_policy_attachment.cwlogs",
            "module.eks_blueprints.module.aws_eks_fargate_profiles.aws_iam_role_policy_attachment.fargate_pod_execution_role_policy",
            "module.eks_blueprints.module.aws_eks_fargate_profiles.data.aws_iam_policy_document.cwlogs",
            "module.eks_blueprints.module.aws_eks_fargate_profiles.data.aws_iam_policy_document.fargate_assume_role_policy",
            "module.eks_blueprints.module.aws_eks_managed_node_groups.aws_eks_node_group.managed_ng",
            "module.eks_blueprints.module.aws_eks_managed_node_groups.aws_iam_instance_profile.managed_ng",
            "module.eks_blueprints.module.aws_eks_managed_node_groups.aws_iam_role.managed_ng",
            "module.eks_blueprints.module.aws_eks_managed_node_groups.aws_iam_role_policy_attachment.managed_ng",
            "module.eks_blueprints.module.aws_eks_managed_node_groups.aws_launch_template.managed_node_groups",
            "module.eks_blueprints.module.aws_eks_managed_node_groups.data.aws_iam_policy_document.managed_ng_assume_role_policy",
            "module.eks_blueprints.module.aws_eks_self_managed_node_groups.aws_autoscaling_group.self_managed_ng",
            "module.eks_blueprints.module.aws_eks_self_managed_node_groups.aws_iam_instance_profile.self_managed_ng",
            "module.eks_blueprints.module.aws_eks_self_managed_node_groups.aws_iam_policy.eks_windows_cni",
            "module.eks_blueprints.module.aws_eks_self_managed_node_groups.aws_iam_role.self_managed_ng",
            "module.eks_blueprints.module.aws_eks_self_managed_node_groups.aws_iam_role_policy_attachment.eks_windows_cni",
            "module.eks_blueprints.module.aws_eks_self_managed_node_groups.aws_iam_role_policy_attachment.self_managed_ng",
            "module.eks_blueprints.module.aws_eks_self_managed_node_groups.data.aws_ami.predefined",
            "module.eks_blueprints.module.aws_eks_self_managed_node_groups.data.aws_iam_policy_document.eks_windows_cni",
            "module.eks_blueprints.module.aws_eks_self_managed_node_groups.data.aws_iam_policy_document.self_managed_ng_assume_role_policy",
            "module.eks_blueprints.module.aws_eks_self_managed_node_groups.module.launch_template_self_managed_ng.aws_launch_template.this",
            "module.eks_blueprints.module.aws_eks_self_managed_node_groups.module.launch_template_self_managed_ng.data.aws_eks_cluster.eks",
            "module.eks_blueprints.module.aws_eks_teams.aws_iam_policy.platform_team_eks_access",
            "module.eks_blueprints.module.aws_eks_teams.aws_iam_role.platform_team",
            "module.eks_blueprints.module.aws_eks_teams.aws_iam_role.team_access",
            "module.eks_blueprints.module.aws_eks_teams.aws_iam_role.team_sa_irsa",
            "module.eks_blueprints.module.aws_eks_teams.data.aws_caller_identity.current",
            "module.eks_blueprints.module.aws_eks_teams.data.aws_eks_cluster.eks_cluster",
            "module.eks_blueprints.module.aws_eks_teams.data.aws_iam_policy_document.platform_team_eks_access",
            "module.eks_blueprints.module.aws_eks_teams.data.aws_partition.current",
            "module.eks_blueprints.module.aws_eks_teams.data.aws_region.current",
            "module.eks_blueprints.module.aws_eks_teams.kubectl_manifest.team",
            "module.eks_blueprints.module.aws_eks_teams.kubernetes_cluster_role.team",
            "module.eks_blueprints.module.aws_eks_teams.kubernetes_cluster_role_binding.team",
            "module.eks_blueprints.module.aws_eks_teams.kubernetes_namespace.team",
            "module.eks_blueprints.module.aws_eks_teams.kubernetes_resource_quota.this",
            "module.eks_blueprints.module.aws_eks_teams.kubernetes_role.team",
            "module.eks_blueprints.module.aws_eks_teams.kubernetes_role_binding.team",
            "module.eks_blueprints.module.aws_eks_teams.kubernetes_service_account.team",
            "module.eks_blueprints.module.emr_on_eks.aws_iam_role.emr_on_eks_execution",
            "module.eks_blueprints.module.emr_on_eks.aws_iam_role_policy_attachment.custom",
            "module.eks_blueprints.module.emr_on_eks.data.aws_iam_policy_document.emr_assume_role",
            "module.eks_blueprints.module.emr_on_eks.data.aws_region.current",
            "module.eks_blueprints.module.emr_on_eks.kubernetes_namespace.spark",
            "module.eks_blueprints.module.emr_on_eks.kubernetes_role.emr_containers",
            "module.eks_blueprints.module.emr_on_eks.kubernetes_role_binding.emr_containers",
            "module.eks_blueprints.module.emr_on_eks.null_resource.update_trust_policy",
            "module.eks_blueprints.module.kms.aws_kms_alias.this",
            "module.eks_blueprints.module.kms.aws_kms_key.this",
            "module.kubernetes_addons.data.aws_caller_identity.current",
            "module.kubernetes_addons.data.aws_eks_cluster.eks_cluster",
            "module.kubernetes_addons.data.aws_partition.current",
            "module.kubernetes_addons.data.aws_region.current",
            "module.kubernetes_addons.module.aws_load_balancer_controller.aws_iam_policy.aws_load_balancer_controller",
            "module.kubernetes_addons.module.aws_load_balancer_controller.data.aws_iam_policy_document.aws_lb",
            "module.kubernetes_addons.module.aws_load_balancer_controller.module.helm_addon.module.irsa.aws_iam_role.irsa",
            "module.kubernetes_addons.time_sleep.dataplane",
            "module.vpc.aws_subnet.private",
            "module.vpc.aws_subnet.public",
            "module.vpc.aws_vpc.this"
          ]
        }
      ]
    },
    {
      "module": "module.kubernetes_addons.module.aws_load_balancer_controller[0].module.helm_addon.module.irsa[0]",
      "mode": "managed",
      "type": "kubernetes_service_account_v1",
      "name": "irsa",
      "provider": "provider[\"registry.terraform.io/hashicorp/kubernetes\"]",
      "instances": [
        {
          "index_key": 0,
          "schema_version": 0,
          "attributes": {
            "automount_service_account_token": true,
            "default_secret_name": "aws-load-balancer-controller-sa-token-t7t46",
            "id": "kube-system/aws-load-balancer-controller-sa",
            "image_pull_secret": [],
            "metadata": [
              {
                "annotations": {
                  "eks.amazonaws.com/role-arn": "arn:aws:iam::261106957109:role/eks-lab-aws-load-balancer-controller-sa-irsa"
                },
                "generate_name": "",
                "generation": 0,
                "labels": {},
                "name": "aws-load-balancer-controller-sa",
                "namespace": "kube-system",
                "resource_version": "2252",
                "uid": "e6785046-8422-49b0-8360-fdc4b30a1e20"
              }
            ],
            "secret": [],
            "timeouts": null
          },
          "sensitive_attributes": [],
          "private": "eyJlMmJmYjczMC1lY2FhLTExZTYtOGY4OC0zNDM2M2JjN2M0YzAiOnsiY3JlYXRlIjozMDAwMDAwMDAwMH19",
          "dependencies": [
            "aws_security_group.sg",
            "data.aws_availability_zones.available",
            "data.aws_caller_identity.current",
            "data.aws_eks_cluster_auth.this",
            "module.eks_blueprints.data.aws_caller_identity.current",
            "module.eks_blueprints.data.aws_eks_cluster.cluster",
            "module.eks_blueprints.data.aws_iam_policy_document.eks_key",
            "module.eks_blueprints.data.aws_iam_session_context.current",
            "module.eks_blueprints.data.aws_partition.current",
            "module.eks_blueprints.data.aws_region.current",
            "module.eks_blueprints.data.http.eks_cluster_readiness",
            "module.eks_blueprints.kubernetes_config_map.amazon_vpc_cni",
            "module.eks_blueprints.kubernetes_config_map.aws_auth",
            "module.eks_blueprints.module.aws_eks.aws_cloudwatch_log_group.this",
            "module.eks_blueprints.module.aws_eks.aws_ec2_tag.cluster_primary_security_group",
            "module.eks_blueprints.module.aws_eks.aws_eks_addon.this",
            "module.eks_blueprints.module.aws_eks.aws_eks_cluster.this",
            "module.eks_blueprints.module.aws_eks.aws_eks_identity_provider_config.this",
            "module.eks_blueprints.module.aws_eks.aws_iam_openid_connect_provider.oidc_provider",
            "module.eks_blueprints.module.aws_eks.aws_iam_policy.cluster_encryption",
            "module.eks_blueprints.module.aws_eks.aws_iam_policy.cni_ipv6_policy",
            "module.eks_blueprints.module.aws_eks.aws_iam_role.this",
            "module.eks_blueprints.module.aws_eks.aws_iam_role_policy_attachment.cluster_encryption",
            "module.eks_blueprints.module.aws_eks.aws_iam_role_policy_attachment.this",
            "module.eks_blueprints.module.aws_eks.aws_security_group.cluster",
            "module.eks_blueprints.module.aws_eks.aws_security_group.node",
            "module.eks_blueprints.module.aws_eks.aws_security_group_rule.cluster",
            "module.eks_blueprints.module.aws_eks.aws_security_group_rule.node",
            "module.eks_blueprints.module.aws_eks.data.aws_caller_identity.current",
            "module.eks_blueprints.module.aws_eks.data.aws_iam_policy_document.assume_role_policy",
            "module.eks_blueprints.module.aws_eks.data.aws_iam_policy_document.cni_ipv6_policy",
            "module.eks_blueprints.module.aws_eks.data.aws_partition.current",
            "module.eks_blueprints.module.aws_eks.data.tls_certificate.this",
            "module.eks_blueprints.module.aws_eks.kubernetes_config_map.aws_auth",
            "module.eks_blueprints.module.aws_eks.kubernetes_config_map_v1_data.aws_auth",
            "module.eks_blueprints.module.aws_eks.module.eks_managed_node_group.aws_eks_node_group.this",
            "module.eks_blueprints.module.aws_eks.module.eks_managed_node_group.aws_iam_role.this",
            "module.eks_blueprints.module.aws_eks.module.eks_managed_node_group.aws_iam_role_policy_attachment.this",
            "module.eks_blueprints.module.aws_eks.module.eks_managed_node_group.aws_launch_template.this",
            "module.eks_blueprints.module.aws_eks.module.eks_managed_node_group.aws_security_group.this",
            "module.eks_blueprints.module.aws_eks.module.eks_managed_node_group.aws_security_group_rule.this",
            "module.eks_blueprints.module.aws_eks.module.eks_managed_node_group.data.aws_caller_identity.current",
            "module.eks_blueprints.module.aws_eks.module.eks_managed_node_group.data.aws_iam_policy_document.assume_role_policy",
            "module.eks_blueprints.module.aws_eks.module.eks_managed_node_group.data.aws_partition.current",
            "module.eks_blueprints.module.aws_eks.module.eks_managed_node_group.module.user_data.data.cloudinit_config.linux_eks_managed_node_group",
            "module.eks_blueprints.module.aws_eks.module.fargate_profile.aws_eks_fargate_profile.this",
            "module.eks_blueprints.module.aws_eks.module.fargate_profile.aws_iam_role.this",
            "module.eks_blueprints.module.aws_eks.module.fargate_profile.aws_iam_role_policy_attachment.this",
            "module.eks_blueprints.module.aws_eks.module.fargate_profile.data.aws_caller_identity.current",
            "module.eks_blueprints.module.aws_eks.module.fargate_profile.data.aws_iam_policy_document.assume_role_policy",
            "module.eks_blueprints.module.aws_eks.module.fargate_profile.data.aws_partition.current",
            "module.eks_blueprints.module.aws_eks.module.kms.aws_kms_alias.this",
            "module.eks_blueprints.module.aws_eks.module.kms.aws_kms_external_key.this",
            "module.eks_blueprints.module.aws_eks.module.kms.aws_kms_grant.this",
            "module.eks_blueprints.module.aws_eks.module.kms.aws_kms_key.this",
            "module.eks_blueprints.module.aws_eks.module.kms.data.aws_caller_identity.current",
            "module.eks_blueprints.module.aws_eks.module.kms.data.aws_iam_policy_document.this",
            "module.eks_blueprints.module.aws_eks.module.kms.data.aws_partition.current",
            "module.eks_blueprints.module.aws_eks.module.self_managed_node_group.aws_autoscaling_group.this",
            "module.eks_blueprints.module.aws_eks.module.self_managed_node_group.aws_autoscaling_schedule.this",
            "module.eks_blueprints.module.aws_eks.module.self_managed_node_group.aws_iam_instance_profile.this",
            "module.eks_blueprints.module.aws_eks.module.self_managed_node_group.aws_iam_role.this",
            "module.eks_blueprints.module.aws_eks.module.self_managed_node_group.aws_iam_role_policy_attachment.this",
            "module.eks_blueprints.module.aws_eks.module.self_managed_node_group.aws_launch_template.this",
            "module.eks_blueprints.module.aws_eks.module.self_managed_node_group.aws_security_group.this",
            "module.eks_blueprints.module.aws_eks.module.self_managed_node_group.aws_security_group_rule.this",
            "module.eks_blueprints.module.aws_eks.module.self_managed_node_group.data.aws_ami.eks_default",
            "module.eks_blueprints.module.aws_eks.module.self_managed_node_group.data.aws_caller_identity.current",
            "module.eks_blueprints.module.aws_eks.module.self_managed_node_group.data.aws_default_tags.current",
            "module.eks_blueprints.module.aws_eks.module.self_managed_node_group.data.aws_iam_policy_document.assume_role_policy",
            "module.eks_blueprints.module.aws_eks.module.self_managed_node_group.data.aws_partition.current",
            "module.eks_blueprints.module.aws_eks.module.self_managed_node_group.module.user_data.data.cloudinit_config.linux_eks_managed_node_group",
            "module.eks_blueprints.module.aws_eks_fargate_profiles.aws_eks_fargate_profile.eks_fargate",
            "module.eks_blueprints.module.aws_eks_fargate_profiles.aws_iam_policy.cwlogs",
            "module.eks_blueprints.module.aws_eks_fargate_profiles.aws_iam_role.fargate",
            "module.eks_blueprints.module.aws_eks_fargate_profiles.aws_iam_role_policy_attachment.cwlogs",
            "module.eks_blueprints.module.aws_eks_fargate_profiles.aws_iam_role_policy_attachment.fargate_pod_execution_role_policy",
            "module.eks_blueprints.module.aws_eks_fargate_profiles.data.aws_iam_policy_document.cwlogs",
            "module.eks_blueprints.module.aws_eks_fargate_profiles.data.aws_iam_policy_document.fargate_assume_role_policy",
            "module.eks_blueprints.module.aws_eks_managed_node_groups.aws_eks_node_group.managed_ng",
            "module.eks_blueprints.module.aws_eks_managed_node_groups.aws_iam_instance_profile.managed_ng",
            "module.eks_blueprints.module.aws_eks_managed_node_groups.aws_iam_role.managed_ng",
            "module.eks_blueprints.module.aws_eks_managed_node_groups.aws_iam_role_policy_attachment.managed_ng",
            "module.eks_blueprints.module.aws_eks_managed_node_groups.aws_launch_template.managed_node_groups",
            "module.eks_blueprints.module.aws_eks_managed_node_groups.data.aws_iam_policy_document.managed_ng_assume_role_policy",
            "module.eks_blueprints.module.aws_eks_self_managed_node_groups.aws_autoscaling_group.self_managed_ng",
            "module.eks_blueprints.module.aws_eks_self_managed_node_groups.aws_iam_instance_profile.self_managed_ng",
            "module.eks_blueprints.module.aws_eks_self_managed_node_groups.aws_iam_policy.eks_windows_cni",
            "module.eks_blueprints.module.aws_eks_self_managed_node_groups.aws_iam_role.self_managed_ng",
            "module.eks_blueprints.module.aws_eks_self_managed_node_groups.aws_iam_role_policy_attachment.eks_windows_cni",
            "module.eks_blueprints.module.aws_eks_self_managed_node_groups.aws_iam_role_policy_attachment.self_managed_ng",
            "module.eks_blueprints.module.aws_eks_self_managed_node_groups.data.aws_ami.predefined",
            "module.eks_blueprints.module.aws_eks_self_managed_node_groups.data.aws_iam_policy_document.eks_windows_cni",
            "module.eks_blueprints.module.aws_eks_self_managed_node_groups.data.aws_iam_policy_document.self_managed_ng_assume_role_policy",
            "module.eks_blueprints.module.aws_eks_self_managed_node_groups.module.launch_template_self_managed_ng.aws_launch_template.this",
            "module.eks_blueprints.module.aws_eks_self_managed_node_groups.module.launch_template_self_managed_ng.data.aws_eks_cluster.eks",
            "module.eks_blueprints.module.aws_eks_teams.aws_iam_policy.platform_team_eks_access",
            "module.eks_blueprints.module.aws_eks_teams.aws_iam_role.platform_team",
            "module.eks_blueprints.module.aws_eks_teams.aws_iam_role.team_access",
            "module.eks_blueprints.module.aws_eks_teams.aws_iam_role.team_sa_irsa",
            "module.eks_blueprints.module.aws_eks_teams.data.aws_caller_identity.current",
            "module.eks_blueprints.module.aws_eks_teams.data.aws_eks_cluster.eks_cluster",
            "module.eks_blueprints.module.aws_eks_teams.data.aws_iam_policy_document.platform_team_eks_access",
            "module.eks_blueprints.module.aws_eks_teams.data.aws_partition.current",
            "module.eks_blueprints.module.aws_eks_teams.data.aws_region.current",
            "module.eks_blueprints.module.aws_eks_teams.kubectl_manifest.team",
            "module.eks_blueprints.module.aws_eks_teams.kubernetes_cluster_role.team",
            "module.eks_blueprints.module.aws_eks_teams.kubernetes_cluster_role_binding.team",
            "module.eks_blueprints.module.aws_eks_teams.kubernetes_namespace.team",
            "module.eks_blueprints.module.aws_eks_teams.kubernetes_resource_quota.this",
            "module.eks_blueprints.module.aws_eks_teams.kubernetes_role.team",
            "module.eks_blueprints.module.aws_eks_teams.kubernetes_role_binding.team",
            "module.eks_blueprints.module.aws_eks_teams.kubernetes_service_account.team",
            "module.eks_blueprints.module.emr_on_eks.aws_iam_role.emr_on_eks_execution",
            "module.eks_blueprints.module.emr_on_eks.aws_iam_role_policy_attachment.custom",
            "module.eks_blueprints.module.emr_on_eks.data.aws_iam_policy_document.emr_assume_role",
            "module.eks_blueprints.module.emr_on_eks.data.aws_region.current",
            "module.eks_blueprints.module.emr_on_eks.kubernetes_namespace.spark",
            "module.eks_blueprints.module.emr_on_eks.kubernetes_role.emr_containers",
            "module.eks_blueprints.module.emr_on_eks.kubernetes_role_binding.emr_containers",
            "module.eks_blueprints.module.emr_on_eks.null_resource.update_trust_policy",
            "module.eks_blueprints.module.kms.aws_kms_alias.this",
            "module.eks_blueprints.module.kms.aws_kms_key.this",
            "module.kubernetes_addons.data.aws_caller_identity.current",
            "module.kubernetes_addons.data.aws_eks_cluster.eks_cluster",
            "module.kubernetes_addons.data.aws_partition.current",
            "module.kubernetes_addons.data.aws_region.current",
            "module.kubernetes_addons.module.aws_load_balancer_controller.aws_iam_policy.aws_load_balancer_controller",
            "module.kubernetes_addons.module.aws_load_balancer_controller.data.aws_iam_policy_document.aws_lb",
            "module.kubernetes_addons.module.aws_load_balancer_controller.module.helm_addon.module.irsa.aws_iam_role.irsa",
            "module.kubernetes_addons.module.aws_load_balancer_controller.module.helm_addon.module.irsa.kubernetes_namespace_v1.irsa",
            "module.kubernetes_addons.time_sleep.dataplane",
            "module.vpc.aws_subnet.private",
            "module.vpc.aws_subnet.public",
            "module.vpc.aws_vpc.this",
            "module.vpc.aws_vpc_ipv4_cidr_block_association.this"
          ]
        }
      ]
    },
    {
      "module": "module.kubernetes_addons.module.kube_prometheus_stack[0]",
      "mode": "managed",
      "type": "kubernetes_namespace_v1",
      "name": "prometheus",
      "provider": "provider[\"registry.terraform.io/hashicorp/kubernetes\"]",
      "instances": [
        {
          "schema_version": 0,
          "attributes": {
            "id": "kube-prometheus-stack",
            "metadata": [
              {
                "annotations": {},
                "generate_name": "",
                "generation": 0,
                "labels": {},
                "name": "kube-prometheus-stack",
                "resource_version": "2213",
                "uid": "0380cdec-cf89-4a2c-b586-74ae83b8138d"
              }
            ],
            "timeouts": null
          },
          "sensitive_attributes": [],
          "private": "eyJlMmJmYjczMC1lY2FhLTExZTYtOGY4OC0zNDM2M2JjN2M0YzAiOnsiZGVsZXRlIjozMDAwMDAwMDAwMDB9fQ==",
          "dependencies": [
            "data.aws_availability_zones.available",
            "data.aws_caller_identity.current",
            "data.aws_eks_cluster_auth.this",
            "module.eks_blueprints.data.aws_caller_identity.current",
            "module.eks_blueprints.data.aws_eks_cluster.cluster",
            "module.eks_blueprints.data.aws_iam_policy_document.eks_key",
            "module.eks_blueprints.data.aws_iam_session_context.current",
            "module.eks_blueprints.data.aws_partition.current",
            "module.eks_blueprints.data.aws_region.current",
            "module.eks_blueprints.data.http.eks_cluster_readiness",
            "module.eks_blueprints.kubernetes_config_map.amazon_vpc_cni",
            "module.eks_blueprints.kubernetes_config_map.aws_auth",
            "module.eks_blueprints.module.aws_eks.aws_cloudwatch_log_group.this",
            "module.eks_blueprints.module.aws_eks.aws_ec2_tag.cluster_primary_security_group",
            "module.eks_blueprints.module.aws_eks.aws_eks_addon.this",
            "module.eks_blueprints.module.aws_eks.aws_eks_cluster.this",
            "module.eks_blueprints.module.aws_eks.aws_eks_identity_provider_config.this",
            "module.eks_blueprints.module.aws_eks.aws_iam_openid_connect_provider.oidc_provider",
            "module.eks_blueprints.module.aws_eks.aws_iam_policy.cluster_encryption",
            "module.eks_blueprints.module.aws_eks.aws_iam_policy.cni_ipv6_policy",
            "module.eks_blueprints.module.aws_eks.aws_iam_role.this",
            "module.eks_blueprints.module.aws_eks.aws_iam_role_policy_attachment.cluster_encryption",
            "module.eks_blueprints.module.aws_eks.aws_iam_role_policy_attachment.this",
            "module.eks_blueprints.module.aws_eks.aws_security_group.cluster",
            "module.eks_blueprints.module.aws_eks.aws_security_group.node",
            "module.eks_blueprints.module.aws_eks.aws_security_group_rule.cluster",
            "module.eks_blueprints.module.aws_eks.aws_security_group_rule.node",
            "module.eks_blueprints.module.aws_eks.data.aws_caller_identity.current",
            "module.eks_blueprints.module.aws_eks.data.aws_iam_policy_document.assume_role_policy",
            "module.eks_blueprints.module.aws_eks.data.aws_iam_policy_document.cni_ipv6_policy",
            "module.eks_blueprints.module.aws_eks.data.aws_partition.current",
            "module.eks_blueprints.module.aws_eks.data.tls_certificate.this",
            "module.eks_blueprints.module.aws_eks.kubernetes_config_map.aws_auth",
            "module.eks_blueprints.module.aws_eks.kubernetes_config_map_v1_data.aws_auth",
            "module.eks_blueprints.module.aws_eks.module.eks_managed_node_group.aws_eks_node_group.this",
            "module.eks_blueprints.module.aws_eks.module.eks_managed_node_group.aws_iam_role.this",
            "module.eks_blueprints.module.aws_eks.module.eks_managed_node_group.aws_iam_role_policy_attachment.this",
            "module.eks_blueprints.module.aws_eks.module.eks_managed_node_group.aws_launch_template.this",
            "module.eks_blueprints.module.aws_eks.module.eks_managed_node_group.aws_security_group.this",
            "module.eks_blueprints.module.aws_eks.module.eks_managed_node_group.aws_security_group_rule.this",
            "module.eks_blueprints.module.aws_eks.module.eks_managed_node_group.data.aws_caller_identity.current",
            "module.eks_blueprints.module.aws_eks.module.eks_managed_node_group.data.aws_iam_policy_document.assume_role_policy",
            "module.eks_blueprints.module.aws_eks.module.eks_managed_node_group.data.aws_partition.current",
            "module.eks_blueprints.module.aws_eks.module.eks_managed_node_group.module.user_data.data.cloudinit_config.linux_eks_managed_node_group",
            "module.eks_blueprints.module.aws_eks.module.fargate_profile.aws_eks_fargate_profile.this",
            "module.eks_blueprints.module.aws_eks.module.fargate_profile.aws_iam_role.this",
            "module.eks_blueprints.module.aws_eks.module.fargate_profile.aws_iam_role_policy_attachment.this",
            "module.eks_blueprints.module.aws_eks.module.fargate_profile.data.aws_caller_identity.current",
            "module.eks_blueprints.module.aws_eks.module.fargate_profile.data.aws_iam_policy_document.assume_role_policy",
            "module.eks_blueprints.module.aws_eks.module.fargate_profile.data.aws_partition.current",
            "module.eks_blueprints.module.aws_eks.module.kms.aws_kms_alias.this",
            "module.eks_blueprints.module.aws_eks.module.kms.aws_kms_external_key.this",
            "module.eks_blueprints.module.aws_eks.module.kms.aws_kms_grant.this",
            "module.eks_blueprints.module.aws_eks.module.kms.aws_kms_key.this",
            "module.eks_blueprints.module.aws_eks.module.kms.data.aws_caller_identity.current",
            "module.eks_blueprints.module.aws_eks.module.kms.data.aws_iam_policy_document.this",
            "module.eks_blueprints.module.aws_eks.module.kms.data.aws_partition.current",
            "module.eks_blueprints.module.aws_eks.module.self_managed_node_group.aws_autoscaling_group.this",
            "module.eks_blueprints.module.aws_eks.module.self_managed_node_group.aws_autoscaling_schedule.this",
            "module.eks_blueprints.module.aws_eks.module.self_managed_node_group.aws_iam_instance_profile.this",
            "module.eks_blueprints.module.aws_eks.module.self_managed_node_group.aws_iam_role.this",
            "module.eks_blueprints.module.aws_eks.module.self_managed_node_group.aws_iam_role_policy_attachment.this",
            "module.eks_blueprints.module.aws_eks.module.self_managed_node_group.aws_launch_template.this",
            "module.eks_blueprints.module.aws_eks.module.self_managed_node_group.aws_security_group.this",
            "module.eks_blueprints.module.aws_eks.module.self_managed_node_group.aws_security_group_rule.this",
            "module.eks_blueprints.module.aws_eks.module.self_managed_node_group.data.aws_ami.eks_default",
            "module.eks_blueprints.module.aws_eks.module.self_managed_node_group.data.aws_caller_identity.current",
            "module.eks_blueprints.module.aws_eks.module.self_managed_node_group.data.aws_default_tags.current",
            "module.eks_blueprints.module.aws_eks.module.self_managed_node_group.data.aws_iam_policy_document.assume_role_policy",
            "module.eks_blueprints.module.aws_eks.module.self_managed_node_group.data.aws_partition.current",
            "module.eks_blueprints.module.aws_eks.module.self_managed_node_group.module.user_data.data.cloudinit_config.linux_eks_managed_node_group",
            "module.eks_blueprints.module.aws_eks_fargate_profiles.aws_eks_fargate_profile.eks_fargate",
            "module.eks_blueprints.module.aws_eks_fargate_profiles.aws_iam_policy.cwlogs",
            "module.eks_blueprints.module.aws_eks_fargate_profiles.aws_iam_role.fargate",
            "module.eks_blueprints.module.aws_eks_fargate_profiles.aws_iam_role_policy_attachment.cwlogs",
            "module.eks_blueprints.module.aws_eks_fargate_profiles.aws_iam_role_policy_attachment.fargate_pod_execution_role_policy",
            "module.eks_blueprints.module.aws_eks_fargate_profiles.data.aws_iam_policy_document.cwlogs",
            "module.eks_blueprints.module.aws_eks_fargate_profiles.data.aws_iam_policy_document.fargate_assume_role_policy",
            "module.eks_blueprints.module.aws_eks_managed_node_groups.aws_eks_node_group.managed_ng",
            "module.eks_blueprints.module.aws_eks_managed_node_groups.aws_iam_instance_profile.managed_ng",
            "module.eks_blueprints.module.aws_eks_managed_node_groups.aws_iam_role.managed_ng",
            "module.eks_blueprints.module.aws_eks_managed_node_groups.aws_iam_role_policy_attachment.managed_ng",
            "module.eks_blueprints.module.aws_eks_managed_node_groups.aws_launch_template.managed_node_groups",
            "module.eks_blueprints.module.aws_eks_managed_node_groups.data.aws_iam_policy_document.managed_ng_assume_role_policy",
            "module.eks_blueprints.module.aws_eks_self_managed_node_groups.aws_autoscaling_group.self_managed_ng",
            "module.eks_blueprints.module.aws_eks_self_managed_node_groups.aws_iam_instance_profile.self_managed_ng",
            "module.eks_blueprints.module.aws_eks_self_managed_node_groups.aws_iam_policy.eks_windows_cni",
            "module.eks_blueprints.module.aws_eks_self_managed_node_groups.aws_iam_role.self_managed_ng",
            "module.eks_blueprints.module.aws_eks_self_managed_node_groups.aws_iam_role_policy_attachment.eks_windows_cni",
            "module.eks_blueprints.module.aws_eks_self_managed_node_groups.aws_iam_role_policy_attachment.self_managed_ng",
            "module.eks_blueprints.module.aws_eks_self_managed_node_groups.data.aws_ami.predefined",
            "module.eks_blueprints.module.aws_eks_self_managed_node_groups.data.aws_iam_policy_document.eks_windows_cni",
            "module.eks_blueprints.module.aws_eks_self_managed_node_groups.data.aws_iam_policy_document.self_managed_ng_assume_role_policy",
            "module.eks_blueprints.module.aws_eks_self_managed_node_groups.module.launch_template_self_managed_ng.aws_launch_template.this",
            "module.eks_blueprints.module.aws_eks_self_managed_node_groups.module.launch_template_self_managed_ng.data.aws_eks_cluster.eks",
            "module.eks_blueprints.module.aws_eks_teams.aws_iam_policy.platform_team_eks_access",
            "module.eks_blueprints.module.aws_eks_teams.aws_iam_role.platform_team",
            "module.eks_blueprints.module.aws_eks_teams.aws_iam_role.team_access",
            "module.eks_blueprints.module.aws_eks_teams.aws_iam_role.team_sa_irsa",
            "module.eks_blueprints.module.aws_eks_teams.data.aws_caller_identity.current",
            "module.eks_blueprints.module.aws_eks_teams.data.aws_eks_cluster.eks_cluster",
            "module.eks_blueprints.module.aws_eks_teams.data.aws_iam_policy_document.platform_team_eks_access",
            "module.eks_blueprints.module.aws_eks_teams.data.aws_partition.current",
            "module.eks_blueprints.module.aws_eks_teams.data.aws_region.current",
            "module.eks_blueprints.module.aws_eks_teams.kubectl_manifest.team",
            "module.eks_blueprints.module.aws_eks_teams.kubernetes_cluster_role.team",
            "module.eks_blueprints.module.aws_eks_teams.kubernetes_cluster_role_binding.team",
            "module.eks_blueprints.module.aws_eks_teams.kubernetes_namespace.team",
            "module.eks_blueprints.module.aws_eks_teams.kubernetes_resource_quota.this",
            "module.eks_blueprints.module.aws_eks_teams.kubernetes_role.team",
            "module.eks_blueprints.module.aws_eks_teams.kubernetes_role_binding.team",
            "module.eks_blueprints.module.aws_eks_teams.kubernetes_service_account.team",
            "module.eks_blueprints.module.emr_on_eks.aws_iam_role.emr_on_eks_execution",
            "module.eks_blueprints.module.emr_on_eks.aws_iam_role_policy_attachment.custom",
            "module.eks_blueprints.module.emr_on_eks.data.aws_iam_policy_document.emr_assume_role",
            "module.eks_blueprints.module.emr_on_eks.data.aws_region.current",
            "module.eks_blueprints.module.emr_on_eks.kubernetes_namespace.spark",
            "module.eks_blueprints.module.emr_on_eks.kubernetes_role.emr_containers",
            "module.eks_blueprints.module.emr_on_eks.kubernetes_role_binding.emr_containers",
            "module.eks_blueprints.module.emr_on_eks.null_resource.update_trust_policy",
            "module.eks_blueprints.module.kms.aws_kms_alias.this",
            "module.eks_blueprints.module.kms.aws_kms_key.this",
            "module.vpc.aws_subnet.private",
            "module.vpc.aws_subnet.public",
            "module.vpc.aws_vpc.this",
            "module.vpc.aws_vpc_ipv4_cidr_block_association.this"
          ]
        }
      ]
    },
    {
      "module": "module.kubernetes_addons.module.kube_prometheus_stack[0].module.helm_addon",
      "mode": "managed",
      "type": "helm_release",
      "name": "addon",
      "provider": "provider[\"registry.terraform.io/hashicorp/helm\"]",
      "instances": [
        {
          "index_key": 0,
          "schema_version": 1,
          "attributes": {
            "atomic": false,
            "chart": "kube-prometheus-stack",
            "cleanup_on_fail": false,
            "create_namespace": false,
            "dependency_update": false,
            "description": "kube-prometheus-stack helm Chart deployment configuration",
            "devel": null,
            "disable_crd_hooks": false,
            "disable_openapi_validation": false,
            "disable_webhooks": false,
            "force_update": false,
            "id": "kube-prometheus-stack",
            "keyring": "",
            "lint": false,
            "manifest": null,
            "max_history": 0,
            "metadata": [
              {
                "app_version": "0.60.1",
                "chart": "kube-prometheus-stack",
                "name": "kube-prometheus-stack",
                "namespace": "kube-prometheus-stack",
                "revision": 1,
                "values": "{\"defaultRules\":{\"create\":true,\"rules\":{\"etcd\":false,\"kubeScheduler\":false}},\"kubeControllerManager\":{\"enabled\":false},\"kubeEtcd\":{\"enabled\":false},\"kubeScheduler\":{\"enabled\":false},\"prometheus\":{\"enabled\":true,\"prometheusSpec\":{\"storageSpec\":{\"volumeClaimTemplate\":{\"spec\":{\"accessModes\":[\"ReadWriteOnce\"],\"resources\":{\"requests\":{\"storage\":\"20Gi\"}},\"storageClassName\":\"gp2\"}}}},\"service\":{\"annotations\":{},\"clusterIP\":\"\",\"externalIPs\":[],\"labels\":{},\"nodePort\":30090,\"port\":9090,\"targetPort\":9090,\"type\":\"NodePort\"}}}",
                "version": "41.6.1"
              }
            ],
            "name": "kube-prometheus-stack",
            "namespace": "kube-prometheus-stack",
            "pass_credentials": false,
            "postrender": [
              {
                "args": [],
                "binary_path": ""
              }
            ],
            "recreate_pods": false,
            "render_subchart_notes": true,
            "replace": false,
            "repository": "https://prometheus-community.github.io/helm-charts",
            "repository_ca_file": null,
            "repository_cert_file": "",
            "repository_key_file": "",
            "repository_password": "",
            "repository_username": "",
            "reset_values": false,
            "reuse_values": false,
            "set": [],
            "set_sensitive": [],
            "skip_crds": false,
            "status": "deployed",
            "timeout": 1200,
            "values": [
              "defaultRules:\n  create: true\n  rules:\n    etcd: false\n    kubeScheduler: false\nkubeControllerManager:\n  enabled: false\nkubeEtcd:\n  enabled: false\nkubeScheduler:\n  enabled: false\nprometheus:\n  prometheusSpec:\n    storageSpec:\n      volumeClaimTemplate:\n        spec:\n          accessModes:\n          - ReadWriteOnce\n          resources:\n            requests:\n              storage: 20Gi\n          storageClassName: gp2\n  enabled: true\n  ## Configuration for Prometheus service\n  ##\n  service:\n    annotations: {}\n    labels: {}\n    clusterIP: \"\"\n    port: 9090\n    ## To be used with a proxy extraContainer port\n    targetPort: 9090\n    ## List of IP addresses at which the Prometheus server service is available\n    ## Ref: https://kubernetes.io/docs/user-guide/services/#external-ips\n    ##\n    externalIPs: []\n    ## Port to expose on each node\n    ## Only used if service.type is 'NodePort'\n    ##\n    nodePort: 30090\n    type: NodePort"
            ],
            "verify": false,
            "version": "41.6.1",
            "wait": true,
            "wait_for_jobs": false
          },
          "sensitive_attributes": [],
          "private": "eyJzY2hlbWFfdmVyc2lvbiI6IjEifQ==",
          "dependencies": [
            "data.aws_availability_zones.available",
            "data.aws_caller_identity.current",
            "data.aws_eks_cluster_auth.this",
            "module.eks_blueprints.data.aws_caller_identity.current",
            "module.eks_blueprints.data.aws_eks_cluster.cluster",
            "module.eks_blueprints.data.aws_iam_policy_document.eks_key",
            "module.eks_blueprints.data.aws_iam_session_context.current",
            "module.eks_blueprints.data.aws_partition.current",
            "module.eks_blueprints.data.aws_region.current",
            "module.eks_blueprints.data.http.eks_cluster_readiness",
            "module.eks_blueprints.kubernetes_config_map.amazon_vpc_cni",
            "module.eks_blueprints.kubernetes_config_map.aws_auth",
            "module.eks_blueprints.module.aws_eks.aws_cloudwatch_log_group.this",
            "module.eks_blueprints.module.aws_eks.aws_ec2_tag.cluster_primary_security_group",
            "module.eks_blueprints.module.aws_eks.aws_eks_addon.this",
            "module.eks_blueprints.module.aws_eks.aws_eks_cluster.this",
            "module.eks_blueprints.module.aws_eks.aws_eks_identity_provider_config.this",
            "module.eks_blueprints.module.aws_eks.aws_iam_openid_connect_provider.oidc_provider",
            "module.eks_blueprints.module.aws_eks.aws_iam_policy.cluster_encryption",
            "module.eks_blueprints.module.aws_eks.aws_iam_policy.cni_ipv6_policy",
            "module.eks_blueprints.module.aws_eks.aws_iam_role.this",
            "module.eks_blueprints.module.aws_eks.aws_iam_role_policy_attachment.cluster_encryption",
            "module.eks_blueprints.module.aws_eks.aws_iam_role_policy_attachment.this",
            "module.eks_blueprints.module.aws_eks.aws_security_group.cluster",
            "module.eks_blueprints.module.aws_eks.aws_security_group.node",
            "module.eks_blueprints.module.aws_eks.aws_security_group_rule.cluster",
            "module.eks_blueprints.module.aws_eks.aws_security_group_rule.node",
            "module.eks_blueprints.module.aws_eks.data.aws_caller_identity.current",
            "module.eks_blueprints.module.aws_eks.data.aws_iam_policy_document.assume_role_policy",
            "module.eks_blueprints.module.aws_eks.data.aws_iam_policy_document.cni_ipv6_policy",
            "module.eks_blueprints.module.aws_eks.data.aws_partition.current",
            "module.eks_blueprints.module.aws_eks.data.tls_certificate.this",
            "module.eks_blueprints.module.aws_eks.kubernetes_config_map.aws_auth",
            "module.eks_blueprints.module.aws_eks.kubernetes_config_map_v1_data.aws_auth",
            "module.eks_blueprints.module.aws_eks.module.eks_managed_node_group.aws_eks_node_group.this",
            "module.eks_blueprints.module.aws_eks.module.eks_managed_node_group.aws_iam_role.this",
            "module.eks_blueprints.module.aws_eks.module.eks_managed_node_group.aws_iam_role_policy_attachment.this",
            "module.eks_blueprints.module.aws_eks.module.eks_managed_node_group.aws_launch_template.this",
            "module.eks_blueprints.module.aws_eks.module.eks_managed_node_group.aws_security_group.this",
            "module.eks_blueprints.module.aws_eks.module.eks_managed_node_group.aws_security_group_rule.this",
            "module.eks_blueprints.module.aws_eks.module.eks_managed_node_group.data.aws_caller_identity.current",
            "module.eks_blueprints.module.aws_eks.module.eks_managed_node_group.data.aws_iam_policy_document.assume_role_policy",
            "module.eks_blueprints.module.aws_eks.module.eks_managed_node_group.data.aws_partition.current",
            "module.eks_blueprints.module.aws_eks.module.eks_managed_node_group.module.user_data.data.cloudinit_config.linux_eks_managed_node_group",
            "module.eks_blueprints.module.aws_eks.module.fargate_profile.aws_eks_fargate_profile.this",
            "module.eks_blueprints.module.aws_eks.module.fargate_profile.aws_iam_role.this",
            "module.eks_blueprints.module.aws_eks.module.fargate_profile.aws_iam_role_policy_attachment.this",
            "module.eks_blueprints.module.aws_eks.module.fargate_profile.data.aws_caller_identity.current",
            "module.eks_blueprints.module.aws_eks.module.fargate_profile.data.aws_iam_policy_document.assume_role_policy",
            "module.eks_blueprints.module.aws_eks.module.fargate_profile.data.aws_partition.current",
            "module.eks_blueprints.module.aws_eks.module.kms.aws_kms_alias.this",
            "module.eks_blueprints.module.aws_eks.module.kms.aws_kms_external_key.this",
            "module.eks_blueprints.module.aws_eks.module.kms.aws_kms_grant.this",
            "module.eks_blueprints.module.aws_eks.module.kms.aws_kms_key.this",
            "module.eks_blueprints.module.aws_eks.module.kms.data.aws_caller_identity.current",
            "module.eks_blueprints.module.aws_eks.module.kms.data.aws_iam_policy_document.this",
            "module.eks_blueprints.module.aws_eks.module.kms.data.aws_partition.current",
            "module.eks_blueprints.module.aws_eks.module.self_managed_node_group.aws_autoscaling_group.this",
            "module.eks_blueprints.module.aws_eks.module.self_managed_node_group.aws_autoscaling_schedule.this",
            "module.eks_blueprints.module.aws_eks.module.self_managed_node_group.aws_iam_instance_profile.this",
            "module.eks_blueprints.module.aws_eks.module.self_managed_node_group.aws_iam_role.this",
            "module.eks_blueprints.module.aws_eks.module.self_managed_node_group.aws_iam_role_policy_attachment.this",
            "module.eks_blueprints.module.aws_eks.module.self_managed_node_group.aws_launch_template.this",
            "module.eks_blueprints.module.aws_eks.module.self_managed_node_group.aws_security_group.this",
            "module.eks_blueprints.module.aws_eks.module.self_managed_node_group.aws_security_group_rule.this",
            "module.eks_blueprints.module.aws_eks.module.self_managed_node_group.data.aws_ami.eks_default",
            "module.eks_blueprints.module.aws_eks.module.self_managed_node_group.data.aws_caller_identity.current",
            "module.eks_blueprints.module.aws_eks.module.self_managed_node_group.data.aws_default_tags.current",
            "module.eks_blueprints.module.aws_eks.module.self_managed_node_group.data.aws_iam_policy_document.assume_role_policy",
            "module.eks_blueprints.module.aws_eks.module.self_managed_node_group.data.aws_partition.current",
            "module.eks_blueprints.module.aws_eks.module.self_managed_node_group.module.user_data.data.cloudinit_config.linux_eks_managed_node_group",
            "module.eks_blueprints.module.aws_eks_fargate_profiles.aws_eks_fargate_profile.eks_fargate",
            "module.eks_blueprints.module.aws_eks_fargate_profiles.aws_iam_policy.cwlogs",
            "module.eks_blueprints.module.aws_eks_fargate_profiles.aws_iam_role.fargate",
            "module.eks_blueprints.module.aws_eks_fargate_profiles.aws_iam_role_policy_attachment.cwlogs",
            "module.eks_blueprints.module.aws_eks_fargate_profiles.aws_iam_role_policy_attachment.fargate_pod_execution_role_policy",
            "module.eks_blueprints.module.aws_eks_fargate_profiles.data.aws_iam_policy_document.cwlogs",
            "module.eks_blueprints.module.aws_eks_fargate_profiles.data.aws_iam_policy_document.fargate_assume_role_policy",
            "module.eks_blueprints.module.aws_eks_managed_node_groups.aws_eks_node_group.managed_ng",
            "module.eks_blueprints.module.aws_eks_managed_node_groups.aws_iam_instance_profile.managed_ng",
            "module.eks_blueprints.module.aws_eks_managed_node_groups.aws_iam_role.managed_ng",
            "module.eks_blueprints.module.aws_eks_managed_node_groups.aws_iam_role_policy_attachment.managed_ng",
            "module.eks_blueprints.module.aws_eks_managed_node_groups.aws_launch_template.managed_node_groups",
            "module.eks_blueprints.module.aws_eks_managed_node_groups.data.aws_iam_policy_document.managed_ng_assume_role_policy",
            "module.eks_blueprints.module.aws_eks_self_managed_node_groups.aws_autoscaling_group.self_managed_ng",
            "module.eks_blueprints.module.aws_eks_self_managed_node_groups.aws_iam_instance_profile.self_managed_ng",
            "module.eks_blueprints.module.aws_eks_self_managed_node_groups.aws_iam_policy.eks_windows_cni",
            "module.eks_blueprints.module.aws_eks_self_managed_node_groups.aws_iam_role.self_managed_ng",
            "module.eks_blueprints.module.aws_eks_self_managed_node_groups.aws_iam_role_policy_attachment.eks_windows_cni",
            "module.eks_blueprints.module.aws_eks_self_managed_node_groups.aws_iam_role_policy_attachment.self_managed_ng",
            "module.eks_blueprints.module.aws_eks_self_managed_node_groups.data.aws_ami.predefined",
            "module.eks_blueprints.module.aws_eks_self_managed_node_groups.data.aws_iam_policy_document.eks_windows_cni",
            "module.eks_blueprints.module.aws_eks_self_managed_node_groups.data.aws_iam_policy_document.self_managed_ng_assume_role_policy",
            "module.eks_blueprints.module.aws_eks_self_managed_node_groups.module.launch_template_self_managed_ng.aws_launch_template.this",
            "module.eks_blueprints.module.aws_eks_self_managed_node_groups.module.launch_template_self_managed_ng.data.aws_eks_cluster.eks",
            "module.eks_blueprints.module.aws_eks_teams.aws_iam_policy.platform_team_eks_access",
            "module.eks_blueprints.module.aws_eks_teams.aws_iam_role.platform_team",
            "module.eks_blueprints.module.aws_eks_teams.aws_iam_role.team_access",
            "module.eks_blueprints.module.aws_eks_teams.aws_iam_role.team_sa_irsa",
            "module.eks_blueprints.module.aws_eks_teams.data.aws_caller_identity.current",
            "module.eks_blueprints.module.aws_eks_teams.data.aws_eks_cluster.eks_cluster",
            "module.eks_blueprints.module.aws_eks_teams.data.aws_iam_policy_document.platform_team_eks_access",
            "module.eks_blueprints.module.aws_eks_teams.data.aws_partition.current",
            "module.eks_blueprints.module.aws_eks_teams.data.aws_region.current",
            "module.eks_blueprints.module.aws_eks_teams.kubectl_manifest.team",
            "module.eks_blueprints.module.aws_eks_teams.kubernetes_cluster_role.team",
            "module.eks_blueprints.module.aws_eks_teams.kubernetes_cluster_role_binding.team",
            "module.eks_blueprints.module.aws_eks_teams.kubernetes_namespace.team",
            "module.eks_blueprints.module.aws_eks_teams.kubernetes_resource_quota.this",
            "module.eks_blueprints.module.aws_eks_teams.kubernetes_role.team",
            "module.eks_blueprints.module.aws_eks_teams.kubernetes_role_binding.team",
            "module.eks_blueprints.module.aws_eks_teams.kubernetes_service_account.team",
            "module.eks_blueprints.module.emr_on_eks.aws_iam_role.emr_on_eks_execution",
            "module.eks_blueprints.module.emr_on_eks.aws_iam_role_policy_attachment.custom",
            "module.eks_blueprints.module.emr_on_eks.data.aws_iam_policy_document.emr_assume_role",
            "module.eks_blueprints.module.emr_on_eks.data.aws_region.current",
            "module.eks_blueprints.module.emr_on_eks.kubernetes_namespace.spark",
            "module.eks_blueprints.module.emr_on_eks.kubernetes_role.emr_containers",
            "module.eks_blueprints.module.emr_on_eks.kubernetes_role_binding.emr_containers",
            "module.eks_blueprints.module.emr_on_eks.null_resource.update_trust_policy",
            "module.eks_blueprints.module.kms.aws_kms_alias.this",
            "module.eks_blueprints.module.kms.aws_kms_key.this",
            "module.kubernetes_addons.data.aws_caller_identity.current",
            "module.kubernetes_addons.data.aws_eks_cluster.eks_cluster",
            "module.kubernetes_addons.data.aws_partition.current",
            "module.kubernetes_addons.data.aws_region.current",
            "module.kubernetes_addons.module.kube_prometheus_stack.kubernetes_namespace_v1.prometheus",
            "module.kubernetes_addons.module.kube_prometheus_stack.module.helm_addon.module.irsa.aws_iam_role.irsa",
            "module.kubernetes_addons.module.kube_prometheus_stack.module.helm_addon.module.irsa.aws_iam_role_policy_attachment.irsa",
            "module.kubernetes_addons.module.kube_prometheus_stack.module.helm_addon.module.irsa.kubernetes_namespace_v1.irsa",
            "module.kubernetes_addons.module.kube_prometheus_stack.module.helm_addon.module.irsa.kubernetes_secret_v1.irsa",
            "module.kubernetes_addons.module.kube_prometheus_stack.module.helm_addon.module.irsa.kubernetes_service_account_v1.irsa",
            "module.kubernetes_addons.time_sleep.dataplane",
            "module.vpc.aws_subnet.private",
            "module.vpc.aws_subnet.public",
            "module.vpc.aws_vpc.this",
            "module.vpc.aws_vpc_ipv4_cidr_block_association.this"
          ]
        }
      ]
    },
    {
      "module": "module.kubernetes_addons.module.metrics_server[0].module.helm_addon",
      "mode": "managed",
      "type": "helm_release",
      "name": "addon",
      "provider": "provider[\"registry.terraform.io/hashicorp/helm\"]",
      "instances": [
        {
          "index_key": 0,
          "schema_version": 1,
          "attributes": {
            "atomic": false,
            "chart": "metrics-server",
            "cleanup_on_fail": false,
            "create_namespace": false,
            "dependency_update": false,
            "description": "Metric server helm Chart deployment configuration",
            "devel": null,
            "disable_crd_hooks": false,
            "disable_openapi_validation": false,
            "disable_webhooks": false,
            "force_update": false,
            "id": "metrics-server",
            "keyring": "",
            "lint": false,
            "manifest": null,
            "max_history": 0,
            "metadata": [
              {
                "app_version": "0.6.1",
                "chart": "metrics-server",
                "name": "metrics-server",
                "namespace": "kube-system",
                "revision": 1,
                "values": "null",
                "version": "3.8.2"
              }
            ],
            "name": "metrics-server",
            "namespace": "kube-system",
            "pass_credentials": false,
            "postrender": [
              {
                "args": [],
                "binary_path": ""
              }
            ],
            "recreate_pods": false,
            "render_subchart_notes": true,
            "replace": false,
            "repository": "https://kubernetes-sigs.github.io/metrics-server/",
            "repository_ca_file": null,
            "repository_cert_file": "",
            "repository_key_file": "",
            "repository_password": "",
            "repository_username": "",
            "reset_values": false,
            "reuse_values": false,
            "set": [],
            "set_sensitive": [],
            "skip_crds": false,
            "status": "deployed",
            "timeout": 1200,
            "values": null,
            "verify": false,
            "version": "3.8.2",
            "wait": true,
            "wait_for_jobs": false
          },
          "sensitive_attributes": [],
          "private": "eyJzY2hlbWFfdmVyc2lvbiI6IjEifQ==",
          "dependencies": [
            "data.aws_availability_zones.available",
            "data.aws_caller_identity.current",
            "data.aws_eks_cluster_auth.this",
            "module.eks_blueprints.data.aws_caller_identity.current",
            "module.eks_blueprints.data.aws_eks_cluster.cluster",
            "module.eks_blueprints.data.aws_iam_policy_document.eks_key",
            "module.eks_blueprints.data.aws_iam_session_context.current",
            "module.eks_blueprints.data.aws_partition.current",
            "module.eks_blueprints.data.aws_region.current",
            "module.eks_blueprints.data.http.eks_cluster_readiness",
            "module.eks_blueprints.kubernetes_config_map.amazon_vpc_cni",
            "module.eks_blueprints.kubernetes_config_map.aws_auth",
            "module.eks_blueprints.module.aws_eks.aws_cloudwatch_log_group.this",
            "module.eks_blueprints.module.aws_eks.aws_ec2_tag.cluster_primary_security_group",
            "module.eks_blueprints.module.aws_eks.aws_eks_addon.this",
            "module.eks_blueprints.module.aws_eks.aws_eks_cluster.this",
            "module.eks_blueprints.module.aws_eks.aws_eks_identity_provider_config.this",
            "module.eks_blueprints.module.aws_eks.aws_iam_openid_connect_provider.oidc_provider",
            "module.eks_blueprints.module.aws_eks.aws_iam_policy.cluster_encryption",
            "module.eks_blueprints.module.aws_eks.aws_iam_policy.cni_ipv6_policy",
            "module.eks_blueprints.module.aws_eks.aws_iam_role.this",
            "module.eks_blueprints.module.aws_eks.aws_iam_role_policy_attachment.cluster_encryption",
            "module.eks_blueprints.module.aws_eks.aws_iam_role_policy_attachment.this",
            "module.eks_blueprints.module.aws_eks.aws_security_group.cluster",
            "module.eks_blueprints.module.aws_eks.aws_security_group.node",
            "module.eks_blueprints.module.aws_eks.aws_security_group_rule.cluster",
            "module.eks_blueprints.module.aws_eks.aws_security_group_rule.node",
            "module.eks_blueprints.module.aws_eks.data.aws_caller_identity.current",
            "module.eks_blueprints.module.aws_eks.data.aws_iam_policy_document.assume_role_policy",
            "module.eks_blueprints.module.aws_eks.data.aws_iam_policy_document.cni_ipv6_policy",
            "module.eks_blueprints.module.aws_eks.data.aws_partition.current",
            "module.eks_blueprints.module.aws_eks.data.tls_certificate.this",
            "module.eks_blueprints.module.aws_eks.kubernetes_config_map.aws_auth",
            "module.eks_blueprints.module.aws_eks.kubernetes_config_map_v1_data.aws_auth",
            "module.eks_blueprints.module.aws_eks.module.eks_managed_node_group.aws_eks_node_group.this",
            "module.eks_blueprints.module.aws_eks.module.eks_managed_node_group.aws_iam_role.this",
            "module.eks_blueprints.module.aws_eks.module.eks_managed_node_group.aws_iam_role_policy_attachment.this",
            "module.eks_blueprints.module.aws_eks.module.eks_managed_node_group.aws_launch_template.this",
            "module.eks_blueprints.module.aws_eks.module.eks_managed_node_group.aws_security_group.this",
            "module.eks_blueprints.module.aws_eks.module.eks_managed_node_group.aws_security_group_rule.this",
            "module.eks_blueprints.module.aws_eks.module.eks_managed_node_group.data.aws_caller_identity.current",
            "module.eks_blueprints.module.aws_eks.module.eks_managed_node_group.data.aws_iam_policy_document.assume_role_policy",
            "module.eks_blueprints.module.aws_eks.module.eks_managed_node_group.data.aws_partition.current",
            "module.eks_blueprints.module.aws_eks.module.eks_managed_node_group.module.user_data.data.cloudinit_config.linux_eks_managed_node_group",
            "module.eks_blueprints.module.aws_eks.module.fargate_profile.aws_eks_fargate_profile.this",
            "module.eks_blueprints.module.aws_eks.module.fargate_profile.aws_iam_role.this",
            "module.eks_blueprints.module.aws_eks.module.fargate_profile.aws_iam_role_policy_attachment.this",
            "module.eks_blueprints.module.aws_eks.module.fargate_profile.data.aws_caller_identity.current",
            "module.eks_blueprints.module.aws_eks.module.fargate_profile.data.aws_iam_policy_document.assume_role_policy",
            "module.eks_blueprints.module.aws_eks.module.fargate_profile.data.aws_partition.current",
            "module.eks_blueprints.module.aws_eks.module.kms.aws_kms_alias.this",
            "module.eks_blueprints.module.aws_eks.module.kms.aws_kms_external_key.this",
            "module.eks_blueprints.module.aws_eks.module.kms.aws_kms_grant.this",
            "module.eks_blueprints.module.aws_eks.module.kms.aws_kms_key.this",
            "module.eks_blueprints.module.aws_eks.module.kms.data.aws_caller_identity.current",
            "module.eks_blueprints.module.aws_eks.module.kms.data.aws_iam_policy_document.this",
            "module.eks_blueprints.module.aws_eks.module.kms.data.aws_partition.current",
            "module.eks_blueprints.module.aws_eks.module.self_managed_node_group.aws_autoscaling_group.this",
            "module.eks_blueprints.module.aws_eks.module.self_managed_node_group.aws_autoscaling_schedule.this",
            "module.eks_blueprints.module.aws_eks.module.self_managed_node_group.aws_iam_instance_profile.this",
            "module.eks_blueprints.module.aws_eks.module.self_managed_node_group.aws_iam_role.this",
            "module.eks_blueprints.module.aws_eks.module.self_managed_node_group.aws_iam_role_policy_attachment.this",
            "module.eks_blueprints.module.aws_eks.module.self_managed_node_group.aws_launch_template.this",
            "module.eks_blueprints.module.aws_eks.module.self_managed_node_group.aws_security_group.this",
            "module.eks_blueprints.module.aws_eks.module.self_managed_node_group.aws_security_group_rule.this",
            "module.eks_blueprints.module.aws_eks.module.self_managed_node_group.data.aws_ami.eks_default",
            "module.eks_blueprints.module.aws_eks.module.self_managed_node_group.data.aws_caller_identity.current",
            "module.eks_blueprints.module.aws_eks.module.self_managed_node_group.data.aws_default_tags.current",
            "module.eks_blueprints.module.aws_eks.module.self_managed_node_group.data.aws_iam_policy_document.assume_role_policy",
            "module.eks_blueprints.module.aws_eks.module.self_managed_node_group.data.aws_partition.current",
            "module.eks_blueprints.module.aws_eks.module.self_managed_node_group.module.user_data.data.cloudinit_config.linux_eks_managed_node_group",
            "module.eks_blueprints.module.aws_eks_fargate_profiles.aws_eks_fargate_profile.eks_fargate",
            "module.eks_blueprints.module.aws_eks_fargate_profiles.aws_iam_policy.cwlogs",
            "module.eks_blueprints.module.aws_eks_fargate_profiles.aws_iam_role.fargate",
            "module.eks_blueprints.module.aws_eks_fargate_profiles.aws_iam_role_policy_attachment.cwlogs",
            "module.eks_blueprints.module.aws_eks_fargate_profiles.aws_iam_role_policy_attachment.fargate_pod_execution_role_policy",
            "module.eks_blueprints.module.aws_eks_fargate_profiles.data.aws_iam_policy_document.cwlogs",
            "module.eks_blueprints.module.aws_eks_fargate_profiles.data.aws_iam_policy_document.fargate_assume_role_policy",
            "module.eks_blueprints.module.aws_eks_managed_node_groups.aws_eks_node_group.managed_ng",
            "module.eks_blueprints.module.aws_eks_managed_node_groups.aws_iam_instance_profile.managed_ng",
            "module.eks_blueprints.module.aws_eks_managed_node_groups.aws_iam_role.managed_ng",
            "module.eks_blueprints.module.aws_eks_managed_node_groups.aws_iam_role_policy_attachment.managed_ng",
            "module.eks_blueprints.module.aws_eks_managed_node_groups.aws_launch_template.managed_node_groups",
            "module.eks_blueprints.module.aws_eks_managed_node_groups.data.aws_iam_policy_document.managed_ng_assume_role_policy",
            "module.eks_blueprints.module.aws_eks_self_managed_node_groups.aws_autoscaling_group.self_managed_ng",
            "module.eks_blueprints.module.aws_eks_self_managed_node_groups.aws_iam_instance_profile.self_managed_ng",
            "module.eks_blueprints.module.aws_eks_self_managed_node_groups.aws_iam_policy.eks_windows_cni",
            "module.eks_blueprints.module.aws_eks_self_managed_node_groups.aws_iam_role.self_managed_ng",
            "module.eks_blueprints.module.aws_eks_self_managed_node_groups.aws_iam_role_policy_attachment.eks_windows_cni",
            "module.eks_blueprints.module.aws_eks_self_managed_node_groups.aws_iam_role_policy_attachment.self_managed_ng",
            "module.eks_blueprints.module.aws_eks_self_managed_node_groups.data.aws_ami.predefined",
            "module.eks_blueprints.module.aws_eks_self_managed_node_groups.data.aws_iam_policy_document.eks_windows_cni",
            "module.eks_blueprints.module.aws_eks_self_managed_node_groups.data.aws_iam_policy_document.self_managed_ng_assume_role_policy",
            "module.eks_blueprints.module.aws_eks_self_managed_node_groups.module.launch_template_self_managed_ng.aws_launch_template.this",
            "module.eks_blueprints.module.aws_eks_self_managed_node_groups.module.launch_template_self_managed_ng.data.aws_eks_cluster.eks",
            "module.eks_blueprints.module.aws_eks_teams.aws_iam_policy.platform_team_eks_access",
            "module.eks_blueprints.module.aws_eks_teams.aws_iam_role.platform_team",
            "module.eks_blueprints.module.aws_eks_teams.aws_iam_role.team_access",
            "module.eks_blueprints.module.aws_eks_teams.aws_iam_role.team_sa_irsa",
            "module.eks_blueprints.module.aws_eks_teams.data.aws_caller_identity.current",
            "module.eks_blueprints.module.aws_eks_teams.data.aws_eks_cluster.eks_cluster",
            "module.eks_blueprints.module.aws_eks_teams.data.aws_iam_policy_document.platform_team_eks_access",
            "module.eks_blueprints.module.aws_eks_teams.data.aws_partition.current",
            "module.eks_blueprints.module.aws_eks_teams.data.aws_region.current",
            "module.eks_blueprints.module.aws_eks_teams.kubectl_manifest.team",
            "module.eks_blueprints.module.aws_eks_teams.kubernetes_cluster_role.team",
            "module.eks_blueprints.module.aws_eks_teams.kubernetes_cluster_role_binding.team",
            "module.eks_blueprints.module.aws_eks_teams.kubernetes_namespace.team",
            "module.eks_blueprints.module.aws_eks_teams.kubernetes_resource_quota.this",
            "module.eks_blueprints.module.aws_eks_teams.kubernetes_role.team",
            "module.eks_blueprints.module.aws_eks_teams.kubernetes_role_binding.team",
            "module.eks_blueprints.module.aws_eks_teams.kubernetes_service_account.team",
            "module.eks_blueprints.module.emr_on_eks.aws_iam_role.emr_on_eks_execution",
            "module.eks_blueprints.module.emr_on_eks.aws_iam_role_policy_attachment.custom",
            "module.eks_blueprints.module.emr_on_eks.data.aws_iam_policy_document.emr_assume_role",
            "module.eks_blueprints.module.emr_on_eks.data.aws_region.current",
            "module.eks_blueprints.module.emr_on_eks.kubernetes_namespace.spark",
            "module.eks_blueprints.module.emr_on_eks.kubernetes_role.emr_containers",
            "module.eks_blueprints.module.emr_on_eks.kubernetes_role_binding.emr_containers",
            "module.eks_blueprints.module.emr_on_eks.null_resource.update_trust_policy",
            "module.eks_blueprints.module.kms.aws_kms_alias.this",
            "module.eks_blueprints.module.kms.aws_kms_key.this",
            "module.kubernetes_addons.data.aws_caller_identity.current",
            "module.kubernetes_addons.data.aws_eks_cluster.eks_cluster",
            "module.kubernetes_addons.data.aws_partition.current",
            "module.kubernetes_addons.data.aws_region.current",
            "module.kubernetes_addons.module.metrics_server.kubernetes_namespace_v1.this",
            "module.kubernetes_addons.module.metrics_server.module.helm_addon.module.irsa.aws_iam_role.irsa",
            "module.kubernetes_addons.module.metrics_server.module.helm_addon.module.irsa.aws_iam_role_policy_attachment.irsa",
            "module.kubernetes_addons.module.metrics_server.module.helm_addon.module.irsa.kubernetes_namespace_v1.irsa",
            "module.kubernetes_addons.module.metrics_server.module.helm_addon.module.irsa.kubernetes_secret_v1.irsa",
            "module.kubernetes_addons.module.metrics_server.module.helm_addon.module.irsa.kubernetes_service_account_v1.irsa",
            "module.kubernetes_addons.time_sleep.dataplane",
            "module.vpc.aws_subnet.private",
            "module.vpc.aws_subnet.public",
            "module.vpc.aws_vpc.this",
            "module.vpc.aws_vpc_ipv4_cidr_block_association.this"
          ]
        }
      ]
    },
    {
      "module": "module.vpc",
      "mode": "managed",
      "type": "aws_default_network_acl",
      "name": "this",
      "provider": "provider[\"registry.terraform.io/hashicorp/aws\"]",
      "instances": [
        {
          "index_key": 0,
          "schema_version": 0,
          "attributes": {
            "arn": "arn:aws:ec2:us-east-1:261106957109:network-acl/acl-01c3d18ad23948cb3",
            "default_network_acl_id": "acl-01c3d18ad23948cb3",
            "egress": [
              {
                "action": "allow",
                "cidr_block": "",
                "from_port": 0,
                "icmp_code": 0,
                "icmp_type": 0,
                "ipv6_cidr_block": "::/0",
                "protocol": "-1",
                "rule_no": 101,
                "to_port": 0
              },
              {
                "action": "allow",
                "cidr_block": "0.0.0.0/0",
                "from_port": 0,
                "icmp_code": 0,
                "icmp_type": 0,
                "ipv6_cidr_block": "",
                "protocol": "-1",
                "rule_no": 100,
                "to_port": 0
              }
            ],
            "id": "acl-01c3d18ad23948cb3",
            "ingress": [
              {
                "action": "allow",
                "cidr_block": "",
                "from_port": 0,
                "icmp_code": 0,
                "icmp_type": 0,
                "ipv6_cidr_block": "::/0",
                "protocol": "-1",
                "rule_no": 101,
                "to_port": 0
              },
              {
                "action": "allow",
                "cidr_block": "0.0.0.0/0",
                "from_port": 0,
                "icmp_code": 0,
                "icmp_type": 0,
                "ipv6_cidr_block": "",
                "protocol": "-1",
                "rule_no": 100,
                "to_port": 0
              }
            ],
            "owner_id": "261106957109",
            "subnet_ids": [
              "subnet-05fef12bb2f126fdf",
              "subnet-07366daa05b22ae37",
              "subnet-09d514a08bac0e589",
              "subnet-0bd033c7612c25e4a",
              "subnet-0c4a8262511329c3f",
              "subnet-0d03d2d63e662d1b1"
            ],
            "tags": {
              "Blueprint": "eks-lab",
              "GithubRepo": "github.com/aws-ia/terraform-aws-eks-blueprints",
              "Name": "eks-lab-default"
            },
            "tags_all": {
              "Blueprint": "eks-lab",
              "GithubRepo": "github.com/aws-ia/terraform-aws-eks-blueprints",
              "Name": "eks-lab-default"
            },
            "vpc_id": "vpc-06ce67bba86f683c1"
          },
          "sensitive_attributes": [],
          "private": "bnVsbA==",
          "dependencies": [
            "module.vpc.aws_vpc.this"
          ]
        }
      ]
    },
    {
      "module": "module.vpc",
      "mode": "managed",
      "type": "aws_default_route_table",
      "name": "default",
      "provider": "provider[\"registry.terraform.io/hashicorp/aws\"]",
      "instances": [
        {
          "index_key": 0,
          "schema_version": 0,
          "attributes": {
            "arn": "arn:aws:ec2:us-east-1:261106957109:route-table/rtb-02a490bd75e3d8b6a",
            "default_route_table_id": "rtb-02a490bd75e3d8b6a",
            "id": "rtb-02a490bd75e3d8b6a",
            "owner_id": "261106957109",
            "propagating_vgws": [],
            "route": [],
            "tags": {
              "Blueprint": "eks-lab",
              "GithubRepo": "github.com/aws-ia/terraform-aws-eks-blueprints",
              "Name": "eks-lab-default"
            },
            "tags_all": {
              "Blueprint": "eks-lab",
              "GithubRepo": "github.com/aws-ia/terraform-aws-eks-blueprints",
              "Name": "eks-lab-default"
            },
            "timeouts": {
              "create": "5m",
              "update": "5m"
            },
            "vpc_id": "vpc-06ce67bba86f683c1"
          },
          "sensitive_attributes": [],
          "private": "eyJlMmJmYjczMC1lY2FhLTExZTYtOGY4OC0zNDM2M2JjN2M0YzAiOnsiY3JlYXRlIjozMDAwMDAwMDAwMDAsInVwZGF0ZSI6MzAwMDAwMDAwMDAwfX0=",
          "dependencies": [
            "module.vpc.aws_vpc.this"
          ]
        }
      ]
    },
    {
      "module": "module.vpc",
      "mode": "managed",
      "type": "aws_default_security_group",
      "name": "this",
      "provider": "provider[\"registry.terraform.io/hashicorp/aws\"]",
      "instances": [
        {
          "index_key": 0,
          "schema_version": 1,
          "attributes": {
            "arn": "arn:aws:ec2:us-east-1:261106957109:security-group/sg-0661a6303e0e91257",
            "description": "default VPC security group",
            "egress": [],
            "id": "sg-0661a6303e0e91257",
            "ingress": [],
            "name": "default",
            "name_prefix": "",
            "owner_id": "261106957109",
            "revoke_rules_on_delete": false,
            "tags": {
              "Blueprint": "eks-lab",
              "GithubRepo": "github.com/aws-ia/terraform-aws-eks-blueprints",
              "Name": "eks-lab-default"
            },
            "tags_all": {
              "Blueprint": "eks-lab",
              "GithubRepo": "github.com/aws-ia/terraform-aws-eks-blueprints",
              "Name": "eks-lab-default"
            },
            "vpc_id": "vpc-06ce67bba86f683c1"
          },
          "sensitive_attributes": [],
          "private": "eyJzY2hlbWFfdmVyc2lvbiI6IjEifQ==",
          "dependencies": [
            "module.vpc.aws_vpc.this"
          ]
        }
      ]
    },
    {
      "module": "module.vpc",
      "mode": "managed",
      "type": "aws_eip",
      "name": "nat",
      "provider": "provider[\"registry.terraform.io/hashicorp/aws\"]",
      "instances": [
        {
          "index_key": 0,
          "schema_version": 0,
          "attributes": {
            "address": null,
            "allocation_id": "eipalloc-060cc671fe2203562",
            "associate_with_private_ip": null,
            "association_id": "eipassoc-07ecc522d852f74b4",
            "carrier_ip": "",
            "customer_owned_ip": "",
            "customer_owned_ipv4_pool": "",
            "domain": "vpc",
            "id": "eipalloc-060cc671fe2203562",
            "instance": "",
            "network_border_group": "us-east-1",
            "network_interface": "eni-07e27af38677126a2",
            "private_dns": "ip-10-0-0-254.ec2.internal",
            "private_ip": "10.0.0.254",
            "public_dns": "ec2-54-235-149-54.compute-1.amazonaws.com",
            "public_ip": "54.235.149.54",
            "public_ipv4_pool": "amazon",
            "tags": {
              "Blueprint": "eks-lab",
              "GithubRepo": "github.com/aws-ia/terraform-aws-eks-blueprints",
              "Name": "eks-lab-us-east-1a"
            },
            "tags_all": {
              "Blueprint": "eks-lab",
              "GithubRepo": "github.com/aws-ia/terraform-aws-eks-blueprints",
              "Name": "eks-lab-us-east-1a"
            },
            "timeouts": null,
            "vpc": true
          },
          "sensitive_attributes": [],
          "private": "eyJlMmJmYjczMC1lY2FhLTExZTYtOGY4OC0zNDM2M2JjN2M0YzAiOnsiZGVsZXRlIjoxODAwMDAwMDAwMDAsInJlYWQiOjkwMDAwMDAwMDAwMCwidXBkYXRlIjozMDAwMDAwMDAwMDB9fQ==",
          "dependencies": [
            "data.aws_availability_zones.available"
          ]
        }
      ]
    },
    {
      "module": "module.vpc",
      "mode": "managed",
      "type": "aws_internet_gateway",
      "name": "this",
      "provider": "provider[\"registry.terraform.io/hashicorp/aws\"]",
      "instances": [
        {
          "index_key": 0,
          "schema_version": 0,
          "attributes": {
            "arn": "arn:aws:ec2:us-east-1:261106957109:internet-gateway/igw-099098ea7db0bc5ef",
            "id": "igw-099098ea7db0bc5ef",
            "owner_id": "261106957109",
            "tags": {
              "Blueprint": "eks-lab",
              "GithubRepo": "github.com/aws-ia/terraform-aws-eks-blueprints",
              "Name": "eks-lab"
            },
            "tags_all": {
              "Blueprint": "eks-lab",
              "GithubRepo": "github.com/aws-ia/terraform-aws-eks-blueprints",
              "Name": "eks-lab"
            },
            "timeouts": null,
            "vpc_id": "vpc-06ce67bba86f683c1"
          },
          "sensitive_attributes": [],
          "private": "eyJlMmJmYjczMC1lY2FhLTExZTYtOGY4OC0zNDM2M2JjN2M0YzAiOnsiY3JlYXRlIjoxMjAwMDAwMDAwMDAwLCJkZWxldGUiOjEyMDAwMDAwMDAwMDAsInVwZGF0ZSI6MTIwMDAwMDAwMDAwMH19",
          "dependencies": [
            "data.aws_availability_zones.available",
            "module.vpc.aws_vpc.this",
            "module.vpc.aws_vpc_ipv4_cidr_block_association.this"
          ]
        }
      ]
    },
    {
      "module": "module.vpc",
      "mode": "managed",
      "type": "aws_nat_gateway",
      "name": "this",
      "provider": "provider[\"registry.terraform.io/hashicorp/aws\"]",
      "instances": [
        {
          "index_key": 0,
          "schema_version": 0,
          "attributes": {
            "allocation_id": "eipalloc-060cc671fe2203562",
            "connectivity_type": "public",
            "id": "nat-003939fe45a190922",
            "network_interface_id": "eni-07e27af38677126a2",
            "private_ip": "10.0.0.254",
            "public_ip": "54.235.149.54",
            "subnet_id": "subnet-09d514a08bac0e589",
            "tags": {
              "Blueprint": "eks-lab",
              "GithubRepo": "github.com/aws-ia/terraform-aws-eks-blueprints",
              "Name": "eks-lab-us-east-1a"
            },
            "tags_all": {
              "Blueprint": "eks-lab",
              "GithubRepo": "github.com/aws-ia/terraform-aws-eks-blueprints",
              "Name": "eks-lab-us-east-1a"
            }
          },
          "sensitive_attributes": [],
          "private": "bnVsbA==",
          "dependencies": [
            "data.aws_availability_zones.available",
            "module.vpc.aws_eip.nat",
            "module.vpc.aws_internet_gateway.this",
            "module.vpc.aws_subnet.public",
            "module.vpc.aws_vpc.this",
            "module.vpc.aws_vpc_ipv4_cidr_block_association.this"
          ]
        }
      ]
    },
    {
      "module": "module.vpc",
      "mode": "managed",
      "type": "aws_route",
      "name": "private_nat_gateway",
      "provider": "provider[\"registry.terraform.io/hashicorp/aws\"]",
      "instances": [
        {
          "index_key": 0,
          "schema_version": 0,
          "attributes": {
            "carrier_gateway_id": "",
            "core_network_arn": "",
            "destination_cidr_block": "0.0.0.0/0",
            "destination_ipv6_cidr_block": "",
            "destination_prefix_list_id": "",
            "egress_only_gateway_id": "",
            "gateway_id": "",
            "id": "r-rtb-0191c1228524891001080289494",
            "instance_id": "",
            "instance_owner_id": "",
            "local_gateway_id": "",
            "nat_gateway_id": "nat-003939fe45a190922",
            "network_interface_id": "",
            "origin": "CreateRoute",
            "route_table_id": "rtb-0191c122852489100",
            "state": "active",
            "timeouts": {
              "create": "5m",
              "delete": null,
              "update": null
            },
            "transit_gateway_id": "",
            "vpc_endpoint_id": "",
            "vpc_peering_connection_id": ""
          },
          "sensitive_attributes": [],
          "private": "eyJlMmJmYjczMC1lY2FhLTExZTYtOGY4OC0zNDM2M2JjN2M0YzAiOnsiY3JlYXRlIjozMDAwMDAwMDAwMDAsImRlbGV0ZSI6MzAwMDAwMDAwMDAwLCJ1cGRhdGUiOjEyMDAwMDAwMDAwMH19",
          "dependencies": [
            "data.aws_availability_zones.available",
            "module.vpc.aws_eip.nat",
            "module.vpc.aws_internet_gateway.this",
            "module.vpc.aws_nat_gateway.this",
            "module.vpc.aws_route_table.private",
            "module.vpc.aws_subnet.public",
            "module.vpc.aws_vpc.this",
            "module.vpc.aws_vpc_ipv4_cidr_block_association.this"
          ]
        }
      ]
    },
    {
      "module": "module.vpc",
      "mode": "managed",
      "type": "aws_route",
      "name": "public_internet_gateway",
      "provider": "provider[\"registry.terraform.io/hashicorp/aws\"]",
      "instances": [
        {
          "index_key": 0,
          "schema_version": 0,
          "attributes": {
            "carrier_gateway_id": "",
            "core_network_arn": "",
            "destination_cidr_block": "0.0.0.0/0",
            "destination_ipv6_cidr_block": "",
            "destination_prefix_list_id": "",
            "egress_only_gateway_id": "",
            "gateway_id": "igw-099098ea7db0bc5ef",
            "id": "r-rtb-0635faa6fa1be33061080289494",
            "instance_id": "",
            "instance_owner_id": "",
            "local_gateway_id": "",
            "nat_gateway_id": "",
            "network_interface_id": "",
            "origin": "CreateRoute",
            "route_table_id": "rtb-0635faa6fa1be3306",
            "state": "active",
            "timeouts": {
              "create": "5m",
              "delete": null,
              "update": null
            },
            "transit_gateway_id": "",
            "vpc_endpoint_id": "",
            "vpc_peering_connection_id": ""
          },
          "sensitive_attributes": [],
          "private": "eyJlMmJmYjczMC1lY2FhLTExZTYtOGY4OC0zNDM2M2JjN2M0YzAiOnsiY3JlYXRlIjozMDAwMDAwMDAwMDAsImRlbGV0ZSI6MzAwMDAwMDAwMDAwLCJ1cGRhdGUiOjEyMDAwMDAwMDAwMH19",
          "dependencies": [
            "data.aws_availability_zones.available",
            "module.vpc.aws_internet_gateway.this",
            "module.vpc.aws_route_table.public",
            "module.vpc.aws_vpc.this",
            "module.vpc.aws_vpc_ipv4_cidr_block_association.this"
          ]
        }
      ]
    },
    {
      "module": "module.vpc",
      "mode": "managed",
      "type": "aws_route_table",
      "name": "private",
      "provider": "provider[\"registry.terraform.io/hashicorp/aws\"]",
      "instances": [
        {
          "index_key": 0,
          "schema_version": 0,
          "attributes": {
            "arn": "arn:aws:ec2:us-east-1:261106957109:route-table/rtb-0191c122852489100",
            "id": "rtb-0191c122852489100",
            "owner_id": "261106957109",
            "propagating_vgws": [],
            "route": [
              {
                "carrier_gateway_id": "",
                "cidr_block": "0.0.0.0/0",
                "core_network_arn": "",
                "destination_prefix_list_id": "",
                "egress_only_gateway_id": "",
                "gateway_id": "",
                "instance_id": "",
                "ipv6_cidr_block": "",
                "local_gateway_id": "",
                "nat_gateway_id": "nat-003939fe45a190922",
                "network_interface_id": "",
                "transit_gateway_id": "",
                "vpc_endpoint_id": "",
                "vpc_peering_connection_id": ""
              }
            ],
            "tags": {
              "Blueprint": "eks-lab",
              "GithubRepo": "github.com/aws-ia/terraform-aws-eks-blueprints",
              "Name": "eks-lab-private"
            },
            "tags_all": {
              "Blueprint": "eks-lab",
              "GithubRepo": "github.com/aws-ia/terraform-aws-eks-blueprints",
              "Name": "eks-lab-private"
            },
            "timeouts": null,
            "vpc_id": "vpc-06ce67bba86f683c1"
          },
          "sensitive_attributes": [],
          "private": "eyJlMmJmYjczMC1lY2FhLTExZTYtOGY4OC0zNDM2M2JjN2M0YzAiOnsiY3JlYXRlIjozMDAwMDAwMDAwMDAsImRlbGV0ZSI6MzAwMDAwMDAwMDAwLCJ1cGRhdGUiOjEyMDAwMDAwMDAwMH19",
          "dependencies": [
            "data.aws_availability_zones.available",
            "module.vpc.aws_vpc.this",
            "module.vpc.aws_vpc_ipv4_cidr_block_association.this"
          ]
        }
      ]
    },
    {
      "module": "module.vpc",
      "mode": "managed",
      "type": "aws_route_table",
      "name": "public",
      "provider": "provider[\"registry.terraform.io/hashicorp/aws\"]",
      "instances": [
        {
          "index_key": 0,
          "schema_version": 0,
          "attributes": {
            "arn": "arn:aws:ec2:us-east-1:261106957109:route-table/rtb-0635faa6fa1be3306",
            "id": "rtb-0635faa6fa1be3306",
            "owner_id": "261106957109",
            "propagating_vgws": [],
            "route": [
              {
                "carrier_gateway_id": "",
                "cidr_block": "0.0.0.0/0",
                "core_network_arn": "",
                "destination_prefix_list_id": "",
                "egress_only_gateway_id": "",
                "gateway_id": "igw-099098ea7db0bc5ef",
                "instance_id": "",
                "ipv6_cidr_block": "",
                "local_gateway_id": "",
                "nat_gateway_id": "",
                "network_interface_id": "",
                "transit_gateway_id": "",
                "vpc_endpoint_id": "",
                "vpc_peering_connection_id": ""
              }
            ],
            "tags": {
              "Blueprint": "eks-lab",
              "GithubRepo": "github.com/aws-ia/terraform-aws-eks-blueprints",
              "Name": "eks-lab-public"
            },
            "tags_all": {
              "Blueprint": "eks-lab",
              "GithubRepo": "github.com/aws-ia/terraform-aws-eks-blueprints",
              "Name": "eks-lab-public"
            },
            "timeouts": null,
            "vpc_id": "vpc-06ce67bba86f683c1"
          },
          "sensitive_attributes": [],
          "private": "eyJlMmJmYjczMC1lY2FhLTExZTYtOGY4OC0zNDM2M2JjN2M0YzAiOnsiY3JlYXRlIjozMDAwMDAwMDAwMDAsImRlbGV0ZSI6MzAwMDAwMDAwMDAwLCJ1cGRhdGUiOjEyMDAwMDAwMDAwMH19",
          "dependencies": [
            "data.aws_availability_zones.available",
            "module.vpc.aws_vpc.this",
            "module.vpc.aws_vpc_ipv4_cidr_block_association.this"
          ]
        }
      ]
    },
    {
      "module": "module.vpc",
      "mode": "managed",
      "type": "aws_route_table_association",
      "name": "private",
      "provider": "provider[\"registry.terraform.io/hashicorp/aws\"]",
      "instances": [
        {
          "index_key": 0,
          "schema_version": 0,
          "attributes": {
            "gateway_id": "",
            "id": "rtbassoc-02d1e84cc4844a7a0",
            "route_table_id": "rtb-0191c122852489100",
            "subnet_id": "subnet-07366daa05b22ae37"
          },
          "sensitive_attributes": [],
          "private": "bnVsbA==",
          "dependencies": [
            "data.aws_availability_zones.available",
            "module.vpc.aws_route_table.private",
            "module.vpc.aws_subnet.private",
            "module.vpc.aws_vpc.this",
            "module.vpc.aws_vpc_ipv4_cidr_block_association.this"
          ]
        },
        {
          "index_key": 1,
          "schema_version": 0,
          "attributes": {
            "gateway_id": "",
            "id": "rtbassoc-035687ec79e663950",
            "route_table_id": "rtb-0191c122852489100",
            "subnet_id": "subnet-0bd033c7612c25e4a"
          },
          "sensitive_attributes": [],
          "private": "bnVsbA==",
          "dependencies": [
            "data.aws_availability_zones.available",
            "module.vpc.aws_route_table.private",
            "module.vpc.aws_subnet.private",
            "module.vpc.aws_vpc.this",
            "module.vpc.aws_vpc_ipv4_cidr_block_association.this"
          ]
        },
        {
          "index_key": 2,
          "schema_version": 0,
          "attributes": {
            "gateway_id": "",
            "id": "rtbassoc-0f5b1c96737a73fa4",
            "route_table_id": "rtb-0191c122852489100",
            "subnet_id": "subnet-05fef12bb2f126fdf"
          },
          "sensitive_attributes": [],
          "private": "bnVsbA==",
          "dependencies": [
            "data.aws_availability_zones.available",
            "module.vpc.aws_route_table.private",
            "module.vpc.aws_subnet.private",
            "module.vpc.aws_vpc.this",
            "module.vpc.aws_vpc_ipv4_cidr_block_association.this"
          ]
        }
      ]
    },
    {
      "module": "module.vpc",
      "mode": "managed",
      "type": "aws_route_table_association",
      "name": "public",
      "provider": "provider[\"registry.terraform.io/hashicorp/aws\"]",
      "instances": [
        {
          "index_key": 0,
          "schema_version": 0,
          "attributes": {
            "gateway_id": "",
            "id": "rtbassoc-0acd4745fa4cad650",
            "route_table_id": "rtb-0635faa6fa1be3306",
            "subnet_id": "subnet-09d514a08bac0e589"
          },
          "sensitive_attributes": [],
          "private": "bnVsbA==",
          "dependencies": [
            "data.aws_availability_zones.available",
            "module.vpc.aws_route_table.public",
            "module.vpc.aws_subnet.public",
            "module.vpc.aws_vpc.this",
            "module.vpc.aws_vpc_ipv4_cidr_block_association.this"
          ]
        },
        {
          "index_key": 1,
          "schema_version": 0,
          "attributes": {
            "gateway_id": "",
            "id": "rtbassoc-0e0e1c64aefb50117",
            "route_table_id": "rtb-0635faa6fa1be3306",
            "subnet_id": "subnet-0c4a8262511329c3f"
          },
          "sensitive_attributes": [],
          "private": "bnVsbA==",
          "dependencies": [
            "data.aws_availability_zones.available",
            "module.vpc.aws_route_table.public",
            "module.vpc.aws_subnet.public",
            "module.vpc.aws_vpc.this",
            "module.vpc.aws_vpc_ipv4_cidr_block_association.this"
          ]
        },
        {
          "index_key": 2,
          "schema_version": 0,
          "attributes": {
            "gateway_id": "",
            "id": "rtbassoc-00e159b3058b7475a",
            "route_table_id": "rtb-0635faa6fa1be3306",
            "subnet_id": "subnet-0d03d2d63e662d1b1"
          },
          "sensitive_attributes": [],
          "private": "bnVsbA==",
          "dependencies": [
            "data.aws_availability_zones.available",
            "module.vpc.aws_route_table.public",
            "module.vpc.aws_subnet.public",
            "module.vpc.aws_vpc.this",
            "module.vpc.aws_vpc_ipv4_cidr_block_association.this"
          ]
        }
      ]
    },
    {
      "module": "module.vpc",
      "mode": "managed",
      "type": "aws_subnet",
      "name": "private",
      "provider": "provider[\"registry.terraform.io/hashicorp/aws\"]",
      "instances": [
        {
          "index_key": 0,
          "schema_version": 1,
          "attributes": {
            "arn": "arn:aws:ec2:us-east-1:261106957109:subnet/subnet-07366daa05b22ae37",
            "assign_ipv6_address_on_creation": false,
            "availability_zone": "us-east-1a",
            "availability_zone_id": "use1-az1",
            "cidr_block": "10.0.10.0/24",
            "customer_owned_ipv4_pool": "",
            "enable_dns64": false,
            "enable_resource_name_dns_a_record_on_launch": false,
            "enable_resource_name_dns_aaaa_record_on_launch": false,
            "id": "subnet-07366daa05b22ae37",
            "ipv6_cidr_block": "",
            "ipv6_cidr_block_association_id": "",
            "ipv6_native": false,
            "map_customer_owned_ip_on_launch": false,
            "map_public_ip_on_launch": false,
            "outpost_arn": "",
            "owner_id": "261106957109",
            "private_dns_hostname_type_on_launch": "ip-name",
            "tags": {
              "Blueprint": "eks-lab",
              "GithubRepo": "github.com/aws-ia/terraform-aws-eks-blueprints",
              "Name": "eks-lab-private-us-east-1a",
              "kubernetes.io/cluster/eks-lab": "shared",
              "kubernetes.io/role/internal-elb": "1"
            },
            "tags_all": {
              "Blueprint": "eks-lab",
              "GithubRepo": "github.com/aws-ia/terraform-aws-eks-blueprints",
              "Name": "eks-lab-private-us-east-1a",
              "kubernetes.io/cluster/eks-lab": "shared",
              "kubernetes.io/role/internal-elb": "1"
            },
            "timeouts": null,
            "vpc_id": "vpc-06ce67bba86f683c1"
          },
          "sensitive_attributes": [],
          "private": "eyJlMmJmYjczMC1lY2FhLTExZTYtOGY4OC0zNDM2M2JjN2M0YzAiOnsiY3JlYXRlIjo2MDAwMDAwMDAwMDAsImRlbGV0ZSI6MTIwMDAwMDAwMDAwMH0sInNjaGVtYV92ZXJzaW9uIjoiMSJ9",
          "dependencies": [
            "data.aws_availability_zones.available",
            "module.vpc.aws_vpc.this",
            "module.vpc.aws_vpc_ipv4_cidr_block_association.this"
          ],
          "create_before_destroy": true
        },
        {
          "index_key": 1,
          "schema_version": 1,
          "attributes": {
            "arn": "arn:aws:ec2:us-east-1:261106957109:subnet/subnet-0bd033c7612c25e4a",
            "assign_ipv6_address_on_creation": false,
            "availability_zone": "us-east-1b",
            "availability_zone_id": "use1-az2",
            "cidr_block": "10.0.11.0/24",
            "customer_owned_ipv4_pool": "",
            "enable_dns64": false,
            "enable_resource_name_dns_a_record_on_launch": false,
            "enable_resource_name_dns_aaaa_record_on_launch": false,
            "id": "subnet-0bd033c7612c25e4a",
            "ipv6_cidr_block": "",
            "ipv6_cidr_block_association_id": "",
            "ipv6_native": false,
            "map_customer_owned_ip_on_launch": false,
            "map_public_ip_on_launch": false,
            "outpost_arn": "",
            "owner_id": "261106957109",
            "private_dns_hostname_type_on_launch": "ip-name",
            "tags": {
              "Blueprint": "eks-lab",
              "GithubRepo": "github.com/aws-ia/terraform-aws-eks-blueprints",
              "Name": "eks-lab-private-us-east-1b",
              "kubernetes.io/cluster/eks-lab": "shared",
              "kubernetes.io/role/internal-elb": "1"
            },
            "tags_all": {
              "Blueprint": "eks-lab",
              "GithubRepo": "github.com/aws-ia/terraform-aws-eks-blueprints",
              "Name": "eks-lab-private-us-east-1b",
              "kubernetes.io/cluster/eks-lab": "shared",
              "kubernetes.io/role/internal-elb": "1"
            },
            "timeouts": null,
            "vpc_id": "vpc-06ce67bba86f683c1"
          },
          "sensitive_attributes": [],
          "private": "eyJlMmJmYjczMC1lY2FhLTExZTYtOGY4OC0zNDM2M2JjN2M0YzAiOnsiY3JlYXRlIjo2MDAwMDAwMDAwMDAsImRlbGV0ZSI6MTIwMDAwMDAwMDAwMH0sInNjaGVtYV92ZXJzaW9uIjoiMSJ9",
          "dependencies": [
            "data.aws_availability_zones.available",
            "module.vpc.aws_vpc.this",
            "module.vpc.aws_vpc_ipv4_cidr_block_association.this"
          ],
          "create_before_destroy": true
        },
        {
          "index_key": 2,
          "schema_version": 1,
          "attributes": {
            "arn": "arn:aws:ec2:us-east-1:261106957109:subnet/subnet-05fef12bb2f126fdf",
            "assign_ipv6_address_on_creation": false,
            "availability_zone": "us-east-1c",
            "availability_zone_id": "use1-az4",
            "cidr_block": "10.0.12.0/24",
            "customer_owned_ipv4_pool": "",
            "enable_dns64": false,
            "enable_resource_name_dns_a_record_on_launch": false,
            "enable_resource_name_dns_aaaa_record_on_launch": false,
            "id": "subnet-05fef12bb2f126fdf",
            "ipv6_cidr_block": "",
            "ipv6_cidr_block_association_id": "",
            "ipv6_native": false,
            "map_customer_owned_ip_on_launch": false,
            "map_public_ip_on_launch": false,
            "outpost_arn": "",
            "owner_id": "261106957109",
            "private_dns_hostname_type_on_launch": "ip-name",
            "tags": {
              "Blueprint": "eks-lab",
              "GithubRepo": "github.com/aws-ia/terraform-aws-eks-blueprints",
              "Name": "eks-lab-private-us-east-1c",
              "kubernetes.io/cluster/eks-lab": "shared",
              "kubernetes.io/role/internal-elb": "1"
            },
            "tags_all": {
              "Blueprint": "eks-lab",
              "GithubRepo": "github.com/aws-ia/terraform-aws-eks-blueprints",
              "Name": "eks-lab-private-us-east-1c",
              "kubernetes.io/cluster/eks-lab": "shared",
              "kubernetes.io/role/internal-elb": "1"
            },
            "timeouts": null,
            "vpc_id": "vpc-06ce67bba86f683c1"
          },
          "sensitive_attributes": [],
          "private": "eyJlMmJmYjczMC1lY2FhLTExZTYtOGY4OC0zNDM2M2JjN2M0YzAiOnsiY3JlYXRlIjo2MDAwMDAwMDAwMDAsImRlbGV0ZSI6MTIwMDAwMDAwMDAwMH0sInNjaGVtYV92ZXJzaW9uIjoiMSJ9",
          "dependencies": [
            "data.aws_availability_zones.available",
            "module.vpc.aws_vpc.this",
            "module.vpc.aws_vpc_ipv4_cidr_block_association.this"
          ],
          "create_before_destroy": true
        }
      ]
    },
    {
      "module": "module.vpc",
      "mode": "managed",
      "type": "aws_subnet",
      "name": "public",
      "provider": "provider[\"registry.terraform.io/hashicorp/aws\"]",
      "instances": [
        {
          "index_key": 0,
          "schema_version": 1,
          "attributes": {
            "arn": "arn:aws:ec2:us-east-1:261106957109:subnet/subnet-09d514a08bac0e589",
            "assign_ipv6_address_on_creation": false,
            "availability_zone": "us-east-1a",
            "availability_zone_id": "use1-az1",
            "cidr_block": "10.0.0.0/24",
            "customer_owned_ipv4_pool": "",
            "enable_dns64": false,
            "enable_resource_name_dns_a_record_on_launch": false,
            "enable_resource_name_dns_aaaa_record_on_launch": false,
            "id": "subnet-09d514a08bac0e589",
            "ipv6_cidr_block": "",
            "ipv6_cidr_block_association_id": "",
            "ipv6_native": false,
            "map_customer_owned_ip_on_launch": false,
            "map_public_ip_on_launch": true,
            "outpost_arn": "",
            "owner_id": "261106957109",
            "private_dns_hostname_type_on_launch": "ip-name",
            "tags": {
              "Blueprint": "eks-lab",
              "GithubRepo": "github.com/aws-ia/terraform-aws-eks-blueprints",
              "Name": "eks-lab-public-us-east-1a",
              "kubernetes.io/cluster/eks-lab": "shared",
              "kubernetes.io/role/elb": "1"
            },
            "tags_all": {
              "Blueprint": "eks-lab",
              "GithubRepo": "github.com/aws-ia/terraform-aws-eks-blueprints",
              "Name": "eks-lab-public-us-east-1a",
              "kubernetes.io/cluster/eks-lab": "shared",
              "kubernetes.io/role/elb": "1"
            },
            "timeouts": null,
            "vpc_id": "vpc-06ce67bba86f683c1"
          },
          "sensitive_attributes": [],
          "private": "eyJlMmJmYjczMC1lY2FhLTExZTYtOGY4OC0zNDM2M2JjN2M0YzAiOnsiY3JlYXRlIjo2MDAwMDAwMDAwMDAsImRlbGV0ZSI6MTIwMDAwMDAwMDAwMH0sInNjaGVtYV92ZXJzaW9uIjoiMSJ9",
          "dependencies": [
            "data.aws_availability_zones.available",
            "module.vpc.aws_vpc.this",
            "module.vpc.aws_vpc_ipv4_cidr_block_association.this"
          ],
          "create_before_destroy": true
        },
        {
          "index_key": 1,
          "schema_version": 1,
          "attributes": {
            "arn": "arn:aws:ec2:us-east-1:261106957109:subnet/subnet-0c4a8262511329c3f",
            "assign_ipv6_address_on_creation": false,
            "availability_zone": "us-east-1b",
            "availability_zone_id": "use1-az2",
            "cidr_block": "10.0.1.0/24",
            "customer_owned_ipv4_pool": "",
            "enable_dns64": false,
            "enable_resource_name_dns_a_record_on_launch": false,
            "enable_resource_name_dns_aaaa_record_on_launch": false,
            "id": "subnet-0c4a8262511329c3f",
            "ipv6_cidr_block": "",
            "ipv6_cidr_block_association_id": "",
            "ipv6_native": false,
            "map_customer_owned_ip_on_launch": false,
            "map_public_ip_on_launch": true,
            "outpost_arn": "",
            "owner_id": "261106957109",
            "private_dns_hostname_type_on_launch": "ip-name",
            "tags": {
              "Blueprint": "eks-lab",
              "GithubRepo": "github.com/aws-ia/terraform-aws-eks-blueprints",
              "Name": "eks-lab-public-us-east-1b",
              "kubernetes.io/cluster/eks-lab": "shared",
              "kubernetes.io/role/elb": "1"
            },
            "tags_all": {
              "Blueprint": "eks-lab",
              "GithubRepo": "github.com/aws-ia/terraform-aws-eks-blueprints",
              "Name": "eks-lab-public-us-east-1b",
              "kubernetes.io/cluster/eks-lab": "shared",
              "kubernetes.io/role/elb": "1"
            },
            "timeouts": null,
            "vpc_id": "vpc-06ce67bba86f683c1"
          },
          "sensitive_attributes": [],
          "private": "eyJlMmJmYjczMC1lY2FhLTExZTYtOGY4OC0zNDM2M2JjN2M0YzAiOnsiY3JlYXRlIjo2MDAwMDAwMDAwMDAsImRlbGV0ZSI6MTIwMDAwMDAwMDAwMH0sInNjaGVtYV92ZXJzaW9uIjoiMSJ9",
          "dependencies": [
            "data.aws_availability_zones.available",
            "module.vpc.aws_vpc.this",
            "module.vpc.aws_vpc_ipv4_cidr_block_association.this"
          ],
          "create_before_destroy": true
        },
        {
          "index_key": 2,
          "schema_version": 1,
          "attributes": {
            "arn": "arn:aws:ec2:us-east-1:261106957109:subnet/subnet-0d03d2d63e662d1b1",
            "assign_ipv6_address_on_creation": false,
            "availability_zone": "us-east-1c",
            "availability_zone_id": "use1-az4",
            "cidr_block": "10.0.2.0/24",
            "customer_owned_ipv4_pool": "",
            "enable_dns64": false,
            "enable_resource_name_dns_a_record_on_launch": false,
            "enable_resource_name_dns_aaaa_record_on_launch": false,
            "id": "subnet-0d03d2d63e662d1b1",
            "ipv6_cidr_block": "",
            "ipv6_cidr_block_association_id": "",
            "ipv6_native": false,
            "map_customer_owned_ip_on_launch": false,
            "map_public_ip_on_launch": true,
            "outpost_arn": "",
            "owner_id": "261106957109",
            "private_dns_hostname_type_on_launch": "ip-name",
            "tags": {
              "Blueprint": "eks-lab",
              "GithubRepo": "github.com/aws-ia/terraform-aws-eks-blueprints",
              "Name": "eks-lab-public-us-east-1c",
              "kubernetes.io/cluster/eks-lab": "shared",
              "kubernetes.io/role/elb": "1"
            },
            "tags_all": {
              "Blueprint": "eks-lab",
              "GithubRepo": "github.com/aws-ia/terraform-aws-eks-blueprints",
              "Name": "eks-lab-public-us-east-1c",
              "kubernetes.io/cluster/eks-lab": "shared",
              "kubernetes.io/role/elb": "1"
            },
            "timeouts": null,
            "vpc_id": "vpc-06ce67bba86f683c1"
          },
          "sensitive_attributes": [],
          "private": "eyJlMmJmYjczMC1lY2FhLTExZTYtOGY4OC0zNDM2M2JjN2M0YzAiOnsiY3JlYXRlIjo2MDAwMDAwMDAwMDAsImRlbGV0ZSI6MTIwMDAwMDAwMDAwMH0sInNjaGVtYV92ZXJzaW9uIjoiMSJ9",
          "dependencies": [
            "data.aws_availability_zones.available",
            "module.vpc.aws_vpc.this",
            "module.vpc.aws_vpc_ipv4_cidr_block_association.this"
          ],
          "create_before_destroy": true
        }
      ]
    },
    {
      "module": "module.vpc",
      "mode": "managed",
      "type": "aws_vpc",
      "name": "this",
      "provider": "provider[\"registry.terraform.io/hashicorp/aws\"]",
      "instances": [
        {
          "index_key": 0,
          "schema_version": 1,
          "attributes": {
            "arn": "arn:aws:ec2:us-east-1:261106957109:vpc/vpc-06ce67bba86f683c1",
            "assign_generated_ipv6_cidr_block": false,
            "cidr_block": "10.0.0.0/16",
            "default_network_acl_id": "acl-01c3d18ad23948cb3",
            "default_route_table_id": "rtb-02a490bd75e3d8b6a",
            "default_security_group_id": "sg-0661a6303e0e91257",
            "dhcp_options_id": "dopt-0810ab6c02410c779",
            "enable_classiclink": false,
            "enable_classiclink_dns_support": false,
            "enable_dns_hostnames": true,
            "enable_dns_support": true,
            "enable_network_address_usage_metrics": false,
            "id": "vpc-06ce67bba86f683c1",
            "instance_tenancy": "default",
            "ipv4_ipam_pool_id": null,
            "ipv4_netmask_length": null,
            "ipv6_association_id": "",
            "ipv6_cidr_block": "",
            "ipv6_cidr_block_network_border_group": "",
            "ipv6_ipam_pool_id": "",
            "ipv6_netmask_length": 0,
            "main_route_table_id": "rtb-02a490bd75e3d8b6a",
            "owner_id": "261106957109",
            "tags": {
              "Blueprint": "eks-lab",
              "GithubRepo": "github.com/aws-ia/terraform-aws-eks-blueprints",
              "Name": "eks-lab"
            },
            "tags_all": {
              "Blueprint": "eks-lab",
              "GithubRepo": "github.com/aws-ia/terraform-aws-eks-blueprints",
              "Name": "eks-lab"
            }
          },
          "sensitive_attributes": [],
          "private": "eyJzY2hlbWFfdmVyc2lvbiI6IjEifQ==",
          "create_before_destroy": true
        }
      ]
    }
  ]
}
