{
  "version": 4,
  "terraform_version": "1.1.5",
  "serial": 157,
  "lineage": "b78e54d8-e046-e247-728c-cd9e5c57889c",
  "outputs": {
    "configure_kubectl": {
      "value": "aws eks --region us-east-1 update-kubeconfig --name 04-eks-via-blueprint-iam-user-automatico",
      "type": "string"
    },
    "vpc_id": {
      "value": "vpc-0f076c6ba1baf29f7",
      "type": "string"
    }
  },
  "resources": [
    {
      "mode": "data",
      "type": "aws_availability_zones",
      "name": "available",
      "provider": "provider[\"registry.terraform.io/hashicorp/aws\"]",
      "instances": [
        {
          "schema_version": 0,
          "attributes": {
            "all_availability_zones": null,
            "exclude_names": null,
            "exclude_zone_ids": null,
            "filter": null,
            "group_names": [
              "us-east-1"
            ],
            "id": "us-east-1",
            "names": [
              "us-east-1a",
              "us-east-1b",
              "us-east-1c",
              "us-east-1d",
              "us-east-1e",
              "us-east-1f"
            ],
            "state": "available",
            "timeouts": null,
            "zone_ids": [
              "use1-az1",
              "use1-az2",
              "use1-az4",
              "use1-az6",
              "use1-az3",
              "use1-az5"
            ]
          },
          "sensitive_attributes": []
        }
      ]
    },
    {
      "mode": "data",
      "type": "aws_caller_identity",
      "name": "current",
      "provider": "provider[\"registry.terraform.io/hashicorp/aws\"]",
      "instances": [
        {
          "schema_version": 0,
          "attributes": {
            "account_id": "261106957109",
            "arn": "arn:aws:iam::261106957109:user/fernandomullerjr8596",
            "id": "261106957109",
            "user_id": "AIDATZSZP7M2XLMGQUA5D"
          },
          "sensitive_attributes": []
        }
      ]
    },
    {
      "mode": "data",
      "type": "aws_eks_cluster",
      "name": "cluster",
      "provider": "provider[\"registry.terraform.io/hashicorp/aws\"]",
      "instances": [
        {
          "schema_version": 0,
          "attributes": {
            "arn": "arn:aws:eks:us-east-1:261106957109:cluster/04-eks-via-blueprint-iam-user-automatico",
            "certificate_authority": [
              {
                "data": "LS0tLS1CRUdJTiBDRVJUSUZJQ0FURS0tLS0tCk1JSUMvakNDQWVhZ0F3SUJBZ0lCQURBTkJna3Foa2lHOXcwQkFRc0ZBREFWTVJNd0VRWURWUVFERXdwcmRXSmwKY201bGRHVnpNQjRYRFRJek1ETXhNVEF5TWpNd05Gb1hEVE16TURNd09EQXlNak13TkZvd0ZURVRNQkVHQTFVRQpBeE1LYTNWaVpYSnVaWFJsY3pDQ0FTSXdEUVlKS29aSWh2Y05BUUVCQlFBRGdnRVBBRENDQVFvQ2dnRUJBTFRNCnZqVlRWdEFPNWR4SEkyK2xYcmhCNFExb0IzUmp3MW9TUU9oSTdoL1p2Zmx4MFRweWxvL2o3OE9DajBmcDFaMVQKY2tKT3BOS0w3bGZpVVRBMEJiVFEzc0k2ZGM1c1JDbVYxMmFWa0JoQjQreEpEVlZDYzFmam5id2dCVXRMYXJ5MAp2VVVORVc4SmJRWElJSUx5OHJnU0twWEQxYk1odzdaL3hwcXZvVFQ0TEJRZGdHaDNTeFg5eTRXVlNXV0JSQ1c4CmR5aUlTcGNCekpUVDc5amlpelcrTUhhWkVHOEJXbC94VmVodU9STG41K0hrM3JoS252T2x2OEJPdzVDcWtkOTIKL2tOUXNBMmZUaXNFTzJZNVBpbDhxS0RLM2Q0NW5DYThrUGpWS1pGcHEybE1ydG5kbE5sSEpkb0xzVEk0MS9HeApxQVNZSjUwV3BYbWd0eUsxbE5rQ0F3RUFBYU5aTUZjd0RnWURWUjBQQVFIL0JBUURBZ0trTUE4R0ExVWRFd0VCCi93UUZNQU1CQWY4d0hRWURWUjBPQkJZRUZCbmJNakNBNmx5MlpNZDNQcFluUzR4Nk5YOWdNQlVHQTFVZEVRUU8KTUF5Q0NtdDFZbVZ5Ym1WMFpYTXdEUVlKS29aSWh2Y05BUUVMQlFBRGdnRUJBSXczc2JKTXJXRXFKNzN4RUdlVwpVMXV3MExReDNOUVd2OFJ0UFdaN09pdktJelVYWXJqenl6T0syS2pRZC9Jd0xDOXROWHViS0psdGZMakhaSEZKClppK3lKUGtPWjZLNFZlQlRhSXFFRkUrMmdtR29Jand6RDN3bVpFR3VvV0JLUm02QzNiaCtBc1JWbVJtS1NuRHoKUkR3NFV2LzcyaEhGd3c1RTE0aU8yeHhXalBLSXBOZ2JZR3ZSUjRhV0pzakt4VjFuZWpYZ2lXVFUySUE1VW1IcgpjVG1lVUp2YnpSUEJhN1pQVjUxa2JHRjQ2bGZPZS9DWm16Sm5CbVZINVp6clVQUGIyTDBIK0RPMmxzWmVMejgyCmRYUWVXVFRiTWxoTHo4em1pZkhMNXBkYXFsd0NFQVloZE5KWnIyV0IvVVlGSWFXcDQwdzNsaFBPZ05PaldNN0UKbFFNPQotLS0tLUVORCBDRVJUSUZJQ0FURS0tLS0tCg=="
              }
            ],
            "cluster_id": null,
            "created_at": "2023-03-11 02:16:16.451 +0000 UTC",
            "enabled_cluster_log_types": [
              "api",
              "audit",
              "authenticator",
              "controllerManager",
              "scheduler"
            ],
            "endpoint": "https://1AE79296704828750A2F01433EA8526C.gr7.us-east-1.eks.amazonaws.com",
            "id": "04-eks-via-blueprint-iam-user-automatico",
            "identity": [
              {
                "oidc": [
                  {
                    "issuer": "https://oidc.eks.us-east-1.amazonaws.com/id/1AE79296704828750A2F01433EA8526C"
                  }
                ]
              }
            ],
            "kubernetes_network_config": [
              {
                "ip_family": "ipv4",
                "service_ipv4_cidr": "172.20.0.0/16",
                "service_ipv6_cidr": ""
              }
            ],
            "name": "04-eks-via-blueprint-iam-user-automatico",
            "outpost_config": [],
            "platform_version": "eks.6",
            "role_arn": "arn:aws:iam::261106957109:role/04-eks-via-blueprint-iam-user-automatico-cluster-role",
            "status": "ACTIVE",
            "tags": {
              "Blueprint": "04-eks-via-blueprint-iam-user-automatico",
              "GithubRepo": "github.com/aws-ia/terraform-aws-eks-blueprints"
            },
            "version": "1.23",
            "vpc_config": [
              {
                "cluster_security_group_id": "sg-06a30526231e3226c",
                "endpoint_private_access": false,
                "endpoint_public_access": true,
                "public_access_cidrs": [
                  "0.0.0.0/0"
                ],
                "security_group_ids": [
                  "sg-029df237d1209f3f7"
                ],
                "subnet_ids": [
                  "subnet-08b971d353d135952",
                  "subnet-0a58ed1f1fdb43eab",
                  "subnet-0ef421ecfbbf971cb"
                ],
                "vpc_id": "vpc-0f076c6ba1baf29f7"
              }
            ]
          },
          "sensitive_attributes": []
        }
      ]
    },
    {
      "mode": "data",
      "type": "aws_eks_cluster_auth",
      "name": "this",
      "provider": "provider[\"registry.terraform.io/hashicorp/aws\"]",
      "instances": [
        {
          "schema_version": 0,
          "attributes": {
            "id": "04-eks-via-blueprint-iam-user-automatico",
            "name": "04-eks-via-blueprint-iam-user-automatico",
            "token": "k8s-aws-v1.aHR0cHM6Ly9zdHMuYW1hem9uYXdzLmNvbS8_QWN0aW9uPUdldENhbGxlcklkZW50aXR5JlZlcnNpb249MjAxMS0wNi0xNSZYLUFtei1BbGdvcml0aG09QVdTNC1ITUFDLVNIQTI1NiZYLUFtei1DcmVkZW50aWFsPUFLSUFUWlNaUDdNMjdPWkJHRVJHJTJGMjAyMzAzMTElMkZ1cy1lYXN0LTElMkZzdHMlMkZhd3M0X3JlcXVlc3QmWC1BbXotRGF0ZT0yMDIzMDMxMVQwMzE0NDlaJlgtQW16LUV4cGlyZXM9MCZYLUFtei1TaWduZWRIZWFkZXJzPWhvc3QlM0J4LWs4cy1hd3MtaWQmWC1BbXotU2lnbmF0dXJlPWZiMmI4ZWYyNWJhOWYzOTY5ZWM4ZTgzODllY2E1MmRmNTI0ZjVkODc0M2ZhNzBlOWVhMDA3MjFmOTFlN2RmMGI"
          },
          "sensitive_attributes": []
        }
      ]
    },
    {
      "mode": "data",
      "type": "aws_region",
      "name": "current",
      "provider": "provider[\"registry.terraform.io/hashicorp/aws\"]",
      "instances": [
        {
          "schema_version": 0,
          "attributes": {
            "description": "US East (N. Virginia)",
            "endpoint": "ec2.us-east-1.amazonaws.com",
            "id": "us-east-1",
            "name": "us-east-1"
          },
          "sensitive_attributes": []
        }
      ]
    },
    {
      "module": "module.eks_blueprints",
      "mode": "data",
      "type": "aws_caller_identity",
      "name": "current",
      "provider": "provider[\"registry.terraform.io/hashicorp/aws\"]",
      "instances": [
        {
          "schema_version": 0,
          "attributes": {
            "account_id": "261106957109",
            "arn": "arn:aws:iam::261106957109:user/fernandomullerjr8596",
            "id": "261106957109",
            "user_id": "AIDATZSZP7M2XLMGQUA5D"
          },
          "sensitive_attributes": []
        }
      ]
    },
    {
      "module": "module.eks_blueprints",
      "mode": "data",
      "type": "aws_iam_policy_document",
      "name": "eks_key",
      "provider": "provider[\"registry.terraform.io/hashicorp/aws\"]",
      "instances": [
        {
          "schema_version": 0,
          "attributes": {
            "id": "4025782540",
            "json": "{\n  \"Version\": \"2012-10-17\",\n  \"Statement\": [\n    {\n      \"Sid\": \"Allow access for all principals in the account that are authorized\",\n      \"Effect\": \"Allow\",\n      \"Action\": [\n        \"kms:ReEncrypt*\",\n        \"kms:GenerateDataKey*\",\n        \"kms:Encrypt\",\n        \"kms:DescribeKey\",\n        \"kms:Decrypt\",\n        \"kms:CreateGrant\"\n      ],\n      \"Resource\": \"*\",\n      \"Principal\": {\n        \"AWS\": \"arn:aws:iam::261106957109:root\"\n      },\n      \"Condition\": {\n        \"StringEquals\": {\n          \"kms:CallerAccount\": \"261106957109\",\n          \"kms:ViaService\": \"eks.us-east-1.amazonaws.com\"\n        }\n      }\n    },\n    {\n      \"Sid\": \"Allow direct access to key metadata to the account\",\n      \"Effect\": \"Allow\",\n      \"Action\": [\n        \"kms:RevokeGrant\",\n        \"kms:List*\",\n        \"kms:Get*\",\n        \"kms:Describe*\"\n      ],\n      \"Resource\": \"*\",\n      \"Principal\": {\n        \"AWS\": \"arn:aws:iam::261106957109:root\"\n      }\n    },\n    {\n      \"Sid\": \"Allow access for Key Administrators\",\n      \"Effect\": \"Allow\",\n      \"Action\": \"kms:*\",\n      \"Resource\": \"*\",\n      \"Principal\": {\n        \"AWS\": \"arn:aws:iam::261106957109:user/fernandomullerjr8596\"\n      }\n    },\n    {\n      \"Sid\": \"Allow use of the key\",\n      \"Effect\": \"Allow\",\n      \"Action\": [\n        \"kms:ReEncrypt*\",\n        \"kms:GenerateDataKey*\",\n        \"kms:Encrypt\",\n        \"kms:DescribeKey\",\n        \"kms:Decrypt\"\n      ],\n      \"Resource\": \"*\",\n      \"Principal\": {\n        \"AWS\": \"arn:aws:iam::261106957109:role/04-eks-via-blueprint-iam-user-automatico-cluster-role\"\n      }\n    },\n    {\n      \"Sid\": \"Allow attachment of persistent resources\",\n      \"Effect\": \"Allow\",\n      \"Action\": [\n        \"kms:RevokeGrant\",\n        \"kms:ListGrants\",\n        \"kms:CreateGrant\"\n      ],\n      \"Resource\": \"*\",\n      \"Principal\": {\n        \"AWS\": \"arn:aws:iam::261106957109:role/04-eks-via-blueprint-iam-user-automatico-cluster-role\"\n      },\n      \"Condition\": {\n        \"Bool\": {\n          \"kms:GrantIsForAWSResource\": \"true\"\n        }\n      }\n    }\n  ]\n}",
            "override_json": null,
            "override_policy_documents": null,
            "policy_id": null,
            "source_json": null,
            "source_policy_documents": null,
            "statement": [
              {
                "actions": [
                  "kms:CreateGrant",
                  "kms:Decrypt",
                  "kms:DescribeKey",
                  "kms:Encrypt",
                  "kms:GenerateDataKey*",
                  "kms:ReEncrypt*"
                ],
                "condition": [
                  {
                    "test": "StringEquals",
                    "values": [
                      "261106957109"
                    ],
                    "variable": "kms:CallerAccount"
                  },
                  {
                    "test": "StringEquals",
                    "values": [
                      "eks.us-east-1.amazonaws.com"
                    ],
                    "variable": "kms:ViaService"
                  }
                ],
                "effect": "Allow",
                "not_actions": [],
                "not_principals": [],
                "not_resources": [],
                "principals": [
                  {
                    "identifiers": [
                      "arn:aws:iam::261106957109:root"
                    ],
                    "type": "AWS"
                  }
                ],
                "resources": [
                  "*"
                ],
                "sid": "Allow access for all principals in the account that are authorized"
              },
              {
                "actions": [
                  "kms:Describe*",
                  "kms:Get*",
                  "kms:List*",
                  "kms:RevokeGrant"
                ],
                "condition": [],
                "effect": "Allow",
                "not_actions": [],
                "not_principals": [],
                "not_resources": [],
                "principals": [
                  {
                    "identifiers": [
                      "arn:aws:iam::261106957109:root"
                    ],
                    "type": "AWS"
                  }
                ],
                "resources": [
                  "*"
                ],
                "sid": "Allow direct access to key metadata to the account"
              },
              {
                "actions": [
                  "kms:*"
                ],
                "condition": [],
                "effect": "Allow",
                "not_actions": [],
                "not_principals": [],
                "not_resources": [],
                "principals": [
                  {
                    "identifiers": [
                      "arn:aws:iam::261106957109:user/fernandomullerjr8596"
                    ],
                    "type": "AWS"
                  }
                ],
                "resources": [
                  "*"
                ],
                "sid": "Allow access for Key Administrators"
              },
              {
                "actions": [
                  "kms:Decrypt",
                  "kms:DescribeKey",
                  "kms:Encrypt",
                  "kms:GenerateDataKey*",
                  "kms:ReEncrypt*"
                ],
                "condition": [],
                "effect": "Allow",
                "not_actions": [],
                "not_principals": [],
                "not_resources": [],
                "principals": [
                  {
                    "identifiers": [
                      "arn:aws:iam::261106957109:role/04-eks-via-blueprint-iam-user-automatico-cluster-role"
                    ],
                    "type": "AWS"
                  }
                ],
                "resources": [
                  "*"
                ],
                "sid": "Allow use of the key"
              },
              {
                "actions": [
                  "kms:CreateGrant",
                  "kms:ListGrants",
                  "kms:RevokeGrant"
                ],
                "condition": [
                  {
                    "test": "Bool",
                    "values": [
                      "true"
                    ],
                    "variable": "kms:GrantIsForAWSResource"
                  }
                ],
                "effect": "Allow",
                "not_actions": [],
                "not_principals": [],
                "not_resources": [],
                "principals": [
                  {
                    "identifiers": [
                      "arn:aws:iam::261106957109:role/04-eks-via-blueprint-iam-user-automatico-cluster-role"
                    ],
                    "type": "AWS"
                  }
                ],
                "resources": [
                  "*"
                ],
                "sid": "Allow attachment of persistent resources"
              }
            ],
            "version": "2012-10-17"
          },
          "sensitive_attributes": []
        }
      ]
    },
    {
      "module": "module.eks_blueprints",
      "mode": "data",
      "type": "aws_iam_session_context",
      "name": "current",
      "provider": "provider[\"registry.terraform.io/hashicorp/aws\"]",
      "instances": [
        {
          "schema_version": 0,
          "attributes": {
            "arn": "arn:aws:iam::261106957109:user/fernandomullerjr8596",
            "id": "arn:aws:iam::261106957109:user/fernandomullerjr8596",
            "issuer_arn": "arn:aws:iam::261106957109:user/fernandomullerjr8596",
            "issuer_id": "",
            "issuer_name": "",
            "session_name": ""
          },
          "sensitive_attributes": []
        }
      ]
    },
    {
      "module": "module.eks_blueprints",
      "mode": "data",
      "type": "aws_partition",
      "name": "current",
      "provider": "provider[\"registry.terraform.io/hashicorp/aws\"]",
      "instances": [
        {
          "schema_version": 0,
          "attributes": {
            "dns_suffix": "amazonaws.com",
            "id": "aws",
            "partition": "aws",
            "reverse_dns_prefix": "com.amazonaws"
          },
          "sensitive_attributes": []
        }
      ]
    },
    {
      "module": "module.eks_blueprints",
      "mode": "data",
      "type": "aws_region",
      "name": "current",
      "provider": "provider[\"registry.terraform.io/hashicorp/aws\"]",
      "instances": [
        {
          "schema_version": 0,
          "attributes": {
            "description": "US East (N. Virginia)",
            "endpoint": "ec2.us-east-1.amazonaws.com",
            "id": "us-east-1",
            "name": "us-east-1"
          },
          "sensitive_attributes": []
        }
      ]
    },
    {
      "module": "module.eks_blueprints.module.aws_eks",
      "mode": "data",
      "type": "aws_caller_identity",
      "name": "current",
      "provider": "provider[\"registry.terraform.io/hashicorp/aws\"]",
      "instances": [
        {
          "schema_version": 0,
          "attributes": {
            "account_id": "261106957109",
            "arn": "arn:aws:iam::261106957109:user/fernandomullerjr8596",
            "id": "261106957109",
            "user_id": "AIDATZSZP7M2XLMGQUA5D"
          },
          "sensitive_attributes": []
        }
      ]
    },
    {
      "module": "module.eks_blueprints.module.aws_eks",
      "mode": "data",
      "type": "aws_iam_policy_document",
      "name": "assume_role_policy",
      "provider": "provider[\"registry.terraform.io/hashicorp/aws\"]",
      "instances": [
        {
          "index_key": 0,
          "schema_version": 0,
          "attributes": {
            "id": "2764486067",
            "json": "{\n  \"Version\": \"2012-10-17\",\n  \"Statement\": [\n    {\n      \"Sid\": \"EKSClusterAssumeRole\",\n      \"Effect\": \"Allow\",\n      \"Action\": \"sts:AssumeRole\",\n      \"Principal\": {\n        \"Service\": \"eks.amazonaws.com\"\n      }\n    }\n  ]\n}",
            "override_json": null,
            "override_policy_documents": null,
            "policy_id": null,
            "source_json": null,
            "source_policy_documents": null,
            "statement": [
              {
                "actions": [
                  "sts:AssumeRole"
                ],
                "condition": [],
                "effect": "Allow",
                "not_actions": [],
                "not_principals": [],
                "not_resources": [],
                "principals": [
                  {
                    "identifiers": [
                      "eks.amazonaws.com"
                    ],
                    "type": "Service"
                  }
                ],
                "resources": [],
                "sid": "EKSClusterAssumeRole"
              }
            ],
            "version": "2012-10-17"
          },
          "sensitive_attributes": []
        }
      ]
    },
    {
      "module": "module.eks_blueprints.module.aws_eks",
      "mode": "data",
      "type": "aws_partition",
      "name": "current",
      "provider": "provider[\"registry.terraform.io/hashicorp/aws\"]",
      "instances": [
        {
          "schema_version": 0,
          "attributes": {
            "dns_suffix": "amazonaws.com",
            "id": "aws",
            "partition": "aws",
            "reverse_dns_prefix": "com.amazonaws"
          },
          "sensitive_attributes": []
        }
      ]
    },
    {
      "module": "module.eks_blueprints.module.aws_eks",
      "mode": "managed",
      "type": "aws_eks_cluster",
      "name": "this",
      "provider": "provider[\"registry.terraform.io/hashicorp/aws\"]",
      "instances": [
        {
          "index_key": 0,
          "schema_version": 0,
          "attributes": {
            "arn": "arn:aws:eks:us-east-1:261106957109:cluster/04-eks-via-blueprint-iam-user-automatico",
            "certificate_authority": [
              {
                "data": "LS0tLS1CRUdJTiBDRVJUSUZJQ0FURS0tLS0tCk1JSUMvakNDQWVhZ0F3SUJBZ0lCQURBTkJna3Foa2lHOXcwQkFRc0ZBREFWTVJNd0VRWURWUVFERXdwcmRXSmwKY201bGRHVnpNQjRYRFRJek1ETXhNVEF5TWpNd05Gb1hEVE16TURNd09EQXlNak13TkZvd0ZURVRNQkVHQTFVRQpBeE1LYTNWaVpYSnVaWFJsY3pDQ0FTSXdEUVlKS29aSWh2Y05BUUVCQlFBRGdnRVBBRENDQVFvQ2dnRUJBTFRNCnZqVlRWdEFPNWR4SEkyK2xYcmhCNFExb0IzUmp3MW9TUU9oSTdoL1p2Zmx4MFRweWxvL2o3OE9DajBmcDFaMVQKY2tKT3BOS0w3bGZpVVRBMEJiVFEzc0k2ZGM1c1JDbVYxMmFWa0JoQjQreEpEVlZDYzFmam5id2dCVXRMYXJ5MAp2VVVORVc4SmJRWElJSUx5OHJnU0twWEQxYk1odzdaL3hwcXZvVFQ0TEJRZGdHaDNTeFg5eTRXVlNXV0JSQ1c4CmR5aUlTcGNCekpUVDc5amlpelcrTUhhWkVHOEJXbC94VmVodU9STG41K0hrM3JoS252T2x2OEJPdzVDcWtkOTIKL2tOUXNBMmZUaXNFTzJZNVBpbDhxS0RLM2Q0NW5DYThrUGpWS1pGcHEybE1ydG5kbE5sSEpkb0xzVEk0MS9HeApxQVNZSjUwV3BYbWd0eUsxbE5rQ0F3RUFBYU5aTUZjd0RnWURWUjBQQVFIL0JBUURBZ0trTUE4R0ExVWRFd0VCCi93UUZNQU1CQWY4d0hRWURWUjBPQkJZRUZCbmJNakNBNmx5MlpNZDNQcFluUzR4Nk5YOWdNQlVHQTFVZEVRUU8KTUF5Q0NtdDFZbVZ5Ym1WMFpYTXdEUVlKS29aSWh2Y05BUUVMQlFBRGdnRUJBSXczc2JKTXJXRXFKNzN4RUdlVwpVMXV3MExReDNOUVd2OFJ0UFdaN09pdktJelVYWXJqenl6T0syS2pRZC9Jd0xDOXROWHViS0psdGZMakhaSEZKClppK3lKUGtPWjZLNFZlQlRhSXFFRkUrMmdtR29Jand6RDN3bVpFR3VvV0JLUm02QzNiaCtBc1JWbVJtS1NuRHoKUkR3NFV2LzcyaEhGd3c1RTE0aU8yeHhXalBLSXBOZ2JZR3ZSUjRhV0pzakt4VjFuZWpYZ2lXVFUySUE1VW1IcgpjVG1lVUp2YnpSUEJhN1pQVjUxa2JHRjQ2bGZPZS9DWm16Sm5CbVZINVp6clVQUGIyTDBIK0RPMmxzWmVMejgyCmRYUWVXVFRiTWxoTHo4em1pZkhMNXBkYXFsd0NFQVloZE5KWnIyV0IvVVlGSWFXcDQwdzNsaFBPZ05PaldNN0UKbFFNPQotLS0tLUVORCBDRVJUSUZJQ0FURS0tLS0tCg=="
              }
            ],
            "cluster_id": null,
            "created_at": "2023-03-11 02:16:16.451 +0000 UTC",
            "enabled_cluster_log_types": [
              "api",
              "audit",
              "authenticator",
              "controllerManager",
              "scheduler"
            ],
            "encryption_config": [
              {
                "provider": [
                  {
                    "key_arn": "arn:aws:kms:us-east-1:261106957109:key/395ca037-3115-4691-af54-0a8ea9cc3c67"
                  }
                ],
                "resources": [
                  "secrets"
                ]
              }
            ],
            "endpoint": "https://1AE79296704828750A2F01433EA8526C.gr7.us-east-1.eks.amazonaws.com",
            "id": "04-eks-via-blueprint-iam-user-automatico",
            "identity": [
              {
                "oidc": [
                  {
                    "issuer": "https://oidc.eks.us-east-1.amazonaws.com/id/1AE79296704828750A2F01433EA8526C"
                  }
                ]
              }
            ],
            "kubernetes_network_config": [
              {
                "ip_family": "ipv4",
                "service_ipv4_cidr": "172.20.0.0/16",
                "service_ipv6_cidr": ""
              }
            ],
            "name": "04-eks-via-blueprint-iam-user-automatico",
            "outpost_config": [],
            "platform_version": "eks.6",
            "role_arn": "arn:aws:iam::261106957109:role/04-eks-via-blueprint-iam-user-automatico-cluster-role",
            "status": "ACTIVE",
            "tags": {
              "Blueprint": "04-eks-via-blueprint-iam-user-automatico",
              "GithubRepo": "github.com/aws-ia/terraform-aws-eks-blueprints"
            },
            "tags_all": {
              "Blueprint": "04-eks-via-blueprint-iam-user-automatico",
              "GithubRepo": "github.com/aws-ia/terraform-aws-eks-blueprints"
            },
            "timeouts": {
              "create": null,
              "delete": null,
              "update": null
            },
            "version": "1.23",
            "vpc_config": [
              {
                "cluster_security_group_id": "sg-06a30526231e3226c",
                "endpoint_private_access": false,
                "endpoint_public_access": true,
                "public_access_cidrs": [
                  "0.0.0.0/0"
                ],
                "security_group_ids": [
                  "sg-029df237d1209f3f7"
                ],
                "subnet_ids": [
                  "subnet-08b971d353d135952",
                  "subnet-0a58ed1f1fdb43eab",
                  "subnet-0ef421ecfbbf971cb"
                ],
                "vpc_id": "vpc-0f076c6ba1baf29f7"
              }
            ]
          },
          "sensitive_attributes": [],
          "private": "eyJlMmJmYjczMC1lY2FhLTExZTYtOGY4OC0zNDM2M2JjN2M0YzAiOnsiY3JlYXRlIjoxODAwMDAwMDAwMDAwLCJkZWxldGUiOjkwMDAwMDAwMDAwMCwidXBkYXRlIjozNjAwMDAwMDAwMDAwfX0=",
          "dependencies": [
            "data.aws_availability_zones.available",
            "module.eks_blueprints.data.aws_caller_identity.current",
            "module.eks_blueprints.data.aws_iam_policy_document.eks_key",
            "module.eks_blueprints.data.aws_iam_session_context.current",
            "module.eks_blueprints.data.aws_partition.current",
            "module.eks_blueprints.data.aws_region.current",
            "module.eks_blueprints.module.aws_eks.aws_cloudwatch_log_group.this",
            "module.eks_blueprints.module.aws_eks.aws_iam_role.this",
            "module.eks_blueprints.module.aws_eks.aws_iam_role_policy_attachment.this",
            "module.eks_blueprints.module.aws_eks.aws_security_group.cluster",
            "module.eks_blueprints.module.aws_eks.aws_security_group.node",
            "module.eks_blueprints.module.aws_eks.aws_security_group_rule.cluster",
            "module.eks_blueprints.module.aws_eks.aws_security_group_rule.node",
            "module.eks_blueprints.module.aws_eks.data.aws_caller_identity.current",
            "module.eks_blueprints.module.aws_eks.data.aws_iam_policy_document.assume_role_policy",
            "module.eks_blueprints.module.aws_eks.data.aws_partition.current",
            "module.eks_blueprints.module.aws_eks.module.kms.aws_kms_external_key.this",
            "module.eks_blueprints.module.aws_eks.module.kms.aws_kms_key.this",
            "module.eks_blueprints.module.aws_eks.module.kms.data.aws_caller_identity.current",
            "module.eks_blueprints.module.aws_eks.module.kms.data.aws_iam_policy_document.this",
            "module.eks_blueprints.module.aws_eks.module.kms.data.aws_partition.current",
            "module.eks_blueprints.module.kms.aws_kms_key.this",
            "module.vpc.aws_subnet.private",
            "module.vpc.aws_vpc.this",
            "module.vpc.aws_vpc_ipv4_cidr_block_association.this"
          ],
          "create_before_destroy": true
        }
      ]
    },
    {
      "module": "module.eks_blueprints.module.aws_eks",
      "mode": "managed",
      "type": "aws_iam_role",
      "name": "this",
      "provider": "provider[\"registry.terraform.io/hashicorp/aws\"]",
      "instances": [
        {
          "index_key": 0,
          "schema_version": 0,
          "attributes": {
            "arn": "arn:aws:iam::261106957109:role/04-eks-via-blueprint-iam-user-automatico-cluster-role",
            "assume_role_policy": "{\"Statement\":[{\"Action\":\"sts:AssumeRole\",\"Effect\":\"Allow\",\"Principal\":{\"Service\":\"eks.amazonaws.com\"},\"Sid\":\"EKSClusterAssumeRole\"}],\"Version\":\"2012-10-17\"}",
            "create_date": "2023-03-11T02:15:43Z",
            "description": "",
            "force_detach_policies": true,
            "id": "04-eks-via-blueprint-iam-user-automatico-cluster-role",
            "inline_policy": [],
            "managed_policy_arns": [
              "arn:aws:iam::aws:policy/AmazonEKSClusterPolicy",
              "arn:aws:iam::aws:policy/AmazonEKSVPCResourceController"
            ],
            "max_session_duration": 3600,
            "name": "04-eks-via-blueprint-iam-user-automatico-cluster-role",
            "name_prefix": "",
            "path": "/",
            "permissions_boundary": null,
            "tags": {
              "Blueprint": "04-eks-via-blueprint-iam-user-automatico",
              "GithubRepo": "github.com/aws-ia/terraform-aws-eks-blueprints"
            },
            "tags_all": {
              "Blueprint": "04-eks-via-blueprint-iam-user-automatico",
              "GithubRepo": "github.com/aws-ia/terraform-aws-eks-blueprints"
            },
            "unique_id": "AROATZSZP7M2VN242JPFP"
          },
          "sensitive_attributes": [],
          "private": "bnVsbA==",
          "dependencies": [
            "module.eks_blueprints.module.aws_eks.aws_cloudwatch_log_group.this",
            "module.eks_blueprints.module.aws_eks.data.aws_iam_policy_document.assume_role_policy",
            "module.eks_blueprints.module.aws_eks.data.aws_partition.current"
          ],
          "create_before_destroy": true
        }
      ]
    },
    {
      "module": "module.eks_blueprints.module.aws_eks",
      "mode": "managed",
      "type": "aws_iam_role_policy_attachment",
      "name": "this",
      "provider": "provider[\"registry.terraform.io/hashicorp/aws\"]",
      "instances": [
        {
          "index_key": "arn:aws:iam::aws:policy/AmazonEKSClusterPolicy",
          "schema_version": 0,
          "attributes": {
            "id": "04-eks-via-blueprint-iam-user-automatico-cluster-role-20230311021543951800000001",
            "policy_arn": "arn:aws:iam::aws:policy/AmazonEKSClusterPolicy",
            "role": "04-eks-via-blueprint-iam-user-automatico-cluster-role"
          },
          "sensitive_attributes": [],
          "private": "bnVsbA==",
          "dependencies": [
            "module.eks_blueprints.module.aws_eks.aws_cloudwatch_log_group.this",
            "module.eks_blueprints.module.aws_eks.aws_iam_role.this",
            "module.eks_blueprints.module.aws_eks.data.aws_iam_policy_document.assume_role_policy",
            "module.eks_blueprints.module.aws_eks.data.aws_partition.current"
          ],
          "create_before_destroy": true
        },
        {
          "index_key": "arn:aws:iam::aws:policy/AmazonEKSVPCResourceController",
          "schema_version": 0,
          "attributes": {
            "id": "04-eks-via-blueprint-iam-user-automatico-cluster-role-20230311021544150300000002",
            "policy_arn": "arn:aws:iam::aws:policy/AmazonEKSVPCResourceController",
            "role": "04-eks-via-blueprint-iam-user-automatico-cluster-role"
          },
          "sensitive_attributes": [],
          "private": "bnVsbA==",
          "dependencies": [
            "module.eks_blueprints.module.aws_eks.aws_cloudwatch_log_group.this",
            "module.eks_blueprints.module.aws_eks.aws_iam_role.this",
            "module.eks_blueprints.module.aws_eks.data.aws_iam_policy_document.assume_role_policy",
            "module.eks_blueprints.module.aws_eks.data.aws_partition.current"
          ],
          "create_before_destroy": true
        }
      ]
    },
    {
      "module": "module.eks_blueprints.module.aws_eks",
      "mode": "managed",
      "type": "aws_security_group",
      "name": "cluster",
      "provider": "provider[\"registry.terraform.io/hashicorp/aws\"]",
      "instances": [
        {
          "index_key": 0,
          "schema_version": 1,
          "attributes": {
            "arn": "arn:aws:ec2:us-east-1:261106957109:security-group/sg-029df237d1209f3f7",
            "description": "EKS cluster security group",
            "egress": [
              {
                "cidr_blocks": [],
                "description": "Cluster API to node groups",
                "from_port": 443,
                "ipv6_cidr_blocks": [],
                "prefix_list_ids": [],
                "protocol": "tcp",
                "security_groups": [
                  "sg-08267c84950017a08"
                ],
                "self": false,
                "to_port": 443
              },
              {
                "cidr_blocks": [],
                "description": "Cluster API to node kubelets",
                "from_port": 10250,
                "ipv6_cidr_blocks": [],
                "prefix_list_ids": [],
                "protocol": "tcp",
                "security_groups": [
                  "sg-08267c84950017a08"
                ],
                "self": false,
                "to_port": 10250
              }
            ],
            "id": "sg-029df237d1209f3f7",
            "ingress": [
              {
                "cidr_blocks": [],
                "description": "Node groups to cluster API",
                "from_port": 443,
                "ipv6_cidr_blocks": [],
                "prefix_list_ids": [],
                "protocol": "tcp",
                "security_groups": [
                  "sg-08267c84950017a08"
                ],
                "self": false,
                "to_port": 443
              }
            ],
            "name": "04-eks-via-blueprint-iam-user-automatico-cluster-20230311021558042400000004",
            "name_prefix": "04-eks-via-blueprint-iam-user-automatico-cluster-",
            "owner_id": "261106957109",
            "revoke_rules_on_delete": false,
            "tags": {
              "Blueprint": "04-eks-via-blueprint-iam-user-automatico",
              "GithubRepo": "github.com/aws-ia/terraform-aws-eks-blueprints",
              "Name": "04-eks-via-blueprint-iam-user-automatico-cluster"
            },
            "tags_all": {
              "Blueprint": "04-eks-via-blueprint-iam-user-automatico",
              "GithubRepo": "github.com/aws-ia/terraform-aws-eks-blueprints",
              "Name": "04-eks-via-blueprint-iam-user-automatico-cluster"
            },
            "timeouts": null,
            "vpc_id": "vpc-0f076c6ba1baf29f7"
          },
          "sensitive_attributes": [],
          "private": "eyJlMmJmYjczMC1lY2FhLTExZTYtOGY4OC0zNDM2M2JjN2M0YzAiOnsiY3JlYXRlIjo2MDAwMDAwMDAwMDAsImRlbGV0ZSI6OTAwMDAwMDAwMDAwfSwic2NoZW1hX3ZlcnNpb24iOiIxIn0=",
          "dependencies": [
            "module.vpc.aws_vpc.this"
          ],
          "create_before_destroy": true
        }
      ]
    },
    {
      "module": "module.eks_blueprints.module.aws_eks",
      "mode": "managed",
      "type": "aws_security_group",
      "name": "node",
      "provider": "provider[\"registry.terraform.io/hashicorp/aws\"]",
      "instances": [
        {
          "index_key": 0,
          "schema_version": 1,
          "attributes": {
            "arn": "arn:aws:ec2:us-east-1:261106957109:security-group/sg-08267c84950017a08",
            "description": "EKS node shared security group",
            "egress": [
              {
                "cidr_blocks": [
                  "0.0.0.0/0"
                ],
                "description": "Egress NTP/TCP to internet",
                "from_port": 123,
                "ipv6_cidr_blocks": [],
                "prefix_list_ids": [],
                "protocol": "tcp",
                "security_groups": [],
                "self": false,
                "to_port": 123
              },
              {
                "cidr_blocks": [
                  "0.0.0.0/0"
                ],
                "description": "Egress NTP/UDP to internet",
                "from_port": 123,
                "ipv6_cidr_blocks": [],
                "prefix_list_ids": [],
                "protocol": "udp",
                "security_groups": [],
                "self": false,
                "to_port": 123
              },
              {
                "cidr_blocks": [
                  "0.0.0.0/0"
                ],
                "description": "Egress all HTTPS to internet",
                "from_port": 443,
                "ipv6_cidr_blocks": [],
                "prefix_list_ids": [],
                "protocol": "tcp",
                "security_groups": [],
                "self": false,
                "to_port": 443
              },
              {
                "cidr_blocks": [],
                "description": "Node groups to cluster API",
                "from_port": 443,
                "ipv6_cidr_blocks": [],
                "prefix_list_ids": [],
                "protocol": "tcp",
                "security_groups": [
                  "sg-029df237d1209f3f7"
                ],
                "self": false,
                "to_port": 443
              },
              {
                "cidr_blocks": [],
                "description": "Node to node CoreDNS",
                "from_port": 53,
                "ipv6_cidr_blocks": [],
                "prefix_list_ids": [],
                "protocol": "tcp",
                "security_groups": [],
                "self": true,
                "to_port": 53
              },
              {
                "cidr_blocks": [],
                "description": "Node to node CoreDNS",
                "from_port": 53,
                "ipv6_cidr_blocks": [],
                "prefix_list_ids": [],
                "protocol": "udp",
                "security_groups": [],
                "self": true,
                "to_port": 53
              }
            ],
            "id": "sg-08267c84950017a08",
            "ingress": [
              {
                "cidr_blocks": [],
                "description": "Cluster API to node groups",
                "from_port": 443,
                "ipv6_cidr_blocks": [],
                "prefix_list_ids": [],
                "protocol": "tcp",
                "security_groups": [
                  "sg-029df237d1209f3f7"
                ],
                "self": false,
                "to_port": 443
              },
              {
                "cidr_blocks": [],
                "description": "Cluster API to node kubelets",
                "from_port": 10250,
                "ipv6_cidr_blocks": [],
                "prefix_list_ids": [],
                "protocol": "tcp",
                "security_groups": [
                  "sg-029df237d1209f3f7"
                ],
                "self": false,
                "to_port": 10250
              },
              {
                "cidr_blocks": [],
                "description": "Node to node CoreDNS",
                "from_port": 53,
                "ipv6_cidr_blocks": [],
                "prefix_list_ids": [],
                "protocol": "tcp",
                "security_groups": [],
                "self": true,
                "to_port": 53
              },
              {
                "cidr_blocks": [],
                "description": "Node to node CoreDNS",
                "from_port": 53,
                "ipv6_cidr_blocks": [],
                "prefix_list_ids": [],
                "protocol": "udp",
                "security_groups": [],
                "self": true,
                "to_port": 53
              }
            ],
            "name": "04-eks-via-blueprint-iam-user-automatico-node-20230311021557867100000003",
            "name_prefix": "04-eks-via-blueprint-iam-user-automatico-node-",
            "owner_id": "261106957109",
            "revoke_rules_on_delete": false,
            "tags": {
              "Blueprint": "04-eks-via-blueprint-iam-user-automatico",
              "GithubRepo": "github.com/aws-ia/terraform-aws-eks-blueprints",
              "Name": "04-eks-via-blueprint-iam-user-automatico-node",
              "kubernetes.io/cluster/04-eks-via-blueprint-iam-user-automatico": "owned"
            },
            "tags_all": {
              "Blueprint": "04-eks-via-blueprint-iam-user-automatico",
              "GithubRepo": "github.com/aws-ia/terraform-aws-eks-blueprints",
              "Name": "04-eks-via-blueprint-iam-user-automatico-node",
              "kubernetes.io/cluster/04-eks-via-blueprint-iam-user-automatico": "owned"
            },
            "timeouts": null,
            "vpc_id": "vpc-0f076c6ba1baf29f7"
          },
          "sensitive_attributes": [],
          "private": "eyJlMmJmYjczMC1lY2FhLTExZTYtOGY4OC0zNDM2M2JjN2M0YzAiOnsiY3JlYXRlIjo2MDAwMDAwMDAwMDAsImRlbGV0ZSI6OTAwMDAwMDAwMDAwfSwic2NoZW1hX3ZlcnNpb24iOiIxIn0=",
          "dependencies": [
            "module.vpc.aws_vpc.this"
          ],
          "create_before_destroy": true
        }
      ]
    },
    {
      "module": "module.eks_blueprints.module.aws_eks",
      "mode": "managed",
      "type": "aws_security_group_rule",
      "name": "cluster",
      "provider": "provider[\"registry.terraform.io/hashicorp/aws\"]",
      "instances": [
        {
          "index_key": "egress_nodes_443",
          "schema_version": 2,
          "attributes": {
            "cidr_blocks": null,
            "description": "Cluster API to node groups",
            "from_port": 443,
            "id": "sgrule-2528897206",
            "ipv6_cidr_blocks": null,
            "prefix_list_ids": [],
            "protocol": "tcp",
            "security_group_id": "sg-029df237d1209f3f7",
            "security_group_rule_id": "sgr-0c444e9fe414d0f47",
            "self": false,
            "source_security_group_id": "sg-08267c84950017a08",
            "timeouts": null,
            "to_port": 443,
            "type": "egress"
          },
          "sensitive_attributes": [],
          "private": "eyJlMmJmYjczMC1lY2FhLTExZTYtOGY4OC0zNDM2M2JjN2M0YzAiOnsiY3JlYXRlIjozMDAwMDAwMDAwMDB9LCJzY2hlbWFfdmVyc2lvbiI6IjIifQ==",
          "dependencies": [
            "module.eks_blueprints.module.aws_eks.aws_security_group.cluster",
            "module.eks_blueprints.module.aws_eks.aws_security_group.node",
            "module.vpc.aws_vpc.this"
          ],
          "create_before_destroy": true
        },
        {
          "index_key": "egress_nodes_kubelet",
          "schema_version": 2,
          "attributes": {
            "cidr_blocks": null,
            "description": "Cluster API to node kubelets",
            "from_port": 10250,
            "id": "sgrule-952679756",
            "ipv6_cidr_blocks": null,
            "prefix_list_ids": [],
            "protocol": "tcp",
            "security_group_id": "sg-029df237d1209f3f7",
            "security_group_rule_id": "sgr-0384473dca7270d01",
            "self": false,
            "source_security_group_id": "sg-08267c84950017a08",
            "timeouts": null,
            "to_port": 10250,
            "type": "egress"
          },
          "sensitive_attributes": [],
          "private": "eyJlMmJmYjczMC1lY2FhLTExZTYtOGY4OC0zNDM2M2JjN2M0YzAiOnsiY3JlYXRlIjozMDAwMDAwMDAwMDB9LCJzY2hlbWFfdmVyc2lvbiI6IjIifQ==",
          "dependencies": [
            "module.eks_blueprints.module.aws_eks.aws_security_group.cluster",
            "module.eks_blueprints.module.aws_eks.aws_security_group.node",
            "module.vpc.aws_vpc.this"
          ],
          "create_before_destroy": true
        },
        {
          "index_key": "ingress_nodes_443",
          "schema_version": 2,
          "attributes": {
            "cidr_blocks": null,
            "description": "Node groups to cluster API",
            "from_port": 443,
            "id": "sgrule-488560762",
            "ipv6_cidr_blocks": null,
            "prefix_list_ids": [],
            "protocol": "tcp",
            "security_group_id": "sg-029df237d1209f3f7",
            "security_group_rule_id": "sgr-0c444e9fe414d0f47",
            "self": false,
            "source_security_group_id": "sg-08267c84950017a08",
            "timeouts": null,
            "to_port": 443,
            "type": "ingress"
          },
          "sensitive_attributes": [],
          "private": "eyJlMmJmYjczMC1lY2FhLTExZTYtOGY4OC0zNDM2M2JjN2M0YzAiOnsiY3JlYXRlIjozMDAwMDAwMDAwMDB9LCJzY2hlbWFfdmVyc2lvbiI6IjIifQ==",
          "dependencies": [
            "module.eks_blueprints.module.aws_eks.aws_security_group.cluster",
            "module.eks_blueprints.module.aws_eks.aws_security_group.node",
            "module.vpc.aws_vpc.this"
          ],
          "create_before_destroy": true
        }
      ]
    },
    {
      "module": "module.eks_blueprints.module.aws_eks",
      "mode": "managed",
      "type": "aws_security_group_rule",
      "name": "node",
      "provider": "provider[\"registry.terraform.io/hashicorp/aws\"]",
      "instances": [
        {
          "index_key": "egress_cluster_443",
          "schema_version": 2,
          "attributes": {
            "cidr_blocks": null,
            "description": "Node groups to cluster API",
            "from_port": 443,
            "id": "sgrule-2349134884",
            "ipv6_cidr_blocks": null,
            "prefix_list_ids": [],
            "protocol": "tcp",
            "security_group_id": "sg-08267c84950017a08",
            "security_group_rule_id": "sgr-0d4c0b448afdf0bc8",
            "self": false,
            "source_security_group_id": "sg-029df237d1209f3f7",
            "timeouts": null,
            "to_port": 443,
            "type": "egress"
          },
          "sensitive_attributes": [],
          "private": "eyJlMmJmYjczMC1lY2FhLTExZTYtOGY4OC0zNDM2M2JjN2M0YzAiOnsiY3JlYXRlIjozMDAwMDAwMDAwMDB9LCJzY2hlbWFfdmVyc2lvbiI6IjIifQ==",
          "dependencies": [
            "module.eks_blueprints.module.aws_eks.aws_security_group.cluster",
            "module.eks_blueprints.module.aws_eks.aws_security_group.node",
            "module.vpc.aws_vpc.this"
          ],
          "create_before_destroy": true
        },
        {
          "index_key": "egress_https",
          "schema_version": 2,
          "attributes": {
            "cidr_blocks": [
              "0.0.0.0/0"
            ],
            "description": "Egress all HTTPS to internet",
            "from_port": 443,
            "id": "sgrule-582038790",
            "ipv6_cidr_blocks": null,
            "prefix_list_ids": [],
            "protocol": "tcp",
            "security_group_id": "sg-08267c84950017a08",
            "security_group_rule_id": "sgr-014e039dc9307debb",
            "self": false,
            "source_security_group_id": null,
            "timeouts": null,
            "to_port": 443,
            "type": "egress"
          },
          "sensitive_attributes": [],
          "private": "eyJlMmJmYjczMC1lY2FhLTExZTYtOGY4OC0zNDM2M2JjN2M0YzAiOnsiY3JlYXRlIjozMDAwMDAwMDAwMDB9LCJzY2hlbWFfdmVyc2lvbiI6IjIifQ==",
          "dependencies": [
            "module.eks_blueprints.module.aws_eks.aws_security_group.cluster",
            "module.eks_blueprints.module.aws_eks.aws_security_group.node",
            "module.vpc.aws_vpc.this"
          ],
          "create_before_destroy": true
        },
        {
          "index_key": "egress_ntp_tcp",
          "schema_version": 2,
          "attributes": {
            "cidr_blocks": [
              "0.0.0.0/0"
            ],
            "description": "Egress NTP/TCP to internet",
            "from_port": 123,
            "id": "sgrule-4251912216",
            "ipv6_cidr_blocks": null,
            "prefix_list_ids": [],
            "protocol": "tcp",
            "security_group_id": "sg-08267c84950017a08",
            "security_group_rule_id": "sgr-0cf447995ce298133",
            "self": false,
            "source_security_group_id": null,
            "timeouts": null,
            "to_port": 123,
            "type": "egress"
          },
          "sensitive_attributes": [],
          "private": "eyJlMmJmYjczMC1lY2FhLTExZTYtOGY4OC0zNDM2M2JjN2M0YzAiOnsiY3JlYXRlIjozMDAwMDAwMDAwMDB9LCJzY2hlbWFfdmVyc2lvbiI6IjIifQ==",
          "dependencies": [
            "module.eks_blueprints.module.aws_eks.aws_security_group.cluster",
            "module.eks_blueprints.module.aws_eks.aws_security_group.node",
            "module.vpc.aws_vpc.this"
          ],
          "create_before_destroy": true
        },
        {
          "index_key": "egress_ntp_udp",
          "schema_version": 2,
          "attributes": {
            "cidr_blocks": [
              "0.0.0.0/0"
            ],
            "description": "Egress NTP/UDP to internet",
            "from_port": 123,
            "id": "sgrule-2213621013",
            "ipv6_cidr_blocks": null,
            "prefix_list_ids": [],
            "protocol": "udp",
            "security_group_id": "sg-08267c84950017a08",
            "security_group_rule_id": "sgr-0de364ac75227d43a",
            "self": false,
            "source_security_group_id": null,
            "timeouts": null,
            "to_port": 123,
            "type": "egress"
          },
          "sensitive_attributes": [],
          "private": "eyJlMmJmYjczMC1lY2FhLTExZTYtOGY4OC0zNDM2M2JjN2M0YzAiOnsiY3JlYXRlIjozMDAwMDAwMDAwMDB9LCJzY2hlbWFfdmVyc2lvbiI6IjIifQ==",
          "dependencies": [
            "module.eks_blueprints.module.aws_eks.aws_security_group.cluster",
            "module.eks_blueprints.module.aws_eks.aws_security_group.node",
            "module.vpc.aws_vpc.this"
          ],
          "create_before_destroy": true
        },
        {
          "index_key": "egress_self_coredns_tcp",
          "schema_version": 2,
          "attributes": {
            "cidr_blocks": null,
            "description": "Node to node CoreDNS",
            "from_port": 53,
            "id": "sgrule-2549232320",
            "ipv6_cidr_blocks": null,
            "prefix_list_ids": [],
            "protocol": "tcp",
            "security_group_id": "sg-08267c84950017a08",
            "security_group_rule_id": "sgr-0c0855d33fb415177",
            "self": true,
            "source_security_group_id": null,
            "timeouts": null,
            "to_port": 53,
            "type": "egress"
          },
          "sensitive_attributes": [],
          "private": "eyJlMmJmYjczMC1lY2FhLTExZTYtOGY4OC0zNDM2M2JjN2M0YzAiOnsiY3JlYXRlIjozMDAwMDAwMDAwMDB9LCJzY2hlbWFfdmVyc2lvbiI6IjIifQ==",
          "dependencies": [
            "module.eks_blueprints.module.aws_eks.aws_security_group.cluster",
            "module.eks_blueprints.module.aws_eks.aws_security_group.node",
            "module.vpc.aws_vpc.this"
          ],
          "create_before_destroy": true
        },
        {
          "index_key": "egress_self_coredns_udp",
          "schema_version": 2,
          "attributes": {
            "cidr_blocks": null,
            "description": "Node to node CoreDNS",
            "from_port": 53,
            "id": "sgrule-429240486",
            "ipv6_cidr_blocks": null,
            "prefix_list_ids": [],
            "protocol": "udp",
            "security_group_id": "sg-08267c84950017a08",
            "security_group_rule_id": "sgr-0ddec565c7b9ddc38",
            "self": true,
            "source_security_group_id": null,
            "timeouts": null,
            "to_port": 53,
            "type": "egress"
          },
          "sensitive_attributes": [],
          "private": "eyJlMmJmYjczMC1lY2FhLTExZTYtOGY4OC0zNDM2M2JjN2M0YzAiOnsiY3JlYXRlIjozMDAwMDAwMDAwMDB9LCJzY2hlbWFfdmVyc2lvbiI6IjIifQ==",
          "dependencies": [
            "module.eks_blueprints.module.aws_eks.aws_security_group.cluster",
            "module.eks_blueprints.module.aws_eks.aws_security_group.node",
            "module.vpc.aws_vpc.this"
          ],
          "create_before_destroy": true
        },
        {
          "index_key": "ingress_cluster_443",
          "schema_version": 2,
          "attributes": {
            "cidr_blocks": null,
            "description": "Cluster API to node groups",
            "from_port": 443,
            "id": "sgrule-1654677646",
            "ipv6_cidr_blocks": null,
            "prefix_list_ids": [],
            "protocol": "tcp",
            "security_group_id": "sg-08267c84950017a08",
            "security_group_rule_id": "sgr-0d4c0b448afdf0bc8",
            "self": false,
            "source_security_group_id": "sg-029df237d1209f3f7",
            "timeouts": null,
            "to_port": 443,
            "type": "ingress"
          },
          "sensitive_attributes": [],
          "private": "eyJlMmJmYjczMC1lY2FhLTExZTYtOGY4OC0zNDM2M2JjN2M0YzAiOnsiY3JlYXRlIjozMDAwMDAwMDAwMDB9LCJzY2hlbWFfdmVyc2lvbiI6IjIifQ==",
          "dependencies": [
            "module.eks_blueprints.module.aws_eks.aws_security_group.cluster",
            "module.eks_blueprints.module.aws_eks.aws_security_group.node",
            "module.vpc.aws_vpc.this"
          ],
          "create_before_destroy": true
        },
        {
          "index_key": "ingress_cluster_kubelet",
          "schema_version": 2,
          "attributes": {
            "cidr_blocks": null,
            "description": "Cluster API to node kubelets",
            "from_port": 10250,
            "id": "sgrule-1812399288",
            "ipv6_cidr_blocks": null,
            "prefix_list_ids": [],
            "protocol": "tcp",
            "security_group_id": "sg-08267c84950017a08",
            "security_group_rule_id": "sgr-0eb23c3d325c5bbd0",
            "self": false,
            "source_security_group_id": "sg-029df237d1209f3f7",
            "timeouts": null,
            "to_port": 10250,
            "type": "ingress"
          },
          "sensitive_attributes": [],
          "private": "eyJlMmJmYjczMC1lY2FhLTExZTYtOGY4OC0zNDM2M2JjN2M0YzAiOnsiY3JlYXRlIjozMDAwMDAwMDAwMDB9LCJzY2hlbWFfdmVyc2lvbiI6IjIifQ==",
          "dependencies": [
            "module.eks_blueprints.module.aws_eks.aws_security_group.cluster",
            "module.eks_blueprints.module.aws_eks.aws_security_group.node",
            "module.vpc.aws_vpc.this"
          ],
          "create_before_destroy": true
        },
        {
          "index_key": "ingress_self_coredns_tcp",
          "schema_version": 2,
          "attributes": {
            "cidr_blocks": null,
            "description": "Node to node CoreDNS",
            "from_port": 53,
            "id": "sgrule-2759411113",
            "ipv6_cidr_blocks": null,
            "prefix_list_ids": [],
            "protocol": "tcp",
            "security_group_id": "sg-08267c84950017a08",
            "security_group_rule_id": "sgr-06b390d27c69dca80",
            "self": true,
            "source_security_group_id": null,
            "timeouts": null,
            "to_port": 53,
            "type": "ingress"
          },
          "sensitive_attributes": [],
          "private": "eyJlMmJmYjczMC1lY2FhLTExZTYtOGY4OC0zNDM2M2JjN2M0YzAiOnsiY3JlYXRlIjozMDAwMDAwMDAwMDB9LCJzY2hlbWFfdmVyc2lvbiI6IjIifQ==",
          "dependencies": [
            "module.eks_blueprints.module.aws_eks.aws_security_group.cluster",
            "module.eks_blueprints.module.aws_eks.aws_security_group.node",
            "module.vpc.aws_vpc.this"
          ],
          "create_before_destroy": true
        },
        {
          "index_key": "ingress_self_coredns_udp",
          "schema_version": 2,
          "attributes": {
            "cidr_blocks": null,
            "description": "Node to node CoreDNS",
            "from_port": 53,
            "id": "sgrule-2549318",
            "ipv6_cidr_blocks": null,
            "prefix_list_ids": [],
            "protocol": "udp",
            "security_group_id": "sg-08267c84950017a08",
            "security_group_rule_id": "sgr-0ddec565c7b9ddc38",
            "self": true,
            "source_security_group_id": null,
            "timeouts": null,
            "to_port": 53,
            "type": "ingress"
          },
          "sensitive_attributes": [],
          "private": "eyJlMmJmYjczMC1lY2FhLTExZTYtOGY4OC0zNDM2M2JjN2M0YzAiOnsiY3JlYXRlIjozMDAwMDAwMDAwMDB9LCJzY2hlbWFfdmVyc2lvbiI6IjIifQ==",
          "dependencies": [
            "module.eks_blueprints.module.aws_eks.aws_security_group.cluster",
            "module.eks_blueprints.module.aws_eks.aws_security_group.node",
            "module.vpc.aws_vpc.this"
          ],
          "create_before_destroy": true
        }
      ]
    },
    {
      "module": "module.eks_blueprints.module.aws_eks.module.kms",
      "mode": "data",
      "type": "aws_caller_identity",
      "name": "current",
      "provider": "provider[\"registry.terraform.io/hashicorp/aws\"]",
      "instances": [
        {
          "schema_version": 0,
          "attributes": {
            "account_id": "261106957109",
            "arn": "arn:aws:iam::261106957109:user/fernandomullerjr8596",
            "id": "261106957109",
            "user_id": "AIDATZSZP7M2XLMGQUA5D"
          },
          "sensitive_attributes": []
        }
      ]
    },
    {
      "module": "module.eks_blueprints.module.aws_eks.module.kms",
      "mode": "data",
      "type": "aws_partition",
      "name": "current",
      "provider": "provider[\"registry.terraform.io/hashicorp/aws\"]",
      "instances": [
        {
          "schema_version": 0,
          "attributes": {
            "dns_suffix": "amazonaws.com",
            "id": "aws",
            "partition": "aws",
            "reverse_dns_prefix": "com.amazonaws"
          },
          "sensitive_attributes": []
        }
      ]
    },
    {
      "module": "module.eks_blueprints.module.kms[0]",
      "mode": "managed",
      "type": "aws_kms_key",
      "name": "this",
      "provider": "provider[\"registry.terraform.io/hashicorp/aws\"]",
      "instances": [
        {
          "schema_version": 0,
          "attributes": {
            "arn": "arn:aws:kms:us-east-1:261106957109:key/395ca037-3115-4691-af54-0a8ea9cc3c67",
            "bypass_policy_lockout_safety_check": false,
            "custom_key_store_id": "",
            "customer_master_key_spec": "SYMMETRIC_DEFAULT",
            "deletion_window_in_days": 30,
            "description": "04-eks-via-blueprint-iam-user-automatico EKS cluster secret encryption key",
            "enable_key_rotation": true,
            "id": "395ca037-3115-4691-af54-0a8ea9cc3c67",
            "is_enabled": true,
            "key_id": "395ca037-3115-4691-af54-0a8ea9cc3c67",
            "key_usage": "ENCRYPT_DECRYPT",
            "multi_region": false,
            "policy": "{\"Statement\":[{\"Action\":[\"kms:ReEncrypt*\",\"kms:GenerateDataKey*\",\"kms:Encrypt\",\"kms:DescribeKey\",\"kms:Decrypt\",\"kms:CreateGrant\"],\"Condition\":{\"StringEquals\":{\"kms:CallerAccount\":\"261106957109\",\"kms:ViaService\":\"eks.us-east-1.amazonaws.com\"}},\"Effect\":\"Allow\",\"Principal\":{\"AWS\":\"arn:aws:iam::261106957109:root\"},\"Resource\":\"*\",\"Sid\":\"Allow access for all principals in the account that are authorized\"},{\"Action\":[\"kms:RevokeGrant\",\"kms:List*\",\"kms:Get*\",\"kms:Describe*\"],\"Effect\":\"Allow\",\"Principal\":{\"AWS\":\"arn:aws:iam::261106957109:root\"},\"Resource\":\"*\",\"Sid\":\"Allow direct access to key metadata to the account\"},{\"Action\":\"kms:*\",\"Effect\":\"Allow\",\"Principal\":{\"AWS\":\"arn:aws:iam::261106957109:user/fernandomullerjr8596\"},\"Resource\":\"*\",\"Sid\":\"Allow access for Key Administrators\"},{\"Action\":[\"kms:ReEncrypt*\",\"kms:GenerateDataKey*\",\"kms:Encrypt\",\"kms:DescribeKey\",\"kms:Decrypt\"],\"Effect\":\"Allow\",\"Principal\":{\"AWS\":\"arn:aws:iam::261106957109:role/04-eks-via-blueprint-iam-user-automatico-cluster-role\"},\"Resource\":\"*\",\"Sid\":\"Allow use of the key\"},{\"Action\":[\"kms:RevokeGrant\",\"kms:ListGrants\",\"kms:CreateGrant\"],\"Condition\":{\"Bool\":{\"kms:GrantIsForAWSResource\":\"true\"}},\"Effect\":\"Allow\",\"Principal\":{\"AWS\":\"arn:aws:iam::261106957109:role/04-eks-via-blueprint-iam-user-automatico-cluster-role\"},\"Resource\":\"*\",\"Sid\":\"Allow attachment of persistent resources\"}],\"Version\":\"2012-10-17\"}",
            "tags": {
              "Blueprint": "04-eks-via-blueprint-iam-user-automatico",
              "GithubRepo": "github.com/aws-ia/terraform-aws-eks-blueprints"
            },
            "tags_all": {
              "Blueprint": "04-eks-via-blueprint-iam-user-automatico",
              "GithubRepo": "github.com/aws-ia/terraform-aws-eks-blueprints"
            }
          },
          "sensitive_attributes": [],
          "private": "bnVsbA==",
          "dependencies": [
            "module.eks_blueprints.data.aws_caller_identity.current",
            "module.eks_blueprints.data.aws_iam_policy_document.eks_key",
            "module.eks_blueprints.data.aws_iam_session_context.current",
            "module.eks_blueprints.data.aws_partition.current",
            "module.eks_blueprints.data.aws_region.current"
          ],
          "create_before_destroy": true
        }
      ]
    },
    {
      "module": "module.kubernetes_addons",
      "mode": "data",
      "type": "aws_caller_identity",
      "name": "current",
      "provider": "provider[\"registry.terraform.io/hashicorp/aws\"]",
      "instances": [
        {
          "schema_version": 0,
          "attributes": {
            "account_id": "261106957109",
            "arn": "arn:aws:iam::261106957109:user/fernandomullerjr8596",
            "id": "261106957109",
            "user_id": "AIDATZSZP7M2XLMGQUA5D"
          },
          "sensitive_attributes": []
        }
      ]
    },
    {
      "module": "module.kubernetes_addons",
      "mode": "data",
      "type": "aws_eks_cluster",
      "name": "eks_cluster",
      "provider": "provider[\"registry.terraform.io/hashicorp/aws\"]",
      "instances": [
        {
          "schema_version": 0,
          "attributes": {
            "arn": "arn:aws:eks:us-east-1:261106957109:cluster/04-eks-via-blueprint-iam-user-automatico",
            "certificate_authority": [
              {
                "data": "LS0tLS1CRUdJTiBDRVJUSUZJQ0FURS0tLS0tCk1JSUMvakNDQWVhZ0F3SUJBZ0lCQURBTkJna3Foa2lHOXcwQkFRc0ZBREFWTVJNd0VRWURWUVFERXdwcmRXSmwKY201bGRHVnpNQjRYRFRJek1ETXhNVEF5TWpNd05Gb1hEVE16TURNd09EQXlNak13TkZvd0ZURVRNQkVHQTFVRQpBeE1LYTNWaVpYSnVaWFJsY3pDQ0FTSXdEUVlKS29aSWh2Y05BUUVCQlFBRGdnRVBBRENDQVFvQ2dnRUJBTFRNCnZqVlRWdEFPNWR4SEkyK2xYcmhCNFExb0IzUmp3MW9TUU9oSTdoL1p2Zmx4MFRweWxvL2o3OE9DajBmcDFaMVQKY2tKT3BOS0w3bGZpVVRBMEJiVFEzc0k2ZGM1c1JDbVYxMmFWa0JoQjQreEpEVlZDYzFmam5id2dCVXRMYXJ5MAp2VVVORVc4SmJRWElJSUx5OHJnU0twWEQxYk1odzdaL3hwcXZvVFQ0TEJRZGdHaDNTeFg5eTRXVlNXV0JSQ1c4CmR5aUlTcGNCekpUVDc5amlpelcrTUhhWkVHOEJXbC94VmVodU9STG41K0hrM3JoS252T2x2OEJPdzVDcWtkOTIKL2tOUXNBMmZUaXNFTzJZNVBpbDhxS0RLM2Q0NW5DYThrUGpWS1pGcHEybE1ydG5kbE5sSEpkb0xzVEk0MS9HeApxQVNZSjUwV3BYbWd0eUsxbE5rQ0F3RUFBYU5aTUZjd0RnWURWUjBQQVFIL0JBUURBZ0trTUE4R0ExVWRFd0VCCi93UUZNQU1CQWY4d0hRWURWUjBPQkJZRUZCbmJNakNBNmx5MlpNZDNQcFluUzR4Nk5YOWdNQlVHQTFVZEVRUU8KTUF5Q0NtdDFZbVZ5Ym1WMFpYTXdEUVlKS29aSWh2Y05BUUVMQlFBRGdnRUJBSXczc2JKTXJXRXFKNzN4RUdlVwpVMXV3MExReDNOUVd2OFJ0UFdaN09pdktJelVYWXJqenl6T0syS2pRZC9Jd0xDOXROWHViS0psdGZMakhaSEZKClppK3lKUGtPWjZLNFZlQlRhSXFFRkUrMmdtR29Jand6RDN3bVpFR3VvV0JLUm02QzNiaCtBc1JWbVJtS1NuRHoKUkR3NFV2LzcyaEhGd3c1RTE0aU8yeHhXalBLSXBOZ2JZR3ZSUjRhV0pzakt4VjFuZWpYZ2lXVFUySUE1VW1IcgpjVG1lVUp2YnpSUEJhN1pQVjUxa2JHRjQ2bGZPZS9DWm16Sm5CbVZINVp6clVQUGIyTDBIK0RPMmxzWmVMejgyCmRYUWVXVFRiTWxoTHo4em1pZkhMNXBkYXFsd0NFQVloZE5KWnIyV0IvVVlGSWFXcDQwdzNsaFBPZ05PaldNN0UKbFFNPQotLS0tLUVORCBDRVJUSUZJQ0FURS0tLS0tCg=="
              }
            ],
            "cluster_id": null,
            "created_at": "2023-03-11 02:16:16.451 +0000 UTC",
            "enabled_cluster_log_types": [
              "api",
              "audit",
              "authenticator",
              "controllerManager",
              "scheduler"
            ],
            "endpoint": "https://1AE79296704828750A2F01433EA8526C.gr7.us-east-1.eks.amazonaws.com",
            "id": "04-eks-via-blueprint-iam-user-automatico",
            "identity": [
              {
                "oidc": [
                  {
                    "issuer": "https://oidc.eks.us-east-1.amazonaws.com/id/1AE79296704828750A2F01433EA8526C"
                  }
                ]
              }
            ],
            "kubernetes_network_config": [
              {
                "ip_family": "ipv4",
                "service_ipv4_cidr": "172.20.0.0/16",
                "service_ipv6_cidr": ""
              }
            ],
            "name": "04-eks-via-blueprint-iam-user-automatico",
            "outpost_config": [],
            "platform_version": "eks.6",
            "role_arn": "arn:aws:iam::261106957109:role/04-eks-via-blueprint-iam-user-automatico-cluster-role",
            "status": "ACTIVE",
            "tags": {
              "Blueprint": "04-eks-via-blueprint-iam-user-automatico",
              "GithubRepo": "github.com/aws-ia/terraform-aws-eks-blueprints"
            },
            "version": "1.23",
            "vpc_config": [
              {
                "cluster_security_group_id": "sg-06a30526231e3226c",
                "endpoint_private_access": false,
                "endpoint_public_access": true,
                "public_access_cidrs": [
                  "0.0.0.0/0"
                ],
                "security_group_ids": [
                  "sg-029df237d1209f3f7"
                ],
                "subnet_ids": [
                  "subnet-08b971d353d135952",
                  "subnet-0a58ed1f1fdb43eab",
                  "subnet-0ef421ecfbbf971cb"
                ],
                "vpc_id": "vpc-0f076c6ba1baf29f7"
              }
            ]
          },
          "sensitive_attributes": []
        }
      ]
    },
    {
      "module": "module.kubernetes_addons",
      "mode": "data",
      "type": "aws_partition",
      "name": "current",
      "provider": "provider[\"registry.terraform.io/hashicorp/aws\"]",
      "instances": [
        {
          "schema_version": 0,
          "attributes": {
            "dns_suffix": "amazonaws.com",
            "id": "aws",
            "partition": "aws",
            "reverse_dns_prefix": "com.amazonaws"
          },
          "sensitive_attributes": []
        }
      ]
    },
    {
      "module": "module.kubernetes_addons",
      "mode": "data",
      "type": "aws_region",
      "name": "current",
      "provider": "provider[\"registry.terraform.io/hashicorp/aws\"]",
      "instances": [
        {
          "schema_version": 0,
          "attributes": {
            "description": "US East (N. Virginia)",
            "endpoint": "ec2.us-east-1.amazonaws.com",
            "id": "us-east-1",
            "name": "us-east-1"
          },
          "sensitive_attributes": []
        }
      ]
    },
    {
      "module": "module.kubernetes_addons",
      "mode": "managed",
      "type": "time_sleep",
      "name": "dataplane",
      "provider": "provider[\"registry.terraform.io/hashicorp/time\"]",
      "instances": [
        {
          "schema_version": 0,
          "attributes": {
            "create_duration": "10s",
            "destroy_duration": null,
            "id": "2023-03-11T02:27:38Z",
            "triggers": {
              "data_plane_wait_arn": "",
              "eks_cluster_id": "04-eks-via-blueprint-iam-user-automatico"
            }
          },
          "sensitive_attributes": [],
          "dependencies": [
            "data.aws_availability_zones.available",
            "module.eks_blueprints.data.aws_iam_policy_document.eks_key",
            "module.eks_blueprints.module.aws_eks.aws_cloudwatch_log_group.this",
            "module.eks_blueprints.module.aws_eks.aws_eks_cluster.this",
            "module.eks_blueprints.module.aws_eks.aws_iam_role.this",
            "module.eks_blueprints.module.aws_eks.aws_iam_role_policy_attachment.this",
            "module.eks_blueprints.module.aws_eks.aws_security_group.cluster",
            "module.eks_blueprints.module.aws_eks.aws_security_group.node",
            "module.eks_blueprints.module.aws_eks.aws_security_group_rule.cluster",
            "module.eks_blueprints.module.aws_eks.aws_security_group_rule.node",
            "module.eks_blueprints.module.aws_eks.data.aws_iam_policy_document.assume_role_policy",
            "module.eks_blueprints.module.aws_eks.data.aws_partition.current",
            "module.eks_blueprints.module.aws_eks.module.kms.aws_kms_external_key.this",
            "module.eks_blueprints.module.aws_eks.module.kms.aws_kms_key.this",
            "module.eks_blueprints.module.kms.aws_kms_key.this",
            "module.vpc.aws_subnet.private",
            "module.vpc.aws_vpc.this",
            "module.vpc.aws_vpc_ipv4_cidr_block_association.this"
          ]
        }
      ]
    },
    {
      "module": "module.kubernetes_addons.module.argocd[0]",
      "mode": "managed",
      "type": "helm_release",
      "name": "argocd_application",
      "provider": "provider[\"registry.terraform.io/hashicorp/helm\"]",
      "instances": [
        {
          "index_key": "addons",
          "schema_version": 1,
          "attributes": {
            "atomic": false,
            "chart": ".terraform/modules/kubernetes_addons/modules/kubernetes-addons/argocd/argocd-application/helm",
            "cleanup_on_fail": false,
            "create_namespace": false,
            "dependency_update": false,
            "description": null,
            "devel": null,
            "disable_crd_hooks": false,
            "disable_openapi_validation": false,
            "disable_webhooks": false,
            "force_update": false,
            "id": "addons",
            "keyring": null,
            "lint": false,
            "manifest": null,
            "max_history": 0,
            "metadata": [
              {
                "app_version": "0.1.0",
                "chart": "argo-application",
                "name": "addons",
                "namespace": "argocd",
                "revision": 1,
                "values": "{\"destination\":{\"server\":\"https://kubernetes.default.svc\"},\"ignoreDifferences\":[],\"name\":\"addons\",\"project\":\"default\",\"source\":{\"helm\":{\"releaseName\":\"addons\",\"values\":\"\\\"account\\\": \\\"261106957109\\\"\\n\\\"awsForFluentBit\\\":\\n  \\\"enable\\\": \\\"true\\\"\\n  \\\"logGroupName\\\": \\\"/04-eks-via-blueprint-iam-user-automatico/worker-fluentbit-logs\\\"\\n  \\\"serviceAccountName\\\": \\\"aws-for-fluent-bit-sa\\\"\\n\\\"awsLoadBalancerController\\\":\\n  \\\"enable\\\": \\\"true\\\"\\n  \\\"serviceAccountName\\\": \\\"aws-load-balancer-controller-sa\\\"\\n\\\"clusterName\\\": \\\"04-eks-via-blueprint-iam-user-automatico\\\"\\n\\\"metricsServer\\\":\\n  \\\"enable\\\": \\\"true\\\"\\n\\\"region\\\": \\\"us-east-1\\\"\\n\\\"repoUrl\\\": \\\"https://github.com/aws-samples/eks-blueprints-add-ons.git\\\"\\n\"},\"path\":\"chart\",\"repoUrl\":\"https://github.com/aws-samples/eks-blueprints-add-ons.git\",\"targetRevision\":\"HEAD\"}}",
                "version": "0.1.0"
              }
            ],
            "name": "addons",
            "namespace": "argocd",
            "pass_credentials": false,
            "postrender": [],
            "recreate_pods": false,
            "render_subchart_notes": true,
            "replace": false,
            "repository": null,
            "repository_ca_file": null,
            "repository_cert_file": null,
            "repository_key_file": null,
            "repository_password": null,
            "repository_username": null,
            "reset_values": false,
            "reuse_values": false,
            "set": [
              {
                "name": "destination.server",
                "type": "string",
                "value": "https://kubernetes.default.svc"
              },
              {
                "name": "name",
                "type": "string",
                "value": "addons"
              },
              {
                "name": "project",
                "type": "string",
                "value": "default"
              },
              {
                "name": "source.helm.releaseName",
                "type": "string",
                "value": "addons"
              },
              {
                "name": "source.helm.values",
                "type": "auto",
                "value": "\"account\": \"261106957109\"\n\"awsForFluentBit\":\n  \"enable\": \"true\"\n  \"logGroupName\": \"/04-eks-via-blueprint-iam-user-automatico/worker-fluentbit-logs\"\n  \"serviceAccountName\": \"aws-for-fluent-bit-sa\"\n\"awsLoadBalancerController\":\n  \"enable\": \"true\"\n  \"serviceAccountName\": \"aws-load-balancer-controller-sa\"\n\"clusterName\": \"04-eks-via-blueprint-iam-user-automatico\"\n\"metricsServer\":\n  \"enable\": \"true\"\n\"region\": \"us-east-1\"\n\"repoUrl\": \"https://github.com/aws-samples/eks-blueprints-add-ons.git\"\n"
              },
              {
                "name": "source.path",
                "type": "string",
                "value": "chart"
              },
              {
                "name": "source.repoUrl",
                "type": "string",
                "value": "https://github.com/aws-samples/eks-blueprints-add-ons.git"
              },
              {
                "name": "source.targetRevision",
                "type": "string",
                "value": "HEAD"
              }
            ],
            "set_sensitive": [],
            "skip_crds": false,
            "status": "deployed",
            "timeout": 300,
            "values": [
              "\"ignoreDifferences\": []\n"
            ],
            "verify": false,
            "version": "0.1.0",
            "wait": true,
            "wait_for_jobs": false
          },
          "sensitive_attributes": [],
          "private": "eyJzY2hlbWFfdmVyc2lvbiI6IjEifQ==",
          "dependencies": [
            "data.aws_availability_zones.available",
            "data.aws_eks_cluster_auth.this",
            "module.eks_blueprints.data.aws_iam_policy_document.eks_key",
            "module.eks_blueprints.module.aws_eks.aws_cloudwatch_log_group.this",
            "module.eks_blueprints.module.aws_eks.aws_eks_cluster.this",
            "module.eks_blueprints.module.aws_eks.aws_iam_role.this",
            "module.eks_blueprints.module.aws_eks.aws_iam_role_policy_attachment.this",
            "module.eks_blueprints.module.aws_eks.aws_security_group.cluster",
            "module.eks_blueprints.module.aws_eks.aws_security_group.node",
            "module.eks_blueprints.module.aws_eks.aws_security_group_rule.cluster",
            "module.eks_blueprints.module.aws_eks.aws_security_group_rule.node",
            "module.eks_blueprints.module.aws_eks.data.aws_iam_policy_document.assume_role_policy",
            "module.eks_blueprints.module.aws_eks.data.aws_partition.current",
            "module.eks_blueprints.module.aws_eks.module.kms.aws_kms_external_key.this",
            "module.eks_blueprints.module.aws_eks.module.kms.aws_kms_key.this",
            "module.eks_blueprints.module.kms.aws_kms_key.this",
            "module.kubernetes_addons.data.aws_caller_identity.current",
            "module.kubernetes_addons.data.aws_eks_cluster.eks_cluster",
            "module.kubernetes_addons.data.aws_partition.current",
            "module.kubernetes_addons.data.aws_region.current",
            "module.kubernetes_addons.module.argocd.kubernetes_namespace_v1.this",
            "module.kubernetes_addons.module.argocd.module.helm_addon.helm_release.addon",
            "module.kubernetes_addons.module.argocd.module.helm_addon.module.irsa.aws_iam_role.irsa",
            "module.kubernetes_addons.module.argocd.module.helm_addon.module.irsa.aws_iam_role_policy_attachment.irsa",
            "module.kubernetes_addons.module.argocd.module.helm_addon.module.irsa.kubernetes_namespace_v1.irsa",
            "module.kubernetes_addons.module.argocd.module.helm_addon.module.irsa.kubernetes_secret_v1.irsa",
            "module.kubernetes_addons.module.argocd.module.helm_addon.module.irsa.kubernetes_service_account_v1.irsa",
            "module.kubernetes_addons.module.ondat.kubernetes_secret.etcd",
            "module.kubernetes_addons.module.prometheus.aws_iam_policy.ingest",
            "module.kubernetes_addons.module.prometheus.module.irsa_amp_ingest.aws_iam_role.irsa",
            "module.kubernetes_addons.time_sleep.dataplane",
            "module.vpc.aws_subnet.private",
            "module.vpc.aws_vpc.this",
            "module.vpc.aws_vpc_ipv4_cidr_block_association.this"
          ]
        },
        {
          "index_key": "workloads",
          "schema_version": 1,
          "attributes": {
            "atomic": false,
            "chart": ".terraform/modules/kubernetes_addons/modules/kubernetes-addons/argocd/argocd-application/helm",
            "cleanup_on_fail": false,
            "create_namespace": false,
            "dependency_update": false,
            "description": null,
            "devel": null,
            "disable_crd_hooks": false,
            "disable_openapi_validation": false,
            "disable_webhooks": false,
            "force_update": false,
            "id": "workloads",
            "keyring": null,
            "lint": false,
            "manifest": null,
            "max_history": 0,
            "metadata": [
              {
                "app_version": "0.1.0",
                "chart": "argo-application",
                "name": "workloads",
                "namespace": "argocd",
                "revision": 1,
                "values": "{\"destination\":{\"server\":\"https://kubernetes.default.svc\"},\"ignoreDifferences\":[],\"name\":\"workloads\",\"project\":\"default\",\"source\":{\"helm\":{\"releaseName\":\"workloads\",\"values\":\"\\\"account\\\": \\\"261106957109\\\"\\n\\\"clusterName\\\": \\\"04-eks-via-blueprint-iam-user-automatico\\\"\\n\\\"labels\\\":\\n  \\\"env\\\": \\\"dev\\\"\\n  \\\"myapp\\\": \\\"myvalue\\\"\\n\\\"region\\\": \\\"us-east-1\\\"\\n\\\"repoUrl\\\": \\\"https://github.com/fernandomullerjr/eks-blueprints-workloads.git\\\"\\n\\\"spec\\\":\\n  \\\"blueprint\\\": \\\"terraform\\\"\\n  \\\"clusterName\\\": \\\"04-eks-via-blueprint-iam-user-automatico\\\"\\n  \\\"env\\\": \\\"dev\\\"\\n  \\\"source\\\":\\n    \\\"repoURL\\\": \\\"https://github.com/fernandomullerjr/eks-blueprints-workloads.git\\\"\\n\"},\"path\":\"envs/dev\",\"repoUrl\":\"https://github.com/fernandomullerjr/eks-blueprints-workloads.git\",\"targetRevision\":\"HEAD\"}}",
                "version": "0.1.0"
              }
            ],
            "name": "workloads",
            "namespace": "argocd",
            "pass_credentials": false,
            "postrender": [],
            "recreate_pods": false,
            "render_subchart_notes": true,
            "replace": false,
            "repository": null,
            "repository_ca_file": null,
            "repository_cert_file": null,
            "repository_key_file": null,
            "repository_password": null,
            "repository_username": null,
            "reset_values": false,
            "reuse_values": false,
            "set": [
              {
                "name": "destination.server",
                "type": "string",
                "value": "https://kubernetes.default.svc"
              },
              {
                "name": "name",
                "type": "string",
                "value": "workloads"
              },
              {
                "name": "project",
                "type": "string",
                "value": "default"
              },
              {
                "name": "source.helm.releaseName",
                "type": "string",
                "value": "workloads"
              },
              {
                "name": "source.helm.values",
                "type": "auto",
                "value": "\"account\": \"261106957109\"\n\"clusterName\": \"04-eks-via-blueprint-iam-user-automatico\"\n\"labels\":\n  \"env\": \"dev\"\n  \"myapp\": \"myvalue\"\n\"region\": \"us-east-1\"\n\"repoUrl\": \"https://github.com/fernandomullerjr/eks-blueprints-workloads.git\"\n\"spec\":\n  \"blueprint\": \"terraform\"\n  \"clusterName\": \"04-eks-via-blueprint-iam-user-automatico\"\n  \"env\": \"dev\"\n  \"source\":\n    \"repoURL\": \"https://github.com/fernandomullerjr/eks-blueprints-workloads.git\"\n"
              },
              {
                "name": "source.path",
                "type": "string",
                "value": "envs/dev"
              },
              {
                "name": "source.repoUrl",
                "type": "string",
                "value": "https://github.com/fernandomullerjr/eks-blueprints-workloads.git"
              },
              {
                "name": "source.targetRevision",
                "type": "string",
                "value": "HEAD"
              }
            ],
            "set_sensitive": [],
            "skip_crds": false,
            "status": "deployed",
            "timeout": 300,
            "values": [
              "\"ignoreDifferences\": []\n"
            ],
            "verify": false,
            "version": "0.1.0",
            "wait": true,
            "wait_for_jobs": false
          },
          "sensitive_attributes": [],
          "private": "eyJzY2hlbWFfdmVyc2lvbiI6IjEifQ==",
          "dependencies": [
            "data.aws_availability_zones.available",
            "data.aws_eks_cluster_auth.this",
            "module.eks_blueprints.data.aws_iam_policy_document.eks_key",
            "module.eks_blueprints.module.aws_eks.aws_cloudwatch_log_group.this",
            "module.eks_blueprints.module.aws_eks.aws_eks_cluster.this",
            "module.eks_blueprints.module.aws_eks.aws_iam_role.this",
            "module.eks_blueprints.module.aws_eks.aws_iam_role_policy_attachment.this",
            "module.eks_blueprints.module.aws_eks.aws_security_group.cluster",
            "module.eks_blueprints.module.aws_eks.aws_security_group.node",
            "module.eks_blueprints.module.aws_eks.aws_security_group_rule.cluster",
            "module.eks_blueprints.module.aws_eks.aws_security_group_rule.node",
            "module.eks_blueprints.module.aws_eks.data.aws_iam_policy_document.assume_role_policy",
            "module.eks_blueprints.module.aws_eks.data.aws_partition.current",
            "module.eks_blueprints.module.aws_eks.module.kms.aws_kms_external_key.this",
            "module.eks_blueprints.module.aws_eks.module.kms.aws_kms_key.this",
            "module.eks_blueprints.module.kms.aws_kms_key.this",
            "module.kubernetes_addons.data.aws_caller_identity.current",
            "module.kubernetes_addons.data.aws_eks_cluster.eks_cluster",
            "module.kubernetes_addons.data.aws_partition.current",
            "module.kubernetes_addons.data.aws_region.current",
            "module.kubernetes_addons.module.argocd.kubernetes_namespace_v1.this",
            "module.kubernetes_addons.module.argocd.module.helm_addon.helm_release.addon",
            "module.kubernetes_addons.module.argocd.module.helm_addon.module.irsa.aws_iam_role.irsa",
            "module.kubernetes_addons.module.argocd.module.helm_addon.module.irsa.aws_iam_role_policy_attachment.irsa",
            "module.kubernetes_addons.module.argocd.module.helm_addon.module.irsa.kubernetes_namespace_v1.irsa",
            "module.kubernetes_addons.module.argocd.module.helm_addon.module.irsa.kubernetes_secret_v1.irsa",
            "module.kubernetes_addons.module.argocd.module.helm_addon.module.irsa.kubernetes_service_account_v1.irsa",
            "module.kubernetes_addons.module.ondat.kubernetes_secret.etcd",
            "module.kubernetes_addons.module.prometheus.aws_iam_policy.ingest",
            "module.kubernetes_addons.module.prometheus.module.irsa_amp_ingest.aws_iam_role.irsa",
            "module.kubernetes_addons.time_sleep.dataplane",
            "module.vpc.aws_subnet.private",
            "module.vpc.aws_vpc.this",
            "module.vpc.aws_vpc_ipv4_cidr_block_association.this"
          ]
        }
      ]
    },
    {
      "module": "module.kubernetes_addons.module.argocd[0]",
      "mode": "managed",
      "type": "kubernetes_namespace_v1",
      "name": "this",
      "provider": "provider[\"registry.terraform.io/hashicorp/kubernetes\"]",
      "instances": [
        {
          "index_key": 0,
          "schema_version": 0,
          "attributes": {
            "id": "argocd",
            "metadata": [
              {
                "annotations": null,
                "generate_name": "",
                "generation": 0,
                "labels": null,
                "name": "argocd",
                "resource_version": "990",
                "uid": "66cdd3d4-748b-4ef3-b7e2-b2a7459fab3d"
              }
            ],
            "timeouts": null
          },
          "sensitive_attributes": [],
          "private": "eyJlMmJmYjczMC1lY2FhLTExZTYtOGY4OC0zNDM2M2JjN2M0YzAiOnsiZGVsZXRlIjozMDAwMDAwMDAwMDB9fQ==",
          "dependencies": [
            "data.aws_availability_zones.available",
            "data.aws_eks_cluster_auth.this",
            "module.eks_blueprints.data.aws_iam_policy_document.eks_key",
            "module.eks_blueprints.module.aws_eks.aws_cloudwatch_log_group.this",
            "module.eks_blueprints.module.aws_eks.aws_eks_cluster.this",
            "module.eks_blueprints.module.aws_eks.aws_iam_role.this",
            "module.eks_blueprints.module.aws_eks.aws_iam_role_policy_attachment.this",
            "module.eks_blueprints.module.aws_eks.aws_security_group.cluster",
            "module.eks_blueprints.module.aws_eks.aws_security_group.node",
            "module.eks_blueprints.module.aws_eks.aws_security_group_rule.cluster",
            "module.eks_blueprints.module.aws_eks.aws_security_group_rule.node",
            "module.eks_blueprints.module.aws_eks.data.aws_iam_policy_document.assume_role_policy",
            "module.eks_blueprints.module.aws_eks.data.aws_partition.current",
            "module.eks_blueprints.module.aws_eks.module.kms.aws_kms_external_key.this",
            "module.eks_blueprints.module.aws_eks.module.kms.aws_kms_key.this",
            "module.eks_blueprints.module.kms.aws_kms_key.this",
            "module.vpc.aws_subnet.private",
            "module.vpc.aws_vpc.this",
            "module.vpc.aws_vpc_ipv4_cidr_block_association.this"
          ]
        }
      ]
    },
    {
      "module": "module.kubernetes_addons.module.argocd[0].module.helm_addon",
      "mode": "managed",
      "type": "helm_release",
      "name": "addon",
      "provider": "provider[\"registry.terraform.io/hashicorp/helm\"]",
      "instances": [
        {
          "index_key": 0,
          "schema_version": 1,
          "attributes": {
            "atomic": false,
            "chart": "argo-cd",
            "cleanup_on_fail": false,
            "create_namespace": true,
            "dependency_update": false,
            "description": "The ArgoCD Helm Chart deployment configuration",
            "devel": null,
            "disable_crd_hooks": false,
            "disable_openapi_validation": false,
            "disable_webhooks": false,
            "force_update": false,
            "id": "argo-cd",
            "keyring": "",
            "lint": false,
            "manifest": null,
            "max_history": 0,
            "metadata": [
              {
                "app_version": "v2.5.2",
                "chart": "argo-cd",
                "name": "argo-cd",
                "namespace": "argocd",
                "revision": 1,
                "values": "{\"configs\":{\"cm\":{\"application.resourceTrackingMethod\":\"annotation+label\"}},\"controller\":{\"enableStatefulSet\":true},\"redis-ha\":{\"enabled\":true},\"repoServer\":{\"autoscaling\":{\"enabled\":true,\"minReplicas\":2}},\"server\":{\"autoscaling\":{\"enabled\":true,\"minReplicas\":2},\"service\":{\"type\":\"LoadBalancer\"}}}",
                "version": "5.13.8"
              }
            ],
            "name": "argo-cd",
            "namespace": "argocd",
            "pass_credentials": false,
            "postrender": [
              {
                "args": null,
                "binary_path": ""
              }
            ],
            "recreate_pods": false,
            "render_subchart_notes": true,
            "replace": false,
            "repository": "https://argoproj.github.io/argo-helm",
            "repository_ca_file": null,
            "repository_cert_file": "",
            "repository_key_file": "",
            "repository_password": "",
            "repository_username": "",
            "reset_values": false,
            "reuse_values": false,
            "set": [
              {
                "name": "server.service.type",
                "type": "",
                "value": "LoadBalancer"
              }
            ],
            "set_sensitive": [],
            "skip_crds": false,
            "status": "deployed",
            "timeout": 1200,
            "values": [
              "redis-ha:\n  enabled: true\n\ncontroller:\n  enableStatefulSet: true\n\nserver:\n  autoscaling:\n    enabled: true\n    minReplicas: 2\n\nrepoServer:\n  autoscaling:\n    enabled: true\n    minReplicas: 2\n\nconfigs:\n  cm:\n    #use annotation for tracking but keep labels for compatibility with other tools\n    application.resourceTrackingMethod: annotation+label\n"
            ],
            "verify": false,
            "version": "5.13.8",
            "wait": false,
            "wait_for_jobs": false
          },
          "sensitive_attributes": [],
          "private": "eyJzY2hlbWFfdmVyc2lvbiI6IjEifQ==",
          "dependencies": [
            "data.aws_availability_zones.available",
            "data.aws_eks_cluster_auth.this",
            "module.eks_blueprints.data.aws_iam_policy_document.eks_key",
            "module.eks_blueprints.module.aws_eks.aws_cloudwatch_log_group.this",
            "module.eks_blueprints.module.aws_eks.aws_eks_cluster.this",
            "module.eks_blueprints.module.aws_eks.aws_iam_role.this",
            "module.eks_blueprints.module.aws_eks.aws_iam_role_policy_attachment.this",
            "module.eks_blueprints.module.aws_eks.aws_security_group.cluster",
            "module.eks_blueprints.module.aws_eks.aws_security_group.node",
            "module.eks_blueprints.module.aws_eks.aws_security_group_rule.cluster",
            "module.eks_blueprints.module.aws_eks.aws_security_group_rule.node",
            "module.eks_blueprints.module.aws_eks.data.aws_iam_policy_document.assume_role_policy",
            "module.eks_blueprints.module.aws_eks.data.aws_partition.current",
            "module.eks_blueprints.module.aws_eks.module.kms.aws_kms_external_key.this",
            "module.eks_blueprints.module.aws_eks.module.kms.aws_kms_key.this",
            "module.eks_blueprints.module.kms.aws_kms_key.this",
            "module.kubernetes_addons.data.aws_caller_identity.current",
            "module.kubernetes_addons.data.aws_eks_cluster.eks_cluster",
            "module.kubernetes_addons.data.aws_partition.current",
            "module.kubernetes_addons.data.aws_region.current",
            "module.kubernetes_addons.module.argocd.kubernetes_namespace_v1.this",
            "module.kubernetes_addons.module.argocd.module.helm_addon.module.irsa.aws_iam_role.irsa",
            "module.kubernetes_addons.module.argocd.module.helm_addon.module.irsa.aws_iam_role_policy_attachment.irsa",
            "module.kubernetes_addons.module.argocd.module.helm_addon.module.irsa.kubernetes_namespace_v1.irsa",
            "module.kubernetes_addons.module.argocd.module.helm_addon.module.irsa.kubernetes_secret_v1.irsa",
            "module.kubernetes_addons.module.argocd.module.helm_addon.module.irsa.kubernetes_service_account_v1.irsa",
            "module.kubernetes_addons.time_sleep.dataplane",
            "module.vpc.aws_subnet.private",
            "module.vpc.aws_vpc.this",
            "module.vpc.aws_vpc_ipv4_cidr_block_association.this"
          ]
        }
      ]
    },
    {
      "module": "module.vpc",
      "mode": "managed",
      "type": "aws_subnet",
      "name": "private",
      "provider": "provider[\"registry.terraform.io/hashicorp/aws\"]",
      "instances": [
        {
          "index_key": 0,
          "schema_version": 1,
          "attributes": {
            "arn": "arn:aws:ec2:us-east-1:261106957109:subnet/subnet-0ef421ecfbbf971cb",
            "assign_ipv6_address_on_creation": false,
            "availability_zone": "us-east-1a",
            "availability_zone_id": "use1-az1",
            "cidr_block": "10.0.10.0/24",
            "customer_owned_ipv4_pool": "",
            "enable_dns64": false,
            "enable_resource_name_dns_a_record_on_launch": false,
            "enable_resource_name_dns_aaaa_record_on_launch": false,
            "id": "subnet-0ef421ecfbbf971cb",
            "ipv6_cidr_block": "",
            "ipv6_cidr_block_association_id": "",
            "ipv6_native": false,
            "map_customer_owned_ip_on_launch": false,
            "map_public_ip_on_launch": false,
            "outpost_arn": "",
            "owner_id": "261106957109",
            "private_dns_hostname_type_on_launch": "ip-name",
            "tags": {
              "Blueprint": "04-eks-via-blueprint-iam-user-automatico",
              "GithubRepo": "github.com/aws-ia/terraform-aws-eks-blueprints",
              "Name": "04-eks-via-blueprint-iam-user-automatico-private-us-east-1a",
              "kubernetes.io/cluster/04-eks-via-blueprint-iam-user-automatico": "shared",
              "kubernetes.io/role/internal-elb": "1"
            },
            "tags_all": {
              "Blueprint": "04-eks-via-blueprint-iam-user-automatico",
              "GithubRepo": "github.com/aws-ia/terraform-aws-eks-blueprints",
              "Name": "04-eks-via-blueprint-iam-user-automatico-private-us-east-1a",
              "kubernetes.io/cluster/04-eks-via-blueprint-iam-user-automatico": "shared",
              "kubernetes.io/role/internal-elb": "1"
            },
            "timeouts": null,
            "vpc_id": "vpc-0f076c6ba1baf29f7"
          },
          "sensitive_attributes": [],
          "private": "eyJlMmJmYjczMC1lY2FhLTExZTYtOGY4OC0zNDM2M2JjN2M0YzAiOnsiY3JlYXRlIjo2MDAwMDAwMDAwMDAsImRlbGV0ZSI6MTIwMDAwMDAwMDAwMH0sInNjaGVtYV92ZXJzaW9uIjoiMSJ9",
          "dependencies": [
            "data.aws_availability_zones.available",
            "module.vpc.aws_vpc.this",
            "module.vpc.aws_vpc_ipv4_cidr_block_association.this"
          ]
        },
        {
          "index_key": 1,
          "schema_version": 1,
          "attributes": {
            "arn": "arn:aws:ec2:us-east-1:261106957109:subnet/subnet-08b971d353d135952",
            "assign_ipv6_address_on_creation": false,
            "availability_zone": "us-east-1b",
            "availability_zone_id": "use1-az2",
            "cidr_block": "10.0.11.0/24",
            "customer_owned_ipv4_pool": "",
            "enable_dns64": false,
            "enable_resource_name_dns_a_record_on_launch": false,
            "enable_resource_name_dns_aaaa_record_on_launch": false,
            "id": "subnet-08b971d353d135952",
            "ipv6_cidr_block": "",
            "ipv6_cidr_block_association_id": "",
            "ipv6_native": false,
            "map_customer_owned_ip_on_launch": false,
            "map_public_ip_on_launch": false,
            "outpost_arn": "",
            "owner_id": "261106957109",
            "private_dns_hostname_type_on_launch": "ip-name",
            "tags": {
              "Blueprint": "04-eks-via-blueprint-iam-user-automatico",
              "GithubRepo": "github.com/aws-ia/terraform-aws-eks-blueprints",
              "Name": "04-eks-via-blueprint-iam-user-automatico-private-us-east-1b",
              "kubernetes.io/cluster/04-eks-via-blueprint-iam-user-automatico": "shared",
              "kubernetes.io/role/internal-elb": "1"
            },
            "tags_all": {
              "Blueprint": "04-eks-via-blueprint-iam-user-automatico",
              "GithubRepo": "github.com/aws-ia/terraform-aws-eks-blueprints",
              "Name": "04-eks-via-blueprint-iam-user-automatico-private-us-east-1b",
              "kubernetes.io/cluster/04-eks-via-blueprint-iam-user-automatico": "shared",
              "kubernetes.io/role/internal-elb": "1"
            },
            "timeouts": null,
            "vpc_id": "vpc-0f076c6ba1baf29f7"
          },
          "sensitive_attributes": [],
          "private": "eyJlMmJmYjczMC1lY2FhLTExZTYtOGY4OC0zNDM2M2JjN2M0YzAiOnsiY3JlYXRlIjo2MDAwMDAwMDAwMDAsImRlbGV0ZSI6MTIwMDAwMDAwMDAwMH0sInNjaGVtYV92ZXJzaW9uIjoiMSJ9",
          "dependencies": [
            "data.aws_availability_zones.available",
            "module.vpc.aws_vpc.this",
            "module.vpc.aws_vpc_ipv4_cidr_block_association.this"
          ]
        },
        {
          "index_key": 2,
          "schema_version": 1,
          "attributes": {
            "arn": "arn:aws:ec2:us-east-1:261106957109:subnet/subnet-0a58ed1f1fdb43eab",
            "assign_ipv6_address_on_creation": false,
            "availability_zone": "us-east-1c",
            "availability_zone_id": "use1-az4",
            "cidr_block": "10.0.12.0/24",
            "customer_owned_ipv4_pool": "",
            "enable_dns64": false,
            "enable_resource_name_dns_a_record_on_launch": false,
            "enable_resource_name_dns_aaaa_record_on_launch": false,
            "id": "subnet-0a58ed1f1fdb43eab",
            "ipv6_cidr_block": "",
            "ipv6_cidr_block_association_id": "",
            "ipv6_native": false,
            "map_customer_owned_ip_on_launch": false,
            "map_public_ip_on_launch": false,
            "outpost_arn": "",
            "owner_id": "261106957109",
            "private_dns_hostname_type_on_launch": "ip-name",
            "tags": {
              "Blueprint": "04-eks-via-blueprint-iam-user-automatico",
              "GithubRepo": "github.com/aws-ia/terraform-aws-eks-blueprints",
              "Name": "04-eks-via-blueprint-iam-user-automatico-private-us-east-1c",
              "kubernetes.io/cluster/04-eks-via-blueprint-iam-user-automatico": "shared",
              "kubernetes.io/role/internal-elb": "1"
            },
            "tags_all": {
              "Blueprint": "04-eks-via-blueprint-iam-user-automatico",
              "GithubRepo": "github.com/aws-ia/terraform-aws-eks-blueprints",
              "Name": "04-eks-via-blueprint-iam-user-automatico-private-us-east-1c",
              "kubernetes.io/cluster/04-eks-via-blueprint-iam-user-automatico": "shared",
              "kubernetes.io/role/internal-elb": "1"
            },
            "timeouts": null,
            "vpc_id": "vpc-0f076c6ba1baf29f7"
          },
          "sensitive_attributes": [],
          "private": "eyJlMmJmYjczMC1lY2FhLTExZTYtOGY4OC0zNDM2M2JjN2M0YzAiOnsiY3JlYXRlIjo2MDAwMDAwMDAwMDAsImRlbGV0ZSI6MTIwMDAwMDAwMDAwMH0sInNjaGVtYV92ZXJzaW9uIjoiMSJ9",
          "dependencies": [
            "data.aws_availability_zones.available",
            "module.vpc.aws_vpc.this",
            "module.vpc.aws_vpc_ipv4_cidr_block_association.this"
          ]
        }
      ]
    },
    {
      "module": "module.vpc",
      "mode": "managed",
      "type": "aws_vpc",
      "name": "this",
      "provider": "provider[\"registry.terraform.io/hashicorp/aws\"]",
      "instances": [
        {
          "index_key": 0,
          "schema_version": 1,
          "attributes": {
            "arn": "arn:aws:ec2:us-east-1:261106957109:vpc/vpc-0f076c6ba1baf29f7",
            "assign_generated_ipv6_cidr_block": false,
            "cidr_block": "10.0.0.0/16",
            "default_network_acl_id": "acl-0866726e0754df8ca",
            "default_route_table_id": "rtb-08397af84d2705b26",
            "default_security_group_id": "sg-0efc0872f49d7da61",
            "dhcp_options_id": "dopt-0810ab6c02410c779",
            "enable_classiclink": false,
            "enable_classiclink_dns_support": false,
            "enable_dns_hostnames": true,
            "enable_dns_support": true,
            "enable_network_address_usage_metrics": false,
            "id": "vpc-0f076c6ba1baf29f7",
            "instance_tenancy": "default",
            "ipv4_ipam_pool_id": null,
            "ipv4_netmask_length": null,
            "ipv6_association_id": "",
            "ipv6_cidr_block": "",
            "ipv6_cidr_block_network_border_group": "",
            "ipv6_ipam_pool_id": "",
            "ipv6_netmask_length": 0,
            "main_route_table_id": "rtb-08397af84d2705b26",
            "owner_id": "261106957109",
            "tags": {
              "Blueprint": "04-eks-via-blueprint-iam-user-automatico",
              "GithubRepo": "github.com/aws-ia/terraform-aws-eks-blueprints",
              "Name": "04-eks-via-blueprint-iam-user-automatico"
            },
            "tags_all": {
              "Blueprint": "04-eks-via-blueprint-iam-user-automatico",
              "GithubRepo": "github.com/aws-ia/terraform-aws-eks-blueprints",
              "Name": "04-eks-via-blueprint-iam-user-automatico"
            }
          },
          "sensitive_attributes": [],
          "private": "eyJzY2hlbWFfdmVyc2lvbiI6IjEifQ=="
        }
      ]
    }
  ]
}
